{
  "version": 4,
  "terraform_version": "1.14.6",
  "serial": 1032,
  "lineage": "b6d92ba8-1825-27d9-c805-bacae89916a1",
  "outputs": {},
  "resources": [
    {
      "mode": "managed",
      "type": "aws_s3_object",
      "name": "app_artifact",
      "provider": "provider[\"registry.terraform.io/hashicorp/aws\"]",
      "instances": [
        {
          "index_key": 0,
          "schema_version": 0,
          "attributes": {
            "acl": null,
            "arn": "arn:aws:s3:::tss-ebs-dev-artifacts-911287867452/releases/snapshot.jar",
            "bucket": "tss-ebs-dev-artifacts-911287867452",
            "bucket_key_enabled": false,
            "cache_control": "",
            "checksum_algorithm": null,
            "checksum_crc32": "",
            "checksum_crc32c": "",
            "checksum_crc64nvme": "",
            "checksum_sha1": "",
            "checksum_sha256": "",
            "content": null,
            "content_base64": null,
            "content_disposition": "",
            "content_encoding": "",
            "content_language": "",
            "content_type": "application/octet-stream",
            "etag": "cf7411b9bc9199c96b81871a9378ff55",
            "force_destroy": false,
            "id": "releases/snapshot.jar",
            "key": "releases/snapshot.jar",
            "kms_key_id": null,
            "metadata": {},
            "object_lock_legal_hold_status": "",
            "object_lock_mode": "",
            "object_lock_retain_until_date": "",
            "override_provider": [],
            "server_side_encryption": "AES256",
            "source": "snapshot.jar",
            "source_hash": null,
            "storage_class": "STANDARD",
            "tags": {},
            "tags_all": {
              "Environment": "dev",
              "ManagedBy": "terraform",
              "Project": "tss-app"
            },
            "version_id": "qJ0VBy9OZi1CqtQEoums8C72q2g4scbg",
            "website_redirect": ""
          },
          "sensitive_attributes": [],
          "identity_schema_version": 0,
          "private": "bnVsbA==",
          "dependencies": [
            "module.s3.aws_s3_bucket.this",
            "module.s3.aws_s3_bucket_public_access_block.this",
            "module.s3.aws_s3_bucket_versioning.this"
          ]
        }
      ]
    },
    {
      "module": "module.alb[0]",
      "mode": "managed",
      "type": "aws_lb",
      "name": "this",
      "provider": "provider[\"registry.terraform.io/hashicorp/aws\"]",
      "instances": [
        {
          "schema_version": 0,
          "attributes": {
            "access_logs": [
              {
                "bucket": "",
                "enabled": false,
                "prefix": ""
              }
            ],
            "arn": "arn:aws:elasticloadbalancing:us-east-1:911287867452:loadbalancer/app/tss-ebs-dev-new-alb/95aadc3fca17f4c8",
            "arn_suffix": "app/tss-ebs-dev-new-alb/95aadc3fca17f4c8",
            "client_keep_alive": 3600,
            "connection_logs": [
              {
                "bucket": "",
                "enabled": false,
                "prefix": ""
              }
            ],
            "customer_owned_ipv4_pool": "",
            "desync_mitigation_mode": "defensive",
            "dns_name": "internal-tss-ebs-dev-new-alb-180608618.us-east-1.elb.amazonaws.com",
            "dns_record_client_routing_policy": null,
            "drop_invalid_header_fields": false,
            "enable_cross_zone_load_balancing": true,
            "enable_deletion_protection": false,
            "enable_http2": true,
            "enable_tls_version_and_cipher_suite_headers": false,
            "enable_waf_fail_open": false,
            "enable_xff_client_port": false,
            "enable_zonal_shift": false,
            "enforce_security_group_inbound_rules_on_private_link_traffic": "",
            "id": "arn:aws:elasticloadbalancing:us-east-1:911287867452:loadbalancer/app/tss-ebs-dev-new-alb/95aadc3fca17f4c8",
            "idle_timeout": 60,
            "internal": true,
            "ip_address_type": "ipv4",
            "ipam_pools": [],
            "load_balancer_type": "application",
            "minimum_load_balancer_capacity": [],
            "name": "tss-ebs-dev-new-alb",
            "name_prefix": "",
            "preserve_host_header": false,
            "security_groups": [
              "sg-011fff492898bc2c6",
              "sg-0e8276fcd787f14a9"
            ],
            "subnet_mapping": [
              {
                "allocation_id": "",
                "ipv6_address": "",
                "outpost_id": "",
                "private_ipv4_address": "",
                "subnet_id": "subnet-07f28a28b8830044b"
              },
              {
                "allocation_id": "",
                "ipv6_address": "",
                "outpost_id": "",
                "private_ipv4_address": "",
                "subnet_id": "subnet-0b17ab8abf3a8b378"
              },
              {
                "allocation_id": "",
                "ipv6_address": "",
                "outpost_id": "",
                "private_ipv4_address": "",
                "subnet_id": "subnet-0db123d54c271e391"
              }
            ],
            "subnets": [
              "subnet-07f28a28b8830044b",
              "subnet-0b17ab8abf3a8b378",
              "subnet-0db123d54c271e391"
            ],
            "tags": {
              "Environment": "dev",
              "ManagedBy": "terraform",
              "Name": "tss-ebs-dev-new-alb",
              "elasticbeanstalk:shared-elb-environment-count": "1"
            },
            "tags_all": {
              "Environment": "dev",
              "ManagedBy": "terraform",
              "Name": "tss-ebs-dev-new-alb",
              "Project": "tss-app",
              "elasticbeanstalk:shared-elb-environment-count": "1"
            },
            "timeouts": null,
            "vpc_id": "vpc-0975e41529fdd220e",
            "xff_header_processing_mode": "append",
            "zone_id": "Z35SXDOTRQ7X7K"
          },
          "sensitive_attributes": [],
          "identity_schema_version": 0,
          "private": "eyJlMmJmYjczMC1lY2FhLTExZTYtOGY4OC0zNDM2M2JjN2M0YzAiOnsiY3JlYXRlIjo2MDAwMDAwMDAwMDAsImRlbGV0ZSI6NjAwMDAwMDAwMDAwLCJ1cGRhdGUiOjYwMDAwMDAwMDAwMH19",
          "dependencies": [
            "module.security_groups.aws_security_group.alb"
          ]
        }
      ]
    },
    {
      "module": "module.alb[0]",
      "mode": "managed",
      "type": "aws_lb_listener",
      "name": "http",
      "provider": "provider[\"registry.terraform.io/hashicorp/aws\"]",
      "instances": [
        {
          "schema_version": 0,
          "attributes": {
            "alpn_policy": null,
            "arn": "arn:aws:elasticloadbalancing:us-east-1:911287867452:listener/app/tss-ebs-dev-new-alb/95aadc3fca17f4c8/0ba695a5cabb7962",
            "certificate_arn": null,
            "default_action": [
              {
                "authenticate_cognito": [],
                "authenticate_oidc": [],
                "fixed_response": [
                  {
                    "content_type": "text/plain",
                    "message_body": "No matching route",
                    "status_code": "404"
                  }
                ],
                "forward": [],
                "order": 1,
                "redirect": [],
                "target_group_arn": "",
                "type": "fixed-response"
              }
            ],
            "id": "arn:aws:elasticloadbalancing:us-east-1:911287867452:listener/app/tss-ebs-dev-new-alb/95aadc3fca17f4c8/0ba695a5cabb7962",
            "load_balancer_arn": "arn:aws:elasticloadbalancing:us-east-1:911287867452:loadbalancer/app/tss-ebs-dev-new-alb/95aadc3fca17f4c8",
            "mutual_authentication": [],
            "port": 80,
            "protocol": "HTTP",
            "routing_http_request_x_amzn_mtls_clientcert_header_name": null,
            "routing_http_request_x_amzn_mtls_clientcert_issuer_header_name": null,
            "routing_http_request_x_amzn_mtls_clientcert_leaf_header_name": null,
            "routing_http_request_x_amzn_mtls_clientcert_serial_number_header_name": null,
            "routing_http_request_x_amzn_mtls_clientcert_subject_header_name": null,
            "routing_http_request_x_amzn_mtls_clientcert_validity_header_name": null,
            "routing_http_request_x_amzn_tls_cipher_suite_header_name": null,
            "routing_http_request_x_amzn_tls_version_header_name": null,
            "routing_http_response_access_control_allow_credentials_header_value": "",
            "routing_http_response_access_control_allow_headers_header_value": "",
            "routing_http_response_access_control_allow_methods_header_value": "",
            "routing_http_response_access_control_allow_origin_header_value": "",
            "routing_http_response_access_control_expose_headers_header_value": "",
            "routing_http_response_access_control_max_age_header_value": "",
            "routing_http_response_content_security_policy_header_value": "",
            "routing_http_response_server_enabled": true,
            "routing_http_response_strict_transport_security_header_value": "",
            "routing_http_response_x_content_type_options_header_value": "",
            "routing_http_response_x_frame_options_header_value": "",
            "ssl_policy": "",
            "tags": {
              "Environment": "dev",
              "ManagedBy": "terraform",
              "Name": "tss-ebs-dev-new-http"
            },
            "tags_all": {
              "Environment": "dev",
              "ManagedBy": "terraform",
              "Name": "tss-ebs-dev-new-http",
              "Project": "tss-app"
            },
            "tcp_idle_timeout_seconds": null,
            "timeouts": null
          },
          "sensitive_attributes": [],
          "identity_schema_version": 0,
          "private": "eyJlMmJmYjczMC1lY2FhLTExZTYtOGY4OC0zNDM2M2JjN2M0YzAiOnsiY3JlYXRlIjozMDAwMDAwMDAwMDAsInVwZGF0ZSI6MzAwMDAwMDAwMDAwfX0=",
          "dependencies": [
            "module.alb.aws_lb.this",
            "module.security_groups.aws_security_group.alb"
          ]
        }
      ]
    },
    {
      "module": "module.elastic_beanstalk",
      "mode": "data",
      "type": "aws_region",
      "name": "current",
      "provider": "provider[\"registry.terraform.io/hashicorp/aws\"]",
      "instances": [
        {
          "schema_version": 0,
          "attributes": {
            "description": "US East (N. Virginia)",
            "endpoint": "ec2.us-east-1.amazonaws.com",
            "id": "us-east-1",
            "name": "us-east-1"
          },
          "sensitive_attributes": [],
          "identity_schema_version": 0
        }
      ]
    },
    {
      "module": "module.elastic_beanstalk",
      "mode": "data",
      "type": "aws_route_tables",
      "name": "all",
      "provider": "provider[\"registry.terraform.io/hashicorp/aws\"]",
      "instances": [
        {
          "schema_version": 0,
          "attributes": {
            "filter": null,
            "id": "us-east-1",
            "ids": [
              "rtb-0304d76c6d3a598ae"
            ],
            "tags": null,
            "timeouts": null,
            "vpc_id": "vpc-0975e41529fdd220e"
          },
          "sensitive_attributes": [],
          "identity_schema_version": 0
        }
      ]
    },
    {
      "module": "module.elastic_beanstalk",
      "mode": "data",
      "type": "aws_vpc",
      "name": "selected",
      "provider": "provider[\"registry.terraform.io/hashicorp/aws\"]",
      "instances": [
        {
          "schema_version": 0,
          "attributes": {
            "arn": "arn:aws:ec2:us-east-1:911287867452:vpc/vpc-0975e41529fdd220e",
            "cidr_block": "10.49.1.0/24",
            "cidr_block_associations": [
              {
                "association_id": "vpc-cidr-assoc-0950c0e20ee844b2f",
                "cidr_block": "10.49.1.0/24",
                "state": "associated"
              }
            ],
            "default": false,
            "dhcp_options_id": "dopt-0e647ee8d8480a254",
            "enable_dns_hostnames": true,
            "enable_dns_support": true,
            "enable_network_address_usage_metrics": false,
            "filter": null,
            "id": "vpc-0975e41529fdd220e",
            "instance_tenancy": "default",
            "ipv6_association_id": "",
            "ipv6_cidr_block": "",
            "main_route_table_id": "rtb-0304d76c6d3a598ae",
            "owner_id": "911287867452",
            "state": null,
            "tags": {
              "Name": "myvpc01"
            },
            "timeouts": null
          },
          "sensitive_attributes": [],
          "identity_schema_version": 0
        }
      ]
    },
    {
      "module": "module.elastic_beanstalk",
      "mode": "managed",
      "type": "aws_elastic_beanstalk_application",
      "name": "this",
      "provider": "provider[\"registry.terraform.io/hashicorp/aws\"]",
      "instances": [
        {
          "schema_version": 0,
          "attributes": {
            "appversion_lifecycle": [
              {
                "delete_source_from_s3": false,
                "max_age_in_days": 0,
                "max_count": 10,
                "service_role": "arn:aws:iam::911287867452:role/tss-ebs-dev-new-eb-service-role"
              }
            ],
            "arn": "arn:aws:elasticbeanstalk:us-east-1:911287867452:application/tss-ebs-dev-new",
            "description": "tss-app application for dev environment",
            "id": "tss-ebs-dev-new",
            "name": "tss-ebs-dev-new",
            "tags": {
              "Environment": "dev",
              "ManagedBy": "terraform"
            },
            "tags_all": {
              "Environment": "dev",
              "ManagedBy": "terraform",
              "Project": "tss-app"
            }
          },
          "sensitive_attributes": [],
          "identity_schema_version": 0,
          "private": "bnVsbA==",
          "dependencies": [
            "aws_s3_object.app_artifact",
            "module.alb.aws_lb.this",
            "module.alb.aws_lb_listener.http",
            "module.alb.aws_lb_listener.https",
            "module.iam_roles.aws_iam_instance_profile.ec2_profile",
            "module.iam_roles.aws_iam_role.eb_service_role",
            "module.iam_roles.aws_iam_role.ec2_role",
            "module.iam_roles.aws_iam_role_policy_attachment.eb_enhanced_health",
            "module.iam_roles.aws_iam_role_policy_attachment.eb_managed_updates",
            "module.iam_roles.aws_iam_role_policy_attachment.ec2_multicontainer",
            "module.iam_roles.aws_iam_role_policy_attachment.ec2_s3_read",
            "module.iam_roles.aws_iam_role_policy_attachment.ec2_ssm_core",
            "module.iam_roles.aws_iam_role_policy_attachment.ec2_web_tier",
            "module.iam_roles.aws_iam_role_policy_attachment.ec2_worker_tier",
            "module.iam_roles.data.aws_iam_policy_document.eb_assume",
            "module.iam_roles.data.aws_iam_policy_document.ec2_assume",
            "module.s3.aws_s3_bucket.this",
            "module.s3.aws_s3_bucket_public_access_block.this",
            "module.s3.aws_s3_bucket_versioning.this",
            "module.security_groups.aws_security_group.alb",
            "module.security_groups.aws_security_group.ec2"
          ]
        }
      ]
    },
    {
      "module": "module.elastic_beanstalk",
      "mode": "managed",
      "type": "aws_elastic_beanstalk_application_version",
      "name": "this",
      "provider": "provider[\"registry.terraform.io/hashicorp/aws\"]",
      "instances": [
        {
          "index_key": 0,
          "schema_version": 0,
          "attributes": {
            "application": "tss-ebs-dev-new",
            "arn": "arn:aws:elasticbeanstalk:us-east-1:911287867452:applicationversion/tss-ebs-dev-new/v6",
            "bucket": "tss-ebs-dev-artifacts-911287867452",
            "description": "Application version v6",
            "force_delete": false,
            "id": "v6",
            "key": "releases/snapshot.jar",
            "name": "v6",
            "process": false,
            "tags": {
              "Environment": "dev"
            },
            "tags_all": {
              "Environment": "dev",
              "ManagedBy": "terraform",
              "Project": "tss-app"
            }
          },
          "sensitive_attributes": [],
          "identity_schema_version": 0,
          "private": "bnVsbA==",
          "dependencies": [
            "aws_s3_object.app_artifact",
            "module.alb.aws_lb.this",
            "module.alb.aws_lb_listener.http",
            "module.alb.aws_lb_listener.https",
            "module.elastic_beanstalk.aws_elastic_beanstalk_application.this",
            "module.iam_roles.aws_iam_instance_profile.ec2_profile",
            "module.iam_roles.aws_iam_role.eb_service_role",
            "module.iam_roles.aws_iam_role.ec2_role",
            "module.iam_roles.aws_iam_role_policy_attachment.eb_enhanced_health",
            "module.iam_roles.aws_iam_role_policy_attachment.eb_managed_updates",
            "module.iam_roles.aws_iam_role_policy_attachment.ec2_multicontainer",
            "module.iam_roles.aws_iam_role_policy_attachment.ec2_s3_read",
            "module.iam_roles.aws_iam_role_policy_attachment.ec2_ssm_core",
            "module.iam_roles.aws_iam_role_policy_attachment.ec2_web_tier",
            "module.iam_roles.aws_iam_role_policy_attachment.ec2_worker_tier",
            "module.iam_roles.data.aws_iam_policy_document.eb_assume",
            "module.iam_roles.data.aws_iam_policy_document.ec2_assume",
            "module.s3.aws_s3_bucket.this",
            "module.s3.aws_s3_bucket_public_access_block.this",
            "module.s3.aws_s3_bucket_versioning.this",
            "module.security_groups.aws_security_group.alb",
            "module.security_groups.aws_security_group.ec2"
          ]
        }
      ]
    },
    {
      "module": "module.elastic_beanstalk",
      "mode": "managed",
      "type": "aws_security_group",
      "name": "vpc_endpoints",
      "provider": "provider[\"registry.terraform.io/hashicorp/aws\"]",
      "instances": [
        {
          "schema_version": 1,
          "attributes": {
            "arn": "arn:aws:ec2:us-east-1:911287867452:security-group/sg-0d86e73e0e23a0004",
            "description": "Security group for VPC Endpoints",
            "egress": [],
            "id": "sg-0d86e73e0e23a0004",
            "ingress": [
              {
                "cidr_blocks": [
                  "10.49.1.0/24"
                ],
                "description": "",
                "from_port": 443,
                "ipv6_cidr_blocks": [],
                "prefix_list_ids": [],
                "protocol": "tcp",
                "security_groups": [],
                "self": false,
                "to_port": 443
              }
            ],
            "name": "tss-ebs-dev-new-vpce-sg",
            "name_prefix": "",
            "owner_id": "911287867452",
            "revoke_rules_on_delete": false,
            "tags": {
              "Environment": "dev",
              "Name": "tss-ebs-dev-new-vpce-sg"
            },
            "tags_all": {
              "Environment": "dev",
              "ManagedBy": "terraform",
              "Name": "tss-ebs-dev-new-vpce-sg",
              "Project": "tss-app"
            },
            "timeouts": null,
            "vpc_id": "vpc-0975e41529fdd220e"
          },
          "sensitive_attributes": [],
          "identity_schema_version": 0,
          "private": "eyJlMmJmYjczMC1lY2FhLTExZTYtOGY4OC0zNDM2M2JjN2M0YzAiOnsiY3JlYXRlIjo2MDAwMDAwMDAwMDAsImRlbGV0ZSI6OTAwMDAwMDAwMDAwfSwic2NoZW1hX3ZlcnNpb24iOiIxIn0=",
          "dependencies": [
            "aws_s3_object.app_artifact",
            "module.alb.aws_lb.this",
            "module.alb.aws_lb_listener.http",
            "module.alb.aws_lb_listener.https",
            "module.elastic_beanstalk.data.aws_vpc.selected",
            "module.iam_roles.aws_iam_instance_profile.ec2_profile",
            "module.iam_roles.aws_iam_role.eb_service_role",
            "module.iam_roles.aws_iam_role.ec2_role",
            "module.iam_roles.aws_iam_role_policy_attachment.eb_enhanced_health",
            "module.iam_roles.aws_iam_role_policy_attachment.eb_managed_updates",
            "module.iam_roles.aws_iam_role_policy_attachment.ec2_multicontainer",
            "module.iam_roles.aws_iam_role_policy_attachment.ec2_s3_read",
            "module.iam_roles.aws_iam_role_policy_attachment.ec2_ssm_core",
            "module.iam_roles.aws_iam_role_policy_attachment.ec2_web_tier",
            "module.iam_roles.aws_iam_role_policy_attachment.ec2_worker_tier",
            "module.iam_roles.data.aws_iam_policy_document.eb_assume",
            "module.iam_roles.data.aws_iam_policy_document.ec2_assume",
            "module.s3.aws_s3_bucket.this",
            "module.s3.aws_s3_bucket_public_access_block.this",
            "module.s3.aws_s3_bucket_versioning.this",
            "module.security_groups.aws_security_group.alb",
            "module.security_groups.aws_security_group.ec2"
          ]
        }
      ]
    },
    {
      "module": "module.elastic_beanstalk",
      "mode": "managed",
      "type": "aws_vpc_endpoint",
      "name": "autoscaling",
      "provider": "provider[\"registry.terraform.io/hashicorp/aws\"]",
      "instances": [
        {
          "schema_version": 0,
          "attributes": {
            "arn": "arn:aws:ec2:us-east-1:911287867452:vpc-endpoint/vpce-0c5032eb0b503da0e",
            "auto_accept": null,
            "cidr_blocks": [],
            "dns_entry": [
              {
                "dns_name": "vpce-0c5032eb0b503da0e-icty265f.autoscaling.us-east-1.vpce.amazonaws.com",
                "hosted_zone_id": "Z7HUB22UULQXV"
              },
              {
                "dns_name": "vpce-0c5032eb0b503da0e-icty265f-us-east-1a.autoscaling.us-east-1.vpce.amazonaws.com",
                "hosted_zone_id": "Z7HUB22UULQXV"
              },
              {
                "dns_name": "vpce-0c5032eb0b503da0e-icty265f-us-east-1b.autoscaling.us-east-1.vpce.amazonaws.com",
                "hosted_zone_id": "Z7HUB22UULQXV"
              },
              {
                "dns_name": "vpce-0c5032eb0b503da0e-icty265f-us-east-1c.autoscaling.us-east-1.vpce.amazonaws.com",
                "hosted_zone_id": "Z7HUB22UULQXV"
              },
              {
                "dns_name": "autoscaling.us-east-1.amazonaws.com",
                "hosted_zone_id": "Z0669152564WIV5WFPM6"
              },
              {
                "dns_name": "autoscaling.us-east-1.api.aws",
                "hosted_zone_id": "Z02082973MAW4WD5JXU6K"
              }
            ],
            "dns_options": [
              {
                "dns_record_ip_type": "ipv4",
                "private_dns_only_for_inbound_resolver_endpoint": false
              }
            ],
            "id": "vpce-0c5032eb0b503da0e",
            "ip_address_type": "ipv4",
            "network_interface_ids": [
              "eni-0626356aa944ffb20",
              "eni-0d27bfdb9d4aa3dff",
              "eni-0f5de41d8fdabe2dd"
            ],
            "owner_id": "911287867452",
            "policy": "{\"Statement\":[{\"Action\":\"*\",\"Effect\":\"Allow\",\"Principal\":\"*\",\"Resource\":\"*\"}]}",
            "prefix_list_id": null,
            "private_dns_enabled": true,
            "requester_managed": false,
            "resource_configuration_arn": "",
            "route_table_ids": [],
            "security_group_ids": [
              "sg-0d86e73e0e23a0004"
            ],
            "service_name": "com.amazonaws.us-east-1.autoscaling",
            "service_network_arn": "",
            "service_region": "us-east-1",
            "state": "available",
            "subnet_configuration": [
              {
                "ipv4": "10.49.1.249",
                "ipv6": "",
                "subnet_id": "subnet-0b17ab8abf3a8b378"
              },
              {
                "ipv4": "10.49.1.47",
                "ipv6": "",
                "subnet_id": "subnet-0db123d54c271e391"
              },
              {
                "ipv4": "10.49.1.71",
                "ipv6": "",
                "subnet_id": "subnet-07f28a28b8830044b"
              }
            ],
            "subnet_ids": [
              "subnet-07f28a28b8830044b",
              "subnet-0b17ab8abf3a8b378",
              "subnet-0db123d54c271e391"
            ],
            "tags": {
              "Name": "tss-ebs-dev-new-asg-vpce"
            },
            "tags_all": {
              "Environment": "dev",
              "ManagedBy": "terraform",
              "Name": "tss-ebs-dev-new-asg-vpce",
              "Project": "tss-app"
            },
            "timeouts": null,
            "vpc_endpoint_type": "Interface",
            "vpc_id": "vpc-0975e41529fdd220e"
          },
          "sensitive_attributes": [],
          "identity_schema_version": 0,
          "private": "eyJlMmJmYjczMC1lY2FhLTExZTYtOGY4OC0zNDM2M2JjN2M0YzAiOnsiY3JlYXRlIjo2MDAwMDAwMDAwMDAsImRlbGV0ZSI6NjAwMDAwMDAwMDAwLCJ1cGRhdGUiOjYwMDAwMDAwMDAwMH19",
          "dependencies": [
            "aws_s3_object.app_artifact",
            "module.alb.aws_lb.this",
            "module.alb.aws_lb_listener.http",
            "module.alb.aws_lb_listener.https",
            "module.elastic_beanstalk.aws_security_group.vpc_endpoints",
            "module.elastic_beanstalk.data.aws_region.current",
            "module.elastic_beanstalk.data.aws_vpc.selected",
            "module.iam_roles.aws_iam_instance_profile.ec2_profile",
            "module.iam_roles.aws_iam_role.eb_service_role",
            "module.iam_roles.aws_iam_role.ec2_role",
            "module.iam_roles.aws_iam_role_policy_attachment.eb_enhanced_health",
            "module.iam_roles.aws_iam_role_policy_attachment.eb_managed_updates",
            "module.iam_roles.aws_iam_role_policy_attachment.ec2_multicontainer",
            "module.iam_roles.aws_iam_role_policy_attachment.ec2_s3_read",
            "module.iam_roles.aws_iam_role_policy_attachment.ec2_ssm_core",
            "module.iam_roles.aws_iam_role_policy_attachment.ec2_web_tier",
            "module.iam_roles.aws_iam_role_policy_attachment.ec2_worker_tier",
            "module.iam_roles.data.aws_iam_policy_document.eb_assume",
            "module.iam_roles.data.aws_iam_policy_document.ec2_assume",
            "module.s3.aws_s3_bucket.this",
            "module.s3.aws_s3_bucket_public_access_block.this",
            "module.s3.aws_s3_bucket_versioning.this",
            "module.security_groups.aws_security_group.alb",
            "module.security_groups.aws_security_group.ec2"
          ]
        }
      ]
    },
    {
      "module": "module.elastic_beanstalk",
      "mode": "managed",
      "type": "aws_vpc_endpoint",
      "name": "cloudformation",
      "provider": "provider[\"registry.terraform.io/hashicorp/aws\"]",
      "instances": [
        {
          "schema_version": 0,
          "attributes": {
            "arn": "arn:aws:ec2:us-east-1:911287867452:vpc-endpoint/vpce-020d06b56f8d30048",
            "auto_accept": null,
            "cidr_blocks": [],
            "dns_entry": [
              {
                "dns_name": "vpce-020d06b56f8d30048-zdyxbdqf.cloudformation.us-east-1.vpce.amazonaws.com",
                "hosted_zone_id": "Z7HUB22UULQXV"
              },
              {
                "dns_name": "vpce-020d06b56f8d30048-zdyxbdqf-us-east-1a.cloudformation.us-east-1.vpce.amazonaws.com",
                "hosted_zone_id": "Z7HUB22UULQXV"
              },
              {
                "dns_name": "vpce-020d06b56f8d30048-zdyxbdqf-us-east-1b.cloudformation.us-east-1.vpce.amazonaws.com",
                "hosted_zone_id": "Z7HUB22UULQXV"
              },
              {
                "dns_name": "vpce-020d06b56f8d30048-zdyxbdqf-us-east-1c.cloudformation.us-east-1.vpce.amazonaws.com",
                "hosted_zone_id": "Z7HUB22UULQXV"
              },
              {
                "dns_name": "cloudformation.us-east-1.amazonaws.com",
                "hosted_zone_id": "Z02088582Z2KSVYX2XBN5"
              },
              {
                "dns_name": "cloudformation.us-east-1.api.aws",
                "hosted_zone_id": "Z02088531KD0FCM658KAQ"
              }
            ],
            "dns_options": [
              {
                "dns_record_ip_type": "ipv4",
                "private_dns_only_for_inbound_resolver_endpoint": false
              }
            ],
            "id": "vpce-020d06b56f8d30048",
            "ip_address_type": "ipv4",
            "network_interface_ids": [
              "eni-07517c1fcdeaaf5f0",
              "eni-0e003e339a82059b3",
              "eni-0edce8d224cd855cc"
            ],
            "owner_id": "911287867452",
            "policy": "{\"Statement\":[{\"Action\":\"*\",\"Effect\":\"Allow\",\"Principal\":\"*\",\"Resource\":\"*\"}]}",
            "prefix_list_id": null,
            "private_dns_enabled": true,
            "requester_managed": false,
            "resource_configuration_arn": "",
            "route_table_ids": [],
            "security_group_ids": [
              "sg-0d86e73e0e23a0004"
            ],
            "service_name": "com.amazonaws.us-east-1.cloudformation",
            "service_network_arn": "",
            "service_region": "us-east-1",
            "state": "available",
            "subnet_configuration": [
              {
                "ipv4": "10.49.1.123",
                "ipv6": "",
                "subnet_id": "subnet-07f28a28b8830044b"
              },
              {
                "ipv4": "10.49.1.231",
                "ipv6": "",
                "subnet_id": "subnet-0b17ab8abf3a8b378"
              },
              {
                "ipv4": "10.49.1.39",
                "ipv6": "",
                "subnet_id": "subnet-0db123d54c271e391"
              }
            ],
            "subnet_ids": [
              "subnet-07f28a28b8830044b",
              "subnet-0b17ab8abf3a8b378",
              "subnet-0db123d54c271e391"
            ],
            "tags": {
              "Name": "tss-ebs-dev-new-cfn-vpce"
            },
            "tags_all": {
              "Environment": "dev",
              "ManagedBy": "terraform",
              "Name": "tss-ebs-dev-new-cfn-vpce",
              "Project": "tss-app"
            },
            "timeouts": null,
            "vpc_endpoint_type": "Interface",
            "vpc_id": "vpc-0975e41529fdd220e"
          },
          "sensitive_attributes": [],
          "identity_schema_version": 0,
          "private": "eyJlMmJmYjczMC1lY2FhLTExZTYtOGY4OC0zNDM2M2JjN2M0YzAiOnsiY3JlYXRlIjo2MDAwMDAwMDAwMDAsImRlbGV0ZSI6NjAwMDAwMDAwMDAwLCJ1cGRhdGUiOjYwMDAwMDAwMDAwMH19",
          "dependencies": [
            "aws_s3_object.app_artifact",
            "module.alb.aws_lb.this",
            "module.alb.aws_lb_listener.http",
            "module.alb.aws_lb_listener.https",
            "module.elastic_beanstalk.aws_security_group.vpc_endpoints",
            "module.elastic_beanstalk.data.aws_region.current",
            "module.elastic_beanstalk.data.aws_vpc.selected",
            "module.iam_roles.aws_iam_instance_profile.ec2_profile",
            "module.iam_roles.aws_iam_role.eb_service_role",
            "module.iam_roles.aws_iam_role.ec2_role",
            "module.iam_roles.aws_iam_role_policy_attachment.eb_enhanced_health",
            "module.iam_roles.aws_iam_role_policy_attachment.eb_managed_updates",
            "module.iam_roles.aws_iam_role_policy_attachment.ec2_multicontainer",
            "module.iam_roles.aws_iam_role_policy_attachment.ec2_s3_read",
            "module.iam_roles.aws_iam_role_policy_attachment.ec2_ssm_core",
            "module.iam_roles.aws_iam_role_policy_attachment.ec2_web_tier",
            "module.iam_roles.aws_iam_role_policy_attachment.ec2_worker_tier",
            "module.iam_roles.data.aws_iam_policy_document.eb_assume",
            "module.iam_roles.data.aws_iam_policy_document.ec2_assume",
            "module.s3.aws_s3_bucket.this",
            "module.s3.aws_s3_bucket_public_access_block.this",
            "module.s3.aws_s3_bucket_versioning.this",
            "module.security_groups.aws_security_group.alb",
            "module.security_groups.aws_security_group.ec2"
          ]
        }
      ]
    },
    {
      "module": "module.elastic_beanstalk",
      "mode": "managed",
      "type": "aws_vpc_endpoint",
      "name": "eb",
      "provider": "provider[\"registry.terraform.io/hashicorp/aws\"]",
      "instances": [
        {
          "schema_version": 0,
          "attributes": {
            "arn": "arn:aws:ec2:us-east-1:911287867452:vpc-endpoint/vpce-0992a1226e1172ccc",
            "auto_accept": null,
            "cidr_blocks": [],
            "dns_entry": [
              {
                "dns_name": "vpce-0992a1226e1172ccc-549m2mqi.elasticbeanstalk.us-east-1.vpce.amazonaws.com",
                "hosted_zone_id": "Z7HUB22UULQXV"
              },
              {
                "dns_name": "vpce-0992a1226e1172ccc-549m2mqi-us-east-1c.elasticbeanstalk.us-east-1.vpce.amazonaws.com",
                "hosted_zone_id": "Z7HUB22UULQXV"
              },
              {
                "dns_name": "vpce-0992a1226e1172ccc-549m2mqi-us-east-1b.elasticbeanstalk.us-east-1.vpce.amazonaws.com",
                "hosted_zone_id": "Z7HUB22UULQXV"
              },
              {
                "dns_name": "vpce-0992a1226e1172ccc-549m2mqi-us-east-1a.elasticbeanstalk.us-east-1.vpce.amazonaws.com",
                "hosted_zone_id": "Z7HUB22UULQXV"
              },
              {
                "dns_name": "elasticbeanstalk.us-east-1.amazonaws.com",
                "hosted_zone_id": "Z03535683GMKHF79LNC3H"
              },
              {
                "dns_name": "elasticbeanstalk.us-east-1.api.aws",
                "hosted_zone_id": "Z0181366160F1D04B6TYU"
              }
            ],
            "dns_options": [
              {
                "dns_record_ip_type": "ipv4",
                "private_dns_only_for_inbound_resolver_endpoint": false
              }
            ],
            "id": "vpce-0992a1226e1172ccc",
            "ip_address_type": "ipv4",
            "network_interface_ids": [
              "eni-003adce7de9c294cf",
              "eni-02b00da5bd91af270",
              "eni-035f57cad12622c45"
            ],
            "owner_id": "911287867452",
            "policy": "{\"Statement\":[{\"Action\":\"*\",\"Effect\":\"Allow\",\"Principal\":\"*\",\"Resource\":\"*\"}]}",
            "prefix_list_id": null,
            "private_dns_enabled": true,
            "requester_managed": false,
            "resource_configuration_arn": "",
            "route_table_ids": [],
            "security_group_ids": [
              "sg-0d86e73e0e23a0004"
            ],
            "service_name": "com.amazonaws.us-east-1.elasticbeanstalk",
            "service_network_arn": "",
            "service_region": "us-east-1",
            "state": "available",
            "subnet_configuration": [
              {
                "ipv4": "10.49.1.124",
                "ipv6": "",
                "subnet_id": "subnet-07f28a28b8830044b"
              },
              {
                "ipv4": "10.49.1.232",
                "ipv6": "",
                "subnet_id": "subnet-0b17ab8abf3a8b378"
              },
              {
                "ipv4": "10.49.1.38",
                "ipv6": "",
                "subnet_id": "subnet-0db123d54c271e391"
              }
            ],
            "subnet_ids": [
              "subnet-07f28a28b8830044b",
              "subnet-0b17ab8abf3a8b378",
              "subnet-0db123d54c271e391"
            ],
            "tags": {
              "Name": "tss-ebs-dev-new-eb-vpce"
            },
            "tags_all": {
              "Environment": "dev",
              "ManagedBy": "terraform",
              "Name": "tss-ebs-dev-new-eb-vpce",
              "Project": "tss-app"
            },
            "timeouts": null,
            "vpc_endpoint_type": "Interface",
            "vpc_id": "vpc-0975e41529fdd220e"
          },
          "sensitive_attributes": [],
          "identity_schema_version": 0,
          "private": "eyJlMmJmYjczMC1lY2FhLTExZTYtOGY4OC0zNDM2M2JjN2M0YzAiOnsiY3JlYXRlIjo2MDAwMDAwMDAwMDAsImRlbGV0ZSI6NjAwMDAwMDAwMDAwLCJ1cGRhdGUiOjYwMDAwMDAwMDAwMH19",
          "dependencies": [
            "aws_s3_object.app_artifact",
            "module.alb.aws_lb.this",
            "module.alb.aws_lb_listener.http",
            "module.alb.aws_lb_listener.https",
            "module.elastic_beanstalk.aws_security_group.vpc_endpoints",
            "module.elastic_beanstalk.data.aws_region.current",
            "module.elastic_beanstalk.data.aws_vpc.selected",
            "module.iam_roles.aws_iam_instance_profile.ec2_profile",
            "module.iam_roles.aws_iam_role.eb_service_role",
            "module.iam_roles.aws_iam_role.ec2_role",
            "module.iam_roles.aws_iam_role_policy_attachment.eb_enhanced_health",
            "module.iam_roles.aws_iam_role_policy_attachment.eb_managed_updates",
            "module.iam_roles.aws_iam_role_policy_attachment.ec2_multicontainer",
            "module.iam_roles.aws_iam_role_policy_attachment.ec2_s3_read",
            "module.iam_roles.aws_iam_role_policy_attachment.ec2_ssm_core",
            "module.iam_roles.aws_iam_role_policy_attachment.ec2_web_tier",
            "module.iam_roles.aws_iam_role_policy_attachment.ec2_worker_tier",
            "module.iam_roles.data.aws_iam_policy_document.eb_assume",
            "module.iam_roles.data.aws_iam_policy_document.ec2_assume",
            "module.s3.aws_s3_bucket.this",
            "module.s3.aws_s3_bucket_public_access_block.this",
            "module.s3.aws_s3_bucket_versioning.this",
            "module.security_groups.aws_security_group.alb",
            "module.security_groups.aws_security_group.ec2"
          ]
        }
      ]
    },
    {
      "module": "module.elastic_beanstalk",
      "mode": "managed",
      "type": "aws_vpc_endpoint",
      "name": "eb_health",
      "provider": "provider[\"registry.terraform.io/hashicorp/aws\"]",
      "instances": [
        {
          "schema_version": 0,
          "attributes": {
            "arn": "arn:aws:ec2:us-east-1:911287867452:vpc-endpoint/vpce-0cb5c7fa56d9fa7ed",
            "auto_accept": null,
            "cidr_blocks": [],
            "dns_entry": [
              {
                "dns_name": "vpce-0cb5c7fa56d9fa7ed-3qgbd74y.elasticbeanstalk-health.us-east-1.vpce.amazonaws.com",
                "hosted_zone_id": "Z7HUB22UULQXV"
              },
              {
                "dns_name": "vpce-0cb5c7fa56d9fa7ed-3qgbd74y-us-east-1a.elasticbeanstalk-health.us-east-1.vpce.amazonaws.com",
                "hosted_zone_id": "Z7HUB22UULQXV"
              },
              {
                "dns_name": "vpce-0cb5c7fa56d9fa7ed-3qgbd74y-us-east-1b.elasticbeanstalk-health.us-east-1.vpce.amazonaws.com",
                "hosted_zone_id": "Z7HUB22UULQXV"
              },
              {
                "dns_name": "vpce-0cb5c7fa56d9fa7ed-3qgbd74y-us-east-1c.elasticbeanstalk-health.us-east-1.vpce.amazonaws.com",
                "hosted_zone_id": "Z7HUB22UULQXV"
              },
              {
                "dns_name": "elasticbeanstalk-health.us-east-1.amazonaws.com",
                "hosted_zone_id": "Z01822302UVYIMHF0N053"
              },
              {
                "dns_name": "elasticbeanstalk-health.us-east-1.api.aws",
                "hosted_zone_id": "Z065838717FXWIV660ADG"
              }
            ],
            "dns_options": [
              {
                "dns_record_ip_type": "ipv4",
                "private_dns_only_for_inbound_resolver_endpoint": false
              }
            ],
            "id": "vpce-0cb5c7fa56d9fa7ed",
            "ip_address_type": "ipv4",
            "network_interface_ids": [
              "eni-00c363e8520a55f36",
              "eni-07682a3f463b71cbe",
              "eni-0bce2b28a3dce3161"
            ],
            "owner_id": "911287867452",
            "policy": "{\"Statement\":[{\"Action\":\"*\",\"Effect\":\"Allow\",\"Principal\":\"*\",\"Resource\":\"*\"}]}",
            "prefix_list_id": null,
            "private_dns_enabled": true,
            "requester_managed": false,
            "resource_configuration_arn": "",
            "route_table_ids": [],
            "security_group_ids": [
              "sg-0d86e73e0e23a0004"
            ],
            "service_name": "com.amazonaws.us-east-1.elasticbeanstalk-health",
            "service_network_arn": "",
            "service_region": "us-east-1",
            "state": "available",
            "subnet_configuration": [
              {
                "ipv4": "10.49.1.245",
                "ipv6": "",
                "subnet_id": "subnet-0b17ab8abf3a8b378"
              },
              {
                "ipv4": "10.49.1.44",
                "ipv6": "",
                "subnet_id": "subnet-0db123d54c271e391"
              },
              {
                "ipv4": "10.49.1.98",
                "ipv6": "",
                "subnet_id": "subnet-07f28a28b8830044b"
              }
            ],
            "subnet_ids": [
              "subnet-07f28a28b8830044b",
              "subnet-0b17ab8abf3a8b378",
              "subnet-0db123d54c271e391"
            ],
            "tags": {
              "Name": "tss-ebs-dev-new-eb-health-vpce"
            },
            "tags_all": {
              "Environment": "dev",
              "ManagedBy": "terraform",
              "Name": "tss-ebs-dev-new-eb-health-vpce",
              "Project": "tss-app"
            },
            "timeouts": null,
            "vpc_endpoint_type": "Interface",
            "vpc_id": "vpc-0975e41529fdd220e"
          },
          "sensitive_attributes": [],
          "identity_schema_version": 0,
          "private": "eyJlMmJmYjczMC1lY2FhLTExZTYtOGY4OC0zNDM2M2JjN2M0YzAiOnsiY3JlYXRlIjo2MDAwMDAwMDAwMDAsImRlbGV0ZSI6NjAwMDAwMDAwMDAwLCJ1cGRhdGUiOjYwMDAwMDAwMDAwMH19",
          "dependencies": [
            "aws_s3_object.app_artifact",
            "module.alb.aws_lb.this",
            "module.alb.aws_lb_listener.http",
            "module.alb.aws_lb_listener.https",
            "module.elastic_beanstalk.aws_security_group.vpc_endpoints",
            "module.elastic_beanstalk.data.aws_region.current",
            "module.elastic_beanstalk.data.aws_vpc.selected",
            "module.iam_roles.aws_iam_instance_profile.ec2_profile",
            "module.iam_roles.aws_iam_role.eb_service_role",
            "module.iam_roles.aws_iam_role.ec2_role",
            "module.iam_roles.aws_iam_role_policy_attachment.eb_enhanced_health",
            "module.iam_roles.aws_iam_role_policy_attachment.eb_managed_updates",
            "module.iam_roles.aws_iam_role_policy_attachment.ec2_multicontainer",
            "module.iam_roles.aws_iam_role_policy_attachment.ec2_s3_read",
            "module.iam_roles.aws_iam_role_policy_attachment.ec2_ssm_core",
            "module.iam_roles.aws_iam_role_policy_attachment.ec2_web_tier",
            "module.iam_roles.aws_iam_role_policy_attachment.ec2_worker_tier",
            "module.iam_roles.data.aws_iam_policy_document.eb_assume",
            "module.iam_roles.data.aws_iam_policy_document.ec2_assume",
            "module.s3.aws_s3_bucket.this",
            "module.s3.aws_s3_bucket_public_access_block.this",
            "module.s3.aws_s3_bucket_versioning.this",
            "module.security_groups.aws_security_group.alb",
            "module.security_groups.aws_security_group.ec2"
          ]
        }
      ]
    },
    {
      "module": "module.elastic_beanstalk",
      "mode": "managed",
      "type": "aws_vpc_endpoint",
      "name": "ec2",
      "provider": "provider[\"registry.terraform.io/hashicorp/aws\"]",
      "instances": [
        {
          "schema_version": 0,
          "attributes": {
            "arn": "arn:aws:ec2:us-east-1:911287867452:vpc-endpoint/vpce-06a5abbe8418b9485",
            "auto_accept": null,
            "cidr_blocks": [],
            "dns_entry": [
              {
                "dns_name": "vpce-06a5abbe8418b9485-f96fwwsk.ec2.us-east-1.vpce.amazonaws.com",
                "hosted_zone_id": "Z7HUB22UULQXV"
              },
              {
                "dns_name": "vpce-06a5abbe8418b9485-f96fwwsk-us-east-1a.ec2.us-east-1.vpce.amazonaws.com",
                "hosted_zone_id": "Z7HUB22UULQXV"
              },
              {
                "dns_name": "vpce-06a5abbe8418b9485-f96fwwsk-us-east-1b.ec2.us-east-1.vpce.amazonaws.com",
                "hosted_zone_id": "Z7HUB22UULQXV"
              },
              {
                "dns_name": "vpce-06a5abbe8418b9485-f96fwwsk-us-east-1c.ec2.us-east-1.vpce.amazonaws.com",
                "hosted_zone_id": "Z7HUB22UULQXV"
              },
              {
                "dns_name": "ec2.us-east-1.amazonaws.com",
                "hosted_zone_id": "Z03532121P1C1R2BTJBL7"
              },
              {
                "dns_name": "ec2.us-east-1.api.aws",
                "hosted_zone_id": "Z02056612PYS1MPX9UV3M"
              }
            ],
            "dns_options": [
              {
                "dns_record_ip_type": "ipv4",
                "private_dns_only_for_inbound_resolver_endpoint": false
              }
            ],
            "id": "vpce-06a5abbe8418b9485",
            "ip_address_type": "ipv4",
            "network_interface_ids": [
              "eni-001217a5469df9e59",
              "eni-00130f1d1bf1fac05",
              "eni-065efc9e6f762c4f8"
            ],
            "owner_id": "911287867452",
            "policy": "{\"Statement\":[{\"Action\":\"*\",\"Effect\":\"Allow\",\"Principal\":\"*\",\"Resource\":\"*\"}]}",
            "prefix_list_id": null,
            "private_dns_enabled": true,
            "requester_managed": false,
            "resource_configuration_arn": "",
            "route_table_ids": [],
            "security_group_ids": [
              "sg-0d86e73e0e23a0004"
            ],
            "service_name": "com.amazonaws.us-east-1.ec2",
            "service_network_arn": "",
            "service_region": "us-east-1",
            "state": "available",
            "subnet_configuration": [
              {
                "ipv4": "10.49.1.250",
                "ipv6": "",
                "subnet_id": "subnet-0b17ab8abf3a8b378"
              },
              {
                "ipv4": "10.49.1.75",
                "ipv6": "",
                "subnet_id": "subnet-07f28a28b8830044b"
              },
              {
                "ipv4": "10.49.1.9",
                "ipv6": "",
                "subnet_id": "subnet-0db123d54c271e391"
              }
            ],
            "subnet_ids": [
              "subnet-07f28a28b8830044b",
              "subnet-0b17ab8abf3a8b378",
              "subnet-0db123d54c271e391"
            ],
            "tags": {
              "Name": "tss-ebs-dev-new-ec2-vpce"
            },
            "tags_all": {
              "Environment": "dev",
              "ManagedBy": "terraform",
              "Name": "tss-ebs-dev-new-ec2-vpce",
              "Project": "tss-app"
            },
            "timeouts": null,
            "vpc_endpoint_type": "Interface",
            "vpc_id": "vpc-0975e41529fdd220e"
          },
          "sensitive_attributes": [],
          "identity_schema_version": 0,
          "private": "eyJlMmJmYjczMC1lY2FhLTExZTYtOGY4OC0zNDM2M2JjN2M0YzAiOnsiY3JlYXRlIjo2MDAwMDAwMDAwMDAsImRlbGV0ZSI6NjAwMDAwMDAwMDAwLCJ1cGRhdGUiOjYwMDAwMDAwMDAwMH19",
          "dependencies": [
            "aws_s3_object.app_artifact",
            "module.alb.aws_lb.this",
            "module.alb.aws_lb_listener.http",
            "module.alb.aws_lb_listener.https",
            "module.elastic_beanstalk.aws_security_group.vpc_endpoints",
            "module.elastic_beanstalk.data.aws_region.current",
            "module.elastic_beanstalk.data.aws_vpc.selected",
            "module.iam_roles.aws_iam_instance_profile.ec2_profile",
            "module.iam_roles.aws_iam_role.eb_service_role",
            "module.iam_roles.aws_iam_role.ec2_role",
            "module.iam_roles.aws_iam_role_policy_attachment.eb_enhanced_health",
            "module.iam_roles.aws_iam_role_policy_attachment.eb_managed_updates",
            "module.iam_roles.aws_iam_role_policy_attachment.ec2_multicontainer",
            "module.iam_roles.aws_iam_role_policy_attachment.ec2_s3_read",
            "module.iam_roles.aws_iam_role_policy_attachment.ec2_ssm_core",
            "module.iam_roles.aws_iam_role_policy_attachment.ec2_web_tier",
            "module.iam_roles.aws_iam_role_policy_attachment.ec2_worker_tier",
            "module.iam_roles.data.aws_iam_policy_document.eb_assume",
            "module.iam_roles.data.aws_iam_policy_document.ec2_assume",
            "module.s3.aws_s3_bucket.this",
            "module.s3.aws_s3_bucket_public_access_block.this",
            "module.s3.aws_s3_bucket_versioning.this",
            "module.security_groups.aws_security_group.alb",
            "module.security_groups.aws_security_group.ec2"
          ]
        }
      ]
    },
    {
      "module": "module.elastic_beanstalk",
      "mode": "managed",
      "type": "aws_vpc_endpoint",
      "name": "ec2messages",
      "provider": "provider[\"registry.terraform.io/hashicorp/aws\"]",
      "instances": [
        {
          "schema_version": 0,
          "attributes": {
            "arn": "arn:aws:ec2:us-east-1:911287867452:vpc-endpoint/vpce-097efd5c531a2540c",
            "auto_accept": null,
            "cidr_blocks": [],
            "dns_entry": [
              {
                "dns_name": "vpce-097efd5c531a2540c-xkb4jwim.ec2messages.us-east-1.vpce.amazonaws.com",
                "hosted_zone_id": "Z7HUB22UULQXV"
              },
              {
                "dns_name": "vpce-097efd5c531a2540c-xkb4jwim-us-east-1c.ec2messages.us-east-1.vpce.amazonaws.com",
                "hosted_zone_id": "Z7HUB22UULQXV"
              },
              {
                "dns_name": "vpce-097efd5c531a2540c-xkb4jwim-us-east-1b.ec2messages.us-east-1.vpce.amazonaws.com",
                "hosted_zone_id": "Z7HUB22UULQXV"
              },
              {
                "dns_name": "vpce-097efd5c531a2540c-xkb4jwim-us-east-1a.ec2messages.us-east-1.vpce.amazonaws.com",
                "hosted_zone_id": "Z7HUB22UULQXV"
              },
              {
                "dns_name": "ec2messages.us-east-1.amazonaws.com",
                "hosted_zone_id": "Z035591329TWUP56F71WR"
              }
            ],
            "dns_options": [
              {
                "dns_record_ip_type": "ipv4",
                "private_dns_only_for_inbound_resolver_endpoint": false
              }
            ],
            "id": "vpce-097efd5c531a2540c",
            "ip_address_type": "ipv4",
            "network_interface_ids": [
              "eni-057b39b79a79bc060",
              "eni-0cd2d501add056c5e",
              "eni-0fa8acad3c439e68f"
            ],
            "owner_id": "911287867452",
            "policy": "{\"Statement\":[{\"Action\":\"*\",\"Effect\":\"Allow\",\"Principal\":\"*\",\"Resource\":\"*\"}]}",
            "prefix_list_id": null,
            "private_dns_enabled": true,
            "requester_managed": false,
            "resource_configuration_arn": "",
            "route_table_ids": [],
            "security_group_ids": [
              "sg-0d86e73e0e23a0004"
            ],
            "service_name": "com.amazonaws.us-east-1.ec2messages",
            "service_network_arn": "",
            "service_region": "us-east-1",
            "state": "available",
            "subnet_configuration": [
              {
                "ipv4": "10.49.1.240",
                "ipv6": "",
                "subnet_id": "subnet-0b17ab8abf3a8b378"
              },
              {
                "ipv4": "10.49.1.4",
                "ipv6": "",
                "subnet_id": "subnet-0db123d54c271e391"
              },
              {
                "ipv4": "10.49.1.72",
                "ipv6": "",
                "subnet_id": "subnet-07f28a28b8830044b"
              }
            ],
            "subnet_ids": [
              "subnet-07f28a28b8830044b",
              "subnet-0b17ab8abf3a8b378",
              "subnet-0db123d54c271e391"
            ],
            "tags": {
              "Name": "tss-ebs-dev-new-ec2-msg-vpce"
            },
            "tags_all": {
              "Environment": "dev",
              "ManagedBy": "terraform",
              "Name": "tss-ebs-dev-new-ec2-msg-vpce",
              "Project": "tss-app"
            },
            "timeouts": null,
            "vpc_endpoint_type": "Interface",
            "vpc_id": "vpc-0975e41529fdd220e"
          },
          "sensitive_attributes": [],
          "identity_schema_version": 0,
          "private": "eyJlMmJmYjczMC1lY2FhLTExZTYtOGY4OC0zNDM2M2JjN2M0YzAiOnsiY3JlYXRlIjo2MDAwMDAwMDAwMDAsImRlbGV0ZSI6NjAwMDAwMDAwMDAwLCJ1cGRhdGUiOjYwMDAwMDAwMDAwMH19",
          "dependencies": [
            "aws_s3_object.app_artifact",
            "module.alb.aws_lb.this",
            "module.alb.aws_lb_listener.http",
            "module.alb.aws_lb_listener.https",
            "module.elastic_beanstalk.aws_security_group.vpc_endpoints",
            "module.elastic_beanstalk.data.aws_region.current",
            "module.elastic_beanstalk.data.aws_vpc.selected",
            "module.iam_roles.aws_iam_instance_profile.ec2_profile",
            "module.iam_roles.aws_iam_role.eb_service_role",
            "module.iam_roles.aws_iam_role.ec2_role",
            "module.iam_roles.aws_iam_role_policy_attachment.eb_enhanced_health",
            "module.iam_roles.aws_iam_role_policy_attachment.eb_managed_updates",
            "module.iam_roles.aws_iam_role_policy_attachment.ec2_multicontainer",
            "module.iam_roles.aws_iam_role_policy_attachment.ec2_s3_read",
            "module.iam_roles.aws_iam_role_policy_attachment.ec2_ssm_core",
            "module.iam_roles.aws_iam_role_policy_attachment.ec2_web_tier",
            "module.iam_roles.aws_iam_role_policy_attachment.ec2_worker_tier",
            "module.iam_roles.data.aws_iam_policy_document.eb_assume",
            "module.iam_roles.data.aws_iam_policy_document.ec2_assume",
            "module.s3.aws_s3_bucket.this",
            "module.s3.aws_s3_bucket_public_access_block.this",
            "module.s3.aws_s3_bucket_versioning.this",
            "module.security_groups.aws_security_group.alb",
            "module.security_groups.aws_security_group.ec2"
          ]
        }
      ]
    },
    {
      "module": "module.elastic_beanstalk",
      "mode": "managed",
      "type": "aws_vpc_endpoint",
      "name": "logs",
      "provider": "provider[\"registry.terraform.io/hashicorp/aws\"]",
      "instances": [
        {
          "schema_version": 0,
          "attributes": {
            "arn": "arn:aws:ec2:us-east-1:911287867452:vpc-endpoint/vpce-0aa7e12b0eccec3dc",
            "auto_accept": null,
            "cidr_blocks": [],
            "dns_entry": [
              {
                "dns_name": "vpce-0aa7e12b0eccec3dc-d8wtx137.logs.us-east-1.vpce.amazonaws.com",
                "hosted_zone_id": "Z7HUB22UULQXV"
              },
              {
                "dns_name": "vpce-0aa7e12b0eccec3dc-d8wtx137-us-east-1c.logs.us-east-1.vpce.amazonaws.com",
                "hosted_zone_id": "Z7HUB22UULQXV"
              },
              {
                "dns_name": "vpce-0aa7e12b0eccec3dc-d8wtx137-us-east-1a.logs.us-east-1.vpce.amazonaws.com",
                "hosted_zone_id": "Z7HUB22UULQXV"
              },
              {
                "dns_name": "vpce-0aa7e12b0eccec3dc-d8wtx137-us-east-1b.logs.us-east-1.vpce.amazonaws.com",
                "hosted_zone_id": "Z7HUB22UULQXV"
              },
              {
                "dns_name": "logs.us-east-1.amazonaws.com",
                "hosted_zone_id": "Z06681731Q4PNYRC9KF5C"
              },
              {
                "dns_name": "streaming-logs.us-east-1.amazonaws.com",
                "hosted_zone_id": "Z01817202A2VKMUY1M0Y6"
              },
              {
                "dns_name": "streaming-logs.us-east-1.api.aws",
                "hosted_zone_id": "Z01817273TV3VRIG4LY89"
              },
              {
                "dns_name": "logs.us-east-1.api.aws",
                "hosted_zone_id": "Z018609734HW5UG9H8ECD"
              }
            ],
            "dns_options": [
              {
                "dns_record_ip_type": "ipv4",
                "private_dns_only_for_inbound_resolver_endpoint": false
              }
            ],
            "id": "vpce-0aa7e12b0eccec3dc",
            "ip_address_type": "ipv4",
            "network_interface_ids": [
              "eni-027adb4f2da5e4df1",
              "eni-08fc5ba7df988f65f",
              "eni-0a96374435b72c242"
            ],
            "owner_id": "911287867452",
            "policy": "{\"Statement\":[{\"Action\":\"*\",\"Effect\":\"Allow\",\"Principal\":\"*\",\"Resource\":\"*\"}]}",
            "prefix_list_id": null,
            "private_dns_enabled": true,
            "requester_managed": false,
            "resource_configuration_arn": "",
            "route_table_ids": [],
            "security_group_ids": [
              "sg-0d86e73e0e23a0004"
            ],
            "service_name": "com.amazonaws.us-east-1.logs",
            "service_network_arn": "",
            "service_region": "us-east-1",
            "state": "available",
            "subnet_configuration": [
              {
                "ipv4": "10.49.1.125",
                "ipv6": "",
                "subnet_id": "subnet-07f28a28b8830044b"
              },
              {
                "ipv4": "10.49.1.19",
                "ipv6": "",
                "subnet_id": "subnet-0db123d54c271e391"
              },
              {
                "ipv4": "10.49.1.229",
                "ipv6": "",
                "subnet_id": "subnet-0b17ab8abf3a8b378"
              }
            ],
            "subnet_ids": [
              "subnet-07f28a28b8830044b",
              "subnet-0b17ab8abf3a8b378",
              "subnet-0db123d54c271e391"
            ],
            "tags": {
              "Name": "tss-ebs-dev-new-logs-vpce"
            },
            "tags_all": {
              "Environment": "dev",
              "ManagedBy": "terraform",
              "Name": "tss-ebs-dev-new-logs-vpce",
              "Project": "tss-app"
            },
            "timeouts": null,
            "vpc_endpoint_type": "Interface",
            "vpc_id": "vpc-0975e41529fdd220e"
          },
          "sensitive_attributes": [],
          "identity_schema_version": 0,
          "private": "eyJlMmJmYjczMC1lY2FhLTExZTYtOGY4OC0zNDM2M2JjN2M0YzAiOnsiY3JlYXRlIjo2MDAwMDAwMDAwMDAsImRlbGV0ZSI6NjAwMDAwMDAwMDAwLCJ1cGRhdGUiOjYwMDAwMDAwMDAwMH19",
          "dependencies": [
            "aws_s3_object.app_artifact",
            "module.alb.aws_lb.this",
            "module.alb.aws_lb_listener.http",
            "module.alb.aws_lb_listener.https",
            "module.elastic_beanstalk.aws_security_group.vpc_endpoints",
            "module.elastic_beanstalk.data.aws_region.current",
            "module.elastic_beanstalk.data.aws_vpc.selected",
            "module.iam_roles.aws_iam_instance_profile.ec2_profile",
            "module.iam_roles.aws_iam_role.eb_service_role",
            "module.iam_roles.aws_iam_role.ec2_role",
            "module.iam_roles.aws_iam_role_policy_attachment.eb_enhanced_health",
            "module.iam_roles.aws_iam_role_policy_attachment.eb_managed_updates",
            "module.iam_roles.aws_iam_role_policy_attachment.ec2_multicontainer",
            "module.iam_roles.aws_iam_role_policy_attachment.ec2_s3_read",
            "module.iam_roles.aws_iam_role_policy_attachment.ec2_ssm_core",
            "module.iam_roles.aws_iam_role_policy_attachment.ec2_web_tier",
            "module.iam_roles.aws_iam_role_policy_attachment.ec2_worker_tier",
            "module.iam_roles.data.aws_iam_policy_document.eb_assume",
            "module.iam_roles.data.aws_iam_policy_document.ec2_assume",
            "module.s3.aws_s3_bucket.this",
            "module.s3.aws_s3_bucket_public_access_block.this",
            "module.s3.aws_s3_bucket_versioning.this",
            "module.security_groups.aws_security_group.alb",
            "module.security_groups.aws_security_group.ec2"
          ]
        }
      ]
    },
    {
      "module": "module.elastic_beanstalk",
      "mode": "managed",
      "type": "aws_vpc_endpoint",
      "name": "monitoring",
      "provider": "provider[\"registry.terraform.io/hashicorp/aws\"]",
      "instances": [
        {
          "schema_version": 0,
          "attributes": {
            "arn": "arn:aws:ec2:us-east-1:911287867452:vpc-endpoint/vpce-08c092c48e3ed4bf4",
            "auto_accept": null,
            "cidr_blocks": [],
            "dns_entry": [
              {
                "dns_name": "vpce-08c092c48e3ed4bf4-dox92l22.monitoring.us-east-1.vpce.amazonaws.com",
                "hosted_zone_id": "Z7HUB22UULQXV"
              },
              {
                "dns_name": "vpce-08c092c48e3ed4bf4-dox92l22-us-east-1a.monitoring.us-east-1.vpce.amazonaws.com",
                "hosted_zone_id": "Z7HUB22UULQXV"
              },
              {
                "dns_name": "vpce-08c092c48e3ed4bf4-dox92l22-us-east-1b.monitoring.us-east-1.vpce.amazonaws.com",
                "hosted_zone_id": "Z7HUB22UULQXV"
              },
              {
                "dns_name": "vpce-08c092c48e3ed4bf4-dox92l22-us-east-1c.monitoring.us-east-1.vpce.amazonaws.com",
                "hosted_zone_id": "Z7HUB22UULQXV"
              },
              {
                "dns_name": "monitoring.us-east-1.amazonaws.com",
                "hosted_zone_id": "Z02087593501IUAO2RV4Y"
              },
              {
                "dns_name": "monitoring.us-east-1.api.aws",
                "hosted_zone_id": "Z0206575BE4X7SSWYNTU"
              },
              {
                "dns_name": "monitoring-fips.us-east-1.amazonaws.com",
                "hosted_zone_id": "Z035497937LDB4H9Z7LFO"
              },
              {
                "dns_name": "monitoring-fips.us-east-1.api.aws",
                "hosted_zone_id": "Z020656936E04UXA1N5RD"
              }
            ],
            "dns_options": [
              {
                "dns_record_ip_type": "ipv4",
                "private_dns_only_for_inbound_resolver_endpoint": false
              }
            ],
            "id": "vpce-08c092c48e3ed4bf4",
            "ip_address_type": "ipv4",
            "network_interface_ids": [
              "eni-009762ac50168c706",
              "eni-073eea6f35f7a4f7a",
              "eni-0f6527ced44ae06f8"
            ],
            "owner_id": "911287867452",
            "policy": "{\"Statement\":[{\"Action\":\"*\",\"Effect\":\"Allow\",\"Principal\":\"*\",\"Resource\":\"*\"}]}",
            "prefix_list_id": null,
            "private_dns_enabled": true,
            "requester_managed": false,
            "resource_configuration_arn": "",
            "route_table_ids": [],
            "security_group_ids": [
              "sg-0d86e73e0e23a0004"
            ],
            "service_name": "com.amazonaws.us-east-1.monitoring",
            "service_network_arn": "",
            "service_region": "us-east-1",
            "state": "available",
            "subnet_configuration": [
              {
                "ipv4": "10.49.1.234",
                "ipv6": "",
                "subnet_id": "subnet-0b17ab8abf3a8b378"
              },
              {
                "ipv4": "10.49.1.40",
                "ipv6": "",
                "subnet_id": "subnet-0db123d54c271e391"
              },
              {
                "ipv4": "10.49.1.99",
                "ipv6": "",
                "subnet_id": "subnet-07f28a28b8830044b"
              }
            ],
            "subnet_ids": [
              "subnet-07f28a28b8830044b",
              "subnet-0b17ab8abf3a8b378",
              "subnet-0db123d54c271e391"
            ],
            "tags": {
              "Name": "tss-ebs-dev-new-monitoring-vpce"
            },
            "tags_all": {
              "Environment": "dev",
              "ManagedBy": "terraform",
              "Name": "tss-ebs-dev-new-monitoring-vpce",
              "Project": "tss-app"
            },
            "timeouts": null,
            "vpc_endpoint_type": "Interface",
            "vpc_id": "vpc-0975e41529fdd220e"
          },
          "sensitive_attributes": [],
          "identity_schema_version": 0,
          "private": "eyJlMmJmYjczMC1lY2FhLTExZTYtOGY4OC0zNDM2M2JjN2M0YzAiOnsiY3JlYXRlIjo2MDAwMDAwMDAwMDAsImRlbGV0ZSI6NjAwMDAwMDAwMDAwLCJ1cGRhdGUiOjYwMDAwMDAwMDAwMH19",
          "dependencies": [
            "aws_s3_object.app_artifact",
            "module.alb.aws_lb.this",
            "module.alb.aws_lb_listener.http",
            "module.alb.aws_lb_listener.https",
            "module.elastic_beanstalk.aws_security_group.vpc_endpoints",
            "module.elastic_beanstalk.data.aws_region.current",
            "module.elastic_beanstalk.data.aws_vpc.selected",
            "module.iam_roles.aws_iam_instance_profile.ec2_profile",
            "module.iam_roles.aws_iam_role.eb_service_role",
            "module.iam_roles.aws_iam_role.ec2_role",
            "module.iam_roles.aws_iam_role_policy_attachment.eb_enhanced_health",
            "module.iam_roles.aws_iam_role_policy_attachment.eb_managed_updates",
            "module.iam_roles.aws_iam_role_policy_attachment.ec2_multicontainer",
            "module.iam_roles.aws_iam_role_policy_attachment.ec2_s3_read",
            "module.iam_roles.aws_iam_role_policy_attachment.ec2_ssm_core",
            "module.iam_roles.aws_iam_role_policy_attachment.ec2_web_tier",
            "module.iam_roles.aws_iam_role_policy_attachment.ec2_worker_tier",
            "module.iam_roles.data.aws_iam_policy_document.eb_assume",
            "module.iam_roles.data.aws_iam_policy_document.ec2_assume",
            "module.s3.aws_s3_bucket.this",
            "module.s3.aws_s3_bucket_public_access_block.this",
            "module.s3.aws_s3_bucket_versioning.this",
            "module.security_groups.aws_security_group.alb",
            "module.security_groups.aws_security_group.ec2"
          ]
        }
      ]
    },
    {
      "module": "module.elastic_beanstalk",
      "mode": "managed",
      "type": "aws_vpc_endpoint",
      "name": "sqs",
      "provider": "provider[\"registry.terraform.io/hashicorp/aws\"]",
      "instances": [
        {
          "schema_version": 0,
          "attributes": {
            "arn": "arn:aws:ec2:us-east-1:911287867452:vpc-endpoint/vpce-0614b9d1aaaba65bd",
            "auto_accept": null,
            "cidr_blocks": [],
            "dns_entry": [
              {
                "dns_name": "vpce-0614b9d1aaaba65bd-z958es7h.sqs.us-east-1.vpce.amazonaws.com",
                "hosted_zone_id": "Z7HUB22UULQXV"
              },
              {
                "dns_name": "vpce-0614b9d1aaaba65bd-z958es7h-us-east-1c.sqs.us-east-1.vpce.amazonaws.com",
                "hosted_zone_id": "Z7HUB22UULQXV"
              },
              {
                "dns_name": "vpce-0614b9d1aaaba65bd-z958es7h-us-east-1b.sqs.us-east-1.vpce.amazonaws.com",
                "hosted_zone_id": "Z7HUB22UULQXV"
              },
              {
                "dns_name": "vpce-0614b9d1aaaba65bd-z958es7h-us-east-1a.sqs.us-east-1.vpce.amazonaws.com",
                "hosted_zone_id": "Z7HUB22UULQXV"
              },
              {
                "dns_name": "sqs.us-east-1.amazonaws.com",
                "hosted_zone_id": "Z06691531LTBOUISOVPFH"
              },
              {
                "dns_name": "sqs.us-east-1.api.aws",
                "hosted_zone_id": "Z01823932N6HVKLAF75OS"
              }
            ],
            "dns_options": [
              {
                "dns_record_ip_type": "ipv4",
                "private_dns_only_for_inbound_resolver_endpoint": false
              }
            ],
            "id": "vpce-0614b9d1aaaba65bd",
            "ip_address_type": "ipv4",
            "network_interface_ids": [
              "eni-040e53b43eaf1a9cf",
              "eni-0646762ef1c5aa4c7",
              "eni-0b9d31081c2a6b1c3"
            ],
            "owner_id": "911287867452",
            "policy": "{\"Statement\":[{\"Action\":\"*\",\"Effect\":\"Allow\",\"Principal\":\"*\",\"Resource\":\"*\"}]}",
            "prefix_list_id": null,
            "private_dns_enabled": true,
            "requester_managed": false,
            "resource_configuration_arn": "",
            "route_table_ids": [],
            "security_group_ids": [
              "sg-0d86e73e0e23a0004"
            ],
            "service_name": "com.amazonaws.us-east-1.sqs",
            "service_network_arn": "",
            "service_region": "us-east-1",
            "state": "available",
            "subnet_configuration": [
              {
                "ipv4": "10.49.1.122",
                "ipv6": "",
                "subnet_id": "subnet-07f28a28b8830044b"
              },
              {
                "ipv4": "10.49.1.20",
                "ipv6": "",
                "subnet_id": "subnet-0db123d54c271e391"
              },
              {
                "ipv4": "10.49.1.248",
                "ipv6": "",
                "subnet_id": "subnet-0b17ab8abf3a8b378"
              }
            ],
            "subnet_ids": [
              "subnet-07f28a28b8830044b",
              "subnet-0b17ab8abf3a8b378",
              "subnet-0db123d54c271e391"
            ],
            "tags": {
              "Name": "tss-ebs-dev-new-sqs-vpce"
            },
            "tags_all": {
              "Environment": "dev",
              "ManagedBy": "terraform",
              "Name": "tss-ebs-dev-new-sqs-vpce",
              "Project": "tss-app"
            },
            "timeouts": null,
            "vpc_endpoint_type": "Interface",
            "vpc_id": "vpc-0975e41529fdd220e"
          },
          "sensitive_attributes": [],
          "identity_schema_version": 0,
          "private": "eyJlMmJmYjczMC1lY2FhLTExZTYtOGY4OC0zNDM2M2JjN2M0YzAiOnsiY3JlYXRlIjo2MDAwMDAwMDAwMDAsImRlbGV0ZSI6NjAwMDAwMDAwMDAwLCJ1cGRhdGUiOjYwMDAwMDAwMDAwMH19",
          "dependencies": [
            "aws_s3_object.app_artifact",
            "module.alb.aws_lb.this",
            "module.alb.aws_lb_listener.http",
            "module.alb.aws_lb_listener.https",
            "module.elastic_beanstalk.aws_security_group.vpc_endpoints",
            "module.elastic_beanstalk.data.aws_region.current",
            "module.elastic_beanstalk.data.aws_vpc.selected",
            "module.iam_roles.aws_iam_instance_profile.ec2_profile",
            "module.iam_roles.aws_iam_role.eb_service_role",
            "module.iam_roles.aws_iam_role.ec2_role",
            "module.iam_roles.aws_iam_role_policy_attachment.eb_enhanced_health",
            "module.iam_roles.aws_iam_role_policy_attachment.eb_managed_updates",
            "module.iam_roles.aws_iam_role_policy_attachment.ec2_multicontainer",
            "module.iam_roles.aws_iam_role_policy_attachment.ec2_s3_read",
            "module.iam_roles.aws_iam_role_policy_attachment.ec2_ssm_core",
            "module.iam_roles.aws_iam_role_policy_attachment.ec2_web_tier",
            "module.iam_roles.aws_iam_role_policy_attachment.ec2_worker_tier",
            "module.iam_roles.data.aws_iam_policy_document.eb_assume",
            "module.iam_roles.data.aws_iam_policy_document.ec2_assume",
            "module.s3.aws_s3_bucket.this",
            "module.s3.aws_s3_bucket_public_access_block.this",
            "module.s3.aws_s3_bucket_versioning.this",
            "module.security_groups.aws_security_group.alb",
            "module.security_groups.aws_security_group.ec2"
          ]
        }
      ]
    },
    {
      "module": "module.elastic_beanstalk",
      "mode": "managed",
      "type": "aws_vpc_endpoint",
      "name": "ssm",
      "provider": "provider[\"registry.terraform.io/hashicorp/aws\"]",
      "instances": [
        {
          "schema_version": 0,
          "attributes": {
            "arn": "arn:aws:ec2:us-east-1:911287867452:vpc-endpoint/vpce-0a71316c32a8e5977",
            "auto_accept": null,
            "cidr_blocks": [],
            "dns_entry": [
              {
                "dns_name": "vpce-0a71316c32a8e5977-l7e1hrzw.ssm.us-east-1.vpce.amazonaws.com",
                "hosted_zone_id": "Z7HUB22UULQXV"
              },
              {
                "dns_name": "vpce-0a71316c32a8e5977-l7e1hrzw-us-east-1c.ssm.us-east-1.vpce.amazonaws.com",
                "hosted_zone_id": "Z7HUB22UULQXV"
              },
              {
                "dns_name": "vpce-0a71316c32a8e5977-l7e1hrzw-us-east-1b.ssm.us-east-1.vpce.amazonaws.com",
                "hosted_zone_id": "Z7HUB22UULQXV"
              },
              {
                "dns_name": "vpce-0a71316c32a8e5977-l7e1hrzw-us-east-1a.ssm.us-east-1.vpce.amazonaws.com",
                "hosted_zone_id": "Z7HUB22UULQXV"
              },
              {
                "dns_name": "ssm.us-east-1.amazonaws.com",
                "hosted_zone_id": "Z03558981GMEHEW6QWI2G"
              },
              {
                "dns_name": "ssm.us-east-1.api.aws",
                "hosted_zone_id": "Z02066843B51HAV1JYT07"
              }
            ],
            "dns_options": [
              {
                "dns_record_ip_type": "ipv4",
                "private_dns_only_for_inbound_resolver_endpoint": false
              }
            ],
            "id": "vpce-0a71316c32a8e5977",
            "ip_address_type": "ipv4",
            "network_interface_ids": [
              "eni-0089fd55299e2b904",
              "eni-074e57454dda5433d",
              "eni-0c7085c8cdae9ad01"
            ],
            "owner_id": "911287867452",
            "policy": "{\"Statement\":[{\"Action\":\"*\",\"Effect\":\"Allow\",\"Principal\":\"*\",\"Resource\":\"*\"}]}",
            "prefix_list_id": null,
            "private_dns_enabled": true,
            "requester_managed": false,
            "resource_configuration_arn": "",
            "route_table_ids": [],
            "security_group_ids": [
              "sg-0d86e73e0e23a0004"
            ],
            "service_name": "com.amazonaws.us-east-1.ssm",
            "service_network_arn": "",
            "service_region": "us-east-1",
            "state": "available",
            "subnet_configuration": [
              {
                "ipv4": "10.49.1.228",
                "ipv6": "",
                "subnet_id": "subnet-0b17ab8abf3a8b378"
              },
              {
                "ipv4": "10.49.1.34",
                "ipv6": "",
                "subnet_id": "subnet-0db123d54c271e391"
              },
              {
                "ipv4": "10.49.1.77",
                "ipv6": "",
                "subnet_id": "subnet-07f28a28b8830044b"
              }
            ],
            "subnet_ids": [
              "subnet-07f28a28b8830044b",
              "subnet-0b17ab8abf3a8b378",
              "subnet-0db123d54c271e391"
            ],
            "tags": {
              "Name": "tss-ebs-dev-new-ssm-vpce"
            },
            "tags_all": {
              "Environment": "dev",
              "ManagedBy": "terraform",
              "Name": "tss-ebs-dev-new-ssm-vpce",
              "Project": "tss-app"
            },
            "timeouts": null,
            "vpc_endpoint_type": "Interface",
            "vpc_id": "vpc-0975e41529fdd220e"
          },
          "sensitive_attributes": [],
          "identity_schema_version": 0,
          "private": "eyJlMmJmYjczMC1lY2FhLTExZTYtOGY4OC0zNDM2M2JjN2M0YzAiOnsiY3JlYXRlIjo2MDAwMDAwMDAwMDAsImRlbGV0ZSI6NjAwMDAwMDAwMDAwLCJ1cGRhdGUiOjYwMDAwMDAwMDAwMH19",
          "dependencies": [
            "aws_s3_object.app_artifact",
            "module.alb.aws_lb.this",
            "module.alb.aws_lb_listener.http",
            "module.alb.aws_lb_listener.https",
            "module.elastic_beanstalk.aws_security_group.vpc_endpoints",
            "module.elastic_beanstalk.data.aws_region.current",
            "module.elastic_beanstalk.data.aws_vpc.selected",
            "module.iam_roles.aws_iam_instance_profile.ec2_profile",
            "module.iam_roles.aws_iam_role.eb_service_role",
            "module.iam_roles.aws_iam_role.ec2_role",
            "module.iam_roles.aws_iam_role_policy_attachment.eb_enhanced_health",
            "module.iam_roles.aws_iam_role_policy_attachment.eb_managed_updates",
            "module.iam_roles.aws_iam_role_policy_attachment.ec2_multicontainer",
            "module.iam_roles.aws_iam_role_policy_attachment.ec2_s3_read",
            "module.iam_roles.aws_iam_role_policy_attachment.ec2_ssm_core",
            "module.iam_roles.aws_iam_role_policy_attachment.ec2_web_tier",
            "module.iam_roles.aws_iam_role_policy_attachment.ec2_worker_tier",
            "module.iam_roles.data.aws_iam_policy_document.eb_assume",
            "module.iam_roles.data.aws_iam_policy_document.ec2_assume",
            "module.s3.aws_s3_bucket.this",
            "module.s3.aws_s3_bucket_public_access_block.this",
            "module.s3.aws_s3_bucket_versioning.this",
            "module.security_groups.aws_security_group.alb",
            "module.security_groups.aws_security_group.ec2"
          ]
        }
      ]
    },
    {
      "module": "module.elastic_beanstalk",
      "mode": "managed",
      "type": "aws_vpc_endpoint",
      "name": "ssmmessages",
      "provider": "provider[\"registry.terraform.io/hashicorp/aws\"]",
      "instances": [
        {
          "schema_version": 0,
          "attributes": {
            "arn": "arn:aws:ec2:us-east-1:911287867452:vpc-endpoint/vpce-0e3c9bedbae0addc8",
            "auto_accept": null,
            "cidr_blocks": [],
            "dns_entry": [
              {
                "dns_name": "vpce-0e3c9bedbae0addc8-a4qe2lyz.ssmmessages.us-east-1.vpce.amazonaws.com",
                "hosted_zone_id": "Z7HUB22UULQXV"
              },
              {
                "dns_name": "vpce-0e3c9bedbae0addc8-a4qe2lyz-us-east-1a.ssmmessages.us-east-1.vpce.amazonaws.com",
                "hosted_zone_id": "Z7HUB22UULQXV"
              },
              {
                "dns_name": "vpce-0e3c9bedbae0addc8-a4qe2lyz-us-east-1c.ssmmessages.us-east-1.vpce.amazonaws.com",
                "hosted_zone_id": "Z7HUB22UULQXV"
              },
              {
                "dns_name": "vpce-0e3c9bedbae0addc8-a4qe2lyz-us-east-1b.ssmmessages.us-east-1.vpce.amazonaws.com",
                "hosted_zone_id": "Z7HUB22UULQXV"
              },
              {
                "dns_name": "ssmmessages.us-east-1.amazonaws.com",
                "hosted_zone_id": "Z06706821W6S8SG45X3QS"
              },
              {
                "dns_name": "ssmmessages.us-east-1.api.aws",
                "hosted_zone_id": "Z01817232IFMH7I5088IG"
              }
            ],
            "dns_options": [
              {
                "dns_record_ip_type": "ipv4",
                "private_dns_only_for_inbound_resolver_endpoint": false
              }
            ],
            "id": "vpce-0e3c9bedbae0addc8",
            "ip_address_type": "ipv4",
            "network_interface_ids": [
              "eni-014a447a784a445f6",
              "eni-07397bc88a14766c1",
              "eni-08c1d82dff7543ab8"
            ],
            "owner_id": "911287867452",
            "policy": "{\"Statement\":[{\"Action\":\"*\",\"Effect\":\"Allow\",\"Principal\":\"*\",\"Resource\":\"*\"}]}",
            "prefix_list_id": null,
            "private_dns_enabled": true,
            "requester_managed": false,
            "resource_configuration_arn": "",
            "route_table_ids": [],
            "security_group_ids": [
              "sg-0d86e73e0e23a0004"
            ],
            "service_name": "com.amazonaws.us-east-1.ssmmessages",
            "service_network_arn": "",
            "service_region": "us-east-1",
            "state": "available",
            "subnet_configuration": [
              {
                "ipv4": "10.49.1.244",
                "ipv6": "",
                "subnet_id": "subnet-0b17ab8abf3a8b378"
              },
              {
                "ipv4": "10.49.1.5",
                "ipv6": "",
                "subnet_id": "subnet-0db123d54c271e391"
              },
              {
                "ipv4": "10.49.1.92",
                "ipv6": "",
                "subnet_id": "subnet-07f28a28b8830044b"
              }
            ],
            "subnet_ids": [
              "subnet-07f28a28b8830044b",
              "subnet-0b17ab8abf3a8b378",
              "subnet-0db123d54c271e391"
            ],
            "tags": {
              "Name": "tss-ebs-dev-new-ssm-msg-vpce"
            },
            "tags_all": {
              "Environment": "dev",
              "ManagedBy": "terraform",
              "Name": "tss-ebs-dev-new-ssm-msg-vpce",
              "Project": "tss-app"
            },
            "timeouts": null,
            "vpc_endpoint_type": "Interface",
            "vpc_id": "vpc-0975e41529fdd220e"
          },
          "sensitive_attributes": [],
          "identity_schema_version": 0,
          "private": "eyJlMmJmYjczMC1lY2FhLTExZTYtOGY4OC0zNDM2M2JjN2M0YzAiOnsiY3JlYXRlIjo2MDAwMDAwMDAwMDAsImRlbGV0ZSI6NjAwMDAwMDAwMDAwLCJ1cGRhdGUiOjYwMDAwMDAwMDAwMH19",
          "dependencies": [
            "aws_s3_object.app_artifact",
            "module.alb.aws_lb.this",
            "module.alb.aws_lb_listener.http",
            "module.alb.aws_lb_listener.https",
            "module.elastic_beanstalk.aws_security_group.vpc_endpoints",
            "module.elastic_beanstalk.data.aws_region.current",
            "module.elastic_beanstalk.data.aws_vpc.selected",
            "module.iam_roles.aws_iam_instance_profile.ec2_profile",
            "module.iam_roles.aws_iam_role.eb_service_role",
            "module.iam_roles.aws_iam_role.ec2_role",
            "module.iam_roles.aws_iam_role_policy_attachment.eb_enhanced_health",
            "module.iam_roles.aws_iam_role_policy_attachment.eb_managed_updates",
            "module.iam_roles.aws_iam_role_policy_attachment.ec2_multicontainer",
            "module.iam_roles.aws_iam_role_policy_attachment.ec2_s3_read",
            "module.iam_roles.aws_iam_role_policy_attachment.ec2_ssm_core",
            "module.iam_roles.aws_iam_role_policy_attachment.ec2_web_tier",
            "module.iam_roles.aws_iam_role_policy_attachment.ec2_worker_tier",
            "module.iam_roles.data.aws_iam_policy_document.eb_assume",
            "module.iam_roles.data.aws_iam_policy_document.ec2_assume",
            "module.s3.aws_s3_bucket.this",
            "module.s3.aws_s3_bucket_public_access_block.this",
            "module.s3.aws_s3_bucket_versioning.this",
            "module.security_groups.aws_security_group.alb",
            "module.security_groups.aws_security_group.ec2"
          ]
        }
      ]
    },
    {
      "module": "module.elastic_beanstalk",
      "mode": "managed",
      "type": "aws_vpc_endpoint",
      "name": "sts",
      "provider": "provider[\"registry.terraform.io/hashicorp/aws\"]",
      "instances": [
        {
          "schema_version": 0,
          "attributes": {
            "arn": "arn:aws:ec2:us-east-1:911287867452:vpc-endpoint/vpce-02682f1ddd8724746",
            "auto_accept": null,
            "cidr_blocks": [],
            "dns_entry": [
              {
                "dns_name": "vpce-02682f1ddd8724746-87peuief.sts.us-east-1.vpce.amazonaws.com",
                "hosted_zone_id": "Z7HUB22UULQXV"
              },
              {
                "dns_name": "vpce-02682f1ddd8724746-87peuief-us-east-1c.sts.us-east-1.vpce.amazonaws.com",
                "hosted_zone_id": "Z7HUB22UULQXV"
              },
              {
                "dns_name": "vpce-02682f1ddd8724746-87peuief-us-east-1b.sts.us-east-1.vpce.amazonaws.com",
                "hosted_zone_id": "Z7HUB22UULQXV"
              },
              {
                "dns_name": "vpce-02682f1ddd8724746-87peuief-us-east-1a.sts.us-east-1.vpce.amazonaws.com",
                "hosted_zone_id": "Z7HUB22UULQXV"
              },
              {
                "dns_name": "sts.us-east-1.amazonaws.com",
                "hosted_zone_id": "Z0670574FDC5D74M6VND"
              },
              {
                "dns_name": "sts.us-east-1.api.aws",
                "hosted_zone_id": "Z020754718UXKFOBQJY1Z"
              }
            ],
            "dns_options": [
              {
                "dns_record_ip_type": "ipv4",
                "private_dns_only_for_inbound_resolver_endpoint": false
              }
            ],
            "id": "vpce-02682f1ddd8724746",
            "ip_address_type": "ipv4",
            "network_interface_ids": [
              "eni-02965582384cf6000",
              "eni-0556c91424a13e289",
              "eni-0847835e742155792"
            ],
            "owner_id": "911287867452",
            "policy": "{\"Statement\":[{\"Action\":\"*\",\"Effect\":\"Allow\",\"Principal\":\"*\",\"Resource\":\"*\"}]}",
            "prefix_list_id": null,
            "private_dns_enabled": true,
            "requester_managed": false,
            "resource_configuration_arn": "",
            "route_table_ids": [],
            "security_group_ids": [
              "sg-0d86e73e0e23a0004"
            ],
            "service_name": "com.amazonaws.us-east-1.sts",
            "service_network_arn": "",
            "service_region": "us-east-1",
            "state": "available",
            "subnet_configuration": [
              {
                "ipv4": "10.49.1.106",
                "ipv6": "",
                "subnet_id": "subnet-07f28a28b8830044b"
              },
              {
                "ipv4": "10.49.1.235",
                "ipv6": "",
                "subnet_id": "subnet-0b17ab8abf3a8b378"
              },
              {
                "ipv4": "10.49.1.43",
                "ipv6": "",
                "subnet_id": "subnet-0db123d54c271e391"
              }
            ],
            "subnet_ids": [
              "subnet-07f28a28b8830044b",
              "subnet-0b17ab8abf3a8b378",
              "subnet-0db123d54c271e391"
            ],
            "tags": {
              "Name": "tss-ebs-dev-new-sts-vpce"
            },
            "tags_all": {
              "Environment": "dev",
              "ManagedBy": "terraform",
              "Name": "tss-ebs-dev-new-sts-vpce",
              "Project": "tss-app"
            },
            "timeouts": null,
            "vpc_endpoint_type": "Interface",
            "vpc_id": "vpc-0975e41529fdd220e"
          },
          "sensitive_attributes": [],
          "identity_schema_version": 0,
          "private": "eyJlMmJmYjczMC1lY2FhLTExZTYtOGY4OC0zNDM2M2JjN2M0YzAiOnsiY3JlYXRlIjo2MDAwMDAwMDAwMDAsImRlbGV0ZSI6NjAwMDAwMDAwMDAwLCJ1cGRhdGUiOjYwMDAwMDAwMDAwMH19",
          "dependencies": [
            "aws_s3_object.app_artifact",
            "module.alb.aws_lb.this",
            "module.alb.aws_lb_listener.http",
            "module.alb.aws_lb_listener.https",
            "module.elastic_beanstalk.aws_security_group.vpc_endpoints",
            "module.elastic_beanstalk.data.aws_region.current",
            "module.elastic_beanstalk.data.aws_vpc.selected",
            "module.iam_roles.aws_iam_instance_profile.ec2_profile",
            "module.iam_roles.aws_iam_role.eb_service_role",
            "module.iam_roles.aws_iam_role.ec2_role",
            "module.iam_roles.aws_iam_role_policy_attachment.eb_enhanced_health",
            "module.iam_roles.aws_iam_role_policy_attachment.eb_managed_updates",
            "module.iam_roles.aws_iam_role_policy_attachment.ec2_multicontainer",
            "module.iam_roles.aws_iam_role_policy_attachment.ec2_s3_read",
            "module.iam_roles.aws_iam_role_policy_attachment.ec2_ssm_core",
            "module.iam_roles.aws_iam_role_policy_attachment.ec2_web_tier",
            "module.iam_roles.aws_iam_role_policy_attachment.ec2_worker_tier",
            "module.iam_roles.data.aws_iam_policy_document.eb_assume",
            "module.iam_roles.data.aws_iam_policy_document.ec2_assume",
            "module.s3.aws_s3_bucket.this",
            "module.s3.aws_s3_bucket_public_access_block.this",
            "module.s3.aws_s3_bucket_versioning.this",
            "module.security_groups.aws_security_group.alb",
            "module.security_groups.aws_security_group.ec2"
          ]
        }
      ]
    },
    {
      "module": "module.iam_roles",
      "mode": "data",
      "type": "aws_iam_policy_document",
      "name": "eb_assume",
      "provider": "provider[\"registry.terraform.io/hashicorp/aws\"]",
      "instances": [
        {
          "schema_version": 0,
          "attributes": {
            "id": "2970054628",
            "json": "{\n  \"Version\": \"2012-10-17\",\n  \"Statement\": [\n    {\n      \"Effect\": \"Allow\",\n      \"Action\": \"sts:AssumeRole\",\n      \"Principal\": {\n        \"Service\": \"elasticbeanstalk.amazonaws.com\"\n      }\n    }\n  ]\n}",
            "minified_json": "{\"Version\":\"2012-10-17\",\"Statement\":[{\"Effect\":\"Allow\",\"Action\":\"sts:AssumeRole\",\"Principal\":{\"Service\":\"elasticbeanstalk.amazonaws.com\"}}]}",
            "override_json": null,
            "override_policy_documents": null,
            "policy_id": null,
            "source_json": null,
            "source_policy_documents": null,
            "statement": [
              {
                "actions": [
                  "sts:AssumeRole"
                ],
                "condition": [],
                "effect": "Allow",
                "not_actions": [],
                "not_principals": [],
                "not_resources": [],
                "principals": [
                  {
                    "identifiers": [
                      "elasticbeanstalk.amazonaws.com"
                    ],
                    "type": "Service"
                  }
                ],
                "resources": [],
                "sid": ""
              }
            ],
            "version": "2012-10-17"
          },
          "sensitive_attributes": [],
          "identity_schema_version": 0
        }
      ]
    },
    {
      "module": "module.iam_roles",
      "mode": "data",
      "type": "aws_iam_policy_document",
      "name": "ec2_assume",
      "provider": "provider[\"registry.terraform.io/hashicorp/aws\"]",
      "instances": [
        {
          "schema_version": 0,
          "attributes": {
            "id": "2851119427",
            "json": "{\n  \"Version\": \"2012-10-17\",\n  \"Statement\": [\n    {\n      \"Effect\": \"Allow\",\n      \"Action\": \"sts:AssumeRole\",\n      \"Principal\": {\n        \"Service\": \"ec2.amazonaws.com\"\n      }\n    }\n  ]\n}",
            "minified_json": "{\"Version\":\"2012-10-17\",\"Statement\":[{\"Effect\":\"Allow\",\"Action\":\"sts:AssumeRole\",\"Principal\":{\"Service\":\"ec2.amazonaws.com\"}}]}",
            "override_json": null,
            "override_policy_documents": null,
            "policy_id": null,
            "source_json": null,
            "source_policy_documents": null,
            "statement": [
              {
                "actions": [
                  "sts:AssumeRole"
                ],
                "condition": [],
                "effect": "Allow",
                "not_actions": [],
                "not_principals": [],
                "not_resources": [],
                "principals": [
                  {
                    "identifiers": [
                      "ec2.amazonaws.com"
                    ],
                    "type": "Service"
                  }
                ],
                "resources": [],
                "sid": ""
              }
            ],
            "version": "2012-10-17"
          },
          "sensitive_attributes": [],
          "identity_schema_version": 0
        }
      ]
    },
    {
      "module": "module.iam_roles",
      "mode": "managed",
      "type": "aws_iam_instance_profile",
      "name": "ec2_profile",
      "provider": "provider[\"registry.terraform.io/hashicorp/aws\"]",
      "instances": [
        {
          "schema_version": 0,
          "attributes": {
            "arn": "arn:aws:iam::911287867452:instance-profile/tss-ebs-dev-new-ec2-profile",
            "create_date": "2026-03-23T12:17:16Z",
            "id": "tss-ebs-dev-new-ec2-profile",
            "name": "tss-ebs-dev-new-ec2-profile",
            "name_prefix": "",
            "path": "/",
            "role": "tss-ebs-dev-new-ec2-role",
            "tags": {},
            "tags_all": {
              "Environment": "dev",
              "ManagedBy": "terraform",
              "Project": "tss-app"
            },
            "unique_id": "AIPA5ILH5LA6POESY36ZS"
          },
          "sensitive_attributes": [],
          "identity_schema_version": 0,
          "private": "bnVsbA==",
          "dependencies": [
            "module.iam_roles.aws_iam_role.ec2_role",
            "module.iam_roles.data.aws_iam_policy_document.ec2_assume"
          ]
        }
      ]
    },
    {
      "module": "module.iam_roles",
      "mode": "managed",
      "type": "aws_iam_role",
      "name": "eb_service_role",
      "provider": "provider[\"registry.terraform.io/hashicorp/aws\"]",
      "instances": [
        {
          "schema_version": 0,
          "attributes": {
            "arn": "arn:aws:iam::911287867452:role/tss-ebs-dev-new-eb-service-role",
            "assume_role_policy": "{\"Statement\":[{\"Action\":\"sts:AssumeRole\",\"Effect\":\"Allow\",\"Principal\":{\"Service\":\"elasticbeanstalk.amazonaws.com\"}}],\"Version\":\"2012-10-17\"}",
            "create_date": "2026-03-23T12:17:14Z",
            "description": "",
            "force_detach_policies": false,
            "id": "tss-ebs-dev-new-eb-service-role",
            "inline_policy": [],
            "managed_policy_arns": [
              "arn:aws:iam::aws:policy/AWSElasticBeanstalkManagedUpdatesCustomerRolePolicy",
              "arn:aws:iam::aws:policy/service-role/AWSElasticBeanstalkEnhancedHealth"
            ],
            "max_session_duration": 3600,
            "name": "tss-ebs-dev-new-eb-service-role",
            "name_prefix": "",
            "path": "/",
            "permissions_boundary": "",
            "tags": {
              "Environment": "dev",
              "ManagedBy": "terraform",
              "Name": "tss-app-dev-eb-service-role"
            },
            "tags_all": {
              "Environment": "dev",
              "ManagedBy": "terraform",
              "Name": "tss-app-dev-eb-service-role",
              "Project": "tss-app"
            },
            "unique_id": "AROA5ILH5LA6IMWBLBEUD"
          },
          "sensitive_attributes": [],
          "identity_schema_version": 0,
          "private": "bnVsbA==",
          "dependencies": [
            "module.iam_roles.data.aws_iam_policy_document.eb_assume"
          ]
        }
      ]
    },
    {
      "module": "module.iam_roles",
      "mode": "managed",
      "type": "aws_iam_role",
      "name": "ec2_role",
      "provider": "provider[\"registry.terraform.io/hashicorp/aws\"]",
      "instances": [
        {
          "schema_version": 0,
          "attributes": {
            "arn": "arn:aws:iam::911287867452:role/tss-ebs-dev-new-ec2-role",
            "assume_role_policy": "{\"Statement\":[{\"Action\":\"sts:AssumeRole\",\"Effect\":\"Allow\",\"Principal\":{\"Service\":\"ec2.amazonaws.com\"}}],\"Version\":\"2012-10-17\"}",
            "create_date": "2026-03-23T12:17:14Z",
            "description": "",
            "force_detach_policies": false,
            "id": "tss-ebs-dev-new-ec2-role",
            "inline_policy": [],
            "managed_policy_arns": [
              "arn:aws:iam::aws:policy/AWSElasticBeanstalkMulticontainerDocker",
              "arn:aws:iam::aws:policy/AWSElasticBeanstalkWebTier",
              "arn:aws:iam::aws:policy/AWSElasticBeanstalkWorkerTier",
              "arn:aws:iam::aws:policy/AmazonS3ReadOnlyAccess",
              "arn:aws:iam::aws:policy/AmazonSSMManagedInstanceCore"
            ],
            "max_session_duration": 3600,
            "name": "tss-ebs-dev-new-ec2-role",
            "name_prefix": "",
            "path": "/",
            "permissions_boundary": "",
            "tags": {
              "Environment": "dev",
              "ManagedBy": "terraform",
              "Name": "tss-app-dev-ec2-role"
            },
            "tags_all": {
              "Environment": "dev",
              "ManagedBy": "terraform",
              "Name": "tss-app-dev-ec2-role",
              "Project": "tss-app"
            },
            "unique_id": "AROA5ILH5LA6JZXNUHZW3"
          },
          "sensitive_attributes": [],
          "identity_schema_version": 0,
          "private": "bnVsbA==",
          "dependencies": [
            "module.iam_roles.data.aws_iam_policy_document.ec2_assume"
          ]
        }
      ]
    },
    {
      "module": "module.iam_roles",
      "mode": "managed",
      "type": "aws_iam_role_policy_attachment",
      "name": "eb_enhanced_health",
      "provider": "provider[\"registry.terraform.io/hashicorp/aws\"]",
      "instances": [
        {
          "schema_version": 0,
          "attributes": {
            "id": "tss-ebs-dev-new-eb-service-role-20260323121715923200000001",
            "policy_arn": "arn:aws:iam::aws:policy/service-role/AWSElasticBeanstalkEnhancedHealth",
            "role": "tss-ebs-dev-new-eb-service-role"
          },
          "sensitive_attributes": [],
          "identity_schema_version": 0,
          "private": "bnVsbA==",
          "dependencies": [
            "module.iam_roles.aws_iam_role.eb_service_role",
            "module.iam_roles.data.aws_iam_policy_document.eb_assume"
          ]
        }
      ]
    },
    {
      "module": "module.iam_roles",
      "mode": "managed",
      "type": "aws_iam_role_policy_attachment",
      "name": "eb_managed_updates",
      "provider": "provider[\"registry.terraform.io/hashicorp/aws\"]",
      "instances": [
        {
          "schema_version": 0,
          "attributes": {
            "id": "tss-ebs-dev-new-eb-service-role-20260323121716063300000002",
            "policy_arn": "arn:aws:iam::aws:policy/AWSElasticBeanstalkManagedUpdatesCustomerRolePolicy",
            "role": "tss-ebs-dev-new-eb-service-role"
          },
          "sensitive_attributes": [],
          "identity_schema_version": 0,
          "private": "bnVsbA==",
          "dependencies": [
            "module.iam_roles.aws_iam_role.eb_service_role",
            "module.iam_roles.data.aws_iam_policy_document.eb_assume"
          ]
        }
      ]
    },
    {
      "module": "module.iam_roles",
      "mode": "managed",
      "type": "aws_iam_role_policy_attachment",
      "name": "ec2_multicontainer",
      "provider": "provider[\"registry.terraform.io/hashicorp/aws\"]",
      "instances": [
        {
          "schema_version": 0,
          "attributes": {
            "id": "tss-ebs-dev-new-ec2-role-20260323121716516500000005",
            "policy_arn": "arn:aws:iam::aws:policy/AWSElasticBeanstalkMulticontainerDocker",
            "role": "tss-ebs-dev-new-ec2-role"
          },
          "sensitive_attributes": [],
          "identity_schema_version": 0,
          "private": "bnVsbA==",
          "dependencies": [
            "module.iam_roles.aws_iam_role.ec2_role",
            "module.iam_roles.data.aws_iam_policy_document.ec2_assume"
          ]
        }
      ]
    },
    {
      "module": "module.iam_roles",
      "mode": "managed",
      "type": "aws_iam_role_policy_attachment",
      "name": "ec2_s3_read",
      "provider": "provider[\"registry.terraform.io/hashicorp/aws\"]",
      "instances": [
        {
          "schema_version": 0,
          "attributes": {
            "id": "tss-ebs-dev-new-ec2-role-20260323121716699200000006",
            "policy_arn": "arn:aws:iam::aws:policy/AmazonS3ReadOnlyAccess",
            "role": "tss-ebs-dev-new-ec2-role"
          },
          "sensitive_attributes": [],
          "identity_schema_version": 0,
          "private": "bnVsbA==",
          "dependencies": [
            "module.iam_roles.aws_iam_role.ec2_role",
            "module.iam_roles.data.aws_iam_policy_document.ec2_assume"
          ]
        }
      ]
    },
    {
      "module": "module.iam_roles",
      "mode": "managed",
      "type": "aws_iam_role_policy_attachment",
      "name": "ec2_ssm_core",
      "provider": "provider[\"registry.terraform.io/hashicorp/aws\"]",
      "instances": [
        {
          "schema_version": 0,
          "attributes": {
            "id": "tss-ebs-dev-new-ec2-role-20260323121716961300000007",
            "policy_arn": "arn:aws:iam::aws:policy/AmazonSSMManagedInstanceCore",
            "role": "tss-ebs-dev-new-ec2-role"
          },
          "sensitive_attributes": [],
          "identity_schema_version": 0,
          "private": "bnVsbA==",
          "dependencies": [
            "module.iam_roles.aws_iam_role.ec2_role",
            "module.iam_roles.data.aws_iam_policy_document.ec2_assume"
          ]
        }
      ]
    },
    {
      "module": "module.iam_roles",
      "mode": "managed",
      "type": "aws_iam_role_policy_attachment",
      "name": "ec2_web_tier",
      "provider": "provider[\"registry.terraform.io/hashicorp/aws\"]",
      "instances": [
        {
          "schema_version": 0,
          "attributes": {
            "id": "tss-ebs-dev-new-ec2-role-20260323121716227200000003",
            "policy_arn": "arn:aws:iam::aws:policy/AWSElasticBeanstalkWebTier",
            "role": "tss-ebs-dev-new-ec2-role"
          },
          "sensitive_attributes": [],
          "identity_schema_version": 0,
          "private": "bnVsbA==",
          "dependencies": [
            "module.iam_roles.aws_iam_role.ec2_role",
            "module.iam_roles.data.aws_iam_policy_document.ec2_assume"
          ]
        }
      ]
    },
    {
      "module": "module.iam_roles",
      "mode": "managed",
      "type": "aws_iam_role_policy_attachment",
      "name": "ec2_worker_tier",
      "provider": "provider[\"registry.terraform.io/hashicorp/aws\"]",
      "instances": [
        {
          "schema_version": 0,
          "attributes": {
            "id": "tss-ebs-dev-new-ec2-role-20260323121716379900000004",
            "policy_arn": "arn:aws:iam::aws:policy/AWSElasticBeanstalkWorkerTier",
            "role": "tss-ebs-dev-new-ec2-role"
          },
          "sensitive_attributes": [],
          "identity_schema_version": 0,
          "private": "bnVsbA==",
          "dependencies": [
            "module.iam_roles.aws_iam_role.ec2_role",
            "module.iam_roles.data.aws_iam_policy_document.ec2_assume"
          ]
        }
      ]
    },
    {
      "module": "module.s3[0]",
      "mode": "managed",
      "type": "aws_s3_bucket",
      "name": "this",
      "provider": "provider[\"registry.terraform.io/hashicorp/aws\"]",
      "instances": [
        {
          "schema_version": 0,
          "attributes": {
            "acceleration_status": "",
            "acl": null,
            "arn": "arn:aws:s3:::tss-ebs-dev-artifacts-911287867452",
            "bucket": "tss-ebs-dev-artifacts-911287867452",
            "bucket_domain_name": "tss-ebs-dev-artifacts-911287867452.s3.amazonaws.com",
            "bucket_prefix": "",
            "bucket_regional_domain_name": "tss-ebs-dev-artifacts-911287867452.s3.us-east-1.amazonaws.com",
            "cors_rule": [],
            "force_destroy": false,
            "grant": [
              {
                "id": "bd35e08ad602fa06273e7b5184a6567571766db0ec268cdc398e0da5da98d082",
                "permissions": [
                  "FULL_CONTROL"
                ],
                "type": "CanonicalUser",
                "uri": ""
              }
            ],
            "hosted_zone_id": "Z3AQBSTGFYJSTF",
            "id": "tss-ebs-dev-artifacts-911287867452",
            "lifecycle_rule": [],
            "logging": [],
            "object_lock_configuration": [],
            "object_lock_enabled": false,
            "policy": "",
            "region": "us-east-1",
            "replication_configuration": [],
            "request_payer": "BucketOwner",
            "server_side_encryption_configuration": [
              {
                "rule": [
                  {
                    "apply_server_side_encryption_by_default": [
                      {
                        "kms_master_key_id": "",
                        "sse_algorithm": "AES256"
                      }
                    ],
                    "bucket_key_enabled": false
                  }
                ]
              }
            ],
            "tags": {
              "Environment": "dev",
              "ManagedBy": "terraform",
              "Name": "tss-ebs-dev-artifacts-911287867452"
            },
            "tags_all": {
              "Environment": "dev",
              "ManagedBy": "terraform",
              "Name": "tss-ebs-dev-artifacts-911287867452",
              "Project": "tss-app"
            },
            "timeouts": null,
            "versioning": [
              {
                "enabled": true,
                "mfa_delete": false
              }
            ],
            "website": [],
            "website_domain": null,
            "website_endpoint": null
          },
          "sensitive_attributes": [],
          "identity_schema_version": 0,
          "private": "eyJlMmJmYjczMC1lY2FhLTExZTYtOGY4OC0zNDM2M2JjN2M0YzAiOnsiY3JlYXRlIjoxMjAwMDAwMDAwMDAwLCJkZWxldGUiOjM2MDAwMDAwMDAwMDAsInJlYWQiOjEyMDAwMDAwMDAwMDAsInVwZGF0ZSI6MTIwMDAwMDAwMDAwMH19"
        }
      ]
    },
    {
      "module": "module.s3[0]",
      "mode": "managed",
      "type": "aws_s3_bucket_public_access_block",
      "name": "this",
      "provider": "provider[\"registry.terraform.io/hashicorp/aws\"]",
      "instances": [
        {
          "schema_version": 0,
          "attributes": {
            "block_public_acls": true,
            "block_public_policy": true,
            "bucket": "tss-ebs-dev-artifacts-911287867452",
            "id": "tss-ebs-dev-artifacts-911287867452",
            "ignore_public_acls": true,
            "restrict_public_buckets": true
          },
          "sensitive_attributes": [],
          "identity_schema_version": 0,
          "private": "bnVsbA==",
          "dependencies": [
            "module.s3.aws_s3_bucket.this"
          ]
        }
      ]
    },
    {
      "module": "module.s3[0]",
      "mode": "managed",
      "type": "aws_s3_bucket_versioning",
      "name": "this",
      "provider": "provider[\"registry.terraform.io/hashicorp/aws\"]",
      "instances": [
        {
          "schema_version": 0,
          "attributes": {
            "bucket": "tss-ebs-dev-artifacts-911287867452",
            "expected_bucket_owner": "",
            "id": "tss-ebs-dev-artifacts-911287867452",
            "mfa": null,
            "versioning_configuration": [
              {
                "mfa_delete": "",
                "status": "Enabled"
              }
            ]
          },
          "sensitive_attributes": [],
          "identity_schema_version": 0,
          "private": "bnVsbA==",
          "dependencies": [
            "module.s3.aws_s3_bucket.this"
          ]
        }
      ]
    },
    {
      "module": "module.security_groups",
      "mode": "managed",
      "type": "aws_security_group",
      "name": "alb",
      "provider": "provider[\"registry.terraform.io/hashicorp/aws\"]",
      "instances": [
        {
          "schema_version": 1,
          "attributes": {
            "arn": "arn:aws:ec2:us-east-1:911287867452:security-group/sg-0e8276fcd787f14a9",
            "description": "ALB security group for tss-app dev",
            "egress": [
              {
                "cidr_blocks": [
                  "0.0.0.0/0"
                ],
                "description": "",
                "from_port": 0,
                "ipv6_cidr_blocks": [],
                "prefix_list_ids": [],
                "protocol": "-1",
                "security_groups": [],
                "self": false,
                "to_port": 0
              }
            ],
            "id": "sg-0e8276fcd787f14a9",
            "ingress": [
              {
                "cidr_blocks": [
                  "0.0.0.0/0"
                ],
                "description": "",
                "from_port": 80,
                "ipv6_cidr_blocks": [],
                "prefix_list_ids": [],
                "protocol": "tcp",
                "security_groups": [],
                "self": false,
                "to_port": 80
              }
            ],
            "name": "tss-ebs-dev-new-alb-sg",
            "name_prefix": "",
            "owner_id": "911287867452",
            "revoke_rules_on_delete": false,
            "tags": {
              "Environment": "dev",
              "ManagedBy": "terraform",
              "Name": "tss-ebs-dev-new-alb-sg"
            },
            "tags_all": {
              "Environment": "dev",
              "ManagedBy": "terraform",
              "Name": "tss-ebs-dev-new-alb-sg",
              "Project": "tss-app"
            },
            "timeouts": null,
            "vpc_id": "vpc-0975e41529fdd220e"
          },
          "sensitive_attributes": [],
          "identity_schema_version": 0,
          "private": "eyJlMmJmYjczMC1lY2FhLTExZTYtOGY4OC0zNDM2M2JjN2M0YzAiOnsiY3JlYXRlIjo2MDAwMDAwMDAwMDAsImRlbGV0ZSI6OTAwMDAwMDAwMDAwfSwic2NoZW1hX3ZlcnNpb24iOiIxIn0="
        }
      ]
    },
    {
      "module": "module.security_groups",
      "mode": "managed",
      "type": "aws_security_group",
      "name": "ec2",
      "provider": "provider[\"registry.terraform.io/hashicorp/aws\"]",
      "instances": [
        {
          "schema_version": 1,
          "attributes": {
            "arn": "arn:aws:ec2:us-east-1:911287867452:security-group/sg-08a69b240ad120ce5",
            "description": "EB EC2 security group for tss-app dev",
            "egress": [
              {
                "cidr_blocks": [
                  "0.0.0.0/0"
                ],
                "description": "",
                "from_port": 0,
                "ipv6_cidr_blocks": [],
                "prefix_list_ids": [],
                "protocol": "-1",
                "security_groups": [],
                "self": false,
                "to_port": 0
              }
            ],
            "id": "sg-08a69b240ad120ce5",
            "ingress": [
              {
                "cidr_blocks": [],
                "description": "",
                "from_port": 80,
                "ipv6_cidr_blocks": [],
                "prefix_list_ids": [],
                "protocol": "tcp",
                "security_groups": [
                  "sg-0e8276fcd787f14a9"
                ],
                "self": false,
                "to_port": 80
              }
            ],
            "name": "tss-ebs-dev-new-ec2-sg",
            "name_prefix": "",
            "owner_id": "911287867452",
            "revoke_rules_on_delete": false,
            "tags": {
              "Environment": "dev",
              "ManagedBy": "terraform",
              "Name": "tss-ebs-dev-new-ec2-sg"
            },
            "tags_all": {
              "Environment": "dev",
              "ManagedBy": "terraform",
              "Name": "tss-ebs-dev-new-ec2-sg",
              "Project": "tss-app"
            },
            "timeouts": null,
            "vpc_id": "vpc-0975e41529fdd220e"
          },
          "sensitive_attributes": [],
          "identity_schema_version": 0,
          "private": "eyJlMmJmYjczMC1lY2FhLTExZTYtOGY4OC0zNDM2M2JjN2M0YzAiOnsiY3JlYXRlIjo2MDAwMDAwMDAwMDAsImRlbGV0ZSI6OTAwMDAwMDAwMDAwfSwic2NoZW1hX3ZlcnNpb24iOiIxIn0=",
          "dependencies": [
            "module.security_groups.aws_security_group.alb"
          ]
        }
      ]
    }
  ],
  "check_results": null
}
