{
  "version": 4,
  "terraform_version": "1.14.6",
  "serial": 622,
  "lineage": "b6d92ba8-1825-27d9-c805-bacae89916a1",
  "outputs": {
    "alb_arn": {
      "value": "arn:aws:elasticloadbalancing:us-east-1:911287867452:loadbalancer/app/tss-ebs-dev-new-alb/3c19e4f68fad6b4a",
      "type": "string"
    },
    "alb_dns_name": {
      "value": "internal-tss-ebs-dev-new-alb-207018371.us-east-1.elb.amazonaws.com",
      "type": "string"
    },
    "alb_http_listener_arn": {
      "value": "arn:aws:elasticloadbalancing:us-east-1:911287867452:listener/app/tss-ebs-dev-new-alb/3c19e4f68fad6b4a/99d54c7ede3fab4f",
      "type": "string"
    },
    "alb_security_group_id": {
      "value": "sg-085b1cb819cdea1fb",
      "type": "string"
    },
    "eb_app_name": {
      "value": "tss-ebs-dev-new",
      "type": "string"
    },
    "eb_app_version": {
      "value": "v1",
      "type": "string"
    },
    "eb_environment_name": {
      "value": "tss-ebs-dev-new-env",
      "type": "string"
    },
    "ec2_security_group_id": {
      "value": "sg-023b1ecde9a59a73f",
      "type": "string"
    },
    "private_subnet_ids": {
      "value": [
        "subnet-0db123d54c271e391",
        "subnet-07f28a28b8830044b",
        "subnet-0b17ab8abf3a8b378"
      ],
      "type": [
        "list",
        "string"
      ]
    },
    "public_subnet_ids": {
      "value": [
        "subnet-0db123d54c271e391",
        "subnet-07f28a28b8830044b",
        "subnet-0b17ab8abf3a8b378"
      ],
      "type": [
        "list",
        "string"
      ]
    },
    "sns_topic_arn": {
      "value": "arn:aws:sns:us-east-1:911287867452:tss-ebs-dev-new-alarms",
      "type": "string"
    },
    "vpc_id": {
      "value": "vpc-0975e41529fdd220e",
      "type": "string"
    }
  },
  "resources": [
    {
      "mode": "managed",
      "type": "terraform_data",
      "name": "manual_upload",
      "provider": "provider[\"terraform.io/builtin/terraform\"]",
      "instances": [
        {
          "index_key": 0,
          "schema_version": 0,
          "attributes": {
            "id": "c870f4cd-cc89-2827-854c-76bc55e4c276",
            "input": {
              "value": "releases/app-v1.zip",
              "type": "string"
            },
            "output": {
              "value": "releases/app-v1.zip",
              "type": "string"
            },
            "triggers_replace": null
          },
          "sensitive_attributes": [],
          "identity_schema_version": 0,
          "dependencies": [
            "module.s3.aws_s3_bucket.this",
            "module.s3.aws_s3_bucket_public_access_block.this",
            "module.s3.aws_s3_bucket_versioning.this"
          ]
        }
      ]
    },
    {
      "module": "module.alb[0]",
      "mode": "managed",
      "type": "aws_lb",
      "name": "this",
      "provider": "provider[\"registry.terraform.io/hashicorp/aws\"]",
      "instances": [
        {
          "schema_version": 0,
          "attributes": {
            "access_logs": [
              {
                "bucket": "",
                "enabled": false,
                "prefix": ""
              }
            ],
            "arn": "arn:aws:elasticloadbalancing:us-east-1:911287867452:loadbalancer/app/tss-ebs-dev-new-alb/3c19e4f68fad6b4a",
            "arn_suffix": "app/tss-ebs-dev-new-alb/3c19e4f68fad6b4a",
            "client_keep_alive": 3600,
            "connection_logs": [
              {
                "bucket": "",
                "enabled": false,
                "prefix": ""
              }
            ],
            "customer_owned_ipv4_pool": "",
            "desync_mitigation_mode": "defensive",
            "dns_name": "internal-tss-ebs-dev-new-alb-207018371.us-east-1.elb.amazonaws.com",
            "dns_record_client_routing_policy": null,
            "drop_invalid_header_fields": false,
            "enable_cross_zone_load_balancing": true,
            "enable_deletion_protection": false,
            "enable_http2": true,
            "enable_tls_version_and_cipher_suite_headers": false,
            "enable_waf_fail_open": false,
            "enable_xff_client_port": false,
            "enable_zonal_shift": false,
            "enforce_security_group_inbound_rules_on_private_link_traffic": "",
            "id": "arn:aws:elasticloadbalancing:us-east-1:911287867452:loadbalancer/app/tss-ebs-dev-new-alb/3c19e4f68fad6b4a",
            "idle_timeout": 60,
            "internal": true,
            "ip_address_type": "ipv4",
            "ipam_pools": [],
            "load_balancer_type": "application",
            "minimum_load_balancer_capacity": [],
            "name": "tss-ebs-dev-new-alb",
            "name_prefix": "",
            "preserve_host_header": false,
            "security_groups": [
              "sg-085b1cb819cdea1fb"
            ],
            "subnet_mapping": [
              {
                "allocation_id": "",
                "ipv6_address": "",
                "outpost_id": "",
                "private_ipv4_address": "",
                "subnet_id": "subnet-07f28a28b8830044b"
              },
              {
                "allocation_id": "",
                "ipv6_address": "",
                "outpost_id": "",
                "private_ipv4_address": "",
                "subnet_id": "subnet-0b17ab8abf3a8b378"
              },
              {
                "allocation_id": "",
                "ipv6_address": "",
                "outpost_id": "",
                "private_ipv4_address": "",
                "subnet_id": "subnet-0db123d54c271e391"
              }
            ],
            "subnets": [
              "subnet-07f28a28b8830044b",
              "subnet-0b17ab8abf3a8b378",
              "subnet-0db123d54c271e391"
            ],
            "tags": {
              "Environment": "dev",
              "ManagedBy": "terraform",
              "Name": "tss-ebs-dev-new-alb"
            },
            "tags_all": {
              "Environment": "dev",
              "ManagedBy": "terraform",
              "Name": "tss-ebs-dev-new-alb",
              "Project": "tss-app"
            },
            "timeouts": null,
            "vpc_id": "vpc-0975e41529fdd220e",
            "xff_header_processing_mode": "append",
            "zone_id": "Z35SXDOTRQ7X7K"
          },
          "sensitive_attributes": [],
          "identity_schema_version": 0,
          "private": "eyJlMmJmYjczMC1lY2FhLTExZTYtOGY4OC0zNDM2M2JjN2M0YzAiOnsiY3JlYXRlIjo2MDAwMDAwMDAwMDAsImRlbGV0ZSI6NjAwMDAwMDAwMDAwLCJ1cGRhdGUiOjYwMDAwMDAwMDAwMH19",
          "dependencies": [
            "module.security_groups.aws_security_group.alb"
          ]
        }
      ]
    },
    {
      "module": "module.alb[0]",
      "mode": "managed",
      "type": "aws_lb_listener",
      "name": "http",
      "provider": "provider[\"registry.terraform.io/hashicorp/aws\"]",
      "instances": [
        {
          "schema_version": 0,
          "attributes": {
            "alpn_policy": null,
            "arn": "arn:aws:elasticloadbalancing:us-east-1:911287867452:listener/app/tss-ebs-dev-new-alb/3c19e4f68fad6b4a/99d54c7ede3fab4f",
            "certificate_arn": null,
            "default_action": [
              {
                "authenticate_cognito": [],
                "authenticate_oidc": [],
                "fixed_response": [
                  {
                    "content_type": "text/plain",
                    "message_body": "No matching route",
                    "status_code": "404"
                  }
                ],
                "forward": [],
                "order": 1,
                "redirect": [],
                "target_group_arn": "",
                "type": "fixed-response"
              }
            ],
            "id": "arn:aws:elasticloadbalancing:us-east-1:911287867452:listener/app/tss-ebs-dev-new-alb/3c19e4f68fad6b4a/99d54c7ede3fab4f",
            "load_balancer_arn": "arn:aws:elasticloadbalancing:us-east-1:911287867452:loadbalancer/app/tss-ebs-dev-new-alb/3c19e4f68fad6b4a",
            "mutual_authentication": [],
            "port": 80,
            "protocol": "HTTP",
            "routing_http_request_x_amzn_mtls_clientcert_header_name": null,
            "routing_http_request_x_amzn_mtls_clientcert_issuer_header_name": null,
            "routing_http_request_x_amzn_mtls_clientcert_leaf_header_name": null,
            "routing_http_request_x_amzn_mtls_clientcert_serial_number_header_name": null,
            "routing_http_request_x_amzn_mtls_clientcert_subject_header_name": null,
            "routing_http_request_x_amzn_mtls_clientcert_validity_header_name": null,
            "routing_http_request_x_amzn_tls_cipher_suite_header_name": null,
            "routing_http_request_x_amzn_tls_version_header_name": null,
            "routing_http_response_access_control_allow_credentials_header_value": "",
            "routing_http_response_access_control_allow_headers_header_value": "",
            "routing_http_response_access_control_allow_methods_header_value": "",
            "routing_http_response_access_control_allow_origin_header_value": "",
            "routing_http_response_access_control_expose_headers_header_value": "",
            "routing_http_response_access_control_max_age_header_value": "",
            "routing_http_response_content_security_policy_header_value": "",
            "routing_http_response_server_enabled": true,
            "routing_http_response_strict_transport_security_header_value": "",
            "routing_http_response_x_content_type_options_header_value": "",
            "routing_http_response_x_frame_options_header_value": "",
            "ssl_policy": "",
            "tags": {
              "Environment": "dev",
              "ManagedBy": "terraform",
              "Name": "tss-ebs-dev-new-http"
            },
            "tags_all": {
              "Environment": "dev",
              "ManagedBy": "terraform",
              "Name": "tss-ebs-dev-new-http",
              "Project": "tss-app"
            },
            "tcp_idle_timeout_seconds": null,
            "timeouts": null
          },
          "sensitive_attributes": [],
          "identity_schema_version": 0,
          "private": "eyJlMmJmYjczMC1lY2FhLTExZTYtOGY4OC0zNDM2M2JjN2M0YzAiOnsiY3JlYXRlIjozMDAwMDAwMDAwMDAsInVwZGF0ZSI6MzAwMDAwMDAwMDAwfX0=",
          "dependencies": [
            "module.alb.aws_lb.this",
            "module.security_groups.aws_security_group.alb"
          ]
        }
      ]
    },
    {
      "module": "module.alb[0]",
      "mode": "managed",
      "type": "aws_lb_listener",
      "name": "https",
      "provider": "provider[\"registry.terraform.io/hashicorp/aws\"]",
      "instances": []
    },
    {
      "module": "module.cloudwatch",
      "mode": "managed",
      "type": "aws_sns_topic",
      "name": "alarms",
      "provider": "provider[\"registry.terraform.io/hashicorp/aws\"]",
      "instances": [
        {
          "index_key": 0,
          "schema_version": 0,
          "attributes": {
            "application_failure_feedback_role_arn": "",
            "application_success_feedback_role_arn": "",
            "application_success_feedback_sample_rate": 0,
            "archive_policy": "",
            "arn": "arn:aws:sns:us-east-1:911287867452:tss-ebs-dev-new-alarms",
            "beginning_archive_time": "",
            "content_based_deduplication": false,
            "delivery_policy": "",
            "display_name": "",
            "fifo_throughput_scope": "",
            "fifo_topic": false,
            "firehose_failure_feedback_role_arn": "",
            "firehose_success_feedback_role_arn": "",
            "firehose_success_feedback_sample_rate": 0,
            "http_failure_feedback_role_arn": "",
            "http_success_feedback_role_arn": "",
            "http_success_feedback_sample_rate": 0,
            "id": "arn:aws:sns:us-east-1:911287867452:tss-ebs-dev-new-alarms",
            "kms_master_key_id": "",
            "lambda_failure_feedback_role_arn": "",
            "lambda_success_feedback_role_arn": "",
            "lambda_success_feedback_sample_rate": 0,
            "name": "tss-ebs-dev-new-alarms",
            "name_prefix": "",
            "owner": "911287867452",
            "policy": "{\"Id\":\"__default_policy_ID\",\"Statement\":[{\"Action\":[\"SNS:GetTopicAttributes\",\"SNS:SetTopicAttributes\",\"SNS:AddPermission\",\"SNS:RemovePermission\",\"SNS:DeleteTopic\",\"SNS:Subscribe\",\"SNS:ListSubscriptionsByTopic\",\"SNS:Publish\"],\"Condition\":{\"StringEquals\":{\"AWS:SourceOwner\":\"911287867452\"}},\"Effect\":\"Allow\",\"Principal\":{\"AWS\":\"*\"},\"Resource\":\"arn:aws:sns:us-east-1:911287867452:tss-ebs-dev-new-alarms\",\"Sid\":\"__default_statement_ID\"}],\"Version\":\"2008-10-17\"}",
            "signature_version": 0,
            "sqs_failure_feedback_role_arn": "",
            "sqs_success_feedback_role_arn": "",
            "sqs_success_feedback_sample_rate": 0,
            "tags": {
              "Environment": "dev",
              "ManagedBy": "terraform",
              "Name": "dev-eb-alarms"
            },
            "tags_all": {
              "Environment": "dev",
              "ManagedBy": "terraform",
              "Name": "dev-eb-alarms",
              "Project": "tss-app"
            },
            "tracing_config": ""
          },
          "sensitive_attributes": [],
          "identity_schema_version": 0,
          "private": "bnVsbA=="
        }
      ]
    },
    {
      "module": "module.cloudwatch",
      "mode": "managed",
      "type": "aws_sns_topic_subscription",
      "name": "email",
      "provider": "provider[\"registry.terraform.io/hashicorp/aws\"]",
      "instances": []
    },
    {
      "module": "module.elastic_beanstalk",
      "mode": "data",
      "type": "aws_region",
      "name": "current",
      "provider": "provider[\"registry.terraform.io/hashicorp/aws\"]",
      "instances": [
        {
          "schema_version": 0,
          "attributes": {
            "description": "US East (N. Virginia)",
            "endpoint": "ec2.us-east-1.amazonaws.com",
            "id": "us-east-1",
            "name": "us-east-1"
          },
          "sensitive_attributes": [],
          "identity_schema_version": 0
        }
      ]
    },
    {
      "module": "module.elastic_beanstalk",
      "mode": "data",
      "type": "aws_route_tables",
      "name": "all",
      "provider": "provider[\"registry.terraform.io/hashicorp/aws\"]",
      "instances": [
        {
          "schema_version": 0,
          "attributes": {
            "filter": null,
            "id": "us-east-1",
            "ids": [
              "rtb-0304d76c6d3a598ae"
            ],
            "tags": null,
            "timeouts": null,
            "vpc_id": "vpc-0975e41529fdd220e"
          },
          "sensitive_attributes": [],
          "identity_schema_version": 0
        }
      ]
    },
    {
      "module": "module.elastic_beanstalk",
      "mode": "data",
      "type": "aws_vpc",
      "name": "selected",
      "provider": "provider[\"registry.terraform.io/hashicorp/aws\"]",
      "instances": [
        {
          "schema_version": 0,
          "attributes": {
            "arn": "arn:aws:ec2:us-east-1:911287867452:vpc/vpc-0975e41529fdd220e",
            "cidr_block": "10.49.1.0/24",
            "cidr_block_associations": [
              {
                "association_id": "vpc-cidr-assoc-0950c0e20ee844b2f",
                "cidr_block": "10.49.1.0/24",
                "state": "associated"
              }
            ],
            "default": false,
            "dhcp_options_id": "dopt-0e647ee8d8480a254",
            "enable_dns_hostnames": true,
            "enable_dns_support": true,
            "enable_network_address_usage_metrics": false,
            "filter": null,
            "id": "vpc-0975e41529fdd220e",
            "instance_tenancy": "default",
            "ipv6_association_id": "",
            "ipv6_cidr_block": "",
            "main_route_table_id": "rtb-0304d76c6d3a598ae",
            "owner_id": "911287867452",
            "state": null,
            "tags": {
              "Name": "myvpc01"
            },
            "timeouts": null
          },
          "sensitive_attributes": [],
          "identity_schema_version": 0
        }
      ]
    },
    {
      "module": "module.elastic_beanstalk",
      "mode": "managed",
      "type": "aws_elastic_beanstalk_application",
      "name": "this",
      "provider": "provider[\"registry.terraform.io/hashicorp/aws\"]",
      "instances": [
        {
          "schema_version": 0,
          "attributes": {
            "appversion_lifecycle": [
              {
                "delete_source_from_s3": false,
                "max_age_in_days": 0,
                "max_count": 10,
                "service_role": "arn:aws:iam::911287867452:role/tss-ebs-dev-new-eb-service-role"
              }
            ],
            "arn": "arn:aws:elasticbeanstalk:us-east-1:911287867452:application/tss-ebs-dev-new",
            "description": "tss-app application for dev environment",
            "id": "tss-ebs-dev-new",
            "name": "tss-ebs-dev-new",
            "tags": {
              "Environment": "dev",
              "ManagedBy": "terraform"
            },
            "tags_all": {
              "Environment": "dev",
              "ManagedBy": "terraform",
              "Project": "tss-app"
            }
          },
          "sensitive_attributes": [],
          "identity_schema_version": 0,
          "private": "bnVsbA==",
          "dependencies": [
            "module.alb.aws_lb.this",
            "module.alb.aws_lb_listener.http",
            "module.alb.aws_lb_listener.https",
            "module.iam_roles.aws_iam_instance_profile.ec2_profile",
            "module.iam_roles.aws_iam_role.eb_service_role",
            "module.iam_roles.aws_iam_role.ec2_role",
            "module.iam_roles.aws_iam_role_policy_attachment.eb_enhanced_health",
            "module.iam_roles.aws_iam_role_policy_attachment.eb_managed_updates",
            "module.iam_roles.aws_iam_role_policy_attachment.ec2_multicontainer",
            "module.iam_roles.aws_iam_role_policy_attachment.ec2_s3_read",
            "module.iam_roles.aws_iam_role_policy_attachment.ec2_ssm_core",
            "module.iam_roles.aws_iam_role_policy_attachment.ec2_web_tier",
            "module.iam_roles.aws_iam_role_policy_attachment.ec2_worker_tier",
            "module.iam_roles.data.aws_iam_policy_document.eb_assume",
            "module.iam_roles.data.aws_iam_policy_document.ec2_assume",
            "module.s3.aws_s3_bucket.this",
            "module.s3.aws_s3_bucket_public_access_block.this",
            "module.s3.aws_s3_bucket_versioning.this",
            "module.security_groups.aws_security_group.alb",
            "module.security_groups.aws_security_group.ec2",
            "terraform_data.manual_upload"
          ]
        }
      ]
    },
    {
      "module": "module.elastic_beanstalk",
      "mode": "managed",
      "type": "aws_security_group",
      "name": "vpc_endpoints",
      "provider": "provider[\"registry.terraform.io/hashicorp/aws\"]",
      "instances": [
        {
          "schema_version": 1,
          "attributes": {
            "arn": "arn:aws:ec2:us-east-1:911287867452:security-group/sg-050d4fc6ee8662a7a",
            "description": "Security group for VPC Endpoints",
            "egress": [],
            "id": "sg-050d4fc6ee8662a7a",
            "ingress": [
              {
                "cidr_blocks": [
                  "10.49.1.0/24"
                ],
                "description": "",
                "from_port": 443,
                "ipv6_cidr_blocks": [],
                "prefix_list_ids": [],
                "protocol": "tcp",
                "security_groups": [],
                "self": false,
                "to_port": 443
              }
            ],
            "name": "tss-ebs-dev-new-vpce-sg",
            "name_prefix": "",
            "owner_id": "911287867452",
            "revoke_rules_on_delete": false,
            "tags": {
              "Environment": "dev",
              "Name": "tss-ebs-dev-new-vpce-sg"
            },
            "tags_all": {
              "Environment": "dev",
              "ManagedBy": "terraform",
              "Name": "tss-ebs-dev-new-vpce-sg",
              "Project": "tss-app"
            },
            "timeouts": null,
            "vpc_id": "vpc-0975e41529fdd220e"
          },
          "sensitive_attributes": [],
          "identity_schema_version": 0,
          "private": "eyJlMmJmYjczMC1lY2FhLTExZTYtOGY4OC0zNDM2M2JjN2M0YzAiOnsiY3JlYXRlIjo2MDAwMDAwMDAwMDAsImRlbGV0ZSI6OTAwMDAwMDAwMDAwfSwic2NoZW1hX3ZlcnNpb24iOiIxIn0=",
          "dependencies": [
            "module.alb.aws_lb.this",
            "module.alb.aws_lb_listener.http",
            "module.alb.aws_lb_listener.https",
            "module.elastic_beanstalk.data.aws_vpc.selected",
            "module.iam_roles.aws_iam_instance_profile.ec2_profile",
            "module.iam_roles.aws_iam_role.eb_service_role",
            "module.iam_roles.aws_iam_role.ec2_role",
            "module.iam_roles.aws_iam_role_policy_attachment.eb_enhanced_health",
            "module.iam_roles.aws_iam_role_policy_attachment.eb_managed_updates",
            "module.iam_roles.aws_iam_role_policy_attachment.ec2_multicontainer",
            "module.iam_roles.aws_iam_role_policy_attachment.ec2_s3_read",
            "module.iam_roles.aws_iam_role_policy_attachment.ec2_ssm_core",
            "module.iam_roles.aws_iam_role_policy_attachment.ec2_web_tier",
            "module.iam_roles.aws_iam_role_policy_attachment.ec2_worker_tier",
            "module.iam_roles.data.aws_iam_policy_document.eb_assume",
            "module.iam_roles.data.aws_iam_policy_document.ec2_assume",
            "module.s3.aws_s3_bucket.this",
            "module.s3.aws_s3_bucket_public_access_block.this",
            "module.s3.aws_s3_bucket_versioning.this",
            "module.security_groups.aws_security_group.alb",
            "module.security_groups.aws_security_group.ec2",
            "terraform_data.manual_upload"
          ]
        }
      ]
    },
    {
      "module": "module.elastic_beanstalk",
      "mode": "managed",
      "type": "aws_vpc_endpoint",
      "name": "autoscaling",
      "provider": "provider[\"registry.terraform.io/hashicorp/aws\"]",
      "instances": [
        {
          "schema_version": 0,
          "attributes": {
            "arn": "arn:aws:ec2:us-east-1:911287867452:vpc-endpoint/vpce-0b1c51b563c467636",
            "auto_accept": null,
            "cidr_blocks": [],
            "dns_entry": [
              {
                "dns_name": "vpce-0b1c51b563c467636-wssuxn5w.autoscaling.us-east-1.vpce.amazonaws.com",
                "hosted_zone_id": "Z7HUB22UULQXV"
              },
              {
                "dns_name": "vpce-0b1c51b563c467636-wssuxn5w-us-east-1c.autoscaling.us-east-1.vpce.amazonaws.com",
                "hosted_zone_id": "Z7HUB22UULQXV"
              },
              {
                "dns_name": "vpce-0b1c51b563c467636-wssuxn5w-us-east-1a.autoscaling.us-east-1.vpce.amazonaws.com",
                "hosted_zone_id": "Z7HUB22UULQXV"
              },
              {
                "dns_name": "vpce-0b1c51b563c467636-wssuxn5w-us-east-1b.autoscaling.us-east-1.vpce.amazonaws.com",
                "hosted_zone_id": "Z7HUB22UULQXV"
              },
              {
                "dns_name": "autoscaling.us-east-1.amazonaws.com",
                "hosted_zone_id": "Z00154082YJRCXG18BQMA"
              },
              {
                "dns_name": "autoscaling.us-east-1.api.aws",
                "hosted_zone_id": "Z02585093HW49YK9PVIA0"
              }
            ],
            "dns_options": [
              {
                "dns_record_ip_type": "ipv4",
                "private_dns_only_for_inbound_resolver_endpoint": false
              }
            ],
            "id": "vpce-0b1c51b563c467636",
            "ip_address_type": "ipv4",
            "network_interface_ids": [
              "eni-01bdcb033b54a1920",
              "eni-01dad59bc5cbd0701",
              "eni-073072f02b190bcd8"
            ],
            "owner_id": "911287867452",
            "policy": "{\"Statement\":[{\"Action\":\"*\",\"Effect\":\"Allow\",\"Principal\":\"*\",\"Resource\":\"*\"}]}",
            "prefix_list_id": null,
            "private_dns_enabled": true,
            "requester_managed": false,
            "resource_configuration_arn": "",
            "route_table_ids": [],
            "security_group_ids": [
              "sg-050d4fc6ee8662a7a"
            ],
            "service_name": "com.amazonaws.us-east-1.autoscaling",
            "service_network_arn": "",
            "service_region": "us-east-1",
            "state": "available",
            "subnet_configuration": [
              {
                "ipv4": "10.49.1.228",
                "ipv6": "",
                "subnet_id": "subnet-0b17ab8abf3a8b378"
              },
              {
                "ipv4": "10.49.1.8",
                "ipv6": "",
                "subnet_id": "subnet-0db123d54c271e391"
              },
              {
                "ipv4": "10.49.1.82",
                "ipv6": "",
                "subnet_id": "subnet-07f28a28b8830044b"
              }
            ],
            "subnet_ids": [
              "subnet-07f28a28b8830044b",
              "subnet-0b17ab8abf3a8b378",
              "subnet-0db123d54c271e391"
            ],
            "tags": {
              "Name": "tss-ebs-dev-new-asg-vpce"
            },
            "tags_all": {
              "Environment": "dev",
              "ManagedBy": "terraform",
              "Name": "tss-ebs-dev-new-asg-vpce",
              "Project": "tss-app"
            },
            "timeouts": null,
            "vpc_endpoint_type": "Interface",
            "vpc_id": "vpc-0975e41529fdd220e"
          },
          "sensitive_attributes": [],
          "identity_schema_version": 0,
          "private": "eyJlMmJmYjczMC1lY2FhLTExZTYtOGY4OC0zNDM2M2JjN2M0YzAiOnsiY3JlYXRlIjo2MDAwMDAwMDAwMDAsImRlbGV0ZSI6NjAwMDAwMDAwMDAwLCJ1cGRhdGUiOjYwMDAwMDAwMDAwMH19",
          "dependencies": [
            "module.alb.aws_lb.this",
            "module.alb.aws_lb_listener.http",
            "module.alb.aws_lb_listener.https",
            "module.elastic_beanstalk.aws_security_group.vpc_endpoints",
            "module.elastic_beanstalk.data.aws_region.current",
            "module.elastic_beanstalk.data.aws_vpc.selected",
            "module.iam_roles.aws_iam_instance_profile.ec2_profile",
            "module.iam_roles.aws_iam_role.eb_service_role",
            "module.iam_roles.aws_iam_role.ec2_role",
            "module.iam_roles.aws_iam_role_policy_attachment.eb_enhanced_health",
            "module.iam_roles.aws_iam_role_policy_attachment.eb_managed_updates",
            "module.iam_roles.aws_iam_role_policy_attachment.ec2_multicontainer",
            "module.iam_roles.aws_iam_role_policy_attachment.ec2_s3_read",
            "module.iam_roles.aws_iam_role_policy_attachment.ec2_ssm_core",
            "module.iam_roles.aws_iam_role_policy_attachment.ec2_web_tier",
            "module.iam_roles.aws_iam_role_policy_attachment.ec2_worker_tier",
            "module.iam_roles.data.aws_iam_policy_document.eb_assume",
            "module.iam_roles.data.aws_iam_policy_document.ec2_assume",
            "module.s3.aws_s3_bucket.this",
            "module.s3.aws_s3_bucket_public_access_block.this",
            "module.s3.aws_s3_bucket_versioning.this",
            "module.security_groups.aws_security_group.alb",
            "module.security_groups.aws_security_group.ec2",
            "terraform_data.manual_upload"
          ]
        }
      ]
    },
    {
      "module": "module.elastic_beanstalk",
      "mode": "managed",
      "type": "aws_vpc_endpoint",
      "name": "cloudformation",
      "provider": "provider[\"registry.terraform.io/hashicorp/aws\"]",
      "instances": [
        {
          "schema_version": 0,
          "attributes": {
            "arn": "arn:aws:ec2:us-east-1:911287867452:vpc-endpoint/vpce-055c8544a2de3c8c1",
            "auto_accept": null,
            "cidr_blocks": [],
            "dns_entry": [
              {
                "dns_name": "vpce-055c8544a2de3c8c1-wm3ow088.cloudformation.us-east-1.vpce.amazonaws.com",
                "hosted_zone_id": "Z7HUB22UULQXV"
              },
              {
                "dns_name": "vpce-055c8544a2de3c8c1-wm3ow088-us-east-1c.cloudformation.us-east-1.vpce.amazonaws.com",
                "hosted_zone_id": "Z7HUB22UULQXV"
              },
              {
                "dns_name": "vpce-055c8544a2de3c8c1-wm3ow088-us-east-1a.cloudformation.us-east-1.vpce.amazonaws.com",
                "hosted_zone_id": "Z7HUB22UULQXV"
              },
              {
                "dns_name": "vpce-055c8544a2de3c8c1-wm3ow088-us-east-1b.cloudformation.us-east-1.vpce.amazonaws.com",
                "hosted_zone_id": "Z7HUB22UULQXV"
              },
              {
                "dns_name": "cloudformation.us-east-1.amazonaws.com",
                "hosted_zone_id": "Z00145713C3WAANRJBTTO"
              },
              {
                "dns_name": "cloudformation.us-east-1.api.aws",
                "hosted_zone_id": "Z02489162ZDUWQ89SSWWY"
              }
            ],
            "dns_options": [
              {
                "dns_record_ip_type": "ipv4",
                "private_dns_only_for_inbound_resolver_endpoint": false
              }
            ],
            "id": "vpce-055c8544a2de3c8c1",
            "ip_address_type": "ipv4",
            "network_interface_ids": [
              "eni-007e471d5f61d1652",
              "eni-0b02c2dce163f23e3",
              "eni-0bcf9ebe8acb7ec4e"
            ],
            "owner_id": "911287867452",
            "policy": "{\"Statement\":[{\"Action\":\"*\",\"Effect\":\"Allow\",\"Principal\":\"*\",\"Resource\":\"*\"}]}",
            "prefix_list_id": null,
            "private_dns_enabled": true,
            "requester_managed": false,
            "resource_configuration_arn": "",
            "route_table_ids": [],
            "security_group_ids": [
              "sg-050d4fc6ee8662a7a"
            ],
            "service_name": "com.amazonaws.us-east-1.cloudformation",
            "service_network_arn": "",
            "service_region": "us-east-1",
            "state": "available",
            "subnet_configuration": [
              {
                "ipv4": "10.49.1.239",
                "ipv6": "",
                "subnet_id": "subnet-0b17ab8abf3a8b378"
              },
              {
                "ipv4": "10.49.1.48",
                "ipv6": "",
                "subnet_id": "subnet-0db123d54c271e391"
              },
              {
                "ipv4": "10.49.1.92",
                "ipv6": "",
                "subnet_id": "subnet-07f28a28b8830044b"
              }
            ],
            "subnet_ids": [
              "subnet-07f28a28b8830044b",
              "subnet-0b17ab8abf3a8b378",
              "subnet-0db123d54c271e391"
            ],
            "tags": {
              "Name": "tss-ebs-dev-new-cfn-vpce"
            },
            "tags_all": {
              "Environment": "dev",
              "ManagedBy": "terraform",
              "Name": "tss-ebs-dev-new-cfn-vpce",
              "Project": "tss-app"
            },
            "timeouts": null,
            "vpc_endpoint_type": "Interface",
            "vpc_id": "vpc-0975e41529fdd220e"
          },
          "sensitive_attributes": [],
          "identity_schema_version": 0,
          "private": "eyJlMmJmYjczMC1lY2FhLTExZTYtOGY4OC0zNDM2M2JjN2M0YzAiOnsiY3JlYXRlIjo2MDAwMDAwMDAwMDAsImRlbGV0ZSI6NjAwMDAwMDAwMDAwLCJ1cGRhdGUiOjYwMDAwMDAwMDAwMH19",
          "dependencies": [
            "module.alb.aws_lb.this",
            "module.alb.aws_lb_listener.http",
            "module.alb.aws_lb_listener.https",
            "module.elastic_beanstalk.aws_security_group.vpc_endpoints",
            "module.elastic_beanstalk.data.aws_region.current",
            "module.elastic_beanstalk.data.aws_vpc.selected",
            "module.iam_roles.aws_iam_instance_profile.ec2_profile",
            "module.iam_roles.aws_iam_role.eb_service_role",
            "module.iam_roles.aws_iam_role.ec2_role",
            "module.iam_roles.aws_iam_role_policy_attachment.eb_enhanced_health",
            "module.iam_roles.aws_iam_role_policy_attachment.eb_managed_updates",
            "module.iam_roles.aws_iam_role_policy_attachment.ec2_multicontainer",
            "module.iam_roles.aws_iam_role_policy_attachment.ec2_s3_read",
            "module.iam_roles.aws_iam_role_policy_attachment.ec2_ssm_core",
            "module.iam_roles.aws_iam_role_policy_attachment.ec2_web_tier",
            "module.iam_roles.aws_iam_role_policy_attachment.ec2_worker_tier",
            "module.iam_roles.data.aws_iam_policy_document.eb_assume",
            "module.iam_roles.data.aws_iam_policy_document.ec2_assume",
            "module.s3.aws_s3_bucket.this",
            "module.s3.aws_s3_bucket_public_access_block.this",
            "module.s3.aws_s3_bucket_versioning.this",
            "module.security_groups.aws_security_group.alb",
            "module.security_groups.aws_security_group.ec2",
            "terraform_data.manual_upload"
          ]
        }
      ]
    },
    {
      "module": "module.elastic_beanstalk",
      "mode": "managed",
      "type": "aws_vpc_endpoint",
      "name": "eb",
      "provider": "provider[\"registry.terraform.io/hashicorp/aws\"]",
      "instances": [
        {
          "schema_version": 0,
          "attributes": {
            "arn": "arn:aws:ec2:us-east-1:911287867452:vpc-endpoint/vpce-0f6df2f7680f5b0dd",
            "auto_accept": null,
            "cidr_blocks": [],
            "dns_entry": [
              {
                "dns_name": "vpce-0f6df2f7680f5b0dd-l9d5rms3.elasticbeanstalk.us-east-1.vpce.amazonaws.com",
                "hosted_zone_id": "Z7HUB22UULQXV"
              },
              {
                "dns_name": "vpce-0f6df2f7680f5b0dd-l9d5rms3-us-east-1b.elasticbeanstalk.us-east-1.vpce.amazonaws.com",
                "hosted_zone_id": "Z7HUB22UULQXV"
              },
              {
                "dns_name": "vpce-0f6df2f7680f5b0dd-l9d5rms3-us-east-1a.elasticbeanstalk.us-east-1.vpce.amazonaws.com",
                "hosted_zone_id": "Z7HUB22UULQXV"
              },
              {
                "dns_name": "vpce-0f6df2f7680f5b0dd-l9d5rms3-us-east-1c.elasticbeanstalk.us-east-1.vpce.amazonaws.com",
                "hosted_zone_id": "Z7HUB22UULQXV"
              },
              {
                "dns_name": "elasticbeanstalk.us-east-1.amazonaws.com",
                "hosted_zone_id": "Z001319829R7ECNJMM17Z"
              },
              {
                "dns_name": "elasticbeanstalk.us-east-1.api.aws",
                "hosted_zone_id": "Z06112821BG8YCFM4PEKT"
              }
            ],
            "dns_options": [
              {
                "dns_record_ip_type": "ipv4",
                "private_dns_only_for_inbound_resolver_endpoint": false
              }
            ],
            "id": "vpce-0f6df2f7680f5b0dd",
            "ip_address_type": "ipv4",
            "network_interface_ids": [
              "eni-03f3d09a14da8d4d8",
              "eni-0b330b4b9a955aafc",
              "eni-0e6ccbe8ba305cb5f"
            ],
            "owner_id": "911287867452",
            "policy": "{\"Statement\":[{\"Action\":\"*\",\"Effect\":\"Allow\",\"Principal\":\"*\",\"Resource\":\"*\"}]}",
            "prefix_list_id": null,
            "private_dns_enabled": true,
            "requester_managed": false,
            "resource_configuration_arn": "",
            "route_table_ids": [],
            "security_group_ids": [
              "sg-050d4fc6ee8662a7a"
            ],
            "service_name": "com.amazonaws.us-east-1.elasticbeanstalk",
            "service_network_arn": "",
            "service_region": "us-east-1",
            "state": "available",
            "subnet_configuration": [
              {
                "ipv4": "10.49.1.242",
                "ipv6": "",
                "subnet_id": "subnet-0b17ab8abf3a8b378"
              },
              {
                "ipv4": "10.49.1.58",
                "ipv6": "",
                "subnet_id": "subnet-0db123d54c271e391"
              },
              {
                "ipv4": "10.49.1.84",
                "ipv6": "",
                "subnet_id": "subnet-07f28a28b8830044b"
              }
            ],
            "subnet_ids": [
              "subnet-07f28a28b8830044b",
              "subnet-0b17ab8abf3a8b378",
              "subnet-0db123d54c271e391"
            ],
            "tags": {
              "Name": "tss-ebs-dev-new-eb-vpce"
            },
            "tags_all": {
              "Environment": "dev",
              "ManagedBy": "terraform",
              "Name": "tss-ebs-dev-new-eb-vpce",
              "Project": "tss-app"
            },
            "timeouts": null,
            "vpc_endpoint_type": "Interface",
            "vpc_id": "vpc-0975e41529fdd220e"
          },
          "sensitive_attributes": [],
          "identity_schema_version": 0,
          "private": "eyJlMmJmYjczMC1lY2FhLTExZTYtOGY4OC0zNDM2M2JjN2M0YzAiOnsiY3JlYXRlIjo2MDAwMDAwMDAwMDAsImRlbGV0ZSI6NjAwMDAwMDAwMDAwLCJ1cGRhdGUiOjYwMDAwMDAwMDAwMH19",
          "dependencies": [
            "module.alb.aws_lb.this",
            "module.alb.aws_lb_listener.http",
            "module.alb.aws_lb_listener.https",
            "module.elastic_beanstalk.aws_security_group.vpc_endpoints",
            "module.elastic_beanstalk.data.aws_region.current",
            "module.elastic_beanstalk.data.aws_vpc.selected",
            "module.iam_roles.aws_iam_instance_profile.ec2_profile",
            "module.iam_roles.aws_iam_role.eb_service_role",
            "module.iam_roles.aws_iam_role.ec2_role",
            "module.iam_roles.aws_iam_role_policy_attachment.eb_enhanced_health",
            "module.iam_roles.aws_iam_role_policy_attachment.eb_managed_updates",
            "module.iam_roles.aws_iam_role_policy_attachment.ec2_multicontainer",
            "module.iam_roles.aws_iam_role_policy_attachment.ec2_s3_read",
            "module.iam_roles.aws_iam_role_policy_attachment.ec2_ssm_core",
            "module.iam_roles.aws_iam_role_policy_attachment.ec2_web_tier",
            "module.iam_roles.aws_iam_role_policy_attachment.ec2_worker_tier",
            "module.iam_roles.data.aws_iam_policy_document.eb_assume",
            "module.iam_roles.data.aws_iam_policy_document.ec2_assume",
            "module.s3.aws_s3_bucket.this",
            "module.s3.aws_s3_bucket_public_access_block.this",
            "module.s3.aws_s3_bucket_versioning.this",
            "module.security_groups.aws_security_group.alb",
            "module.security_groups.aws_security_group.ec2",
            "terraform_data.manual_upload"
          ]
        }
      ]
    },
    {
      "module": "module.elastic_beanstalk",
      "mode": "managed",
      "type": "aws_vpc_endpoint",
      "name": "eb_health",
      "provider": "provider[\"registry.terraform.io/hashicorp/aws\"]",
      "instances": [
        {
          "schema_version": 0,
          "attributes": {
            "arn": "arn:aws:ec2:us-east-1:911287867452:vpc-endpoint/vpce-08ef913e7453a02f6",
            "auto_accept": null,
            "cidr_blocks": [],
            "dns_entry": [
              {
                "dns_name": "vpce-08ef913e7453a02f6-k0hrbxys.elasticbeanstalk-health.us-east-1.vpce.amazonaws.com",
                "hosted_zone_id": "Z7HUB22UULQXV"
              },
              {
                "dns_name": "vpce-08ef913e7453a02f6-k0hrbxys-us-east-1a.elasticbeanstalk-health.us-east-1.vpce.amazonaws.com",
                "hosted_zone_id": "Z7HUB22UULQXV"
              },
              {
                "dns_name": "vpce-08ef913e7453a02f6-k0hrbxys-us-east-1b.elasticbeanstalk-health.us-east-1.vpce.amazonaws.com",
                "hosted_zone_id": "Z7HUB22UULQXV"
              },
              {
                "dns_name": "vpce-08ef913e7453a02f6-k0hrbxys-us-east-1c.elasticbeanstalk-health.us-east-1.vpce.amazonaws.com",
                "hosted_zone_id": "Z7HUB22UULQXV"
              },
              {
                "dns_name": "elasticbeanstalk-health.us-east-1.amazonaws.com",
                "hosted_zone_id": "Z00155701X4X1XGHWQD4D"
              },
              {
                "dns_name": "elasticbeanstalk-health.us-east-1.api.aws",
                "hosted_zone_id": "Z0013528DMGSF6NNK7OI"
              }
            ],
            "dns_options": [
              {
                "dns_record_ip_type": "ipv4",
                "private_dns_only_for_inbound_resolver_endpoint": false
              }
            ],
            "id": "vpce-08ef913e7453a02f6",
            "ip_address_type": "ipv4",
            "network_interface_ids": [
              "eni-03133d48f0d216265",
              "eni-06ea8c71d3a9f2af5",
              "eni-0c1e6ad37e8dc5251"
            ],
            "owner_id": "911287867452",
            "policy": "{\"Statement\":[{\"Action\":\"*\",\"Effect\":\"Allow\",\"Principal\":\"*\",\"Resource\":\"*\"}]}",
            "prefix_list_id": null,
            "private_dns_enabled": true,
            "requester_managed": false,
            "resource_configuration_arn": "",
            "route_table_ids": [],
            "security_group_ids": [
              "sg-050d4fc6ee8662a7a"
            ],
            "service_name": "com.amazonaws.us-east-1.elasticbeanstalk-health",
            "service_network_arn": "",
            "service_region": "us-east-1",
            "state": "available",
            "subnet_configuration": [
              {
                "ipv4": "10.49.1.116",
                "ipv6": "",
                "subnet_id": "subnet-07f28a28b8830044b"
              },
              {
                "ipv4": "10.49.1.248",
                "ipv6": "",
                "subnet_id": "subnet-0b17ab8abf3a8b378"
              },
              {
                "ipv4": "10.49.1.25",
                "ipv6": "",
                "subnet_id": "subnet-0db123d54c271e391"
              }
            ],
            "subnet_ids": [
              "subnet-07f28a28b8830044b",
              "subnet-0b17ab8abf3a8b378",
              "subnet-0db123d54c271e391"
            ],
            "tags": {
              "Name": "tss-ebs-dev-new-eb-health-vpce"
            },
            "tags_all": {
              "Environment": "dev",
              "ManagedBy": "terraform",
              "Name": "tss-ebs-dev-new-eb-health-vpce",
              "Project": "tss-app"
            },
            "timeouts": null,
            "vpc_endpoint_type": "Interface",
            "vpc_id": "vpc-0975e41529fdd220e"
          },
          "sensitive_attributes": [],
          "identity_schema_version": 0,
          "private": "eyJlMmJmYjczMC1lY2FhLTExZTYtOGY4OC0zNDM2M2JjN2M0YzAiOnsiY3JlYXRlIjo2MDAwMDAwMDAwMDAsImRlbGV0ZSI6NjAwMDAwMDAwMDAwLCJ1cGRhdGUiOjYwMDAwMDAwMDAwMH19",
          "dependencies": [
            "module.alb.aws_lb.this",
            "module.alb.aws_lb_listener.http",
            "module.alb.aws_lb_listener.https",
            "module.elastic_beanstalk.aws_security_group.vpc_endpoints",
            "module.elastic_beanstalk.data.aws_region.current",
            "module.elastic_beanstalk.data.aws_vpc.selected",
            "module.iam_roles.aws_iam_instance_profile.ec2_profile",
            "module.iam_roles.aws_iam_role.eb_service_role",
            "module.iam_roles.aws_iam_role.ec2_role",
            "module.iam_roles.aws_iam_role_policy_attachment.eb_enhanced_health",
            "module.iam_roles.aws_iam_role_policy_attachment.eb_managed_updates",
            "module.iam_roles.aws_iam_role_policy_attachment.ec2_multicontainer",
            "module.iam_roles.aws_iam_role_policy_attachment.ec2_s3_read",
            "module.iam_roles.aws_iam_role_policy_attachment.ec2_ssm_core",
            "module.iam_roles.aws_iam_role_policy_attachment.ec2_web_tier",
            "module.iam_roles.aws_iam_role_policy_attachment.ec2_worker_tier",
            "module.iam_roles.data.aws_iam_policy_document.eb_assume",
            "module.iam_roles.data.aws_iam_policy_document.ec2_assume",
            "module.s3.aws_s3_bucket.this",
            "module.s3.aws_s3_bucket_public_access_block.this",
            "module.s3.aws_s3_bucket_versioning.this",
            "module.security_groups.aws_security_group.alb",
            "module.security_groups.aws_security_group.ec2",
            "terraform_data.manual_upload"
          ]
        }
      ]
    },
    {
      "module": "module.elastic_beanstalk",
      "mode": "managed",
      "type": "aws_vpc_endpoint",
      "name": "ec2",
      "provider": "provider[\"registry.terraform.io/hashicorp/aws\"]",
      "instances": [
        {
          "schema_version": 0,
          "attributes": {
            "arn": "arn:aws:ec2:us-east-1:911287867452:vpc-endpoint/vpce-00ce36ce8da998d0a",
            "auto_accept": null,
            "cidr_blocks": [],
            "dns_entry": [
              {
                "dns_name": "vpce-00ce36ce8da998d0a-5tttflm9.ec2.us-east-1.vpce.amazonaws.com",
                "hosted_zone_id": "Z7HUB22UULQXV"
              },
              {
                "dns_name": "vpce-00ce36ce8da998d0a-5tttflm9-us-east-1a.ec2.us-east-1.vpce.amazonaws.com",
                "hosted_zone_id": "Z7HUB22UULQXV"
              },
              {
                "dns_name": "vpce-00ce36ce8da998d0a-5tttflm9-us-east-1c.ec2.us-east-1.vpce.amazonaws.com",
                "hosted_zone_id": "Z7HUB22UULQXV"
              },
              {
                "dns_name": "vpce-00ce36ce8da998d0a-5tttflm9-us-east-1b.ec2.us-east-1.vpce.amazonaws.com",
                "hosted_zone_id": "Z7HUB22UULQXV"
              },
              {
                "dns_name": "ec2.us-east-1.amazonaws.com",
                "hosted_zone_id": "Z0634197257CTHJ1DW8U2"
              },
              {
                "dns_name": "ec2.us-east-1.api.aws",
                "hosted_zone_id": "Z06116132Y3AE60SUZLQT"
              }
            ],
            "dns_options": [
              {
                "dns_record_ip_type": "ipv4",
                "private_dns_only_for_inbound_resolver_endpoint": false
              }
            ],
            "id": "vpce-00ce36ce8da998d0a",
            "ip_address_type": "ipv4",
            "network_interface_ids": [
              "eni-07ed18c48805b6623",
              "eni-0e36cac5f64912367",
              "eni-0f1981989d459a1ed"
            ],
            "owner_id": "911287867452",
            "policy": "{\"Statement\":[{\"Action\":\"*\",\"Effect\":\"Allow\",\"Principal\":\"*\",\"Resource\":\"*\"}]}",
            "prefix_list_id": null,
            "private_dns_enabled": true,
            "requester_managed": false,
            "resource_configuration_arn": "",
            "route_table_ids": [],
            "security_group_ids": [
              "sg-050d4fc6ee8662a7a"
            ],
            "service_name": "com.amazonaws.us-east-1.ec2",
            "service_network_arn": "",
            "service_region": "us-east-1",
            "state": "available",
            "subnet_configuration": [
              {
                "ipv4": "10.49.1.243",
                "ipv6": "",
                "subnet_id": "subnet-0b17ab8abf3a8b378"
              },
              {
                "ipv4": "10.49.1.43",
                "ipv6": "",
                "subnet_id": "subnet-0db123d54c271e391"
              },
              {
                "ipv4": "10.49.1.97",
                "ipv6": "",
                "subnet_id": "subnet-07f28a28b8830044b"
              }
            ],
            "subnet_ids": [
              "subnet-07f28a28b8830044b",
              "subnet-0b17ab8abf3a8b378",
              "subnet-0db123d54c271e391"
            ],
            "tags": {
              "Name": "tss-ebs-dev-new-ec2-vpce"
            },
            "tags_all": {
              "Environment": "dev",
              "ManagedBy": "terraform",
              "Name": "tss-ebs-dev-new-ec2-vpce",
              "Project": "tss-app"
            },
            "timeouts": null,
            "vpc_endpoint_type": "Interface",
            "vpc_id": "vpc-0975e41529fdd220e"
          },
          "sensitive_attributes": [],
          "identity_schema_version": 0,
          "private": "eyJlMmJmYjczMC1lY2FhLTExZTYtOGY4OC0zNDM2M2JjN2M0YzAiOnsiY3JlYXRlIjo2MDAwMDAwMDAwMDAsImRlbGV0ZSI6NjAwMDAwMDAwMDAwLCJ1cGRhdGUiOjYwMDAwMDAwMDAwMH19",
          "dependencies": [
            "module.alb.aws_lb.this",
            "module.alb.aws_lb_listener.http",
            "module.alb.aws_lb_listener.https",
            "module.elastic_beanstalk.aws_security_group.vpc_endpoints",
            "module.elastic_beanstalk.data.aws_region.current",
            "module.elastic_beanstalk.data.aws_vpc.selected",
            "module.iam_roles.aws_iam_instance_profile.ec2_profile",
            "module.iam_roles.aws_iam_role.eb_service_role",
            "module.iam_roles.aws_iam_role.ec2_role",
            "module.iam_roles.aws_iam_role_policy_attachment.eb_enhanced_health",
            "module.iam_roles.aws_iam_role_policy_attachment.eb_managed_updates",
            "module.iam_roles.aws_iam_role_policy_attachment.ec2_multicontainer",
            "module.iam_roles.aws_iam_role_policy_attachment.ec2_s3_read",
            "module.iam_roles.aws_iam_role_policy_attachment.ec2_ssm_core",
            "module.iam_roles.aws_iam_role_policy_attachment.ec2_web_tier",
            "module.iam_roles.aws_iam_role_policy_attachment.ec2_worker_tier",
            "module.iam_roles.data.aws_iam_policy_document.eb_assume",
            "module.iam_roles.data.aws_iam_policy_document.ec2_assume",
            "module.s3.aws_s3_bucket.this",
            "module.s3.aws_s3_bucket_public_access_block.this",
            "module.s3.aws_s3_bucket_versioning.this",
            "module.security_groups.aws_security_group.alb",
            "module.security_groups.aws_security_group.ec2",
            "terraform_data.manual_upload"
          ]
        }
      ]
    },
    {
      "module": "module.elastic_beanstalk",
      "mode": "managed",
      "type": "aws_vpc_endpoint",
      "name": "ec2messages",
      "provider": "provider[\"registry.terraform.io/hashicorp/aws\"]",
      "instances": [
        {
          "schema_version": 0,
          "attributes": {
            "arn": "arn:aws:ec2:us-east-1:911287867452:vpc-endpoint/vpce-046bdb80d242dd9cc",
            "auto_accept": null,
            "cidr_blocks": [],
            "dns_entry": [
              {
                "dns_name": "vpce-046bdb80d242dd9cc-96hpjjc6.ec2messages.us-east-1.vpce.amazonaws.com",
                "hosted_zone_id": "Z7HUB22UULQXV"
              },
              {
                "dns_name": "vpce-046bdb80d242dd9cc-96hpjjc6-us-east-1a.ec2messages.us-east-1.vpce.amazonaws.com",
                "hosted_zone_id": "Z7HUB22UULQXV"
              },
              {
                "dns_name": "vpce-046bdb80d242dd9cc-96hpjjc6-us-east-1c.ec2messages.us-east-1.vpce.amazonaws.com",
                "hosted_zone_id": "Z7HUB22UULQXV"
              },
              {
                "dns_name": "vpce-046bdb80d242dd9cc-96hpjjc6-us-east-1b.ec2messages.us-east-1.vpce.amazonaws.com",
                "hosted_zone_id": "Z7HUB22UULQXV"
              },
              {
                "dns_name": "ec2messages.us-east-1.amazonaws.com",
                "hosted_zone_id": "Z0003959346L0ZTOECFAZ"
              }
            ],
            "dns_options": [
              {
                "dns_record_ip_type": "ipv4",
                "private_dns_only_for_inbound_resolver_endpoint": false
              }
            ],
            "id": "vpce-046bdb80d242dd9cc",
            "ip_address_type": "ipv4",
            "network_interface_ids": [
              "eni-000bec2c5153f8a55",
              "eni-061ce23dda783abbe",
              "eni-0c275bdf7e1417ebe"
            ],
            "owner_id": "911287867452",
            "policy": "{\"Statement\":[{\"Action\":\"*\",\"Effect\":\"Allow\",\"Principal\":\"*\",\"Resource\":\"*\"}]}",
            "prefix_list_id": null,
            "private_dns_enabled": true,
            "requester_managed": false,
            "resource_configuration_arn": "",
            "route_table_ids": [],
            "security_group_ids": [
              "sg-050d4fc6ee8662a7a"
            ],
            "service_name": "com.amazonaws.us-east-1.ec2messages",
            "service_network_arn": "",
            "service_region": "us-east-1",
            "state": "available",
            "subnet_configuration": [
              {
                "ipv4": "10.49.1.241",
                "ipv6": "",
                "subnet_id": "subnet-0b17ab8abf3a8b378"
              },
              {
                "ipv4": "10.49.1.7",
                "ipv6": "",
                "subnet_id": "subnet-0db123d54c271e391"
              },
              {
                "ipv4": "10.49.1.72",
                "ipv6": "",
                "subnet_id": "subnet-07f28a28b8830044b"
              }
            ],
            "subnet_ids": [
              "subnet-07f28a28b8830044b",
              "subnet-0b17ab8abf3a8b378",
              "subnet-0db123d54c271e391"
            ],
            "tags": {
              "Name": "tss-ebs-dev-new-ec2-msg-vpce"
            },
            "tags_all": {
              "Environment": "dev",
              "ManagedBy": "terraform",
              "Name": "tss-ebs-dev-new-ec2-msg-vpce",
              "Project": "tss-app"
            },
            "timeouts": null,
            "vpc_endpoint_type": "Interface",
            "vpc_id": "vpc-0975e41529fdd220e"
          },
          "sensitive_attributes": [],
          "identity_schema_version": 0,
          "private": "eyJlMmJmYjczMC1lY2FhLTExZTYtOGY4OC0zNDM2M2JjN2M0YzAiOnsiY3JlYXRlIjo2MDAwMDAwMDAwMDAsImRlbGV0ZSI6NjAwMDAwMDAwMDAwLCJ1cGRhdGUiOjYwMDAwMDAwMDAwMH19",
          "dependencies": [
            "module.alb.aws_lb.this",
            "module.alb.aws_lb_listener.http",
            "module.alb.aws_lb_listener.https",
            "module.elastic_beanstalk.aws_security_group.vpc_endpoints",
            "module.elastic_beanstalk.data.aws_region.current",
            "module.elastic_beanstalk.data.aws_vpc.selected",
            "module.iam_roles.aws_iam_instance_profile.ec2_profile",
            "module.iam_roles.aws_iam_role.eb_service_role",
            "module.iam_roles.aws_iam_role.ec2_role",
            "module.iam_roles.aws_iam_role_policy_attachment.eb_enhanced_health",
            "module.iam_roles.aws_iam_role_policy_attachment.eb_managed_updates",
            "module.iam_roles.aws_iam_role_policy_attachment.ec2_multicontainer",
            "module.iam_roles.aws_iam_role_policy_attachment.ec2_s3_read",
            "module.iam_roles.aws_iam_role_policy_attachment.ec2_ssm_core",
            "module.iam_roles.aws_iam_role_policy_attachment.ec2_web_tier",
            "module.iam_roles.aws_iam_role_policy_attachment.ec2_worker_tier",
            "module.iam_roles.data.aws_iam_policy_document.eb_assume",
            "module.iam_roles.data.aws_iam_policy_document.ec2_assume",
            "module.s3.aws_s3_bucket.this",
            "module.s3.aws_s3_bucket_public_access_block.this",
            "module.s3.aws_s3_bucket_versioning.this",
            "module.security_groups.aws_security_group.alb",
            "module.security_groups.aws_security_group.ec2",
            "terraform_data.manual_upload"
          ]
        }
      ]
    },
    {
      "module": "module.elastic_beanstalk",
      "mode": "managed",
      "type": "aws_vpc_endpoint",
      "name": "logs",
      "provider": "provider[\"registry.terraform.io/hashicorp/aws\"]",
      "instances": [
        {
          "schema_version": 0,
          "attributes": {
            "arn": "arn:aws:ec2:us-east-1:911287867452:vpc-endpoint/vpce-0d29480e9a5db0f86",
            "auto_accept": null,
            "cidr_blocks": [],
            "dns_entry": [
              {
                "dns_name": "vpce-0d29480e9a5db0f86-ge81tba0.logs.us-east-1.vpce.amazonaws.com",
                "hosted_zone_id": "Z7HUB22UULQXV"
              },
              {
                "dns_name": "vpce-0d29480e9a5db0f86-ge81tba0-us-east-1c.logs.us-east-1.vpce.amazonaws.com",
                "hosted_zone_id": "Z7HUB22UULQXV"
              },
              {
                "dns_name": "vpce-0d29480e9a5db0f86-ge81tba0-us-east-1a.logs.us-east-1.vpce.amazonaws.com",
                "hosted_zone_id": "Z7HUB22UULQXV"
              },
              {
                "dns_name": "vpce-0d29480e9a5db0f86-ge81tba0-us-east-1b.logs.us-east-1.vpce.amazonaws.com",
                "hosted_zone_id": "Z7HUB22UULQXV"
              },
              {
                "dns_name": "logs.us-east-1.amazonaws.com",
                "hosted_zone_id": "Z06828191IAV7G39K42UQ"
              },
              {
                "dns_name": "streaming-logs.us-east-1.amazonaws.com",
                "hosted_zone_id": "Z0682846279ICOB0ZD5M"
              },
              {
                "dns_name": "streaming-logs.us-east-1.api.aws",
                "hosted_zone_id": "Z02600992N9EZ1Y1W6HCB"
              },
              {
                "dns_name": "logs.us-east-1.api.aws",
                "hosted_zone_id": "Z0610855PH2U27ZOE3VF"
              }
            ],
            "dns_options": [
              {
                "dns_record_ip_type": "ipv4",
                "private_dns_only_for_inbound_resolver_endpoint": false
              }
            ],
            "id": "vpce-0d29480e9a5db0f86",
            "ip_address_type": "ipv4",
            "network_interface_ids": [
              "eni-099674ebc61e17dc2",
              "eni-0c5d696ce3e7499d1",
              "eni-0c7fad2ddeab53ae5"
            ],
            "owner_id": "911287867452",
            "policy": "{\"Statement\":[{\"Action\":\"*\",\"Effect\":\"Allow\",\"Principal\":\"*\",\"Resource\":\"*\"}]}",
            "prefix_list_id": null,
            "private_dns_enabled": true,
            "requester_managed": false,
            "resource_configuration_arn": "",
            "route_table_ids": [],
            "security_group_ids": [
              "sg-050d4fc6ee8662a7a"
            ],
            "service_name": "com.amazonaws.us-east-1.logs",
            "service_network_arn": "",
            "service_region": "us-east-1",
            "state": "available",
            "subnet_configuration": [
              {
                "ipv4": "10.49.1.125",
                "ipv6": "",
                "subnet_id": "subnet-07f28a28b8830044b"
              },
              {
                "ipv4": "10.49.1.237",
                "ipv6": "",
                "subnet_id": "subnet-0b17ab8abf3a8b378"
              },
              {
                "ipv4": "10.49.1.45",
                "ipv6": "",
                "subnet_id": "subnet-0db123d54c271e391"
              }
            ],
            "subnet_ids": [
              "subnet-07f28a28b8830044b",
              "subnet-0b17ab8abf3a8b378",
              "subnet-0db123d54c271e391"
            ],
            "tags": {
              "Name": "tss-ebs-dev-new-logs-vpce"
            },
            "tags_all": {
              "Environment": "dev",
              "ManagedBy": "terraform",
              "Name": "tss-ebs-dev-new-logs-vpce",
              "Project": "tss-app"
            },
            "timeouts": null,
            "vpc_endpoint_type": "Interface",
            "vpc_id": "vpc-0975e41529fdd220e"
          },
          "sensitive_attributes": [],
          "identity_schema_version": 0,
          "private": "eyJlMmJmYjczMC1lY2FhLTExZTYtOGY4OC0zNDM2M2JjN2M0YzAiOnsiY3JlYXRlIjo2MDAwMDAwMDAwMDAsImRlbGV0ZSI6NjAwMDAwMDAwMDAwLCJ1cGRhdGUiOjYwMDAwMDAwMDAwMH19",
          "dependencies": [
            "module.alb.aws_lb.this",
            "module.alb.aws_lb_listener.http",
            "module.alb.aws_lb_listener.https",
            "module.elastic_beanstalk.aws_security_group.vpc_endpoints",
            "module.elastic_beanstalk.data.aws_region.current",
            "module.elastic_beanstalk.data.aws_vpc.selected",
            "module.iam_roles.aws_iam_instance_profile.ec2_profile",
            "module.iam_roles.aws_iam_role.eb_service_role",
            "module.iam_roles.aws_iam_role.ec2_role",
            "module.iam_roles.aws_iam_role_policy_attachment.eb_enhanced_health",
            "module.iam_roles.aws_iam_role_policy_attachment.eb_managed_updates",
            "module.iam_roles.aws_iam_role_policy_attachment.ec2_multicontainer",
            "module.iam_roles.aws_iam_role_policy_attachment.ec2_s3_read",
            "module.iam_roles.aws_iam_role_policy_attachment.ec2_ssm_core",
            "module.iam_roles.aws_iam_role_policy_attachment.ec2_web_tier",
            "module.iam_roles.aws_iam_role_policy_attachment.ec2_worker_tier",
            "module.iam_roles.data.aws_iam_policy_document.eb_assume",
            "module.iam_roles.data.aws_iam_policy_document.ec2_assume",
            "module.s3.aws_s3_bucket.this",
            "module.s3.aws_s3_bucket_public_access_block.this",
            "module.s3.aws_s3_bucket_versioning.this",
            "module.security_groups.aws_security_group.alb",
            "module.security_groups.aws_security_group.ec2",
            "terraform_data.manual_upload"
          ]
        }
      ]
    },
    {
      "module": "module.elastic_beanstalk",
      "mode": "managed",
      "type": "aws_vpc_endpoint",
      "name": "monitoring",
      "provider": "provider[\"registry.terraform.io/hashicorp/aws\"]",
      "instances": [
        {
          "schema_version": 0,
          "attributes": {
            "arn": "arn:aws:ec2:us-east-1:911287867452:vpc-endpoint/vpce-02a1d381a82173d08",
            "auto_accept": null,
            "cidr_blocks": [],
            "dns_entry": [
              {
                "dns_name": "vpce-02a1d381a82173d08-c44n0y56.monitoring.us-east-1.vpce.amazonaws.com",
                "hosted_zone_id": "Z7HUB22UULQXV"
              },
              {
                "dns_name": "vpce-02a1d381a82173d08-c44n0y56-us-east-1c.monitoring.us-east-1.vpce.amazonaws.com",
                "hosted_zone_id": "Z7HUB22UULQXV"
              },
              {
                "dns_name": "vpce-02a1d381a82173d08-c44n0y56-us-east-1b.monitoring.us-east-1.vpce.amazonaws.com",
                "hosted_zone_id": "Z7HUB22UULQXV"
              },
              {
                "dns_name": "vpce-02a1d381a82173d08-c44n0y56-us-east-1a.monitoring.us-east-1.vpce.amazonaws.com",
                "hosted_zone_id": "Z7HUB22UULQXV"
              },
              {
                "dns_name": "monitoring.us-east-1.amazonaws.com",
                "hosted_zone_id": "Z00082473DTTCAK982V53"
              },
              {
                "dns_name": "monitoring.us-east-1.api.aws",
                "hosted_zone_id": "Z061030727Q7MPV81E761"
              },
              {
                "dns_name": "monitoring-fips.us-east-1.amazonaws.com",
                "hosted_zone_id": "Z0259058ME5YIIN4KT4N"
              },
              {
                "dns_name": "monitoring-fips.us-east-1.api.aws",
                "hosted_zone_id": "Z0682561S5YSC35WOUM3"
              }
            ],
            "dns_options": [
              {
                "dns_record_ip_type": "ipv4",
                "private_dns_only_for_inbound_resolver_endpoint": false
              }
            ],
            "id": "vpce-02a1d381a82173d08",
            "ip_address_type": "ipv4",
            "network_interface_ids": [
              "eni-001fad7e5c11bb04d",
              "eni-03f2ba2b86814cbae",
              "eni-0c8660d8fd518356e"
            ],
            "owner_id": "911287867452",
            "policy": "{\"Statement\":[{\"Action\":\"*\",\"Effect\":\"Allow\",\"Principal\":\"*\",\"Resource\":\"*\"}]}",
            "prefix_list_id": null,
            "private_dns_enabled": true,
            "requester_managed": false,
            "resource_configuration_arn": "",
            "route_table_ids": [],
            "security_group_ids": [
              "sg-050d4fc6ee8662a7a"
            ],
            "service_name": "com.amazonaws.us-east-1.monitoring",
            "service_network_arn": "",
            "service_region": "us-east-1",
            "state": "available",
            "subnet_configuration": [
              {
                "ipv4": "10.49.1.245",
                "ipv6": "",
                "subnet_id": "subnet-0b17ab8abf3a8b378"
              },
              {
                "ipv4": "10.49.1.35",
                "ipv6": "",
                "subnet_id": "subnet-0db123d54c271e391"
              },
              {
                "ipv4": "10.49.1.88",
                "ipv6": "",
                "subnet_id": "subnet-07f28a28b8830044b"
              }
            ],
            "subnet_ids": [
              "subnet-07f28a28b8830044b",
              "subnet-0b17ab8abf3a8b378",
              "subnet-0db123d54c271e391"
            ],
            "tags": {
              "Name": "tss-ebs-dev-new-monitoring-vpce"
            },
            "tags_all": {
              "Environment": "dev",
              "ManagedBy": "terraform",
              "Name": "tss-ebs-dev-new-monitoring-vpce",
              "Project": "tss-app"
            },
            "timeouts": null,
            "vpc_endpoint_type": "Interface",
            "vpc_id": "vpc-0975e41529fdd220e"
          },
          "sensitive_attributes": [],
          "identity_schema_version": 0,
          "private": "eyJlMmJmYjczMC1lY2FhLTExZTYtOGY4OC0zNDM2M2JjN2M0YzAiOnsiY3JlYXRlIjo2MDAwMDAwMDAwMDAsImRlbGV0ZSI6NjAwMDAwMDAwMDAwLCJ1cGRhdGUiOjYwMDAwMDAwMDAwMH19",
          "dependencies": [
            "module.alb.aws_lb.this",
            "module.alb.aws_lb_listener.http",
            "module.alb.aws_lb_listener.https",
            "module.elastic_beanstalk.aws_security_group.vpc_endpoints",
            "module.elastic_beanstalk.data.aws_region.current",
            "module.elastic_beanstalk.data.aws_vpc.selected",
            "module.iam_roles.aws_iam_instance_profile.ec2_profile",
            "module.iam_roles.aws_iam_role.eb_service_role",
            "module.iam_roles.aws_iam_role.ec2_role",
            "module.iam_roles.aws_iam_role_policy_attachment.eb_enhanced_health",
            "module.iam_roles.aws_iam_role_policy_attachment.eb_managed_updates",
            "module.iam_roles.aws_iam_role_policy_attachment.ec2_multicontainer",
            "module.iam_roles.aws_iam_role_policy_attachment.ec2_s3_read",
            "module.iam_roles.aws_iam_role_policy_attachment.ec2_ssm_core",
            "module.iam_roles.aws_iam_role_policy_attachment.ec2_web_tier",
            "module.iam_roles.aws_iam_role_policy_attachment.ec2_worker_tier",
            "module.iam_roles.data.aws_iam_policy_document.eb_assume",
            "module.iam_roles.data.aws_iam_policy_document.ec2_assume",
            "module.s3.aws_s3_bucket.this",
            "module.s3.aws_s3_bucket_public_access_block.this",
            "module.s3.aws_s3_bucket_versioning.this",
            "module.security_groups.aws_security_group.alb",
            "module.security_groups.aws_security_group.ec2",
            "terraform_data.manual_upload"
          ]
        }
      ]
    },
    {
      "module": "module.elastic_beanstalk",
      "mode": "managed",
      "type": "aws_vpc_endpoint",
      "name": "s3",
      "provider": "provider[\"registry.terraform.io/hashicorp/aws\"]",
      "instances": [
        {
          "schema_version": 0,
          "attributes": {
            "arn": "arn:aws:ec2:us-east-1:911287867452:vpc-endpoint/vpce-04c9f1334de5fc379",
            "auto_accept": null,
            "cidr_blocks": [
              "16.15.176.0/20",
              "16.182.0.0/16",
              "18.34.0.0/19",
              "52.216.0.0/15",
              "54.231.0.0/16",
              "3.5.0.0/19",
              "18.34.232.0/21",
              "16.15.192.0/18"
            ],
            "dns_entry": [],
            "dns_options": [
              {
                "dns_record_ip_type": "service-defined",
                "private_dns_only_for_inbound_resolver_endpoint": false
              }
            ],
            "id": "vpce-04c9f1334de5fc379",
            "ip_address_type": "ipv4",
            "network_interface_ids": [],
            "owner_id": "911287867452",
            "policy": "{\"Statement\":[{\"Action\":\"*\",\"Effect\":\"Allow\",\"Principal\":\"*\",\"Resource\":\"*\"}],\"Version\":\"2008-10-17\"}",
            "prefix_list_id": "pl-63a5400a",
            "private_dns_enabled": false,
            "requester_managed": false,
            "resource_configuration_arn": "",
            "route_table_ids": [
              "rtb-0304d76c6d3a598ae"
            ],
            "security_group_ids": [],
            "service_name": "com.amazonaws.us-east-1.s3",
            "service_network_arn": "",
            "service_region": "us-east-1",
            "state": "available",
            "subnet_configuration": [],
            "subnet_ids": [],
            "tags": {
              "Name": "tss-ebs-dev-new-s3-vpce"
            },
            "tags_all": {
              "Environment": "dev",
              "ManagedBy": "terraform",
              "Name": "tss-ebs-dev-new-s3-vpce",
              "Project": "tss-app"
            },
            "timeouts": null,
            "vpc_endpoint_type": "Gateway",
            "vpc_id": "vpc-0975e41529fdd220e"
          },
          "sensitive_attributes": [],
          "identity_schema_version": 0,
          "private": "eyJlMmJmYjczMC1lY2FhLTExZTYtOGY4OC0zNDM2M2JjN2M0YzAiOnsiY3JlYXRlIjo2MDAwMDAwMDAwMDAsImRlbGV0ZSI6NjAwMDAwMDAwMDAwLCJ1cGRhdGUiOjYwMDAwMDAwMDAwMH19",
          "dependencies": [
            "module.alb.aws_lb.this",
            "module.alb.aws_lb_listener.http",
            "module.alb.aws_lb_listener.https",
            "module.elastic_beanstalk.data.aws_region.current",
            "module.elastic_beanstalk.data.aws_route_tables.all",
            "module.iam_roles.aws_iam_instance_profile.ec2_profile",
            "module.iam_roles.aws_iam_role.eb_service_role",
            "module.iam_roles.aws_iam_role.ec2_role",
            "module.iam_roles.aws_iam_role_policy_attachment.eb_enhanced_health",
            "module.iam_roles.aws_iam_role_policy_attachment.eb_managed_updates",
            "module.iam_roles.aws_iam_role_policy_attachment.ec2_multicontainer",
            "module.iam_roles.aws_iam_role_policy_attachment.ec2_s3_read",
            "module.iam_roles.aws_iam_role_policy_attachment.ec2_ssm_core",
            "module.iam_roles.aws_iam_role_policy_attachment.ec2_web_tier",
            "module.iam_roles.aws_iam_role_policy_attachment.ec2_worker_tier",
            "module.iam_roles.data.aws_iam_policy_document.eb_assume",
            "module.iam_roles.data.aws_iam_policy_document.ec2_assume",
            "module.s3.aws_s3_bucket.this",
            "module.s3.aws_s3_bucket_public_access_block.this",
            "module.s3.aws_s3_bucket_versioning.this",
            "module.security_groups.aws_security_group.alb",
            "module.security_groups.aws_security_group.ec2",
            "terraform_data.manual_upload"
          ]
        }
      ]
    },
    {
      "module": "module.elastic_beanstalk",
      "mode": "managed",
      "type": "aws_vpc_endpoint",
      "name": "sqs",
      "provider": "provider[\"registry.terraform.io/hashicorp/aws\"]",
      "instances": [
        {
          "schema_version": 0,
          "attributes": {
            "arn": "arn:aws:ec2:us-east-1:911287867452:vpc-endpoint/vpce-0098a5855073daeec",
            "auto_accept": null,
            "cidr_blocks": [],
            "dns_entry": [
              {
                "dns_name": "vpce-0098a5855073daeec-s40m0wvk.sqs.us-east-1.vpce.amazonaws.com",
                "hosted_zone_id": "Z7HUB22UULQXV"
              },
              {
                "dns_name": "vpce-0098a5855073daeec-s40m0wvk-us-east-1c.sqs.us-east-1.vpce.amazonaws.com",
                "hosted_zone_id": "Z7HUB22UULQXV"
              },
              {
                "dns_name": "vpce-0098a5855073daeec-s40m0wvk-us-east-1b.sqs.us-east-1.vpce.amazonaws.com",
                "hosted_zone_id": "Z7HUB22UULQXV"
              },
              {
                "dns_name": "vpce-0098a5855073daeec-s40m0wvk-us-east-1a.sqs.us-east-1.vpce.amazonaws.com",
                "hosted_zone_id": "Z7HUB22UULQXV"
              },
              {
                "dns_name": "sqs.us-east-1.amazonaws.com",
                "hosted_zone_id": "Z06108191QK78MZZTOLG8"
              },
              {
                "dns_name": "sqs.us-east-1.api.aws",
                "hosted_zone_id": "Z00156951MFMOI2N295KO"
              }
            ],
            "dns_options": [
              {
                "dns_record_ip_type": "ipv4",
                "private_dns_only_for_inbound_resolver_endpoint": false
              }
            ],
            "id": "vpce-0098a5855073daeec",
            "ip_address_type": "ipv4",
            "network_interface_ids": [
              "eni-01836c2292e3f1b09",
              "eni-0b5c1bb2d0cf826c3",
              "eni-0f1881d418c78f257"
            ],
            "owner_id": "911287867452",
            "policy": "{\"Statement\":[{\"Action\":\"*\",\"Effect\":\"Allow\",\"Principal\":\"*\",\"Resource\":\"*\"}]}",
            "prefix_list_id": null,
            "private_dns_enabled": true,
            "requester_managed": false,
            "resource_configuration_arn": "",
            "route_table_ids": [],
            "security_group_ids": [
              "sg-050d4fc6ee8662a7a"
            ],
            "service_name": "com.amazonaws.us-east-1.sqs",
            "service_network_arn": "",
            "service_region": "us-east-1",
            "state": "available",
            "subnet_configuration": [
              {
                "ipv4": "10.49.1.22",
                "ipv6": "",
                "subnet_id": "subnet-0db123d54c271e391"
              },
              {
                "ipv4": "10.49.1.235",
                "ipv6": "",
                "subnet_id": "subnet-0b17ab8abf3a8b378"
              },
              {
                "ipv4": "10.49.1.68",
                "ipv6": "",
                "subnet_id": "subnet-07f28a28b8830044b"
              }
            ],
            "subnet_ids": [
              "subnet-07f28a28b8830044b",
              "subnet-0b17ab8abf3a8b378",
              "subnet-0db123d54c271e391"
            ],
            "tags": {
              "Name": "tss-ebs-dev-new-sqs-vpce"
            },
            "tags_all": {
              "Environment": "dev",
              "ManagedBy": "terraform",
              "Name": "tss-ebs-dev-new-sqs-vpce",
              "Project": "tss-app"
            },
            "timeouts": null,
            "vpc_endpoint_type": "Interface",
            "vpc_id": "vpc-0975e41529fdd220e"
          },
          "sensitive_attributes": [],
          "identity_schema_version": 0,
          "private": "eyJlMmJmYjczMC1lY2FhLTExZTYtOGY4OC0zNDM2M2JjN2M0YzAiOnsiY3JlYXRlIjo2MDAwMDAwMDAwMDAsImRlbGV0ZSI6NjAwMDAwMDAwMDAwLCJ1cGRhdGUiOjYwMDAwMDAwMDAwMH19",
          "dependencies": [
            "module.alb.aws_lb.this",
            "module.alb.aws_lb_listener.http",
            "module.alb.aws_lb_listener.https",
            "module.elastic_beanstalk.aws_security_group.vpc_endpoints",
            "module.elastic_beanstalk.data.aws_region.current",
            "module.elastic_beanstalk.data.aws_vpc.selected",
            "module.iam_roles.aws_iam_instance_profile.ec2_profile",
            "module.iam_roles.aws_iam_role.eb_service_role",
            "module.iam_roles.aws_iam_role.ec2_role",
            "module.iam_roles.aws_iam_role_policy_attachment.eb_enhanced_health",
            "module.iam_roles.aws_iam_role_policy_attachment.eb_managed_updates",
            "module.iam_roles.aws_iam_role_policy_attachment.ec2_multicontainer",
            "module.iam_roles.aws_iam_role_policy_attachment.ec2_s3_read",
            "module.iam_roles.aws_iam_role_policy_attachment.ec2_ssm_core",
            "module.iam_roles.aws_iam_role_policy_attachment.ec2_web_tier",
            "module.iam_roles.aws_iam_role_policy_attachment.ec2_worker_tier",
            "module.iam_roles.data.aws_iam_policy_document.eb_assume",
            "module.iam_roles.data.aws_iam_policy_document.ec2_assume",
            "module.s3.aws_s3_bucket.this",
            "module.s3.aws_s3_bucket_public_access_block.this",
            "module.s3.aws_s3_bucket_versioning.this",
            "module.security_groups.aws_security_group.alb",
            "module.security_groups.aws_security_group.ec2",
            "terraform_data.manual_upload"
          ]
        }
      ]
    },
    {
      "module": "module.elastic_beanstalk",
      "mode": "managed",
      "type": "aws_vpc_endpoint",
      "name": "ssm",
      "provider": "provider[\"registry.terraform.io/hashicorp/aws\"]",
      "instances": [
        {
          "schema_version": 0,
          "attributes": {
            "arn": "arn:aws:ec2:us-east-1:911287867452:vpc-endpoint/vpce-04c15ec162b7fcf15",
            "auto_accept": null,
            "cidr_blocks": [],
            "dns_entry": [
              {
                "dns_name": "vpce-04c15ec162b7fcf15-8xg5rcde.ssm.us-east-1.vpce.amazonaws.com",
                "hosted_zone_id": "Z7HUB22UULQXV"
              },
              {
                "dns_name": "vpce-04c15ec162b7fcf15-8xg5rcde-us-east-1a.ssm.us-east-1.vpce.amazonaws.com",
                "hosted_zone_id": "Z7HUB22UULQXV"
              },
              {
                "dns_name": "vpce-04c15ec162b7fcf15-8xg5rcde-us-east-1b.ssm.us-east-1.vpce.amazonaws.com",
                "hosted_zone_id": "Z7HUB22UULQXV"
              },
              {
                "dns_name": "vpce-04c15ec162b7fcf15-8xg5rcde-us-east-1c.ssm.us-east-1.vpce.amazonaws.com",
                "hosted_zone_id": "Z7HUB22UULQXV"
              },
              {
                "dns_name": "ssm.us-east-1.amazonaws.com",
                "hosted_zone_id": "Z0259022UYVHY8YM52LQ"
              },
              {
                "dns_name": "ssm.us-east-1.api.aws",
                "hosted_zone_id": "Z00148162QRGKZRPLD8N"
              }
            ],
            "dns_options": [
              {
                "dns_record_ip_type": "ipv4",
                "private_dns_only_for_inbound_resolver_endpoint": false
              }
            ],
            "id": "vpce-04c15ec162b7fcf15",
            "ip_address_type": "ipv4",
            "network_interface_ids": [
              "eni-043d32fcc1a27d90f",
              "eni-05a97118b1360dd18",
              "eni-0cd609be5e60204c0"
            ],
            "owner_id": "911287867452",
            "policy": "{\"Statement\":[{\"Action\":\"*\",\"Effect\":\"Allow\",\"Principal\":\"*\",\"Resource\":\"*\"}]}",
            "prefix_list_id": null,
            "private_dns_enabled": true,
            "requester_managed": false,
            "resource_configuration_arn": "",
            "route_table_ids": [],
            "security_group_ids": [
              "sg-050d4fc6ee8662a7a"
            ],
            "service_name": "com.amazonaws.us-east-1.ssm",
            "service_network_arn": "",
            "service_region": "us-east-1",
            "state": "available",
            "subnet_configuration": [
              {
                "ipv4": "10.49.1.229",
                "ipv6": "",
                "subnet_id": "subnet-0b17ab8abf3a8b378"
              },
              {
                "ipv4": "10.49.1.37",
                "ipv6": "",
                "subnet_id": "subnet-0db123d54c271e391"
              },
              {
                "ipv4": "10.49.1.69",
                "ipv6": "",
                "subnet_id": "subnet-07f28a28b8830044b"
              }
            ],
            "subnet_ids": [
              "subnet-07f28a28b8830044b",
              "subnet-0b17ab8abf3a8b378",
              "subnet-0db123d54c271e391"
            ],
            "tags": {
              "Name": "tss-ebs-dev-new-ssm-vpce"
            },
            "tags_all": {
              "Environment": "dev",
              "ManagedBy": "terraform",
              "Name": "tss-ebs-dev-new-ssm-vpce",
              "Project": "tss-app"
            },
            "timeouts": null,
            "vpc_endpoint_type": "Interface",
            "vpc_id": "vpc-0975e41529fdd220e"
          },
          "sensitive_attributes": [],
          "identity_schema_version": 0,
          "private": "eyJlMmJmYjczMC1lY2FhLTExZTYtOGY4OC0zNDM2M2JjN2M0YzAiOnsiY3JlYXRlIjo2MDAwMDAwMDAwMDAsImRlbGV0ZSI6NjAwMDAwMDAwMDAwLCJ1cGRhdGUiOjYwMDAwMDAwMDAwMH19",
          "dependencies": [
            "module.alb.aws_lb.this",
            "module.alb.aws_lb_listener.http",
            "module.alb.aws_lb_listener.https",
            "module.elastic_beanstalk.aws_security_group.vpc_endpoints",
            "module.elastic_beanstalk.data.aws_region.current",
            "module.elastic_beanstalk.data.aws_vpc.selected",
            "module.iam_roles.aws_iam_instance_profile.ec2_profile",
            "module.iam_roles.aws_iam_role.eb_service_role",
            "module.iam_roles.aws_iam_role.ec2_role",
            "module.iam_roles.aws_iam_role_policy_attachment.eb_enhanced_health",
            "module.iam_roles.aws_iam_role_policy_attachment.eb_managed_updates",
            "module.iam_roles.aws_iam_role_policy_attachment.ec2_multicontainer",
            "module.iam_roles.aws_iam_role_policy_attachment.ec2_s3_read",
            "module.iam_roles.aws_iam_role_policy_attachment.ec2_ssm_core",
            "module.iam_roles.aws_iam_role_policy_attachment.ec2_web_tier",
            "module.iam_roles.aws_iam_role_policy_attachment.ec2_worker_tier",
            "module.iam_roles.data.aws_iam_policy_document.eb_assume",
            "module.iam_roles.data.aws_iam_policy_document.ec2_assume",
            "module.s3.aws_s3_bucket.this",
            "module.s3.aws_s3_bucket_public_access_block.this",
            "module.s3.aws_s3_bucket_versioning.this",
            "module.security_groups.aws_security_group.alb",
            "module.security_groups.aws_security_group.ec2",
            "terraform_data.manual_upload"
          ]
        }
      ]
    },
    {
      "module": "module.elastic_beanstalk",
      "mode": "managed",
      "type": "aws_vpc_endpoint",
      "name": "ssmmessages",
      "provider": "provider[\"registry.terraform.io/hashicorp/aws\"]",
      "instances": [
        {
          "schema_version": 0,
          "attributes": {
            "arn": "arn:aws:ec2:us-east-1:911287867452:vpc-endpoint/vpce-0a0f5ee6a0d0d3b13",
            "auto_accept": null,
            "cidr_blocks": [],
            "dns_entry": [
              {
                "dns_name": "vpce-0a0f5ee6a0d0d3b13-fu9ojm8u.ssmmessages.us-east-1.vpce.amazonaws.com",
                "hosted_zone_id": "Z7HUB22UULQXV"
              },
              {
                "dns_name": "vpce-0a0f5ee6a0d0d3b13-fu9ojm8u-us-east-1b.ssmmessages.us-east-1.vpce.amazonaws.com",
                "hosted_zone_id": "Z7HUB22UULQXV"
              },
              {
                "dns_name": "vpce-0a0f5ee6a0d0d3b13-fu9ojm8u-us-east-1a.ssmmessages.us-east-1.vpce.amazonaws.com",
                "hosted_zone_id": "Z7HUB22UULQXV"
              },
              {
                "dns_name": "vpce-0a0f5ee6a0d0d3b13-fu9ojm8u-us-east-1c.ssmmessages.us-east-1.vpce.amazonaws.com",
                "hosted_zone_id": "Z7HUB22UULQXV"
              },
              {
                "dns_name": "ssmmessages.us-east-1.amazonaws.com",
                "hosted_zone_id": "Z06121303MMIH9ETJ7XEK"
              },
              {
                "dns_name": "ssmmessages.us-east-1.api.aws",
                "hosted_zone_id": "Z0015226YOH8OWXXY0WE"
              }
            ],
            "dns_options": [
              {
                "dns_record_ip_type": "ipv4",
                "private_dns_only_for_inbound_resolver_endpoint": false
              }
            ],
            "id": "vpce-0a0f5ee6a0d0d3b13",
            "ip_address_type": "ipv4",
            "network_interface_ids": [
              "eni-01484ba1a62e4148b",
              "eni-0464b007618c7b659",
              "eni-0dc147bc8073df2dc"
            ],
            "owner_id": "911287867452",
            "policy": "{\"Statement\":[{\"Action\":\"*\",\"Effect\":\"Allow\",\"Principal\":\"*\",\"Resource\":\"*\"}]}",
            "prefix_list_id": null,
            "private_dns_enabled": true,
            "requester_managed": false,
            "resource_configuration_arn": "",
            "route_table_ids": [],
            "security_group_ids": [
              "sg-050d4fc6ee8662a7a"
            ],
            "service_name": "com.amazonaws.us-east-1.ssmmessages",
            "service_network_arn": "",
            "service_region": "us-east-1",
            "state": "available",
            "subnet_configuration": [
              {
                "ipv4": "10.49.1.12",
                "ipv6": "",
                "subnet_id": "subnet-0db123d54c271e391"
              },
              {
                "ipv4": "10.49.1.124",
                "ipv6": "",
                "subnet_id": "subnet-07f28a28b8830044b"
              },
              {
                "ipv4": "10.49.1.240",
                "ipv6": "",
                "subnet_id": "subnet-0b17ab8abf3a8b378"
              }
            ],
            "subnet_ids": [
              "subnet-07f28a28b8830044b",
              "subnet-0b17ab8abf3a8b378",
              "subnet-0db123d54c271e391"
            ],
            "tags": {
              "Name": "tss-ebs-dev-new-ssm-msg-vpce"
            },
            "tags_all": {
              "Environment": "dev",
              "ManagedBy": "terraform",
              "Name": "tss-ebs-dev-new-ssm-msg-vpce",
              "Project": "tss-app"
            },
            "timeouts": null,
            "vpc_endpoint_type": "Interface",
            "vpc_id": "vpc-0975e41529fdd220e"
          },
          "sensitive_attributes": [],
          "identity_schema_version": 0,
          "private": "eyJlMmJmYjczMC1lY2FhLTExZTYtOGY4OC0zNDM2M2JjN2M0YzAiOnsiY3JlYXRlIjo2MDAwMDAwMDAwMDAsImRlbGV0ZSI6NjAwMDAwMDAwMDAwLCJ1cGRhdGUiOjYwMDAwMDAwMDAwMH19",
          "dependencies": [
            "module.alb.aws_lb.this",
            "module.alb.aws_lb_listener.http",
            "module.alb.aws_lb_listener.https",
            "module.elastic_beanstalk.aws_security_group.vpc_endpoints",
            "module.elastic_beanstalk.data.aws_region.current",
            "module.elastic_beanstalk.data.aws_vpc.selected",
            "module.iam_roles.aws_iam_instance_profile.ec2_profile",
            "module.iam_roles.aws_iam_role.eb_service_role",
            "module.iam_roles.aws_iam_role.ec2_role",
            "module.iam_roles.aws_iam_role_policy_attachment.eb_enhanced_health",
            "module.iam_roles.aws_iam_role_policy_attachment.eb_managed_updates",
            "module.iam_roles.aws_iam_role_policy_attachment.ec2_multicontainer",
            "module.iam_roles.aws_iam_role_policy_attachment.ec2_s3_read",
            "module.iam_roles.aws_iam_role_policy_attachment.ec2_ssm_core",
            "module.iam_roles.aws_iam_role_policy_attachment.ec2_web_tier",
            "module.iam_roles.aws_iam_role_policy_attachment.ec2_worker_tier",
            "module.iam_roles.data.aws_iam_policy_document.eb_assume",
            "module.iam_roles.data.aws_iam_policy_document.ec2_assume",
            "module.s3.aws_s3_bucket.this",
            "module.s3.aws_s3_bucket_public_access_block.this",
            "module.s3.aws_s3_bucket_versioning.this",
            "module.security_groups.aws_security_group.alb",
            "module.security_groups.aws_security_group.ec2",
            "terraform_data.manual_upload"
          ]
        }
      ]
    },
    {
      "module": "module.elastic_beanstalk",
      "mode": "managed",
      "type": "aws_vpc_endpoint",
      "name": "sts",
      "provider": "provider[\"registry.terraform.io/hashicorp/aws\"]",
      "instances": [
        {
          "schema_version": 0,
          "attributes": {
            "arn": "arn:aws:ec2:us-east-1:911287867452:vpc-endpoint/vpce-0871744a4be65631f",
            "auto_accept": null,
            "cidr_blocks": [],
            "dns_entry": [
              {
                "dns_name": "vpce-0871744a4be65631f-0sx1jkc3.sts.us-east-1.vpce.amazonaws.com",
                "hosted_zone_id": "Z7HUB22UULQXV"
              },
              {
                "dns_name": "vpce-0871744a4be65631f-0sx1jkc3-us-east-1c.sts.us-east-1.vpce.amazonaws.com",
                "hosted_zone_id": "Z7HUB22UULQXV"
              },
              {
                "dns_name": "vpce-0871744a4be65631f-0sx1jkc3-us-east-1a.sts.us-east-1.vpce.amazonaws.com",
                "hosted_zone_id": "Z7HUB22UULQXV"
              },
              {
                "dns_name": "vpce-0871744a4be65631f-0sx1jkc3-us-east-1b.sts.us-east-1.vpce.amazonaws.com",
                "hosted_zone_id": "Z7HUB22UULQXV"
              },
              {
                "dns_name": "sts.us-east-1.amazonaws.com",
                "hosted_zone_id": "Z00150082QM59HWVEYFNV"
              },
              {
                "dns_name": "sts.us-east-1.api.aws",
                "hosted_zone_id": "Z025906324LACGM1Y0S9K"
              }
            ],
            "dns_options": [
              {
                "dns_record_ip_type": "ipv4",
                "private_dns_only_for_inbound_resolver_endpoint": false
              }
            ],
            "id": "vpce-0871744a4be65631f",
            "ip_address_type": "ipv4",
            "network_interface_ids": [
              "eni-0495c8ecfda85db43",
              "eni-0eb27baa0b62d7b1b",
              "eni-0ed9986c19b4db98b"
            ],
            "owner_id": "911287867452",
            "policy": "{\"Statement\":[{\"Action\":\"*\",\"Effect\":\"Allow\",\"Principal\":\"*\",\"Resource\":\"*\"}]}",
            "prefix_list_id": null,
            "private_dns_enabled": true,
            "requester_managed": false,
            "resource_configuration_arn": "",
            "route_table_ids": [],
            "security_group_ids": [
              "sg-050d4fc6ee8662a7a"
            ],
            "service_name": "com.amazonaws.us-east-1.sts",
            "service_network_arn": "",
            "service_region": "us-east-1",
            "state": "available",
            "subnet_configuration": [
              {
                "ipv4": "10.49.1.109",
                "ipv6": "",
                "subnet_id": "subnet-07f28a28b8830044b"
              },
              {
                "ipv4": "10.49.1.236",
                "ipv6": "",
                "subnet_id": "subnet-0b17ab8abf3a8b378"
              },
              {
                "ipv4": "10.49.1.50",
                "ipv6": "",
                "subnet_id": "subnet-0db123d54c271e391"
              }
            ],
            "subnet_ids": [
              "subnet-07f28a28b8830044b",
              "subnet-0b17ab8abf3a8b378",
              "subnet-0db123d54c271e391"
            ],
            "tags": {
              "Name": "tss-ebs-dev-new-sts-vpce"
            },
            "tags_all": {
              "Environment": "dev",
              "ManagedBy": "terraform",
              "Name": "tss-ebs-dev-new-sts-vpce",
              "Project": "tss-app"
            },
            "timeouts": null,
            "vpc_endpoint_type": "Interface",
            "vpc_id": "vpc-0975e41529fdd220e"
          },
          "sensitive_attributes": [],
          "identity_schema_version": 0,
          "private": "eyJlMmJmYjczMC1lY2FhLTExZTYtOGY4OC0zNDM2M2JjN2M0YzAiOnsiY3JlYXRlIjo2MDAwMDAwMDAwMDAsImRlbGV0ZSI6NjAwMDAwMDAwMDAwLCJ1cGRhdGUiOjYwMDAwMDAwMDAwMH19",
          "dependencies": [
            "module.alb.aws_lb.this",
            "module.alb.aws_lb_listener.http",
            "module.alb.aws_lb_listener.https",
            "module.elastic_beanstalk.aws_security_group.vpc_endpoints",
            "module.elastic_beanstalk.data.aws_region.current",
            "module.elastic_beanstalk.data.aws_vpc.selected",
            "module.iam_roles.aws_iam_instance_profile.ec2_profile",
            "module.iam_roles.aws_iam_role.eb_service_role",
            "module.iam_roles.aws_iam_role.ec2_role",
            "module.iam_roles.aws_iam_role_policy_attachment.eb_enhanced_health",
            "module.iam_roles.aws_iam_role_policy_attachment.eb_managed_updates",
            "module.iam_roles.aws_iam_role_policy_attachment.ec2_multicontainer",
            "module.iam_roles.aws_iam_role_policy_attachment.ec2_s3_read",
            "module.iam_roles.aws_iam_role_policy_attachment.ec2_ssm_core",
            "module.iam_roles.aws_iam_role_policy_attachment.ec2_web_tier",
            "module.iam_roles.aws_iam_role_policy_attachment.ec2_worker_tier",
            "module.iam_roles.data.aws_iam_policy_document.eb_assume",
            "module.iam_roles.data.aws_iam_policy_document.ec2_assume",
            "module.s3.aws_s3_bucket.this",
            "module.s3.aws_s3_bucket_public_access_block.this",
            "module.s3.aws_s3_bucket_versioning.this",
            "module.security_groups.aws_security_group.alb",
            "module.security_groups.aws_security_group.ec2",
            "terraform_data.manual_upload"
          ]
        }
      ]
    },
    {
      "module": "module.iam_roles",
      "mode": "data",
      "type": "aws_iam_policy_document",
      "name": "eb_assume",
      "provider": "provider[\"registry.terraform.io/hashicorp/aws\"]",
      "instances": [
        {
          "schema_version": 0,
          "attributes": {
            "id": "2970054628",
            "json": "{\n  \"Version\": \"2012-10-17\",\n  \"Statement\": [\n    {\n      \"Effect\": \"Allow\",\n      \"Action\": \"sts:AssumeRole\",\n      \"Principal\": {\n        \"Service\": \"elasticbeanstalk.amazonaws.com\"\n      }\n    }\n  ]\n}",
            "minified_json": "{\"Version\":\"2012-10-17\",\"Statement\":[{\"Effect\":\"Allow\",\"Action\":\"sts:AssumeRole\",\"Principal\":{\"Service\":\"elasticbeanstalk.amazonaws.com\"}}]}",
            "override_json": null,
            "override_policy_documents": null,
            "policy_id": null,
            "source_json": null,
            "source_policy_documents": null,
            "statement": [
              {
                "actions": [
                  "sts:AssumeRole"
                ],
                "condition": [],
                "effect": "Allow",
                "not_actions": [],
                "not_principals": [],
                "not_resources": [],
                "principals": [
                  {
                    "identifiers": [
                      "elasticbeanstalk.amazonaws.com"
                    ],
                    "type": "Service"
                  }
                ],
                "resources": [],
                "sid": ""
              }
            ],
            "version": "2012-10-17"
          },
          "sensitive_attributes": [],
          "identity_schema_version": 0
        }
      ]
    },
    {
      "module": "module.iam_roles",
      "mode": "data",
      "type": "aws_iam_policy_document",
      "name": "ec2_assume",
      "provider": "provider[\"registry.terraform.io/hashicorp/aws\"]",
      "instances": [
        {
          "schema_version": 0,
          "attributes": {
            "id": "2851119427",
            "json": "{\n  \"Version\": \"2012-10-17\",\n  \"Statement\": [\n    {\n      \"Effect\": \"Allow\",\n      \"Action\": \"sts:AssumeRole\",\n      \"Principal\": {\n        \"Service\": \"ec2.amazonaws.com\"\n      }\n    }\n  ]\n}",
            "minified_json": "{\"Version\":\"2012-10-17\",\"Statement\":[{\"Effect\":\"Allow\",\"Action\":\"sts:AssumeRole\",\"Principal\":{\"Service\":\"ec2.amazonaws.com\"}}]}",
            "override_json": null,
            "override_policy_documents": null,
            "policy_id": null,
            "source_json": null,
            "source_policy_documents": null,
            "statement": [
              {
                "actions": [
                  "sts:AssumeRole"
                ],
                "condition": [],
                "effect": "Allow",
                "not_actions": [],
                "not_principals": [],
                "not_resources": [],
                "principals": [
                  {
                    "identifiers": [
                      "ec2.amazonaws.com"
                    ],
                    "type": "Service"
                  }
                ],
                "resources": [],
                "sid": ""
              }
            ],
            "version": "2012-10-17"
          },
          "sensitive_attributes": [],
          "identity_schema_version": 0
        }
      ]
    },
    {
      "module": "module.iam_roles",
      "mode": "managed",
      "type": "aws_iam_instance_profile",
      "name": "ec2_profile",
      "provider": "provider[\"registry.terraform.io/hashicorp/aws\"]",
      "instances": [
        {
          "schema_version": 0,
          "attributes": {
            "arn": "arn:aws:iam::911287867452:instance-profile/tss-ebs-dev-new-ec2-profile",
            "create_date": "2026-03-18T15:26:03Z",
            "id": "tss-ebs-dev-new-ec2-profile",
            "name": "tss-ebs-dev-new-ec2-profile",
            "name_prefix": "",
            "path": "/",
            "role": "tss-ebs-dev-new-ec2-role",
            "tags": {},
            "tags_all": {
              "Environment": "dev",
              "ManagedBy": "terraform",
              "Project": "tss-app"
            },
            "unique_id": "AIPA5ILH5LA6GHZBTWT4G"
          },
          "sensitive_attributes": [],
          "identity_schema_version": 0,
          "private": "bnVsbA==",
          "dependencies": [
            "module.iam_roles.aws_iam_role.ec2_role",
            "module.iam_roles.data.aws_iam_policy_document.ec2_assume"
          ]
        }
      ]
    },
    {
      "module": "module.iam_roles",
      "mode": "managed",
      "type": "aws_iam_role",
      "name": "eb_service_role",
      "provider": "provider[\"registry.terraform.io/hashicorp/aws\"]",
      "instances": [
        {
          "schema_version": 0,
          "attributes": {
            "arn": "arn:aws:iam::911287867452:role/tss-ebs-dev-new-eb-service-role",
            "assume_role_policy": "{\"Statement\":[{\"Action\":\"sts:AssumeRole\",\"Effect\":\"Allow\",\"Principal\":{\"Service\":\"elasticbeanstalk.amazonaws.com\"}}],\"Version\":\"2012-10-17\"}",
            "create_date": "2026-03-18T15:26:01Z",
            "description": "",
            "force_detach_policies": false,
            "id": "tss-ebs-dev-new-eb-service-role",
            "inline_policy": [],
            "managed_policy_arns": [
              "arn:aws:iam::aws:policy/AWSElasticBeanstalkManagedUpdatesCustomerRolePolicy",
              "arn:aws:iam::aws:policy/service-role/AWSElasticBeanstalkEnhancedHealth"
            ],
            "max_session_duration": 3600,
            "name": "tss-ebs-dev-new-eb-service-role",
            "name_prefix": "",
            "path": "/",
            "permissions_boundary": "",
            "tags": {
              "Environment": "dev",
              "ManagedBy": "terraform",
              "Name": "tss-app-dev-eb-service-role"
            },
            "tags_all": {
              "Environment": "dev",
              "ManagedBy": "terraform",
              "Name": "tss-app-dev-eb-service-role",
              "Project": "tss-app"
            },
            "unique_id": "AROA5ILH5LA6HGJ2RLXWW"
          },
          "sensitive_attributes": [],
          "identity_schema_version": 0,
          "private": "bnVsbA==",
          "dependencies": [
            "module.iam_roles.data.aws_iam_policy_document.eb_assume"
          ]
        }
      ]
    },
    {
      "module": "module.iam_roles",
      "mode": "managed",
      "type": "aws_iam_role",
      "name": "ec2_role",
      "provider": "provider[\"registry.terraform.io/hashicorp/aws\"]",
      "instances": [
        {
          "schema_version": 0,
          "attributes": {
            "arn": "arn:aws:iam::911287867452:role/tss-ebs-dev-new-ec2-role",
            "assume_role_policy": "{\"Statement\":[{\"Action\":\"sts:AssumeRole\",\"Effect\":\"Allow\",\"Principal\":{\"Service\":\"ec2.amazonaws.com\"}}],\"Version\":\"2012-10-17\"}",
            "create_date": "2026-03-18T15:26:01Z",
            "description": "",
            "force_detach_policies": false,
            "id": "tss-ebs-dev-new-ec2-role",
            "inline_policy": [],
            "managed_policy_arns": [
              "arn:aws:iam::aws:policy/AWSElasticBeanstalkMulticontainerDocker",
              "arn:aws:iam::aws:policy/AWSElasticBeanstalkWebTier",
              "arn:aws:iam::aws:policy/AWSElasticBeanstalkWorkerTier",
              "arn:aws:iam::aws:policy/AmazonS3ReadOnlyAccess",
              "arn:aws:iam::aws:policy/AmazonSSMManagedInstanceCore"
            ],
            "max_session_duration": 3600,
            "name": "tss-ebs-dev-new-ec2-role",
            "name_prefix": "",
            "path": "/",
            "permissions_boundary": "",
            "tags": {
              "Environment": "dev",
              "ManagedBy": "terraform",
              "Name": "tss-app-dev-ec2-role"
            },
            "tags_all": {
              "Environment": "dev",
              "ManagedBy": "terraform",
              "Name": "tss-app-dev-ec2-role",
              "Project": "tss-app"
            },
            "unique_id": "AROA5ILH5LA6GJXEBSYSP"
          },
          "sensitive_attributes": [],
          "identity_schema_version": 0,
          "private": "bnVsbA==",
          "dependencies": [
            "module.iam_roles.data.aws_iam_policy_document.ec2_assume"
          ]
        }
      ]
    },
    {
      "module": "module.iam_roles",
      "mode": "managed",
      "type": "aws_iam_role_policy_attachment",
      "name": "eb_enhanced_health",
      "provider": "provider[\"registry.terraform.io/hashicorp/aws\"]",
      "instances": [
        {
          "schema_version": 0,
          "attributes": {
            "id": "tss-ebs-dev-new-eb-service-role-20260318152603442500000006",
            "policy_arn": "arn:aws:iam::aws:policy/service-role/AWSElasticBeanstalkEnhancedHealth",
            "role": "tss-ebs-dev-new-eb-service-role"
          },
          "sensitive_attributes": [],
          "identity_schema_version": 0,
          "private": "bnVsbA==",
          "dependencies": [
            "module.iam_roles.aws_iam_role.eb_service_role",
            "module.iam_roles.data.aws_iam_policy_document.eb_assume"
          ]
        }
      ]
    },
    {
      "module": "module.iam_roles",
      "mode": "managed",
      "type": "aws_iam_role_policy_attachment",
      "name": "eb_managed_updates",
      "provider": "provider[\"registry.terraform.io/hashicorp/aws\"]",
      "instances": [
        {
          "schema_version": 0,
          "attributes": {
            "id": "tss-ebs-dev-new-eb-service-role-20260318152603747100000007",
            "policy_arn": "arn:aws:iam::aws:policy/AWSElasticBeanstalkManagedUpdatesCustomerRolePolicy",
            "role": "tss-ebs-dev-new-eb-service-role"
          },
          "sensitive_attributes": [],
          "identity_schema_version": 0,
          "private": "bnVsbA==",
          "dependencies": [
            "module.iam_roles.aws_iam_role.eb_service_role",
            "module.iam_roles.data.aws_iam_policy_document.eb_assume"
          ]
        }
      ]
    },
    {
      "module": "module.iam_roles",
      "mode": "managed",
      "type": "aws_iam_role_policy_attachment",
      "name": "ec2_multicontainer",
      "provider": "provider[\"registry.terraform.io/hashicorp/aws\"]",
      "instances": [
        {
          "schema_version": 0,
          "attributes": {
            "id": "tss-ebs-dev-new-ec2-role-20260318152602737900000002",
            "policy_arn": "arn:aws:iam::aws:policy/AWSElasticBeanstalkMulticontainerDocker",
            "role": "tss-ebs-dev-new-ec2-role"
          },
          "sensitive_attributes": [],
          "identity_schema_version": 0,
          "private": "bnVsbA==",
          "dependencies": [
            "module.iam_roles.aws_iam_role.ec2_role",
            "module.iam_roles.data.aws_iam_policy_document.ec2_assume"
          ]
        }
      ]
    },
    {
      "module": "module.iam_roles",
      "mode": "managed",
      "type": "aws_iam_role_policy_attachment",
      "name": "ec2_s3_read",
      "provider": "provider[\"registry.terraform.io/hashicorp/aws\"]",
      "instances": [
        {
          "schema_version": 0,
          "attributes": {
            "id": "tss-ebs-dev-new-ec2-role-20260318152603042200000004",
            "policy_arn": "arn:aws:iam::aws:policy/AmazonS3ReadOnlyAccess",
            "role": "tss-ebs-dev-new-ec2-role"
          },
          "sensitive_attributes": [],
          "identity_schema_version": 0,
          "private": "bnVsbA==",
          "dependencies": [
            "module.iam_roles.aws_iam_role.ec2_role",
            "module.iam_roles.data.aws_iam_policy_document.ec2_assume"
          ]
        }
      ]
    },
    {
      "module": "module.iam_roles",
      "mode": "managed",
      "type": "aws_iam_role_policy_attachment",
      "name": "ec2_ssm_core",
      "provider": "provider[\"registry.terraform.io/hashicorp/aws\"]",
      "instances": [
        {
          "schema_version": 0,
          "attributes": {
            "id": "tss-ebs-dev-new-ec2-role-20260318152603005100000003",
            "policy_arn": "arn:aws:iam::aws:policy/AmazonSSMManagedInstanceCore",
            "role": "tss-ebs-dev-new-ec2-role"
          },
          "sensitive_attributes": [],
          "identity_schema_version": 0,
          "private": "bnVsbA==",
          "dependencies": [
            "module.iam_roles.aws_iam_role.ec2_role",
            "module.iam_roles.data.aws_iam_policy_document.ec2_assume"
          ]
        }
      ]
    },
    {
      "module": "module.iam_roles",
      "mode": "managed",
      "type": "aws_iam_role_policy_attachment",
      "name": "ec2_web_tier",
      "provider": "provider[\"registry.terraform.io/hashicorp/aws\"]",
      "instances": [
        {
          "schema_version": 0,
          "attributes": {
            "id": "tss-ebs-dev-new-ec2-role-20260318152603305800000005",
            "policy_arn": "arn:aws:iam::aws:policy/AWSElasticBeanstalkWebTier",
            "role": "tss-ebs-dev-new-ec2-role"
          },
          "sensitive_attributes": [],
          "identity_schema_version": 0,
          "private": "bnVsbA==",
          "dependencies": [
            "module.iam_roles.aws_iam_role.ec2_role",
            "module.iam_roles.data.aws_iam_policy_document.ec2_assume"
          ]
        }
      ]
    },
    {
      "module": "module.iam_roles",
      "mode": "managed",
      "type": "aws_iam_role_policy_attachment",
      "name": "ec2_worker_tier",
      "provider": "provider[\"registry.terraform.io/hashicorp/aws\"]",
      "instances": [
        {
          "schema_version": 0,
          "attributes": {
            "id": "tss-ebs-dev-new-ec2-role-20260318152602693300000001",
            "policy_arn": "arn:aws:iam::aws:policy/AWSElasticBeanstalkWorkerTier",
            "role": "tss-ebs-dev-new-ec2-role"
          },
          "sensitive_attributes": [],
          "identity_schema_version": 0,
          "private": "bnVsbA==",
          "dependencies": [
            "module.iam_roles.aws_iam_role.ec2_role",
            "module.iam_roles.data.aws_iam_policy_document.ec2_assume"
          ]
        }
      ]
    },
    {
      "module": "module.s3[0]",
      "mode": "managed",
      "type": "aws_s3_bucket",
      "name": "this",
      "provider": "provider[\"registry.terraform.io/hashicorp/aws\"]",
      "instances": [
        {
          "schema_version": 0,
          "attributes": {
            "acceleration_status": "",
            "acl": null,
            "arn": "arn:aws:s3:::tss-ebs-dev-artifacts-replace-with-account-id",
            "bucket": "tss-ebs-dev-artifacts-replace-with-account-id",
            "bucket_domain_name": "tss-ebs-dev-artifacts-replace-with-account-id.s3.amazonaws.com",
            "bucket_prefix": "",
            "bucket_regional_domain_name": "tss-ebs-dev-artifacts-replace-with-account-id.s3.us-east-1.amazonaws.com",
            "cors_rule": [],
            "force_destroy": false,
            "grant": [
              {
                "id": "bd35e08ad602fa06273e7b5184a6567571766db0ec268cdc398e0da5da98d082",
                "permissions": [
                  "FULL_CONTROL"
                ],
                "type": "CanonicalUser",
                "uri": ""
              }
            ],
            "hosted_zone_id": "Z3AQBSTGFYJSTF",
            "id": "tss-ebs-dev-artifacts-replace-with-account-id",
            "lifecycle_rule": [],
            "logging": [],
            "object_lock_configuration": [],
            "object_lock_enabled": false,
            "policy": "",
            "region": "us-east-1",
            "replication_configuration": [],
            "request_payer": "BucketOwner",
            "server_side_encryption_configuration": [
              {
                "rule": [
                  {
                    "apply_server_side_encryption_by_default": [
                      {
                        "kms_master_key_id": "",
                        "sse_algorithm": "AES256"
                      }
                    ],
                    "bucket_key_enabled": false
                  }
                ]
              }
            ],
            "tags": {
              "Environment": "dev",
              "ManagedBy": "terraform",
              "Name": "tss-ebs-dev-artifacts-replace-with-account-id"
            },
            "tags_all": {
              "Environment": "dev",
              "ManagedBy": "terraform",
              "Name": "tss-ebs-dev-artifacts-replace-with-account-id",
              "Project": "tss-app"
            },
            "timeouts": null,
            "versioning": [
              {
                "enabled": false,
                "mfa_delete": false
              }
            ],
            "website": [],
            "website_domain": null,
            "website_endpoint": null
          },
          "sensitive_attributes": [],
          "identity_schema_version": 0,
          "private": "eyJlMmJmYjczMC1lY2FhLTExZTYtOGY4OC0zNDM2M2JjN2M0YzAiOnsiY3JlYXRlIjoxMjAwMDAwMDAwMDAwLCJkZWxldGUiOjM2MDAwMDAwMDAwMDAsInJlYWQiOjEyMDAwMDAwMDAwMDAsInVwZGF0ZSI6MTIwMDAwMDAwMDAwMH19"
        }
      ]
    },
    {
      "module": "module.s3[0]",
      "mode": "managed",
      "type": "aws_s3_bucket_public_access_block",
      "name": "this",
      "provider": "provider[\"registry.terraform.io/hashicorp/aws\"]",
      "instances": [
        {
          "schema_version": 0,
          "attributes": {
            "block_public_acls": true,
            "block_public_policy": true,
            "bucket": "tss-ebs-dev-artifacts-replace-with-account-id",
            "id": "tss-ebs-dev-artifacts-replace-with-account-id",
            "ignore_public_acls": true,
            "restrict_public_buckets": true
          },
          "sensitive_attributes": [],
          "identity_schema_version": 0,
          "private": "bnVsbA==",
          "dependencies": [
            "module.s3.aws_s3_bucket.this"
          ]
        }
      ]
    },
    {
      "module": "module.s3[0]",
      "mode": "managed",
      "type": "aws_s3_bucket_versioning",
      "name": "this",
      "provider": "provider[\"registry.terraform.io/hashicorp/aws\"]",
      "instances": [
        {
          "schema_version": 0,
          "attributes": {
            "bucket": "tss-ebs-dev-artifacts-replace-with-account-id",
            "expected_bucket_owner": "",
            "id": "tss-ebs-dev-artifacts-replace-with-account-id",
            "mfa": null,
            "versioning_configuration": [
              {
                "mfa_delete": "",
                "status": "Enabled"
              }
            ]
          },
          "sensitive_attributes": [],
          "identity_schema_version": 0,
          "private": "bnVsbA==",
          "dependencies": [
            "module.s3.aws_s3_bucket.this"
          ]
        }
      ]
    },
    {
      "module": "module.security_groups",
      "mode": "managed",
      "type": "aws_security_group",
      "name": "alb",
      "provider": "provider[\"registry.terraform.io/hashicorp/aws\"]",
      "instances": [
        {
          "schema_version": 1,
          "attributes": {
            "arn": "arn:aws:ec2:us-east-1:911287867452:security-group/sg-085b1cb819cdea1fb",
            "description": "ALB security group for tss-app dev",
            "egress": [
              {
                "cidr_blocks": [
                  "0.0.0.0/0"
                ],
                "description": "",
                "from_port": 0,
                "ipv6_cidr_blocks": [],
                "prefix_list_ids": [],
                "protocol": "-1",
                "security_groups": [],
                "self": false,
                "to_port": 0
              }
            ],
            "id": "sg-085b1cb819cdea1fb",
            "ingress": [
              {
                "cidr_blocks": [
                  "0.0.0.0/0"
                ],
                "description": "",
                "from_port": 80,
                "ipv6_cidr_blocks": [],
                "prefix_list_ids": [],
                "protocol": "tcp",
                "security_groups": [],
                "self": false,
                "to_port": 80
              }
            ],
            "name": "tss-ebs-dev-new-alb-sg",
            "name_prefix": "",
            "owner_id": "911287867452",
            "revoke_rules_on_delete": false,
            "tags": {
              "Environment": "dev",
              "ManagedBy": "terraform",
              "Name": "tss-ebs-dev-new-alb-sg"
            },
            "tags_all": {
              "Environment": "dev",
              "ManagedBy": "terraform",
              "Name": "tss-ebs-dev-new-alb-sg",
              "Project": "tss-app"
            },
            "timeouts": null,
            "vpc_id": "vpc-0975e41529fdd220e"
          },
          "sensitive_attributes": [],
          "identity_schema_version": 0,
          "private": "eyJlMmJmYjczMC1lY2FhLTExZTYtOGY4OC0zNDM2M2JjN2M0YzAiOnsiY3JlYXRlIjo2MDAwMDAwMDAwMDAsImRlbGV0ZSI6OTAwMDAwMDAwMDAwfSwic2NoZW1hX3ZlcnNpb24iOiIxIn0="
        }
      ]
    },
    {
      "module": "module.security_groups",
      "mode": "managed",
      "type": "aws_security_group",
      "name": "ec2",
      "provider": "provider[\"registry.terraform.io/hashicorp/aws\"]",
      "instances": [
        {
          "schema_version": 1,
          "attributes": {
            "arn": "arn:aws:ec2:us-east-1:911287867452:security-group/sg-023b1ecde9a59a73f",
            "description": "EB EC2 security group for tss-app dev",
            "egress": [
              {
                "cidr_blocks": [
                  "0.0.0.0/0"
                ],
                "description": "",
                "from_port": 0,
                "ipv6_cidr_blocks": [],
                "prefix_list_ids": [],
                "protocol": "-1",
                "security_groups": [],
                "self": false,
                "to_port": 0
              }
            ],
            "id": "sg-023b1ecde9a59a73f",
            "ingress": [
              {
                "cidr_blocks": [],
                "description": "",
                "from_port": 80,
                "ipv6_cidr_blocks": [],
                "prefix_list_ids": [],
                "protocol": "tcp",
                "security_groups": [
                  "sg-085b1cb819cdea1fb"
                ],
                "self": false,
                "to_port": 80
              }
            ],
            "name": "tss-ebs-dev-new-ec2-sg",
            "name_prefix": "",
            "owner_id": "911287867452",
            "revoke_rules_on_delete": false,
            "tags": {
              "Environment": "dev",
              "ManagedBy": "terraform",
              "Name": "tss-ebs-dev-new-ec2-sg"
            },
            "tags_all": {
              "Environment": "dev",
              "ManagedBy": "terraform",
              "Name": "tss-ebs-dev-new-ec2-sg",
              "Project": "tss-app"
            },
            "timeouts": null,
            "vpc_id": "vpc-0975e41529fdd220e"
          },
          "sensitive_attributes": [],
          "identity_schema_version": 0,
          "private": "eyJlMmJmYjczMC1lY2FhLTExZTYtOGY4OC0zNDM2M2JjN2M0YzAiOnsiY3JlYXRlIjo2MDAwMDAwMDAwMDAsImRlbGV0ZSI6OTAwMDAwMDAwMDAwfSwic2NoZW1hX3ZlcnNpb24iOiIxIn0=",
          "dependencies": [
            "module.security_groups.aws_security_group.alb"
          ]
        }
      ]
    }
  ],
  "check_results": [
    {
      "object_kind": "var",
      "config_addr": "module.elastic_beanstalk.var.alb_scheme",
      "status": "pass",
      "objects": [
        {
          "object_addr": "module.elastic_beanstalk.var.alb_scheme",
          "status": "pass"
        }
      ]
    },
    {
      "object_kind": "var",
      "config_addr": "var.alb_scheme",
      "status": "pass",
      "objects": [
        {
          "object_addr": "var.alb_scheme",
          "status": "pass"
        }
      ]
    },
    {
      "object_kind": "var",
      "config_addr": "var.environment",
      "status": "pass",
      "objects": [
        {
          "object_addr": "var.environment",
          "status": "pass"
        }
      ]
    }
  ]
}
