{
  "version": 4,
  "terraform_version": "1.14.6",
  "serial": 1025,
  "lineage": "b6d92ba8-1825-27d9-c805-bacae89916a1",
  "outputs": {
    "alb_arn": {
      "value": "arn:aws:elasticloadbalancing:us-east-1:911287867452:loadbalancer/app/tss-ebs-dev-new-alb/95aadc3fca17f4c8",
      "type": "string"
    },
    "alb_dns_name": {
      "value": "internal-tss-ebs-dev-new-alb-180608618.us-east-1.elb.amazonaws.com",
      "type": "string"
    },
    "alb_http_listener_arn": {
      "value": "arn:aws:elasticloadbalancing:us-east-1:911287867452:listener/app/tss-ebs-dev-new-alb/95aadc3fca17f4c8/0ba695a5cabb7962",
      "type": "string"
    },
    "alb_security_group_id": {
      "value": "sg-0e8276fcd787f14a9",
      "type": "string"
    },
    "autoscaling_groups": {
      "value": [
        "awseb-e-2f73bpymu8-stack-AWSEBAutoScalingGroup-VK0OEhPDDhyS"
      ],
      "type": [
        "list",
        "string"
      ]
    },
    "cloudwatch_alarm_arns": {
      "value": {
        "cpu_high": "arn:aws:cloudwatch:us-east-1:911287867452:alarm:tss-ebs-dev-new-cpu-utilization-high",
        "env_health": "arn:aws:cloudwatch:us-east-1:911287867452:alarm:tss-ebs-dev-new-environment-health",
        "latency_high": "arn:aws:cloudwatch:us-east-1:911287867452:alarm:tss-ebs-dev-new-latency-high",
        "unhealthy_hosts": "arn:aws:cloudwatch:us-east-1:911287867452:alarm:tss-ebs-dev-new-unhealthy-hosts"
      },
      "type": [
        "object",
        {
          "cpu_high": "string",
          "env_health": "string",
          "latency_high": "string",
          "unhealthy_hosts": "string"
        }
      ]
    },
    "eb_app_name": {
      "value": "tss-ebs-dev-new",
      "type": "string"
    },
    "eb_app_version": {
      "value": "v6",
      "type": "string"
    },
    "eb_cname": {
      "value": "tss-app-dev.us-east-1.elasticbeanstalk.com",
      "type": "string"
    },
    "eb_domain_name": {
      "value": "tss-app-dev.us-east-1.elasticbeanstalk.com",
      "type": "string"
    },
    "eb_endpoint_url": {
      "value": "internal-tss-ebs-dev-new-alb-180608618.us-east-1.elb.amazonaws.com",
      "type": "string"
    },
    "eb_environment_name": {
      "value": "tss-ebs-dev-new-env",
      "type": "string"
    },
    "ec2_security_group_id": {
      "value": "sg-08a69b240ad120ce5",
      "type": "string"
    },
    "load_balancers": {
      "value": [
        "arn:aws:elasticloadbalancing:us-east-1:911287867452:loadbalancer/app/tss-ebs-dev-new-alb/95aadc3fca17f4c8"
      ],
      "type": [
        "list",
        "string"
      ]
    },
    "private_subnet_ids": {
      "value": [
        "subnet-0db123d54c271e391",
        "subnet-07f28a28b8830044b",
        "subnet-0b17ab8abf3a8b378"
      ],
      "type": [
        "list",
        "string"
      ]
    },
    "public_subnet_ids": {
      "value": [
        "subnet-0db123d54c271e391",
        "subnet-07f28a28b8830044b",
        "subnet-0b17ab8abf3a8b378"
      ],
      "type": [
        "list",
        "string"
      ]
    },
    "sns_topic_arn": {
      "value": "arn:aws:sns:us-east-1:911287867452:tss-ebs-dev-new-alarms",
      "type": "string"
    },
    "vpc_id": {
      "value": "vpc-0975e41529fdd220e",
      "type": "string"
    }
  },
  "resources": [
    {
      "mode": "managed",
      "type": "aws_s3_object",
      "name": "app_artifact",
      "provider": "provider[\"registry.terraform.io/hashicorp/aws\"]",
      "instances": [
        {
          "index_key": 0,
          "schema_version": 0,
          "attributes": {
            "acl": null,
            "arn": "arn:aws:s3:::tss-ebs-dev-artifacts-911287867452/releases/snapshot.jar",
            "bucket": "tss-ebs-dev-artifacts-911287867452",
            "bucket_key_enabled": false,
            "cache_control": "",
            "checksum_algorithm": null,
            "checksum_crc32": "",
            "checksum_crc32c": "",
            "checksum_crc64nvme": "",
            "checksum_sha1": "",
            "checksum_sha256": "",
            "content": null,
            "content_base64": null,
            "content_disposition": "",
            "content_encoding": "",
            "content_language": "",
            "content_type": "application/octet-stream",
            "etag": "cf7411b9bc9199c96b81871a9378ff55",
            "force_destroy": false,
            "id": "releases/snapshot.jar",
            "key": "releases/snapshot.jar",
            "kms_key_id": null,
            "metadata": {},
            "object_lock_legal_hold_status": "",
            "object_lock_mode": "",
            "object_lock_retain_until_date": "",
            "override_provider": [],
            "server_side_encryption": "AES256",
            "source": "snapshot.jar",
            "source_hash": null,
            "storage_class": "STANDARD",
            "tags": {},
            "tags_all": {
              "Environment": "dev",
              "ManagedBy": "terraform",
              "Project": "tss-app"
            },
            "version_id": "qJ0VBy9OZi1CqtQEoums8C72q2g4scbg",
            "website_redirect": ""
          },
          "sensitive_attributes": [],
          "identity_schema_version": 0,
          "private": "bnVsbA==",
          "dependencies": [
            "module.s3.aws_s3_bucket.this",
            "module.s3.aws_s3_bucket_public_access_block.this",
            "module.s3.aws_s3_bucket_versioning.this"
          ]
        }
      ]
    },
    {
      "module": "module.alb[0]",
      "mode": "managed",
      "type": "aws_lb",
      "name": "this",
      "provider": "provider[\"registry.terraform.io/hashicorp/aws\"]",
      "instances": [
        {
          "schema_version": 0,
          "attributes": {
            "access_logs": [
              {
                "bucket": "",
                "enabled": false,
                "prefix": ""
              }
            ],
            "arn": "arn:aws:elasticloadbalancing:us-east-1:911287867452:loadbalancer/app/tss-ebs-dev-new-alb/95aadc3fca17f4c8",
            "arn_suffix": "app/tss-ebs-dev-new-alb/95aadc3fca17f4c8",
            "client_keep_alive": 3600,
            "connection_logs": [
              {
                "bucket": "",
                "enabled": false,
                "prefix": ""
              }
            ],
            "customer_owned_ipv4_pool": "",
            "desync_mitigation_mode": "defensive",
            "dns_name": "internal-tss-ebs-dev-new-alb-180608618.us-east-1.elb.amazonaws.com",
            "dns_record_client_routing_policy": null,
            "drop_invalid_header_fields": false,
            "enable_cross_zone_load_balancing": true,
            "enable_deletion_protection": false,
            "enable_http2": true,
            "enable_tls_version_and_cipher_suite_headers": false,
            "enable_waf_fail_open": false,
            "enable_xff_client_port": false,
            "enable_zonal_shift": false,
            "enforce_security_group_inbound_rules_on_private_link_traffic": "",
            "id": "arn:aws:elasticloadbalancing:us-east-1:911287867452:loadbalancer/app/tss-ebs-dev-new-alb/95aadc3fca17f4c8",
            "idle_timeout": 60,
            "internal": true,
            "ip_address_type": "ipv4",
            "ipam_pools": [],
            "load_balancer_type": "application",
            "minimum_load_balancer_capacity": [],
            "name": "tss-ebs-dev-new-alb",
            "name_prefix": "",
            "preserve_host_header": false,
            "security_groups": [
              "sg-0e8276fcd787f14a9"
            ],
            "subnet_mapping": [
              {
                "allocation_id": "",
                "ipv6_address": "",
                "outpost_id": "",
                "private_ipv4_address": "",
                "subnet_id": "subnet-07f28a28b8830044b"
              },
              {
                "allocation_id": "",
                "ipv6_address": "",
                "outpost_id": "",
                "private_ipv4_address": "",
                "subnet_id": "subnet-0b17ab8abf3a8b378"
              },
              {
                "allocation_id": "",
                "ipv6_address": "",
                "outpost_id": "",
                "private_ipv4_address": "",
                "subnet_id": "subnet-0db123d54c271e391"
              }
            ],
            "subnets": [
              "subnet-07f28a28b8830044b",
              "subnet-0b17ab8abf3a8b378",
              "subnet-0db123d54c271e391"
            ],
            "tags": {
              "Environment": "dev",
              "ManagedBy": "terraform",
              "Name": "tss-ebs-dev-new-alb"
            },
            "tags_all": {
              "Environment": "dev",
              "ManagedBy": "terraform",
              "Name": "tss-ebs-dev-new-alb",
              "Project": "tss-app"
            },
            "timeouts": null,
            "vpc_id": "vpc-0975e41529fdd220e",
            "xff_header_processing_mode": "append",
            "zone_id": "Z35SXDOTRQ7X7K"
          },
          "sensitive_attributes": [],
          "identity_schema_version": 0,
          "private": "eyJlMmJmYjczMC1lY2FhLTExZTYtOGY4OC0zNDM2M2JjN2M0YzAiOnsiY3JlYXRlIjo2MDAwMDAwMDAwMDAsImRlbGV0ZSI6NjAwMDAwMDAwMDAwLCJ1cGRhdGUiOjYwMDAwMDAwMDAwMH19",
          "dependencies": [
            "module.security_groups.aws_security_group.alb"
          ]
        }
      ]
    },
    {
      "module": "module.alb[0]",
      "mode": "managed",
      "type": "aws_lb_listener",
      "name": "http",
      "provider": "provider[\"registry.terraform.io/hashicorp/aws\"]",
      "instances": [
        {
          "schema_version": 0,
          "attributes": {
            "alpn_policy": null,
            "arn": "arn:aws:elasticloadbalancing:us-east-1:911287867452:listener/app/tss-ebs-dev-new-alb/95aadc3fca17f4c8/0ba695a5cabb7962",
            "certificate_arn": null,
            "default_action": [
              {
                "authenticate_cognito": [],
                "authenticate_oidc": [],
                "fixed_response": [
                  {
                    "content_type": "text/plain",
                    "message_body": "No matching route",
                    "status_code": "404"
                  }
                ],
                "forward": [],
                "order": 1,
                "redirect": [],
                "target_group_arn": "",
                "type": "fixed-response"
              }
            ],
            "id": "arn:aws:elasticloadbalancing:us-east-1:911287867452:listener/app/tss-ebs-dev-new-alb/95aadc3fca17f4c8/0ba695a5cabb7962",
            "load_balancer_arn": "arn:aws:elasticloadbalancing:us-east-1:911287867452:loadbalancer/app/tss-ebs-dev-new-alb/95aadc3fca17f4c8",
            "mutual_authentication": [],
            "port": 80,
            "protocol": "HTTP",
            "routing_http_request_x_amzn_mtls_clientcert_header_name": null,
            "routing_http_request_x_amzn_mtls_clientcert_issuer_header_name": null,
            "routing_http_request_x_amzn_mtls_clientcert_leaf_header_name": null,
            "routing_http_request_x_amzn_mtls_clientcert_serial_number_header_name": null,
            "routing_http_request_x_amzn_mtls_clientcert_subject_header_name": null,
            "routing_http_request_x_amzn_mtls_clientcert_validity_header_name": null,
            "routing_http_request_x_amzn_tls_cipher_suite_header_name": null,
            "routing_http_request_x_amzn_tls_version_header_name": null,
            "routing_http_response_access_control_allow_credentials_header_value": "",
            "routing_http_response_access_control_allow_headers_header_value": "",
            "routing_http_response_access_control_allow_methods_header_value": "",
            "routing_http_response_access_control_allow_origin_header_value": "",
            "routing_http_response_access_control_expose_headers_header_value": "",
            "routing_http_response_access_control_max_age_header_value": "",
            "routing_http_response_content_security_policy_header_value": "",
            "routing_http_response_server_enabled": true,
            "routing_http_response_strict_transport_security_header_value": "",
            "routing_http_response_x_content_type_options_header_value": "",
            "routing_http_response_x_frame_options_header_value": "",
            "ssl_policy": "",
            "tags": {
              "Environment": "dev",
              "ManagedBy": "terraform",
              "Name": "tss-ebs-dev-new-http"
            },
            "tags_all": {
              "Environment": "dev",
              "ManagedBy": "terraform",
              "Name": "tss-ebs-dev-new-http",
              "Project": "tss-app"
            },
            "tcp_idle_timeout_seconds": null,
            "timeouts": null
          },
          "sensitive_attributes": [],
          "identity_schema_version": 0,
          "private": "eyJlMmJmYjczMC1lY2FhLTExZTYtOGY4OC0zNDM2M2JjN2M0YzAiOnsiY3JlYXRlIjozMDAwMDAwMDAwMDAsInVwZGF0ZSI6MzAwMDAwMDAwMDAwfX0=",
          "dependencies": [
            "module.alb.aws_lb.this",
            "module.security_groups.aws_security_group.alb"
          ]
        }
      ]
    },
    {
      "module": "module.cloudwatch",
      "mode": "managed",
      "type": "aws_cloudwatch_metric_alarm",
      "name": "cpu_high",
      "provider": "provider[\"registry.terraform.io/hashicorp/aws\"]",
      "instances": [
        {
          "schema_version": 1,
          "attributes": {
            "actions_enabled": true,
            "alarm_actions": [
              "arn:aws:sns:us-east-1:911287867452:tss-ebs-dev-new-alarms"
            ],
            "alarm_description": "CPU utilization exceeds 85% for dev EB environment",
            "alarm_name": "tss-ebs-dev-new-cpu-utilization-high",
            "arn": "arn:aws:cloudwatch:us-east-1:911287867452:alarm:tss-ebs-dev-new-cpu-utilization-high",
            "comparison_operator": "GreaterThanThreshold",
            "datapoints_to_alarm": 0,
            "dimensions": {
              "AutoScalingGroupName": "awseb-e-2f73bpymu8-stack-AWSEBAutoScalingGroup-VK0OEhPDDhyS"
            },
            "evaluate_low_sample_count_percentiles": "",
            "evaluation_periods": 3,
            "extended_statistic": "",
            "id": "tss-ebs-dev-new-cpu-utilization-high",
            "insufficient_data_actions": null,
            "metric_name": "CPUUtilization",
            "metric_query": [],
            "namespace": "AWS/EC2",
            "ok_actions": [
              "arn:aws:sns:us-east-1:911287867452:tss-ebs-dev-new-alarms"
            ],
            "period": 300,
            "statistic": "Average",
            "tags": {
              "Environment": "dev",
              "ManagedBy": "terraform",
              "Name": "dev-eb-cpu-high"
            },
            "tags_all": {
              "Environment": "dev",
              "ManagedBy": "terraform",
              "Name": "dev-eb-cpu-high",
              "Project": "tss-app"
            },
            "threshold": 85,
            "threshold_metric_id": "",
            "treat_missing_data": "breaching",
            "unit": ""
          },
          "sensitive_attributes": [],
          "identity_schema_version": 0,
          "private": "eyJzY2hlbWFfdmVyc2lvbiI6IjEifQ==",
          "dependencies": [
            "aws_s3_object.app_artifact",
            "module.alb.aws_lb.this",
            "module.alb.aws_lb_listener.http",
            "module.alb.aws_lb_listener.https",
            "module.cloudwatch.aws_sns_topic.alarms",
            "module.elastic_beanstalk.aws_elastic_beanstalk_application.this",
            "module.elastic_beanstalk.aws_elastic_beanstalk_application_version.this",
            "module.elastic_beanstalk.aws_elastic_beanstalk_environment.this",
            "module.elastic_beanstalk.aws_security_group.vpc_endpoints",
            "module.elastic_beanstalk.aws_vpc_endpoint.autoscaling",
            "module.elastic_beanstalk.aws_vpc_endpoint.cloudformation",
            "module.elastic_beanstalk.aws_vpc_endpoint.eb",
            "module.elastic_beanstalk.aws_vpc_endpoint.eb_health",
            "module.elastic_beanstalk.aws_vpc_endpoint.ec2",
            "module.elastic_beanstalk.aws_vpc_endpoint.ec2messages",
            "module.elastic_beanstalk.aws_vpc_endpoint.logs",
            "module.elastic_beanstalk.aws_vpc_endpoint.monitoring",
            "module.elastic_beanstalk.aws_vpc_endpoint.s3",
            "module.elastic_beanstalk.aws_vpc_endpoint.sqs",
            "module.elastic_beanstalk.aws_vpc_endpoint.ssm",
            "module.elastic_beanstalk.aws_vpc_endpoint.ssmmessages",
            "module.elastic_beanstalk.aws_vpc_endpoint.sts",
            "module.elastic_beanstalk.data.aws_region.current",
            "module.elastic_beanstalk.data.aws_route_tables.all",
            "module.elastic_beanstalk.data.aws_vpc.selected",
            "module.iam_roles.aws_iam_instance_profile.ec2_profile",
            "module.iam_roles.aws_iam_role.eb_service_role",
            "module.iam_roles.aws_iam_role.ec2_role",
            "module.iam_roles.aws_iam_role_policy_attachment.eb_enhanced_health",
            "module.iam_roles.aws_iam_role_policy_attachment.eb_managed_updates",
            "module.iam_roles.aws_iam_role_policy_attachment.ec2_multicontainer",
            "module.iam_roles.aws_iam_role_policy_attachment.ec2_s3_read",
            "module.iam_roles.aws_iam_role_policy_attachment.ec2_ssm_core",
            "module.iam_roles.aws_iam_role_policy_attachment.ec2_web_tier",
            "module.iam_roles.aws_iam_role_policy_attachment.ec2_worker_tier",
            "module.iam_roles.data.aws_iam_policy_document.eb_assume",
            "module.iam_roles.data.aws_iam_policy_document.ec2_assume",
            "module.s3.aws_s3_bucket.this",
            "module.s3.aws_s3_bucket_public_access_block.this",
            "module.s3.aws_s3_bucket_versioning.this",
            "module.security_groups.aws_security_group.alb",
            "module.security_groups.aws_security_group.ec2"
          ]
        }
      ]
    },
    {
      "module": "module.cloudwatch",
      "mode": "managed",
      "type": "aws_cloudwatch_metric_alarm",
      "name": "env_health",
      "provider": "provider[\"registry.terraform.io/hashicorp/aws\"]",
      "instances": [
        {
          "schema_version": 1,
          "attributes": {
            "actions_enabled": true,
            "alarm_actions": [
              "arn:aws:sns:us-east-1:911287867452:tss-ebs-dev-new-alarms"
            ],
            "alarm_description": "EB environment health degraded for dev",
            "alarm_name": "tss-ebs-dev-new-environment-health",
            "arn": "arn:aws:cloudwatch:us-east-1:911287867452:alarm:tss-ebs-dev-new-environment-health",
            "comparison_operator": "GreaterThanThreshold",
            "datapoints_to_alarm": 0,
            "dimensions": {
              "EnvironmentName": "tss-ebs-dev-new-env"
            },
            "evaluate_low_sample_count_percentiles": "",
            "evaluation_periods": 2,
            "extended_statistic": "",
            "id": "tss-ebs-dev-new-environment-health",
            "insufficient_data_actions": null,
            "metric_name": "EnvironmentHealth",
            "metric_query": [],
            "namespace": "AWS/ElasticBeanstalk",
            "ok_actions": [
              "arn:aws:sns:us-east-1:911287867452:tss-ebs-dev-new-alarms"
            ],
            "period": 300,
            "statistic": "Average",
            "tags": {
              "Environment": "dev",
              "ManagedBy": "terraform",
              "Name": "dev-eb-env-health"
            },
            "tags_all": {
              "Environment": "dev",
              "ManagedBy": "terraform",
              "Name": "dev-eb-env-health",
              "Project": "tss-app"
            },
            "threshold": 15,
            "threshold_metric_id": "",
            "treat_missing_data": "breaching",
            "unit": ""
          },
          "sensitive_attributes": [],
          "identity_schema_version": 0,
          "private": "eyJzY2hlbWFfdmVyc2lvbiI6IjEifQ==",
          "dependencies": [
            "aws_s3_object.app_artifact",
            "module.alb.aws_lb.this",
            "module.alb.aws_lb_listener.http",
            "module.alb.aws_lb_listener.https",
            "module.cloudwatch.aws_sns_topic.alarms",
            "module.elastic_beanstalk.aws_elastic_beanstalk_application.this",
            "module.elastic_beanstalk.aws_elastic_beanstalk_application_version.this",
            "module.elastic_beanstalk.aws_elastic_beanstalk_environment.this",
            "module.elastic_beanstalk.aws_security_group.vpc_endpoints",
            "module.elastic_beanstalk.aws_vpc_endpoint.autoscaling",
            "module.elastic_beanstalk.aws_vpc_endpoint.cloudformation",
            "module.elastic_beanstalk.aws_vpc_endpoint.eb",
            "module.elastic_beanstalk.aws_vpc_endpoint.eb_health",
            "module.elastic_beanstalk.aws_vpc_endpoint.ec2",
            "module.elastic_beanstalk.aws_vpc_endpoint.ec2messages",
            "module.elastic_beanstalk.aws_vpc_endpoint.logs",
            "module.elastic_beanstalk.aws_vpc_endpoint.monitoring",
            "module.elastic_beanstalk.aws_vpc_endpoint.s3",
            "module.elastic_beanstalk.aws_vpc_endpoint.sqs",
            "module.elastic_beanstalk.aws_vpc_endpoint.ssm",
            "module.elastic_beanstalk.aws_vpc_endpoint.ssmmessages",
            "module.elastic_beanstalk.aws_vpc_endpoint.sts",
            "module.elastic_beanstalk.data.aws_region.current",
            "module.elastic_beanstalk.data.aws_route_tables.all",
            "module.elastic_beanstalk.data.aws_vpc.selected",
            "module.iam_roles.aws_iam_instance_profile.ec2_profile",
            "module.iam_roles.aws_iam_role.eb_service_role",
            "module.iam_roles.aws_iam_role.ec2_role",
            "module.iam_roles.aws_iam_role_policy_attachment.eb_enhanced_health",
            "module.iam_roles.aws_iam_role_policy_attachment.eb_managed_updates",
            "module.iam_roles.aws_iam_role_policy_attachment.ec2_multicontainer",
            "module.iam_roles.aws_iam_role_policy_attachment.ec2_s3_read",
            "module.iam_roles.aws_iam_role_policy_attachment.ec2_ssm_core",
            "module.iam_roles.aws_iam_role_policy_attachment.ec2_web_tier",
            "module.iam_roles.aws_iam_role_policy_attachment.ec2_worker_tier",
            "module.iam_roles.data.aws_iam_policy_document.eb_assume",
            "module.iam_roles.data.aws_iam_policy_document.ec2_assume",
            "module.s3.aws_s3_bucket.this",
            "module.s3.aws_s3_bucket_public_access_block.this",
            "module.s3.aws_s3_bucket_versioning.this",
            "module.security_groups.aws_security_group.alb",
            "module.security_groups.aws_security_group.ec2"
          ]
        }
      ]
    },
    {
      "module": "module.cloudwatch",
      "mode": "managed",
      "type": "aws_cloudwatch_metric_alarm",
      "name": "latency_high",
      "provider": "provider[\"registry.terraform.io/hashicorp/aws\"]",
      "instances": [
        {
          "schema_version": 1,
          "attributes": {
            "actions_enabled": true,
            "alarm_actions": [
              "arn:aws:sns:us-east-1:911287867452:tss-ebs-dev-new-alarms"
            ],
            "alarm_description": "ALB target response time exceeds 2s for dev",
            "alarm_name": "tss-ebs-dev-new-latency-high",
            "arn": "arn:aws:cloudwatch:us-east-1:911287867452:alarm:tss-ebs-dev-new-latency-high",
            "comparison_operator": "GreaterThanThreshold",
            "datapoints_to_alarm": 0,
            "dimensions": {
              "LoadBalancer": "app/tss-ebs-dev-new-alb/95aadc3fca17f4c8"
            },
            "evaluate_low_sample_count_percentiles": "",
            "evaluation_periods": 3,
            "extended_statistic": "p99",
            "id": "tss-ebs-dev-new-latency-high",
            "insufficient_data_actions": null,
            "metric_name": "TargetResponseTime",
            "metric_query": [],
            "namespace": "AWS/ApplicationELB",
            "ok_actions": [
              "arn:aws:sns:us-east-1:911287867452:tss-ebs-dev-new-alarms"
            ],
            "period": 300,
            "statistic": "",
            "tags": {
              "Environment": "dev",
              "ManagedBy": "terraform",
              "Name": "dev-eb-latency-high"
            },
            "tags_all": {
              "Environment": "dev",
              "ManagedBy": "terraform",
              "Name": "dev-eb-latency-high",
              "Project": "tss-app"
            },
            "threshold": 2,
            "threshold_metric_id": "",
            "treat_missing_data": "notBreaching",
            "unit": ""
          },
          "sensitive_attributes": [],
          "identity_schema_version": 0,
          "private": "eyJzY2hlbWFfdmVyc2lvbiI6IjEifQ==",
          "dependencies": [
            "aws_s3_object.app_artifact",
            "module.alb.aws_lb.this",
            "module.alb.aws_lb_listener.http",
            "module.alb.aws_lb_listener.https",
            "module.cloudwatch.aws_sns_topic.alarms",
            "module.elastic_beanstalk.aws_elastic_beanstalk_application.this",
            "module.elastic_beanstalk.aws_elastic_beanstalk_application_version.this",
            "module.elastic_beanstalk.aws_elastic_beanstalk_environment.this",
            "module.elastic_beanstalk.aws_security_group.vpc_endpoints",
            "module.elastic_beanstalk.aws_vpc_endpoint.autoscaling",
            "module.elastic_beanstalk.aws_vpc_endpoint.cloudformation",
            "module.elastic_beanstalk.aws_vpc_endpoint.eb",
            "module.elastic_beanstalk.aws_vpc_endpoint.eb_health",
            "module.elastic_beanstalk.aws_vpc_endpoint.ec2",
            "module.elastic_beanstalk.aws_vpc_endpoint.ec2messages",
            "module.elastic_beanstalk.aws_vpc_endpoint.logs",
            "module.elastic_beanstalk.aws_vpc_endpoint.monitoring",
            "module.elastic_beanstalk.aws_vpc_endpoint.s3",
            "module.elastic_beanstalk.aws_vpc_endpoint.sqs",
            "module.elastic_beanstalk.aws_vpc_endpoint.ssm",
            "module.elastic_beanstalk.aws_vpc_endpoint.ssmmessages",
            "module.elastic_beanstalk.aws_vpc_endpoint.sts",
            "module.elastic_beanstalk.data.aws_region.current",
            "module.elastic_beanstalk.data.aws_route_tables.all",
            "module.elastic_beanstalk.data.aws_vpc.selected",
            "module.iam_roles.aws_iam_instance_profile.ec2_profile",
            "module.iam_roles.aws_iam_role.eb_service_role",
            "module.iam_roles.aws_iam_role.ec2_role",
            "module.iam_roles.aws_iam_role_policy_attachment.eb_enhanced_health",
            "module.iam_roles.aws_iam_role_policy_attachment.eb_managed_updates",
            "module.iam_roles.aws_iam_role_policy_attachment.ec2_multicontainer",
            "module.iam_roles.aws_iam_role_policy_attachment.ec2_s3_read",
            "module.iam_roles.aws_iam_role_policy_attachment.ec2_ssm_core",
            "module.iam_roles.aws_iam_role_policy_attachment.ec2_web_tier",
            "module.iam_roles.aws_iam_role_policy_attachment.ec2_worker_tier",
            "module.iam_roles.data.aws_iam_policy_document.eb_assume",
            "module.iam_roles.data.aws_iam_policy_document.ec2_assume",
            "module.s3.aws_s3_bucket.this",
            "module.s3.aws_s3_bucket_public_access_block.this",
            "module.s3.aws_s3_bucket_versioning.this",
            "module.security_groups.aws_security_group.alb",
            "module.security_groups.aws_security_group.ec2"
          ]
        }
      ]
    },
    {
      "module": "module.cloudwatch",
      "mode": "managed",
      "type": "aws_cloudwatch_metric_alarm",
      "name": "unhealthy_hosts",
      "provider": "provider[\"registry.terraform.io/hashicorp/aws\"]",
      "instances": [
        {
          "schema_version": 1,
          "attributes": {
            "actions_enabled": true,
            "alarm_actions": [
              "arn:aws:sns:us-east-1:911287867452:tss-ebs-dev-new-alarms"
            ],
            "alarm_description": "Unhealthy host count \u003e 0 on ALB target group for dev",
            "alarm_name": "tss-ebs-dev-new-unhealthy-hosts",
            "arn": "arn:aws:cloudwatch:us-east-1:911287867452:alarm:tss-ebs-dev-new-unhealthy-hosts",
            "comparison_operator": "GreaterThanThreshold",
            "datapoints_to_alarm": 0,
            "dimensions": {
              "LoadBalancer": "app/tss-ebs-dev-new-alb/95aadc3fca17f4c8"
            },
            "evaluate_low_sample_count_percentiles": "",
            "evaluation_periods": 2,
            "extended_statistic": "",
            "id": "tss-ebs-dev-new-unhealthy-hosts",
            "insufficient_data_actions": null,
            "metric_name": "UnHealthyHostCount",
            "metric_query": [],
            "namespace": "AWS/ApplicationELB",
            "ok_actions": [
              "arn:aws:sns:us-east-1:911287867452:tss-ebs-dev-new-alarms"
            ],
            "period": 300,
            "statistic": "Average",
            "tags": {
              "Environment": "dev",
              "ManagedBy": "terraform",
              "Name": "dev-eb-unhealthy-hosts"
            },
            "tags_all": {
              "Environment": "dev",
              "ManagedBy": "terraform",
              "Name": "dev-eb-unhealthy-hosts",
              "Project": "tss-app"
            },
            "threshold": 0,
            "threshold_metric_id": "",
            "treat_missing_data": "notBreaching",
            "unit": ""
          },
          "sensitive_attributes": [],
          "identity_schema_version": 0,
          "private": "eyJzY2hlbWFfdmVyc2lvbiI6IjEifQ==",
          "dependencies": [
            "aws_s3_object.app_artifact",
            "module.alb.aws_lb.this",
            "module.alb.aws_lb_listener.http",
            "module.alb.aws_lb_listener.https",
            "module.cloudwatch.aws_sns_topic.alarms",
            "module.elastic_beanstalk.aws_elastic_beanstalk_application.this",
            "module.elastic_beanstalk.aws_elastic_beanstalk_application_version.this",
            "module.elastic_beanstalk.aws_elastic_beanstalk_environment.this",
            "module.elastic_beanstalk.aws_security_group.vpc_endpoints",
            "module.elastic_beanstalk.aws_vpc_endpoint.autoscaling",
            "module.elastic_beanstalk.aws_vpc_endpoint.cloudformation",
            "module.elastic_beanstalk.aws_vpc_endpoint.eb",
            "module.elastic_beanstalk.aws_vpc_endpoint.eb_health",
            "module.elastic_beanstalk.aws_vpc_endpoint.ec2",
            "module.elastic_beanstalk.aws_vpc_endpoint.ec2messages",
            "module.elastic_beanstalk.aws_vpc_endpoint.logs",
            "module.elastic_beanstalk.aws_vpc_endpoint.monitoring",
            "module.elastic_beanstalk.aws_vpc_endpoint.s3",
            "module.elastic_beanstalk.aws_vpc_endpoint.sqs",
            "module.elastic_beanstalk.aws_vpc_endpoint.ssm",
            "module.elastic_beanstalk.aws_vpc_endpoint.ssmmessages",
            "module.elastic_beanstalk.aws_vpc_endpoint.sts",
            "module.elastic_beanstalk.data.aws_region.current",
            "module.elastic_beanstalk.data.aws_route_tables.all",
            "module.elastic_beanstalk.data.aws_vpc.selected",
            "module.iam_roles.aws_iam_instance_profile.ec2_profile",
            "module.iam_roles.aws_iam_role.eb_service_role",
            "module.iam_roles.aws_iam_role.ec2_role",
            "module.iam_roles.aws_iam_role_policy_attachment.eb_enhanced_health",
            "module.iam_roles.aws_iam_role_policy_attachment.eb_managed_updates",
            "module.iam_roles.aws_iam_role_policy_attachment.ec2_multicontainer",
            "module.iam_roles.aws_iam_role_policy_attachment.ec2_s3_read",
            "module.iam_roles.aws_iam_role_policy_attachment.ec2_ssm_core",
            "module.iam_roles.aws_iam_role_policy_attachment.ec2_web_tier",
            "module.iam_roles.aws_iam_role_policy_attachment.ec2_worker_tier",
            "module.iam_roles.data.aws_iam_policy_document.eb_assume",
            "module.iam_roles.data.aws_iam_policy_document.ec2_assume",
            "module.s3.aws_s3_bucket.this",
            "module.s3.aws_s3_bucket_public_access_block.this",
            "module.s3.aws_s3_bucket_versioning.this",
            "module.security_groups.aws_security_group.alb",
            "module.security_groups.aws_security_group.ec2"
          ]
        }
      ]
    },
    {
      "module": "module.cloudwatch",
      "mode": "managed",
      "type": "aws_sns_topic",
      "name": "alarms",
      "provider": "provider[\"registry.terraform.io/hashicorp/aws\"]",
      "instances": [
        {
          "index_key": 0,
          "schema_version": 0,
          "attributes": {
            "application_failure_feedback_role_arn": "",
            "application_success_feedback_role_arn": "",
            "application_success_feedback_sample_rate": 0,
            "archive_policy": "",
            "arn": "arn:aws:sns:us-east-1:911287867452:tss-ebs-dev-new-alarms",
            "beginning_archive_time": "",
            "content_based_deduplication": false,
            "delivery_policy": "",
            "display_name": "",
            "fifo_throughput_scope": "",
            "fifo_topic": false,
            "firehose_failure_feedback_role_arn": "",
            "firehose_success_feedback_role_arn": "",
            "firehose_success_feedback_sample_rate": 0,
            "http_failure_feedback_role_arn": "",
            "http_success_feedback_role_arn": "",
            "http_success_feedback_sample_rate": 0,
            "id": "arn:aws:sns:us-east-1:911287867452:tss-ebs-dev-new-alarms",
            "kms_master_key_id": "",
            "lambda_failure_feedback_role_arn": "",
            "lambda_success_feedback_role_arn": "",
            "lambda_success_feedback_sample_rate": 0,
            "name": "tss-ebs-dev-new-alarms",
            "name_prefix": "",
            "owner": "911287867452",
            "policy": "{\"Id\":\"__default_policy_ID\",\"Statement\":[{\"Action\":[\"SNS:GetTopicAttributes\",\"SNS:SetTopicAttributes\",\"SNS:AddPermission\",\"SNS:RemovePermission\",\"SNS:DeleteTopic\",\"SNS:Subscribe\",\"SNS:ListSubscriptionsByTopic\",\"SNS:Publish\"],\"Condition\":{\"StringEquals\":{\"AWS:SourceOwner\":\"911287867452\"}},\"Effect\":\"Allow\",\"Principal\":{\"AWS\":\"*\"},\"Resource\":\"arn:aws:sns:us-east-1:911287867452:tss-ebs-dev-new-alarms\",\"Sid\":\"__default_statement_ID\"}],\"Version\":\"2008-10-17\"}",
            "signature_version": 0,
            "sqs_failure_feedback_role_arn": "",
            "sqs_success_feedback_role_arn": "",
            "sqs_success_feedback_sample_rate": 0,
            "tags": {
              "Environment": "dev",
              "ManagedBy": "terraform",
              "Name": "dev-eb-alarms"
            },
            "tags_all": {
              "Environment": "dev",
              "ManagedBy": "terraform",
              "Name": "dev-eb-alarms",
              "Project": "tss-app"
            },
            "tracing_config": ""
          },
          "sensitive_attributes": [],
          "identity_schema_version": 0,
          "private": "bnVsbA=="
        }
      ]
    },
    {
      "module": "module.elastic_beanstalk",
      "mode": "data",
      "type": "aws_region",
      "name": "current",
      "provider": "provider[\"registry.terraform.io/hashicorp/aws\"]",
      "instances": [
        {
          "schema_version": 0,
          "attributes": {
            "description": "US East (N. Virginia)",
            "endpoint": "ec2.us-east-1.amazonaws.com",
            "id": "us-east-1",
            "name": "us-east-1"
          },
          "sensitive_attributes": [],
          "identity_schema_version": 0
        }
      ]
    },
    {
      "module": "module.elastic_beanstalk",
      "mode": "data",
      "type": "aws_route_tables",
      "name": "all",
      "provider": "provider[\"registry.terraform.io/hashicorp/aws\"]",
      "instances": [
        {
          "schema_version": 0,
          "attributes": {
            "filter": null,
            "id": "us-east-1",
            "ids": [
              "rtb-0304d76c6d3a598ae"
            ],
            "tags": null,
            "timeouts": null,
            "vpc_id": "vpc-0975e41529fdd220e"
          },
          "sensitive_attributes": [],
          "identity_schema_version": 0
        }
      ]
    },
    {
      "module": "module.elastic_beanstalk",
      "mode": "data",
      "type": "aws_vpc",
      "name": "selected",
      "provider": "provider[\"registry.terraform.io/hashicorp/aws\"]",
      "instances": [
        {
          "schema_version": 0,
          "attributes": {
            "arn": "arn:aws:ec2:us-east-1:911287867452:vpc/vpc-0975e41529fdd220e",
            "cidr_block": "10.49.1.0/24",
            "cidr_block_associations": [
              {
                "association_id": "vpc-cidr-assoc-0950c0e20ee844b2f",
                "cidr_block": "10.49.1.0/24",
                "state": "associated"
              }
            ],
            "default": false,
            "dhcp_options_id": "dopt-0e647ee8d8480a254",
            "enable_dns_hostnames": true,
            "enable_dns_support": true,
            "enable_network_address_usage_metrics": false,
            "filter": null,
            "id": "vpc-0975e41529fdd220e",
            "instance_tenancy": "default",
            "ipv6_association_id": "",
            "ipv6_cidr_block": "",
            "main_route_table_id": "rtb-0304d76c6d3a598ae",
            "owner_id": "911287867452",
            "state": null,
            "tags": {
              "Name": "myvpc01"
            },
            "timeouts": null
          },
          "sensitive_attributes": [],
          "identity_schema_version": 0
        }
      ]
    },
    {
      "module": "module.elastic_beanstalk",
      "mode": "managed",
      "type": "aws_elastic_beanstalk_application",
      "name": "this",
      "provider": "provider[\"registry.terraform.io/hashicorp/aws\"]",
      "instances": [
        {
          "schema_version": 0,
          "attributes": {
            "appversion_lifecycle": [
              {
                "delete_source_from_s3": false,
                "max_age_in_days": 0,
                "max_count": 10,
                "service_role": "arn:aws:iam::911287867452:role/tss-ebs-dev-new-eb-service-role"
              }
            ],
            "arn": "arn:aws:elasticbeanstalk:us-east-1:911287867452:application/tss-ebs-dev-new",
            "description": "tss-app application for dev environment",
            "id": "tss-ebs-dev-new",
            "name": "tss-ebs-dev-new",
            "tags": {
              "Environment": "dev",
              "ManagedBy": "terraform"
            },
            "tags_all": {
              "Environment": "dev",
              "ManagedBy": "terraform",
              "Project": "tss-app"
            }
          },
          "sensitive_attributes": [],
          "identity_schema_version": 0,
          "private": "bnVsbA==",
          "dependencies": [
            "aws_s3_object.app_artifact",
            "module.alb.aws_lb.this",
            "module.alb.aws_lb_listener.http",
            "module.alb.aws_lb_listener.https",
            "module.iam_roles.aws_iam_instance_profile.ec2_profile",
            "module.iam_roles.aws_iam_role.eb_service_role",
            "module.iam_roles.aws_iam_role.ec2_role",
            "module.iam_roles.aws_iam_role_policy_attachment.eb_enhanced_health",
            "module.iam_roles.aws_iam_role_policy_attachment.eb_managed_updates",
            "module.iam_roles.aws_iam_role_policy_attachment.ec2_multicontainer",
            "module.iam_roles.aws_iam_role_policy_attachment.ec2_s3_read",
            "module.iam_roles.aws_iam_role_policy_attachment.ec2_ssm_core",
            "module.iam_roles.aws_iam_role_policy_attachment.ec2_web_tier",
            "module.iam_roles.aws_iam_role_policy_attachment.ec2_worker_tier",
            "module.iam_roles.data.aws_iam_policy_document.eb_assume",
            "module.iam_roles.data.aws_iam_policy_document.ec2_assume",
            "module.s3.aws_s3_bucket.this",
            "module.s3.aws_s3_bucket_public_access_block.this",
            "module.s3.aws_s3_bucket_versioning.this",
            "module.security_groups.aws_security_group.alb",
            "module.security_groups.aws_security_group.ec2"
          ]
        }
      ]
    },
    {
      "module": "module.elastic_beanstalk",
      "mode": "managed",
      "type": "aws_elastic_beanstalk_application_version",
      "name": "this",
      "provider": "provider[\"registry.terraform.io/hashicorp/aws\"]",
      "instances": [
        {
          "index_key": 0,
          "schema_version": 0,
          "attributes": {
            "application": "tss-ebs-dev-new",
            "arn": "arn:aws:elasticbeanstalk:us-east-1:911287867452:applicationversion/tss-ebs-dev-new/v6",
            "bucket": "tss-ebs-dev-artifacts-911287867452",
            "description": "Application version v6",
            "force_delete": false,
            "id": "v6",
            "key": "releases/snapshot.jar",
            "name": "v6",
            "process": false,
            "tags": {
              "Environment": "dev"
            },
            "tags_all": {
              "Environment": "dev",
              "ManagedBy": "terraform",
              "Project": "tss-app"
            }
          },
          "sensitive_attributes": [],
          "identity_schema_version": 0,
          "private": "bnVsbA==",
          "dependencies": [
            "aws_s3_object.app_artifact",
            "module.alb.aws_lb.this",
            "module.alb.aws_lb_listener.http",
            "module.alb.aws_lb_listener.https",
            "module.elastic_beanstalk.aws_elastic_beanstalk_application.this",
            "module.iam_roles.aws_iam_instance_profile.ec2_profile",
            "module.iam_roles.aws_iam_role.eb_service_role",
            "module.iam_roles.aws_iam_role.ec2_role",
            "module.iam_roles.aws_iam_role_policy_attachment.eb_enhanced_health",
            "module.iam_roles.aws_iam_role_policy_attachment.eb_managed_updates",
            "module.iam_roles.aws_iam_role_policy_attachment.ec2_multicontainer",
            "module.iam_roles.aws_iam_role_policy_attachment.ec2_s3_read",
            "module.iam_roles.aws_iam_role_policy_attachment.ec2_ssm_core",
            "module.iam_roles.aws_iam_role_policy_attachment.ec2_web_tier",
            "module.iam_roles.aws_iam_role_policy_attachment.ec2_worker_tier",
            "module.iam_roles.data.aws_iam_policy_document.eb_assume",
            "module.iam_roles.data.aws_iam_policy_document.ec2_assume",
            "module.s3.aws_s3_bucket.this",
            "module.s3.aws_s3_bucket_public_access_block.this",
            "module.s3.aws_s3_bucket_versioning.this",
            "module.security_groups.aws_security_group.alb",
            "module.security_groups.aws_security_group.ec2"
          ]
        }
      ]
    },
    {
      "module": "module.elastic_beanstalk",
      "mode": "managed",
      "type": "aws_elastic_beanstalk_environment",
      "name": "this",
      "provider": "provider[\"registry.terraform.io/hashicorp/aws\"]",
      "instances": [
        {
          "schema_version": 1,
          "attributes": {
            "all_settings": [
              {
                "name": "APP_ENV",
                "namespace": "aws:elasticbeanstalk:application:environment",
                "resource": "",
                "value": "dev"
              },
              {
                "name": "AppSource",
                "namespace": "aws:cloudformation:template:parameter",
                "resource": "",
                "value": "https://elasticbeanstalk-platform-assets-us-east-1.s3.amazonaws.com/stalks/eb_corretto21_amazon_linux_2023_1.0.2174.0_20260309175122/sampleapp/EBSampleApp-Corretto.zip"
              },
              {
                "name": "Application Healthcheck URL",
                "namespace": "aws:elasticbeanstalk:application",
                "resource": "",
                "value": ""
              },
              {
                "name": "AssociatePublicIpAddress",
                "namespace": "aws:ec2:vpc",
                "resource": "",
                "value": "true"
              },
              {
                "name": "Automatically Terminate Unhealthy Instances",
                "namespace": "aws:elasticbeanstalk:monitoring",
                "resource": "",
                "value": "true"
              },
              {
                "name": "Availability Zones",
                "namespace": "aws:autoscaling:asg",
                "resource": "",
                "value": "Any 2"
              },
              {
                "name": "BatchSize",
                "namespace": "aws:elasticbeanstalk:command",
                "resource": "",
                "value": "50"
              },
              {
                "name": "BatchSizeType",
                "namespace": "aws:elasticbeanstalk:command",
                "resource": "",
                "value": "Percentage"
              },
              {
                "name": "BlockDeviceMappings",
                "namespace": "aws:autoscaling:launchconfiguration",
                "resource": "",
                "value": ""
              },
              {
                "name": "BreachDuration",
                "namespace": "aws:autoscaling:trigger",
                "resource": "",
                "value": "5"
              },
              {
                "name": "ConfigDocument",
                "namespace": "aws:elasticbeanstalk:healthreporting:system",
                "resource": "",
                "value": "{\"Version\":1,\"CloudWatchMetrics\":{\"Instance\":{\"CPUIrq\":null,\"LoadAverage5min\":null,\"ApplicationRequests5xx\":null,\"ApplicationRequests4xx\":null,\"CPUUser\":null,\"LoadAverage1min\":null,\"ApplicationLatencyP50\":null,\"CPUIdle\":null,\"InstanceHealth\":null,\"ApplicationLatencyP95\":null,\"ApplicationLatencyP85\":null,\"RootFilesystemUtil\":null,\"ApplicationLatencyP90\":null,\"CPUSystem\":null,\"ApplicationLatencyP75\":null,\"CPUSoftirq\":null,\"ApplicationLatencyP10\":null,\"ApplicationLatencyP99\":null,\"ApplicationRequestsTotal\":null,\"ApplicationLatencyP99.9\":null,\"ApplicationRequests3xx\":null,\"ApplicationRequests2xx\":null,\"CPUIowait\":null,\"CPUNice\":null},\"Environment\":{\"InstancesSevere\":null,\"InstancesDegraded\":null,\"ApplicationRequests5xx\":null,\"ApplicationRequests4xx\":null,\"ApplicationLatencyP50\":null,\"ApplicationLatencyP95\":null,\"ApplicationLatencyP85\":null,\"InstancesUnknown\":null,\"ApplicationLatencyP90\":null,\"InstancesInfo\":null,\"InstancesPending\":null,\"ApplicationLatencyP75\":null,\"ApplicationLatencyP10\":null,\"ApplicationLatencyP99\":null,\"ApplicationRequestsTotal\":null,\"InstancesNoData\":null,\"ApplicationLatencyP99.9\":null,\"ApplicationRequests3xx\":null,\"ApplicationRequests2xx\":null,\"InstancesOk\":null,\"InstancesWarning\":null}}}"
              },
              {
                "name": "Cooldown",
                "namespace": "aws:autoscaling:asg",
                "resource": "",
                "value": "360"
              },
              {
                "name": "Custom Availability Zones",
                "namespace": "aws:autoscaling:asg",
                "resource": "",
                "value": ""
              },
              {
                "name": "DefaultSSHPort",
                "namespace": "aws:elasticbeanstalk:control",
                "resource": "",
                "value": "22"
              },
              {
                "name": "DeleteOnTerminate",
                "namespace": "aws:elasticbeanstalk:cloudwatch:logs",
                "resource": "",
                "value": "false"
              },
              {
                "name": "DeleteOnTerminate",
                "namespace": "aws:elasticbeanstalk:cloudwatch:logs:health",
                "resource": "",
                "value": "false"
              },
              {
                "name": "DeploymentPolicy",
                "namespace": "aws:elasticbeanstalk:command",
                "resource": "",
                "value": "Immutable"
              },
              {
                "name": "DeregistrationDelay",
                "namespace": "aws:elasticbeanstalk:environment:process:default",
                "resource": "",
                "value": "20"
              },
              {
                "name": "DisableDefaultEC2SecurityGroup",
                "namespace": "aws:autoscaling:launchconfiguration",
                "resource": "",
                "value": "false"
              },
              {
                "name": "DisableIMDSv1",
                "namespace": "aws:autoscaling:launchconfiguration",
                "resource": "",
                "value": "true"
              },
              {
                "name": "EC2KeyName",
                "namespace": "aws:autoscaling:launchconfiguration",
                "resource": "",
                "value": ""
              },
              {
                "name": "ELBScheme",
                "namespace": "aws:ec2:vpc",
                "resource": "",
                "value": "public"
              },
              {
                "name": "ELBSubnets",
                "namespace": "aws:ec2:vpc",
                "resource": "",
                "value": "subnet-07f28a28b8830044b,subnet-0b17ab8abf3a8b378,subnet-0db123d54c271e391"
              },
              {
                "name": "EnableCapacityRebalancing",
                "namespace": "aws:autoscaling:asg",
                "resource": "",
                "value": "false"
              },
              {
                "name": "EnableSpot",
                "namespace": "aws:ec2:instances",
                "resource": "",
                "value": "false"
              },
              {
                "name": "EnhancedHealthAuthEnabled",
                "namespace": "aws:elasticbeanstalk:healthreporting:system",
                "resource": "",
                "value": "true"
              },
              {
                "name": "EnvironmentType",
                "namespace": "aws:elasticbeanstalk:environment",
                "resource": "",
                "value": "LoadBalanced"
              },
              {
                "name": "EnvironmentVariables",
                "namespace": "aws:cloudformation:template:parameter",
                "resource": "",
                "value": "SERVER_PORT=8080,APP_ENV=dev,PORT=8080,M2=/usr/local/apache-maven/bin,M2_HOME=/usr/local/apache-maven,GRADLE_HOME=/usr/local/gradle"
              },
              {
                "name": "EvaluationPeriods",
                "namespace": "aws:autoscaling:trigger",
                "resource": "",
                "value": "1"
              },
              {
                "name": "EvaluationTime",
                "namespace": "aws:elasticbeanstalk:trafficsplitting",
                "resource": "",
                "value": ""
              },
              {
                "name": "ExternalExtensionsS3Bucket",
                "namespace": "aws:elasticbeanstalk:environment",
                "resource": "",
                "value": ""
              },
              {
                "name": "ExternalExtensionsS3Key",
                "namespace": "aws:elasticbeanstalk:environment",
                "resource": "",
                "value": ""
              },
              {
                "name": "GRADLE_HOME",
                "namespace": "aws:elasticbeanstalk:application:environment",
                "resource": "",
                "value": "/usr/local/gradle"
              },
              {
                "name": "HasCoupledDatabase",
                "namespace": "aws:rds:dbinstance",
                "resource": "",
                "value": "false"
              },
              {
                "name": "HealthCheckInterval",
                "namespace": "aws:elasticbeanstalk:environment:process:default",
                "resource": "",
                "value": "15"
              },
              {
                "name": "HealthCheckPath",
                "namespace": "aws:elasticbeanstalk:environment:process:default",
                "resource": "",
                "value": "/"
              },
              {
                "name": "HealthCheckSuccessThreshold",
                "namespace": "aws:elasticbeanstalk:healthreporting:system",
                "resource": "",
                "value": "Ok"
              },
              {
                "name": "HealthCheckTimeout",
                "namespace": "aws:elasticbeanstalk:environment:process:default",
                "resource": "",
                "value": "5"
              },
              {
                "name": "HealthStreamingEnabled",
                "namespace": "aws:elasticbeanstalk:cloudwatch:logs:health",
                "resource": "",
                "value": "false"
              },
              {
                "name": "HealthyThresholdCount",
                "namespace": "aws:elasticbeanstalk:environment:process:default",
                "resource": "",
                "value": "3"
              },
              {
                "name": "HooksPkgUrl",
                "namespace": "aws:cloudformation:template:parameter",
                "resource": "",
                "value": "https://elasticbeanstalk-platform-assets-us-east-1.s3.amazonaws.com/stalks/eb_corretto21_amazon_linux_2023_1.0.2174.0_20260309175122/lib/hooks.tar.gz"
              },
              {
                "name": "HostHeaders",
                "namespace": "aws:elbv2:listenerrule:default",
                "resource": "",
                "value": "tss-app-dev.us-east-1.elasticbeanstalk.com"
              },
              {
                "name": "IamInstanceProfile",
                "namespace": "aws:autoscaling:launchconfiguration",
                "resource": "",
                "value": "tss-ebs-dev-new-ec2-profile"
              },
              {
                "name": "IgnoreHealthCheck",
                "namespace": "aws:elasticbeanstalk:command",
                "resource": "",
                "value": "false"
              },
              {
                "name": "ImageId",
                "namespace": "aws:autoscaling:launchconfiguration",
                "resource": "",
                "value": "ami-0d506e1924777c2ae"
              },
              {
                "name": "InstancePort",
                "namespace": "aws:cloudformation:template:parameter",
                "resource": "",
                "value": "80"
              },
              {
                "name": "InstanceRefreshEnabled",
                "namespace": "aws:elasticbeanstalk:managedactions:platformupdate",
                "resource": "",
                "value": "false"
              },
              {
                "name": "InstanceType",
                "namespace": "aws:autoscaling:launchconfiguration",
                "resource": "",
                "value": "t3.medium"
              },
              {
                "name": "InstanceTypeFamily",
                "namespace": "aws:cloudformation:template:parameter",
                "resource": "",
                "value": "t3"
              },
              {
                "name": "InstanceTypes",
                "namespace": "aws:ec2:instances",
                "resource": "",
                "value": "t3.medium"
              },
              {
                "name": "LaunchTemplateTagPropagationEnabled",
                "namespace": "aws:autoscaling:launchconfiguration",
                "resource": "",
                "value": ""
              },
              {
                "name": "LaunchTimeout",
                "namespace": "aws:elasticbeanstalk:control",
                "resource": "",
                "value": "0"
              },
              {
                "name": "LaunchType",
                "namespace": "aws:elasticbeanstalk:control",
                "resource": "",
                "value": "Migration"
              },
              {
                "name": "LoadBalancerIsShared",
                "namespace": "aws:elasticbeanstalk:environment",
                "resource": "",
                "value": "true"
              },
              {
                "name": "LoadBalancerType",
                "namespace": "aws:elasticbeanstalk:environment",
                "resource": "",
                "value": "application"
              },
              {
                "name": "LogPublicationControl",
                "namespace": "aws:elasticbeanstalk:hostmanager",
                "resource": "",
                "value": "false"
              },
              {
                "name": "LowerBreachScaleIncrement",
                "namespace": "aws:autoscaling:trigger",
                "resource": "",
                "value": "-1"
              },
              {
                "name": "LowerThreshold",
                "namespace": "aws:autoscaling:trigger",
                "resource": "",
                "value": "30"
              },
              {
                "name": "M2",
                "namespace": "aws:elasticbeanstalk:application:environment",
                "resource": "",
                "value": "/usr/local/apache-maven/bin"
              },
              {
                "name": "M2_HOME",
                "namespace": "aws:elasticbeanstalk:application:environment",
                "resource": "",
                "value": "/usr/local/apache-maven"
              },
              {
                "name": "ManagedActionsEnabled",
                "namespace": "aws:elasticbeanstalk:managedactions",
                "resource": "",
                "value": "false"
              },
              {
                "name": "MatcherHTTPCode",
                "namespace": "aws:elasticbeanstalk:environment:process:default",
                "resource": "",
                "value": ""
              },
              {
                "name": "MaxBatchSize",
                "namespace": "aws:autoscaling:updatepolicy:rollingupdate",
                "resource": "",
                "value": "1"
              },
              {
                "name": "MaxSize",
                "namespace": "aws:autoscaling:asg",
                "resource": "",
                "value": "2"
              },
              {
                "name": "MeasureName",
                "namespace": "aws:autoscaling:trigger",
                "resource": "",
                "value": "CPUUtilization"
              },
              {
                "name": "MinInstancesInService",
                "namespace": "aws:autoscaling:updatepolicy:rollingupdate",
                "resource": "",
                "value": "1"
              },
              {
                "name": "MinSize",
                "namespace": "aws:autoscaling:asg",
                "resource": "",
                "value": "1"
              },
              {
                "name": "MonitoringInterval",
                "namespace": "aws:autoscaling:launchconfiguration",
                "resource": "",
                "value": "5 minute"
              },
              {
                "name": "NewVersionPercent",
                "namespace": "aws:elasticbeanstalk:trafficsplitting",
                "resource": "",
                "value": ""
              },
              {
                "name": "Notification Endpoint",
                "namespace": "aws:elasticbeanstalk:sns:topics",
                "resource": "",
                "value": ""
              },
              {
                "name": "Notification Protocol",
                "namespace": "aws:elasticbeanstalk:sns:topics",
                "resource": "",
                "value": "email"
              },
              {
                "name": "Notification Topic ARN",
                "namespace": "aws:elasticbeanstalk:sns:topics",
                "resource": "",
                "value": ""
              },
              {
                "name": "Notification Topic Name",
                "namespace": "aws:elasticbeanstalk:sns:topics",
                "resource": "",
                "value": ""
              },
              {
                "name": "PORT",
                "namespace": "aws:elasticbeanstalk:application:environment",
                "resource": "",
                "value": "8080"
              },
              {
                "name": "PathPatterns",
                "namespace": "aws:elbv2:listenerrule:default",
                "resource": "",
                "value": "/*"
              },
              {
                "name": "PauseTime",
                "namespace": "aws:autoscaling:updatepolicy:rollingupdate",
                "resource": "",
                "value": ""
              },
              {
                "name": "Period",
                "namespace": "aws:autoscaling:trigger",
                "resource": "",
                "value": "5"
              },
              {
                "name": "Port",
                "namespace": "aws:elasticbeanstalk:environment:process:default",
                "resource": "",
                "value": "80"
              },
              {
                "name": "PreferredStartTime",
                "namespace": "aws:elasticbeanstalk:managedactions",
                "resource": "",
                "value": ""
              },
              {
                "name": "Priority",
                "namespace": "aws:elbv2:listenerrule:default",
                "resource": "",
                "value": "1"
              },
              {
                "name": "Process",
                "namespace": "aws:elbv2:listenerrule:default",
                "resource": "",
                "value": "default"
              },
              {
                "name": "Protocol",
                "namespace": "aws:elasticbeanstalk:environment:process:default",
                "resource": "",
                "value": "HTTP"
              },
              {
                "name": "RetentionInDays",
                "namespace": "aws:elasticbeanstalk:cloudwatch:logs",
                "resource": "",
                "value": "30"
              },
              {
                "name": "RetentionInDays",
                "namespace": "aws:elasticbeanstalk:cloudwatch:logs:health",
                "resource": "",
                "value": "7"
              },
              {
                "name": "RollbackLaunchOnFailure",
                "namespace": "aws:elasticbeanstalk:control",
                "resource": "",
                "value": "false"
              },
              {
                "name": "RollingUpdateEnabled",
                "namespace": "aws:autoscaling:updatepolicy:rollingupdate",
                "resource": "",
                "value": "true"
              },
              {
                "name": "RollingUpdateType",
                "namespace": "aws:autoscaling:updatepolicy:rollingupdate",
                "resource": "",
                "value": "Health"
              },
              {
                "name": "RootVolumeIOPS",
                "namespace": "aws:autoscaling:launchconfiguration",
                "resource": "",
                "value": ""
              },
              {
                "name": "RootVolumeSize",
                "namespace": "aws:autoscaling:launchconfiguration",
                "resource": "",
                "value": "20"
              },
              {
                "name": "RootVolumeThroughput",
                "namespace": "aws:autoscaling:launchconfiguration",
                "resource": "",
                "value": ""
              },
              {
                "name": "RootVolumeType",
                "namespace": "aws:autoscaling:launchconfiguration",
                "resource": "",
                "value": ""
              },
              {
                "name": "Rules",
                "namespace": "aws:elbv2:listener:80",
                "resource": "",
                "value": "default"
              },
              {
                "name": "SERVER_PORT",
                "namespace": "aws:elasticbeanstalk:application:environment",
                "resource": "",
                "value": "8080"
              },
              {
                "name": "SSHSourceRestriction",
                "namespace": "aws:autoscaling:launchconfiguration",
                "resource": "",
                "value": "tcp,22,22,0.0.0.0/0"
              },
              {
                "name": "SecurityGroups",
                "namespace": "aws:autoscaling:launchconfiguration",
                "resource": "",
                "value": "sg-08a69b240ad120ce5"
              },
              {
                "name": "SecurityGroups",
                "namespace": "aws:elbv2:loadbalancer",
                "resource": "",
                "value": ""
              },
              {
                "name": "ServiceRole",
                "namespace": "aws:elasticbeanstalk:environment",
                "resource": "",
                "value": "arn:aws:iam::911287867452:role/tss-ebs-dev-new-eb-service-role"
              },
              {
                "name": "ServiceRoleForManagedUpdates",
                "namespace": "aws:elasticbeanstalk:managedactions",
                "resource": "",
                "value": "arn:aws:iam::911287867452:role/tss-ebs-dev-new-eb-service-role"
              },
              {
                "name": "SharedLoadBalancer",
                "namespace": "aws:elbv2:loadbalancer",
                "resource": "",
                "value": "arn:aws:elasticloadbalancing:us-east-1:911287867452:loadbalancer/app/tss-ebs-dev-new-alb/95aadc3fca17f4c8"
              },
              {
                "name": "SpotAllocationStrategy",
                "namespace": "aws:ec2:instances",
                "resource": "",
                "value": "capacity-optimized"
              },
              {
                "name": "SpotFleetOnDemandAboveBasePercentage",
                "namespace": "aws:ec2:instances",
                "resource": "",
                "value": "70"
              },
              {
                "name": "SpotFleetOnDemandBase",
                "namespace": "aws:ec2:instances",
                "resource": "",
                "value": "0"
              },
              {
                "name": "SpotMaxPrice",
                "namespace": "aws:ec2:instances",
                "resource": "",
                "value": ""
              },
              {
                "name": "StaticFiles",
                "namespace": "aws:cloudformation:template:parameter",
                "resource": "",
                "value": ""
              },
              {
                "name": "Statistic",
                "namespace": "aws:autoscaling:trigger",
                "resource": "",
                "value": "Average"
              },
              {
                "name": "StickinessEnabled",
                "namespace": "aws:elasticbeanstalk:environment:process:default",
                "resource": "",
                "value": "false"
              },
              {
                "name": "StickinessLBCookieDuration",
                "namespace": "aws:elasticbeanstalk:environment:process:default",
                "resource": "",
                "value": "86400"
              },
              {
                "name": "StickinessType",
                "namespace": "aws:elasticbeanstalk:environment:process:default",
                "resource": "",
                "value": "lb_cookie"
              },
              {
                "name": "StreamLogs",
                "namespace": "aws:elasticbeanstalk:cloudwatch:logs",
                "resource": "",
                "value": "true"
              },
              {
                "name": "Subnets",
                "namespace": "aws:ec2:vpc",
                "resource": "",
                "value": "subnet-07f28a28b8830044b,subnet-0b17ab8abf3a8b378,subnet-0db123d54c271e391"
              },
              {
                "name": "SupportedArchitectures",
                "namespace": "aws:ec2:instances",
                "resource": "",
                "value": "x86_64"
              },
              {
                "name": "SystemType",
                "namespace": "aws:elasticbeanstalk:healthreporting:system",
                "resource": "",
                "value": "enhanced"
              },
              {
                "name": "Timeout",
                "namespace": "aws:autoscaling:updatepolicy:rollingupdate",
                "resource": "",
                "value": "PT30M"
              },
              {
                "name": "Timeout",
                "namespace": "aws:elasticbeanstalk:command",
                "resource": "",
                "value": "600"
              },
              {
                "name": "UnhealthyThresholdCount",
                "namespace": "aws:elasticbeanstalk:environment:process:default",
                "resource": "",
                "value": "5"
              },
              {
                "name": "Unit",
                "namespace": "aws:autoscaling:trigger",
                "resource": "",
                "value": "Percent"
              },
              {
                "name": "UpdateLevel",
                "namespace": "aws:elasticbeanstalk:managedactions:platformupdate",
                "resource": "",
                "value": ""
              },
              {
                "name": "UpperBreachScaleIncrement",
                "namespace": "aws:autoscaling:trigger",
                "resource": "",
                "value": "1"
              },
              {
                "name": "UpperThreshold",
                "namespace": "aws:autoscaling:trigger",
                "resource": "",
                "value": "70"
              },
              {
                "name": "VPCId",
                "namespace": "aws:ec2:vpc",
                "resource": "",
                "value": "vpc-0975e41529fdd220e"
              },
              {
                "name": "XRayEnabled",
                "namespace": "aws:elasticbeanstalk:xray",
                "resource": "",
                "value": "false"
              }
            ],
            "application": "tss-ebs-dev-new",
            "arn": "arn:aws:elasticbeanstalk:us-east-1:911287867452:environment/tss-ebs-dev-new/tss-ebs-dev-new-env",
            "autoscaling_groups": [
              "awseb-e-2f73bpymu8-stack-AWSEBAutoScalingGroup-VK0OEhPDDhyS"
            ],
            "cname": "tss-app-dev.us-east-1.elasticbeanstalk.com",
            "cname_prefix": "tss-app-dev",
            "description": "tss-app environment for dev",
            "endpoint_url": "internal-tss-ebs-dev-new-alb-180608618.us-east-1.elb.amazonaws.com",
            "id": "e-2f73bpymu8",
            "instances": [
              "i-0200c134f19974232"
            ],
            "launch_configurations": [],
            "load_balancers": [
              "arn:aws:elasticloadbalancing:us-east-1:911287867452:loadbalancer/app/tss-ebs-dev-new-alb/95aadc3fca17f4c8"
            ],
            "name": "tss-ebs-dev-new-env",
            "platform_arn": "arn:aws:elasticbeanstalk:us-east-1::platform/Corretto 21 running on 64bit Amazon Linux 2023/4.10.0",
            "poll_interval": null,
            "queues": [],
            "setting": [
              {
                "name": "APP_ENV",
                "namespace": "aws:elasticbeanstalk:application:environment",
                "resource": "",
                "value": "dev"
              },
              {
                "name": "Availability Zones",
                "namespace": "aws:autoscaling:asg",
                "resource": "",
                "value": "Any 2"
              },
              {
                "name": "BatchSize",
                "namespace": "aws:elasticbeanstalk:command",
                "resource": "",
                "value": "50"
              },
              {
                "name": "BatchSizeType",
                "namespace": "aws:elasticbeanstalk:command",
                "resource": "",
                "value": "Percentage"
              },
              {
                "name": "BreachDuration",
                "namespace": "aws:autoscaling:trigger",
                "resource": "",
                "value": "5"
              },
              {
                "name": "DeleteOnTerminate",
                "namespace": "aws:elasticbeanstalk:cloudwatch:logs",
                "resource": "",
                "value": "false"
              },
              {
                "name": "DeploymentPolicy",
                "namespace": "aws:elasticbeanstalk:command",
                "resource": "",
                "value": "Immutable"
              },
              {
                "name": "EnvironmentType",
                "namespace": "aws:elasticbeanstalk:environment",
                "resource": "",
                "value": "LoadBalanced"
              },
              {
                "name": "HealthCheckSuccessThreshold",
                "namespace": "aws:elasticbeanstalk:healthreporting:system",
                "resource": "",
                "value": "Ok"
              },
              {
                "name": "IamInstanceProfile",
                "namespace": "aws:autoscaling:launchconfiguration",
                "resource": "",
                "value": "tss-ebs-dev-new-ec2-profile"
              },
              {
                "name": "IgnoreCondition",
                "namespace": "aws:elasticbeanstalk:command",
                "resource": "",
                "value": "true"
              },
              {
                "name": "InstanceType",
                "namespace": "aws:autoscaling:launchconfiguration",
                "resource": "",
                "value": "t3.medium"
              },
              {
                "name": "ListenerEnabled",
                "namespace": "aws:elbv2:listener:default",
                "resource": "",
                "value": "true"
              },
              {
                "name": "LoadBalancerIsShared",
                "namespace": "aws:elasticbeanstalk:environment",
                "resource": "",
                "value": "true"
              },
              {
                "name": "LoadBalancerType",
                "namespace": "aws:elasticbeanstalk:environment",
                "resource": "",
                "value": "application"
              },
              {
                "name": "LowerThreshold",
                "namespace": "aws:autoscaling:trigger",
                "resource": "",
                "value": "30"
              },
              {
                "name": "MaxBatchSize",
                "namespace": "aws:autoscaling:updatepolicy:rollingupdate",
                "resource": "",
                "value": "1"
              },
              {
                "name": "MaxSize",
                "namespace": "aws:autoscaling:asg",
                "resource": "",
                "value": "2"
              },
              {
                "name": "MeasureName",
                "namespace": "aws:autoscaling:trigger",
                "resource": "",
                "value": "CPUUtilization"
              },
              {
                "name": "MinInstancesInService",
                "namespace": "aws:autoscaling:updatepolicy:rollingupdate",
                "resource": "",
                "value": "1"
              },
              {
                "name": "MinSize",
                "namespace": "aws:autoscaling:asg",
                "resource": "",
                "value": "1"
              },
              {
                "name": "PORT",
                "namespace": "aws:elasticbeanstalk:application:environment",
                "resource": "",
                "value": "8080"
              },
              {
                "name": "Period",
                "namespace": "aws:autoscaling:trigger",
                "resource": "",
                "value": "5"
              },
              {
                "name": "RetentionInDays",
                "namespace": "aws:elasticbeanstalk:cloudwatch:logs",
                "resource": "",
                "value": "30"
              },
              {
                "name": "RollingUpdateEnabled",
                "namespace": "aws:autoscaling:updatepolicy:rollingupdate",
                "resource": "",
                "value": "true"
              },
              {
                "name": "RollingUpdateType",
                "namespace": "aws:autoscaling:updatepolicy:rollingupdate",
                "resource": "",
                "value": "Health"
              },
              {
                "name": "RootVolumeSize",
                "namespace": "aws:autoscaling:launchconfiguration",
                "resource": "",
                "value": "20"
              },
              {
                "name": "SERVER_PORT",
                "namespace": "aws:elasticbeanstalk:application:environment",
                "resource": "",
                "value": "8080"
              },
              {
                "name": "SecurityGroups",
                "namespace": "aws:autoscaling:launchconfiguration",
                "resource": "",
                "value": "sg-08a69b240ad120ce5"
              },
              {
                "name": "ServiceRole",
                "namespace": "aws:elasticbeanstalk:environment",
                "resource": "",
                "value": "arn:aws:iam::911287867452:role/tss-ebs-dev-new-eb-service-role"
              },
              {
                "name": "SharedLoadBalancer",
                "namespace": "aws:elbv2:loadbalancer",
                "resource": "",
                "value": "arn:aws:elasticloadbalancing:us-east-1:911287867452:loadbalancer/app/tss-ebs-dev-new-alb/95aadc3fca17f4c8"
              },
              {
                "name": "Statistic",
                "namespace": "aws:autoscaling:trigger",
                "resource": "",
                "value": "Average"
              },
              {
                "name": "StreamLogs",
                "namespace": "aws:elasticbeanstalk:cloudwatch:logs",
                "resource": "",
                "value": "true"
              },
              {
                "name": "Subnets",
                "namespace": "aws:ec2:vpc",
                "resource": "",
                "value": "subnet-0db123d54c271e391,subnet-07f28a28b8830044b,subnet-0b17ab8abf3a8b378"
              },
              {
                "name": "SystemType",
                "namespace": "aws:elasticbeanstalk:healthreporting:system",
                "resource": "",
                "value": "enhanced"
              },
              {
                "name": "Timeout",
                "namespace": "aws:elasticbeanstalk:command",
                "resource": "",
                "value": "600"
              },
              {
                "name": "Unit",
                "namespace": "aws:autoscaling:trigger",
                "resource": "",
                "value": "Percent"
              },
              {
                "name": "UpperThreshold",
                "namespace": "aws:autoscaling:trigger",
                "resource": "",
                "value": "70"
              },
              {
                "name": "VPCId",
                "namespace": "aws:ec2:vpc",
                "resource": "",
                "value": "vpc-0975e41529fdd220e"
              }
            ],
            "solution_stack_name": "64bit Amazon Linux 2023 v4.10.0 running Corretto 21",
            "tags": {
              "Environment": "dev",
              "ManagedBy": "terraform"
            },
            "tags_all": {
              "Environment": "dev",
              "ManagedBy": "terraform",
              "Project": "tss-app"
            },
            "template_name": null,
            "tier": "WebServer",
            "triggers": [],
            "version_label": "v6",
            "wait_for_ready_timeout": "20m"
          },
          "sensitive_attributes": [],
          "identity_schema_version": 0,
          "private": "eyJzY2hlbWFfdmVyc2lvbiI6IjEifQ==",
          "dependencies": [
            "aws_s3_object.app_artifact",
            "module.alb.aws_lb.this",
            "module.alb.aws_lb_listener.http",
            "module.alb.aws_lb_listener.https",
            "module.elastic_beanstalk.aws_elastic_beanstalk_application.this",
            "module.elastic_beanstalk.aws_elastic_beanstalk_application_version.this",
            "module.elastic_beanstalk.aws_security_group.vpc_endpoints",
            "module.elastic_beanstalk.aws_vpc_endpoint.autoscaling",
            "module.elastic_beanstalk.aws_vpc_endpoint.cloudformation",
            "module.elastic_beanstalk.aws_vpc_endpoint.eb",
            "module.elastic_beanstalk.aws_vpc_endpoint.eb_health",
            "module.elastic_beanstalk.aws_vpc_endpoint.ec2",
            "module.elastic_beanstalk.aws_vpc_endpoint.ec2messages",
            "module.elastic_beanstalk.aws_vpc_endpoint.logs",
            "module.elastic_beanstalk.aws_vpc_endpoint.monitoring",
            "module.elastic_beanstalk.aws_vpc_endpoint.s3",
            "module.elastic_beanstalk.aws_vpc_endpoint.sqs",
            "module.elastic_beanstalk.aws_vpc_endpoint.ssm",
            "module.elastic_beanstalk.aws_vpc_endpoint.ssmmessages",
            "module.elastic_beanstalk.aws_vpc_endpoint.sts",
            "module.elastic_beanstalk.data.aws_region.current",
            "module.elastic_beanstalk.data.aws_route_tables.all",
            "module.elastic_beanstalk.data.aws_vpc.selected",
            "module.iam_roles.aws_iam_instance_profile.ec2_profile",
            "module.iam_roles.aws_iam_role.eb_service_role",
            "module.iam_roles.aws_iam_role.ec2_role",
            "module.iam_roles.aws_iam_role_policy_attachment.eb_enhanced_health",
            "module.iam_roles.aws_iam_role_policy_attachment.eb_managed_updates",
            "module.iam_roles.aws_iam_role_policy_attachment.ec2_multicontainer",
            "module.iam_roles.aws_iam_role_policy_attachment.ec2_s3_read",
            "module.iam_roles.aws_iam_role_policy_attachment.ec2_ssm_core",
            "module.iam_roles.aws_iam_role_policy_attachment.ec2_web_tier",
            "module.iam_roles.aws_iam_role_policy_attachment.ec2_worker_tier",
            "module.iam_roles.data.aws_iam_policy_document.eb_assume",
            "module.iam_roles.data.aws_iam_policy_document.ec2_assume",
            "module.s3.aws_s3_bucket.this",
            "module.s3.aws_s3_bucket_public_access_block.this",
            "module.s3.aws_s3_bucket_versioning.this",
            "module.security_groups.aws_security_group.alb",
            "module.security_groups.aws_security_group.ec2"
          ]
        }
      ]
    },
    {
      "module": "module.elastic_beanstalk",
      "mode": "managed",
      "type": "aws_security_group",
      "name": "vpc_endpoints",
      "provider": "provider[\"registry.terraform.io/hashicorp/aws\"]",
      "instances": [
        {
          "schema_version": 1,
          "attributes": {
            "arn": "arn:aws:ec2:us-east-1:911287867452:security-group/sg-0d86e73e0e23a0004",
            "description": "Security group for VPC Endpoints",
            "egress": [],
            "id": "sg-0d86e73e0e23a0004",
            "ingress": [
              {
                "cidr_blocks": [
                  "10.49.1.0/24"
                ],
                "description": "",
                "from_port": 443,
                "ipv6_cidr_blocks": [],
                "prefix_list_ids": [],
                "protocol": "tcp",
                "security_groups": [],
                "self": false,
                "to_port": 443
              }
            ],
            "name": "tss-ebs-dev-new-vpce-sg",
            "name_prefix": "",
            "owner_id": "911287867452",
            "revoke_rules_on_delete": false,
            "tags": {
              "Environment": "dev",
              "Name": "tss-ebs-dev-new-vpce-sg"
            },
            "tags_all": {
              "Environment": "dev",
              "ManagedBy": "terraform",
              "Name": "tss-ebs-dev-new-vpce-sg",
              "Project": "tss-app"
            },
            "timeouts": null,
            "vpc_id": "vpc-0975e41529fdd220e"
          },
          "sensitive_attributes": [],
          "identity_schema_version": 0,
          "private": "eyJlMmJmYjczMC1lY2FhLTExZTYtOGY4OC0zNDM2M2JjN2M0YzAiOnsiY3JlYXRlIjo2MDAwMDAwMDAwMDAsImRlbGV0ZSI6OTAwMDAwMDAwMDAwfSwic2NoZW1hX3ZlcnNpb24iOiIxIn0=",
          "dependencies": [
            "aws_s3_object.app_artifact",
            "module.alb.aws_lb.this",
            "module.alb.aws_lb_listener.http",
            "module.alb.aws_lb_listener.https",
            "module.elastic_beanstalk.data.aws_vpc.selected",
            "module.iam_roles.aws_iam_instance_profile.ec2_profile",
            "module.iam_roles.aws_iam_role.eb_service_role",
            "module.iam_roles.aws_iam_role.ec2_role",
            "module.iam_roles.aws_iam_role_policy_attachment.eb_enhanced_health",
            "module.iam_roles.aws_iam_role_policy_attachment.eb_managed_updates",
            "module.iam_roles.aws_iam_role_policy_attachment.ec2_multicontainer",
            "module.iam_roles.aws_iam_role_policy_attachment.ec2_s3_read",
            "module.iam_roles.aws_iam_role_policy_attachment.ec2_ssm_core",
            "module.iam_roles.aws_iam_role_policy_attachment.ec2_web_tier",
            "module.iam_roles.aws_iam_role_policy_attachment.ec2_worker_tier",
            "module.iam_roles.data.aws_iam_policy_document.eb_assume",
            "module.iam_roles.data.aws_iam_policy_document.ec2_assume",
            "module.s3.aws_s3_bucket.this",
            "module.s3.aws_s3_bucket_public_access_block.this",
            "module.s3.aws_s3_bucket_versioning.this",
            "module.security_groups.aws_security_group.alb",
            "module.security_groups.aws_security_group.ec2"
          ]
        }
      ]
    },
    {
      "module": "module.elastic_beanstalk",
      "mode": "managed",
      "type": "aws_vpc_endpoint",
      "name": "autoscaling",
      "provider": "provider[\"registry.terraform.io/hashicorp/aws\"]",
      "instances": [
        {
          "schema_version": 0,
          "attributes": {
            "arn": "arn:aws:ec2:us-east-1:911287867452:vpc-endpoint/vpce-0c5032eb0b503da0e",
            "auto_accept": null,
            "cidr_blocks": [],
            "dns_entry": [
              {
                "dns_name": "vpce-0c5032eb0b503da0e-icty265f.autoscaling.us-east-1.vpce.amazonaws.com",
                "hosted_zone_id": "Z7HUB22UULQXV"
              },
              {
                "dns_name": "vpce-0c5032eb0b503da0e-icty265f-us-east-1a.autoscaling.us-east-1.vpce.amazonaws.com",
                "hosted_zone_id": "Z7HUB22UULQXV"
              },
              {
                "dns_name": "vpce-0c5032eb0b503da0e-icty265f-us-east-1b.autoscaling.us-east-1.vpce.amazonaws.com",
                "hosted_zone_id": "Z7HUB22UULQXV"
              },
              {
                "dns_name": "vpce-0c5032eb0b503da0e-icty265f-us-east-1c.autoscaling.us-east-1.vpce.amazonaws.com",
                "hosted_zone_id": "Z7HUB22UULQXV"
              },
              {
                "dns_name": "autoscaling.us-east-1.amazonaws.com",
                "hosted_zone_id": "Z0669152564WIV5WFPM6"
              },
              {
                "dns_name": "autoscaling.us-east-1.api.aws",
                "hosted_zone_id": "Z02082973MAW4WD5JXU6K"
              }
            ],
            "dns_options": [
              {
                "dns_record_ip_type": "ipv4",
                "private_dns_only_for_inbound_resolver_endpoint": false
              }
            ],
            "id": "vpce-0c5032eb0b503da0e",
            "ip_address_type": "ipv4",
            "network_interface_ids": [
              "eni-0626356aa944ffb20",
              "eni-0d27bfdb9d4aa3dff",
              "eni-0f5de41d8fdabe2dd"
            ],
            "owner_id": "911287867452",
            "policy": "{\"Statement\":[{\"Action\":\"*\",\"Effect\":\"Allow\",\"Principal\":\"*\",\"Resource\":\"*\"}]}",
            "prefix_list_id": null,
            "private_dns_enabled": true,
            "requester_managed": false,
            "resource_configuration_arn": "",
            "route_table_ids": [],
            "security_group_ids": [
              "sg-0d86e73e0e23a0004"
            ],
            "service_name": "com.amazonaws.us-east-1.autoscaling",
            "service_network_arn": "",
            "service_region": "us-east-1",
            "state": "available",
            "subnet_configuration": [
              {
                "ipv4": "10.49.1.249",
                "ipv6": "",
                "subnet_id": "subnet-0b17ab8abf3a8b378"
              },
              {
                "ipv4": "10.49.1.47",
                "ipv6": "",
                "subnet_id": "subnet-0db123d54c271e391"
              },
              {
                "ipv4": "10.49.1.71",
                "ipv6": "",
                "subnet_id": "subnet-07f28a28b8830044b"
              }
            ],
            "subnet_ids": [
              "subnet-07f28a28b8830044b",
              "subnet-0b17ab8abf3a8b378",
              "subnet-0db123d54c271e391"
            ],
            "tags": {
              "Name": "tss-ebs-dev-new-asg-vpce"
            },
            "tags_all": {
              "Environment": "dev",
              "ManagedBy": "terraform",
              "Name": "tss-ebs-dev-new-asg-vpce",
              "Project": "tss-app"
            },
            "timeouts": null,
            "vpc_endpoint_type": "Interface",
            "vpc_id": "vpc-0975e41529fdd220e"
          },
          "sensitive_attributes": [],
          "identity_schema_version": 0,
          "private": "eyJlMmJmYjczMC1lY2FhLTExZTYtOGY4OC0zNDM2M2JjN2M0YzAiOnsiY3JlYXRlIjo2MDAwMDAwMDAwMDAsImRlbGV0ZSI6NjAwMDAwMDAwMDAwLCJ1cGRhdGUiOjYwMDAwMDAwMDAwMH19",
          "dependencies": [
            "aws_s3_object.app_artifact",
            "module.alb.aws_lb.this",
            "module.alb.aws_lb_listener.http",
            "module.alb.aws_lb_listener.https",
            "module.elastic_beanstalk.aws_security_group.vpc_endpoints",
            "module.elastic_beanstalk.data.aws_region.current",
            "module.elastic_beanstalk.data.aws_vpc.selected",
            "module.iam_roles.aws_iam_instance_profile.ec2_profile",
            "module.iam_roles.aws_iam_role.eb_service_role",
            "module.iam_roles.aws_iam_role.ec2_role",
            "module.iam_roles.aws_iam_role_policy_attachment.eb_enhanced_health",
            "module.iam_roles.aws_iam_role_policy_attachment.eb_managed_updates",
            "module.iam_roles.aws_iam_role_policy_attachment.ec2_multicontainer",
            "module.iam_roles.aws_iam_role_policy_attachment.ec2_s3_read",
            "module.iam_roles.aws_iam_role_policy_attachment.ec2_ssm_core",
            "module.iam_roles.aws_iam_role_policy_attachment.ec2_web_tier",
            "module.iam_roles.aws_iam_role_policy_attachment.ec2_worker_tier",
            "module.iam_roles.data.aws_iam_policy_document.eb_assume",
            "module.iam_roles.data.aws_iam_policy_document.ec2_assume",
            "module.s3.aws_s3_bucket.this",
            "module.s3.aws_s3_bucket_public_access_block.this",
            "module.s3.aws_s3_bucket_versioning.this",
            "module.security_groups.aws_security_group.alb",
            "module.security_groups.aws_security_group.ec2"
          ]
        }
      ]
    },
    {
      "module": "module.elastic_beanstalk",
      "mode": "managed",
      "type": "aws_vpc_endpoint",
      "name": "cloudformation",
      "provider": "provider[\"registry.terraform.io/hashicorp/aws\"]",
      "instances": [
        {
          "schema_version": 0,
          "attributes": {
            "arn": "arn:aws:ec2:us-east-1:911287867452:vpc-endpoint/vpce-020d06b56f8d30048",
            "auto_accept": null,
            "cidr_blocks": [],
            "dns_entry": [
              {
                "dns_name": "vpce-020d06b56f8d30048-zdyxbdqf.cloudformation.us-east-1.vpce.amazonaws.com",
                "hosted_zone_id": "Z7HUB22UULQXV"
              },
              {
                "dns_name": "vpce-020d06b56f8d30048-zdyxbdqf-us-east-1a.cloudformation.us-east-1.vpce.amazonaws.com",
                "hosted_zone_id": "Z7HUB22UULQXV"
              },
              {
                "dns_name": "vpce-020d06b56f8d30048-zdyxbdqf-us-east-1b.cloudformation.us-east-1.vpce.amazonaws.com",
                "hosted_zone_id": "Z7HUB22UULQXV"
              },
              {
                "dns_name": "vpce-020d06b56f8d30048-zdyxbdqf-us-east-1c.cloudformation.us-east-1.vpce.amazonaws.com",
                "hosted_zone_id": "Z7HUB22UULQXV"
              },
              {
                "dns_name": "cloudformation.us-east-1.amazonaws.com",
                "hosted_zone_id": "Z02088582Z2KSVYX2XBN5"
              },
              {
                "dns_name": "cloudformation.us-east-1.api.aws",
                "hosted_zone_id": "Z02088531KD0FCM658KAQ"
              }
            ],
            "dns_options": [
              {
                "dns_record_ip_type": "ipv4",
                "private_dns_only_for_inbound_resolver_endpoint": false
              }
            ],
            "id": "vpce-020d06b56f8d30048",
            "ip_address_type": "ipv4",
            "network_interface_ids": [
              "eni-07517c1fcdeaaf5f0",
              "eni-0e003e339a82059b3",
              "eni-0edce8d224cd855cc"
            ],
            "owner_id": "911287867452",
            "policy": "{\"Statement\":[{\"Action\":\"*\",\"Effect\":\"Allow\",\"Principal\":\"*\",\"Resource\":\"*\"}]}",
            "prefix_list_id": null,
            "private_dns_enabled": true,
            "requester_managed": false,
            "resource_configuration_arn": "",
            "route_table_ids": [],
            "security_group_ids": [
              "sg-0d86e73e0e23a0004"
            ],
            "service_name": "com.amazonaws.us-east-1.cloudformation",
            "service_network_arn": "",
            "service_region": "us-east-1",
            "state": "available",
            "subnet_configuration": [
              {
                "ipv4": "10.49.1.123",
                "ipv6": "",
                "subnet_id": "subnet-07f28a28b8830044b"
              },
              {
                "ipv4": "10.49.1.231",
                "ipv6": "",
                "subnet_id": "subnet-0b17ab8abf3a8b378"
              },
              {
                "ipv4": "10.49.1.39",
                "ipv6": "",
                "subnet_id": "subnet-0db123d54c271e391"
              }
            ],
            "subnet_ids": [
              "subnet-07f28a28b8830044b",
              "subnet-0b17ab8abf3a8b378",
              "subnet-0db123d54c271e391"
            ],
            "tags": {
              "Name": "tss-ebs-dev-new-cfn-vpce"
            },
            "tags_all": {
              "Environment": "dev",
              "ManagedBy": "terraform",
              "Name": "tss-ebs-dev-new-cfn-vpce",
              "Project": "tss-app"
            },
            "timeouts": null,
            "vpc_endpoint_type": "Interface",
            "vpc_id": "vpc-0975e41529fdd220e"
          },
          "sensitive_attributes": [],
          "identity_schema_version": 0,
          "private": "eyJlMmJmYjczMC1lY2FhLTExZTYtOGY4OC0zNDM2M2JjN2M0YzAiOnsiY3JlYXRlIjo2MDAwMDAwMDAwMDAsImRlbGV0ZSI6NjAwMDAwMDAwMDAwLCJ1cGRhdGUiOjYwMDAwMDAwMDAwMH19",
          "dependencies": [
            "aws_s3_object.app_artifact",
            "module.alb.aws_lb.this",
            "module.alb.aws_lb_listener.http",
            "module.alb.aws_lb_listener.https",
            "module.elastic_beanstalk.aws_security_group.vpc_endpoints",
            "module.elastic_beanstalk.data.aws_region.current",
            "module.elastic_beanstalk.data.aws_vpc.selected",
            "module.iam_roles.aws_iam_instance_profile.ec2_profile",
            "module.iam_roles.aws_iam_role.eb_service_role",
            "module.iam_roles.aws_iam_role.ec2_role",
            "module.iam_roles.aws_iam_role_policy_attachment.eb_enhanced_health",
            "module.iam_roles.aws_iam_role_policy_attachment.eb_managed_updates",
            "module.iam_roles.aws_iam_role_policy_attachment.ec2_multicontainer",
            "module.iam_roles.aws_iam_role_policy_attachment.ec2_s3_read",
            "module.iam_roles.aws_iam_role_policy_attachment.ec2_ssm_core",
            "module.iam_roles.aws_iam_role_policy_attachment.ec2_web_tier",
            "module.iam_roles.aws_iam_role_policy_attachment.ec2_worker_tier",
            "module.iam_roles.data.aws_iam_policy_document.eb_assume",
            "module.iam_roles.data.aws_iam_policy_document.ec2_assume",
            "module.s3.aws_s3_bucket.this",
            "module.s3.aws_s3_bucket_public_access_block.this",
            "module.s3.aws_s3_bucket_versioning.this",
            "module.security_groups.aws_security_group.alb",
            "module.security_groups.aws_security_group.ec2"
          ]
        }
      ]
    },
    {
      "module": "module.elastic_beanstalk",
      "mode": "managed",
      "type": "aws_vpc_endpoint",
      "name": "eb",
      "provider": "provider[\"registry.terraform.io/hashicorp/aws\"]",
      "instances": [
        {
          "schema_version": 0,
          "attributes": {
            "arn": "arn:aws:ec2:us-east-1:911287867452:vpc-endpoint/vpce-0992a1226e1172ccc",
            "auto_accept": null,
            "cidr_blocks": [],
            "dns_entry": [
              {
                "dns_name": "vpce-0992a1226e1172ccc-549m2mqi.elasticbeanstalk.us-east-1.vpce.amazonaws.com",
                "hosted_zone_id": "Z7HUB22UULQXV"
              },
              {
                "dns_name": "vpce-0992a1226e1172ccc-549m2mqi-us-east-1c.elasticbeanstalk.us-east-1.vpce.amazonaws.com",
                "hosted_zone_id": "Z7HUB22UULQXV"
              },
              {
                "dns_name": "vpce-0992a1226e1172ccc-549m2mqi-us-east-1b.elasticbeanstalk.us-east-1.vpce.amazonaws.com",
                "hosted_zone_id": "Z7HUB22UULQXV"
              },
              {
                "dns_name": "vpce-0992a1226e1172ccc-549m2mqi-us-east-1a.elasticbeanstalk.us-east-1.vpce.amazonaws.com",
                "hosted_zone_id": "Z7HUB22UULQXV"
              },
              {
                "dns_name": "elasticbeanstalk.us-east-1.amazonaws.com",
                "hosted_zone_id": "Z03535683GMKHF79LNC3H"
              },
              {
                "dns_name": "elasticbeanstalk.us-east-1.api.aws",
                "hosted_zone_id": "Z0181366160F1D04B6TYU"
              }
            ],
            "dns_options": [
              {
                "dns_record_ip_type": "ipv4",
                "private_dns_only_for_inbound_resolver_endpoint": false
              }
            ],
            "id": "vpce-0992a1226e1172ccc",
            "ip_address_type": "ipv4",
            "network_interface_ids": [
              "eni-003adce7de9c294cf",
              "eni-02b00da5bd91af270",
              "eni-035f57cad12622c45"
            ],
            "owner_id": "911287867452",
            "policy": "{\"Statement\":[{\"Action\":\"*\",\"Effect\":\"Allow\",\"Principal\":\"*\",\"Resource\":\"*\"}]}",
            "prefix_list_id": null,
            "private_dns_enabled": true,
            "requester_managed": false,
            "resource_configuration_arn": "",
            "route_table_ids": [],
            "security_group_ids": [
              "sg-0d86e73e0e23a0004"
            ],
            "service_name": "com.amazonaws.us-east-1.elasticbeanstalk",
            "service_network_arn": "",
            "service_region": "us-east-1",
            "state": "available",
            "subnet_configuration": [
              {
                "ipv4": "10.49.1.124",
                "ipv6": "",
                "subnet_id": "subnet-07f28a28b8830044b"
              },
              {
                "ipv4": "10.49.1.232",
                "ipv6": "",
                "subnet_id": "subnet-0b17ab8abf3a8b378"
              },
              {
                "ipv4": "10.49.1.38",
                "ipv6": "",
                "subnet_id": "subnet-0db123d54c271e391"
              }
            ],
            "subnet_ids": [
              "subnet-07f28a28b8830044b",
              "subnet-0b17ab8abf3a8b378",
              "subnet-0db123d54c271e391"
            ],
            "tags": {
              "Name": "tss-ebs-dev-new-eb-vpce"
            },
            "tags_all": {
              "Environment": "dev",
              "ManagedBy": "terraform",
              "Name": "tss-ebs-dev-new-eb-vpce",
              "Project": "tss-app"
            },
            "timeouts": null,
            "vpc_endpoint_type": "Interface",
            "vpc_id": "vpc-0975e41529fdd220e"
          },
          "sensitive_attributes": [],
          "identity_schema_version": 0,
          "private": "eyJlMmJmYjczMC1lY2FhLTExZTYtOGY4OC0zNDM2M2JjN2M0YzAiOnsiY3JlYXRlIjo2MDAwMDAwMDAwMDAsImRlbGV0ZSI6NjAwMDAwMDAwMDAwLCJ1cGRhdGUiOjYwMDAwMDAwMDAwMH19",
          "dependencies": [
            "aws_s3_object.app_artifact",
            "module.alb.aws_lb.this",
            "module.alb.aws_lb_listener.http",
            "module.alb.aws_lb_listener.https",
            "module.elastic_beanstalk.aws_security_group.vpc_endpoints",
            "module.elastic_beanstalk.data.aws_region.current",
            "module.elastic_beanstalk.data.aws_vpc.selected",
            "module.iam_roles.aws_iam_instance_profile.ec2_profile",
            "module.iam_roles.aws_iam_role.eb_service_role",
            "module.iam_roles.aws_iam_role.ec2_role",
            "module.iam_roles.aws_iam_role_policy_attachment.eb_enhanced_health",
            "module.iam_roles.aws_iam_role_policy_attachment.eb_managed_updates",
            "module.iam_roles.aws_iam_role_policy_attachment.ec2_multicontainer",
            "module.iam_roles.aws_iam_role_policy_attachment.ec2_s3_read",
            "module.iam_roles.aws_iam_role_policy_attachment.ec2_ssm_core",
            "module.iam_roles.aws_iam_role_policy_attachment.ec2_web_tier",
            "module.iam_roles.aws_iam_role_policy_attachment.ec2_worker_tier",
            "module.iam_roles.data.aws_iam_policy_document.eb_assume",
            "module.iam_roles.data.aws_iam_policy_document.ec2_assume",
            "module.s3.aws_s3_bucket.this",
            "module.s3.aws_s3_bucket_public_access_block.this",
            "module.s3.aws_s3_bucket_versioning.this",
            "module.security_groups.aws_security_group.alb",
            "module.security_groups.aws_security_group.ec2"
          ]
        }
      ]
    },
    {
      "module": "module.elastic_beanstalk",
      "mode": "managed",
      "type": "aws_vpc_endpoint",
      "name": "eb_health",
      "provider": "provider[\"registry.terraform.io/hashicorp/aws\"]",
      "instances": [
        {
          "schema_version": 0,
          "attributes": {
            "arn": "arn:aws:ec2:us-east-1:911287867452:vpc-endpoint/vpce-0cb5c7fa56d9fa7ed",
            "auto_accept": null,
            "cidr_blocks": [],
            "dns_entry": [
              {
                "dns_name": "vpce-0cb5c7fa56d9fa7ed-3qgbd74y.elasticbeanstalk-health.us-east-1.vpce.amazonaws.com",
                "hosted_zone_id": "Z7HUB22UULQXV"
              },
              {
                "dns_name": "vpce-0cb5c7fa56d9fa7ed-3qgbd74y-us-east-1a.elasticbeanstalk-health.us-east-1.vpce.amazonaws.com",
                "hosted_zone_id": "Z7HUB22UULQXV"
              },
              {
                "dns_name": "vpce-0cb5c7fa56d9fa7ed-3qgbd74y-us-east-1b.elasticbeanstalk-health.us-east-1.vpce.amazonaws.com",
                "hosted_zone_id": "Z7HUB22UULQXV"
              },
              {
                "dns_name": "vpce-0cb5c7fa56d9fa7ed-3qgbd74y-us-east-1c.elasticbeanstalk-health.us-east-1.vpce.amazonaws.com",
                "hosted_zone_id": "Z7HUB22UULQXV"
              },
              {
                "dns_name": "elasticbeanstalk-health.us-east-1.amazonaws.com",
                "hosted_zone_id": "Z01822302UVYIMHF0N053"
              },
              {
                "dns_name": "elasticbeanstalk-health.us-east-1.api.aws",
                "hosted_zone_id": "Z065838717FXWIV660ADG"
              }
            ],
            "dns_options": [
              {
                "dns_record_ip_type": "ipv4",
                "private_dns_only_for_inbound_resolver_endpoint": false
              }
            ],
            "id": "vpce-0cb5c7fa56d9fa7ed",
            "ip_address_type": "ipv4",
            "network_interface_ids": [
              "eni-00c363e8520a55f36",
              "eni-07682a3f463b71cbe",
              "eni-0bce2b28a3dce3161"
            ],
            "owner_id": "911287867452",
            "policy": "{\"Statement\":[{\"Action\":\"*\",\"Effect\":\"Allow\",\"Principal\":\"*\",\"Resource\":\"*\"}]}",
            "prefix_list_id": null,
            "private_dns_enabled": true,
            "requester_managed": false,
            "resource_configuration_arn": "",
            "route_table_ids": [],
            "security_group_ids": [
              "sg-0d86e73e0e23a0004"
            ],
            "service_name": "com.amazonaws.us-east-1.elasticbeanstalk-health",
            "service_network_arn": "",
            "service_region": "us-east-1",
            "state": "available",
            "subnet_configuration": [
              {
                "ipv4": "10.49.1.245",
                "ipv6": "",
                "subnet_id": "subnet-0b17ab8abf3a8b378"
              },
              {
                "ipv4": "10.49.1.44",
                "ipv6": "",
                "subnet_id": "subnet-0db123d54c271e391"
              },
              {
                "ipv4": "10.49.1.98",
                "ipv6": "",
                "subnet_id": "subnet-07f28a28b8830044b"
              }
            ],
            "subnet_ids": [
              "subnet-07f28a28b8830044b",
              "subnet-0b17ab8abf3a8b378",
              "subnet-0db123d54c271e391"
            ],
            "tags": {
              "Name": "tss-ebs-dev-new-eb-health-vpce"
            },
            "tags_all": {
              "Environment": "dev",
              "ManagedBy": "terraform",
              "Name": "tss-ebs-dev-new-eb-health-vpce",
              "Project": "tss-app"
            },
            "timeouts": null,
            "vpc_endpoint_type": "Interface",
            "vpc_id": "vpc-0975e41529fdd220e"
          },
          "sensitive_attributes": [],
          "identity_schema_version": 0,
          "private": "eyJlMmJmYjczMC1lY2FhLTExZTYtOGY4OC0zNDM2M2JjN2M0YzAiOnsiY3JlYXRlIjo2MDAwMDAwMDAwMDAsImRlbGV0ZSI6NjAwMDAwMDAwMDAwLCJ1cGRhdGUiOjYwMDAwMDAwMDAwMH19",
          "dependencies": [
            "aws_s3_object.app_artifact",
            "module.alb.aws_lb.this",
            "module.alb.aws_lb_listener.http",
            "module.alb.aws_lb_listener.https",
            "module.elastic_beanstalk.aws_security_group.vpc_endpoints",
            "module.elastic_beanstalk.data.aws_region.current",
            "module.elastic_beanstalk.data.aws_vpc.selected",
            "module.iam_roles.aws_iam_instance_profile.ec2_profile",
            "module.iam_roles.aws_iam_role.eb_service_role",
            "module.iam_roles.aws_iam_role.ec2_role",
            "module.iam_roles.aws_iam_role_policy_attachment.eb_enhanced_health",
            "module.iam_roles.aws_iam_role_policy_attachment.eb_managed_updates",
            "module.iam_roles.aws_iam_role_policy_attachment.ec2_multicontainer",
            "module.iam_roles.aws_iam_role_policy_attachment.ec2_s3_read",
            "module.iam_roles.aws_iam_role_policy_attachment.ec2_ssm_core",
            "module.iam_roles.aws_iam_role_policy_attachment.ec2_web_tier",
            "module.iam_roles.aws_iam_role_policy_attachment.ec2_worker_tier",
            "module.iam_roles.data.aws_iam_policy_document.eb_assume",
            "module.iam_roles.data.aws_iam_policy_document.ec2_assume",
            "module.s3.aws_s3_bucket.this",
            "module.s3.aws_s3_bucket_public_access_block.this",
            "module.s3.aws_s3_bucket_versioning.this",
            "module.security_groups.aws_security_group.alb",
            "module.security_groups.aws_security_group.ec2"
          ]
        }
      ]
    },
    {
      "module": "module.elastic_beanstalk",
      "mode": "managed",
      "type": "aws_vpc_endpoint",
      "name": "ec2",
      "provider": "provider[\"registry.terraform.io/hashicorp/aws\"]",
      "instances": [
        {
          "schema_version": 0,
          "attributes": {
            "arn": "arn:aws:ec2:us-east-1:911287867452:vpc-endpoint/vpce-06a5abbe8418b9485",
            "auto_accept": null,
            "cidr_blocks": [],
            "dns_entry": [
              {
                "dns_name": "vpce-06a5abbe8418b9485-f96fwwsk.ec2.us-east-1.vpce.amazonaws.com",
                "hosted_zone_id": "Z7HUB22UULQXV"
              },
              {
                "dns_name": "vpce-06a5abbe8418b9485-f96fwwsk-us-east-1a.ec2.us-east-1.vpce.amazonaws.com",
                "hosted_zone_id": "Z7HUB22UULQXV"
              },
              {
                "dns_name": "vpce-06a5abbe8418b9485-f96fwwsk-us-east-1b.ec2.us-east-1.vpce.amazonaws.com",
                "hosted_zone_id": "Z7HUB22UULQXV"
              },
              {
                "dns_name": "vpce-06a5abbe8418b9485-f96fwwsk-us-east-1c.ec2.us-east-1.vpce.amazonaws.com",
                "hosted_zone_id": "Z7HUB22UULQXV"
              },
              {
                "dns_name": "ec2.us-east-1.amazonaws.com",
                "hosted_zone_id": "Z03532121P1C1R2BTJBL7"
              },
              {
                "dns_name": "ec2.us-east-1.api.aws",
                "hosted_zone_id": "Z02056612PYS1MPX9UV3M"
              }
            ],
            "dns_options": [
              {
                "dns_record_ip_type": "ipv4",
                "private_dns_only_for_inbound_resolver_endpoint": false
              }
            ],
            "id": "vpce-06a5abbe8418b9485",
            "ip_address_type": "ipv4",
            "network_interface_ids": [
              "eni-001217a5469df9e59",
              "eni-00130f1d1bf1fac05",
              "eni-065efc9e6f762c4f8"
            ],
            "owner_id": "911287867452",
            "policy": "{\"Statement\":[{\"Action\":\"*\",\"Effect\":\"Allow\",\"Principal\":\"*\",\"Resource\":\"*\"}]}",
            "prefix_list_id": null,
            "private_dns_enabled": true,
            "requester_managed": false,
            "resource_configuration_arn": "",
            "route_table_ids": [],
            "security_group_ids": [
              "sg-0d86e73e0e23a0004"
            ],
            "service_name": "com.amazonaws.us-east-1.ec2",
            "service_network_arn": "",
            "service_region": "us-east-1",
            "state": "available",
            "subnet_configuration": [
              {
                "ipv4": "10.49.1.250",
                "ipv6": "",
                "subnet_id": "subnet-0b17ab8abf3a8b378"
              },
              {
                "ipv4": "10.49.1.75",
                "ipv6": "",
                "subnet_id": "subnet-07f28a28b8830044b"
              },
              {
                "ipv4": "10.49.1.9",
                "ipv6": "",
                "subnet_id": "subnet-0db123d54c271e391"
              }
            ],
            "subnet_ids": [
              "subnet-07f28a28b8830044b",
              "subnet-0b17ab8abf3a8b378",
              "subnet-0db123d54c271e391"
            ],
            "tags": {
              "Name": "tss-ebs-dev-new-ec2-vpce"
            },
            "tags_all": {
              "Environment": "dev",
              "ManagedBy": "terraform",
              "Name": "tss-ebs-dev-new-ec2-vpce",
              "Project": "tss-app"
            },
            "timeouts": null,
            "vpc_endpoint_type": "Interface",
            "vpc_id": "vpc-0975e41529fdd220e"
          },
          "sensitive_attributes": [],
          "identity_schema_version": 0,
          "private": "eyJlMmJmYjczMC1lY2FhLTExZTYtOGY4OC0zNDM2M2JjN2M0YzAiOnsiY3JlYXRlIjo2MDAwMDAwMDAwMDAsImRlbGV0ZSI6NjAwMDAwMDAwMDAwLCJ1cGRhdGUiOjYwMDAwMDAwMDAwMH19",
          "dependencies": [
            "aws_s3_object.app_artifact",
            "module.alb.aws_lb.this",
            "module.alb.aws_lb_listener.http",
            "module.alb.aws_lb_listener.https",
            "module.elastic_beanstalk.aws_security_group.vpc_endpoints",
            "module.elastic_beanstalk.data.aws_region.current",
            "module.elastic_beanstalk.data.aws_vpc.selected",
            "module.iam_roles.aws_iam_instance_profile.ec2_profile",
            "module.iam_roles.aws_iam_role.eb_service_role",
            "module.iam_roles.aws_iam_role.ec2_role",
            "module.iam_roles.aws_iam_role_policy_attachment.eb_enhanced_health",
            "module.iam_roles.aws_iam_role_policy_attachment.eb_managed_updates",
            "module.iam_roles.aws_iam_role_policy_attachment.ec2_multicontainer",
            "module.iam_roles.aws_iam_role_policy_attachment.ec2_s3_read",
            "module.iam_roles.aws_iam_role_policy_attachment.ec2_ssm_core",
            "module.iam_roles.aws_iam_role_policy_attachment.ec2_web_tier",
            "module.iam_roles.aws_iam_role_policy_attachment.ec2_worker_tier",
            "module.iam_roles.data.aws_iam_policy_document.eb_assume",
            "module.iam_roles.data.aws_iam_policy_document.ec2_assume",
            "module.s3.aws_s3_bucket.this",
            "module.s3.aws_s3_bucket_public_access_block.this",
            "module.s3.aws_s3_bucket_versioning.this",
            "module.security_groups.aws_security_group.alb",
            "module.security_groups.aws_security_group.ec2"
          ]
        }
      ]
    },
    {
      "module": "module.elastic_beanstalk",
      "mode": "managed",
      "type": "aws_vpc_endpoint",
      "name": "ec2messages",
      "provider": "provider[\"registry.terraform.io/hashicorp/aws\"]",
      "instances": [
        {
          "schema_version": 0,
          "attributes": {
            "arn": "arn:aws:ec2:us-east-1:911287867452:vpc-endpoint/vpce-097efd5c531a2540c",
            "auto_accept": null,
            "cidr_blocks": [],
            "dns_entry": [
              {
                "dns_name": "vpce-097efd5c531a2540c-xkb4jwim.ec2messages.us-east-1.vpce.amazonaws.com",
                "hosted_zone_id": "Z7HUB22UULQXV"
              },
              {
                "dns_name": "vpce-097efd5c531a2540c-xkb4jwim-us-east-1c.ec2messages.us-east-1.vpce.amazonaws.com",
                "hosted_zone_id": "Z7HUB22UULQXV"
              },
              {
                "dns_name": "vpce-097efd5c531a2540c-xkb4jwim-us-east-1b.ec2messages.us-east-1.vpce.amazonaws.com",
                "hosted_zone_id": "Z7HUB22UULQXV"
              },
              {
                "dns_name": "vpce-097efd5c531a2540c-xkb4jwim-us-east-1a.ec2messages.us-east-1.vpce.amazonaws.com",
                "hosted_zone_id": "Z7HUB22UULQXV"
              },
              {
                "dns_name": "ec2messages.us-east-1.amazonaws.com",
                "hosted_zone_id": "Z035591329TWUP56F71WR"
              }
            ],
            "dns_options": [
              {
                "dns_record_ip_type": "ipv4",
                "private_dns_only_for_inbound_resolver_endpoint": false
              }
            ],
            "id": "vpce-097efd5c531a2540c",
            "ip_address_type": "ipv4",
            "network_interface_ids": [
              "eni-057b39b79a79bc060",
              "eni-0cd2d501add056c5e",
              "eni-0fa8acad3c439e68f"
            ],
            "owner_id": "911287867452",
            "policy": "{\"Statement\":[{\"Action\":\"*\",\"Effect\":\"Allow\",\"Principal\":\"*\",\"Resource\":\"*\"}]}",
            "prefix_list_id": null,
            "private_dns_enabled": true,
            "requester_managed": false,
            "resource_configuration_arn": "",
            "route_table_ids": [],
            "security_group_ids": [
              "sg-0d86e73e0e23a0004"
            ],
            "service_name": "com.amazonaws.us-east-1.ec2messages",
            "service_network_arn": "",
            "service_region": "us-east-1",
            "state": "available",
            "subnet_configuration": [
              {
                "ipv4": "10.49.1.240",
                "ipv6": "",
                "subnet_id": "subnet-0b17ab8abf3a8b378"
              },
              {
                "ipv4": "10.49.1.4",
                "ipv6": "",
                "subnet_id": "subnet-0db123d54c271e391"
              },
              {
                "ipv4": "10.49.1.72",
                "ipv6": "",
                "subnet_id": "subnet-07f28a28b8830044b"
              }
            ],
            "subnet_ids": [
              "subnet-07f28a28b8830044b",
              "subnet-0b17ab8abf3a8b378",
              "subnet-0db123d54c271e391"
            ],
            "tags": {
              "Name": "tss-ebs-dev-new-ec2-msg-vpce"
            },
            "tags_all": {
              "Environment": "dev",
              "ManagedBy": "terraform",
              "Name": "tss-ebs-dev-new-ec2-msg-vpce",
              "Project": "tss-app"
            },
            "timeouts": null,
            "vpc_endpoint_type": "Interface",
            "vpc_id": "vpc-0975e41529fdd220e"
          },
          "sensitive_attributes": [],
          "identity_schema_version": 0,
          "private": "eyJlMmJmYjczMC1lY2FhLTExZTYtOGY4OC0zNDM2M2JjN2M0YzAiOnsiY3JlYXRlIjo2MDAwMDAwMDAwMDAsImRlbGV0ZSI6NjAwMDAwMDAwMDAwLCJ1cGRhdGUiOjYwMDAwMDAwMDAwMH19",
          "dependencies": [
            "aws_s3_object.app_artifact",
            "module.alb.aws_lb.this",
            "module.alb.aws_lb_listener.http",
            "module.alb.aws_lb_listener.https",
            "module.elastic_beanstalk.aws_security_group.vpc_endpoints",
            "module.elastic_beanstalk.data.aws_region.current",
            "module.elastic_beanstalk.data.aws_vpc.selected",
            "module.iam_roles.aws_iam_instance_profile.ec2_profile",
            "module.iam_roles.aws_iam_role.eb_service_role",
            "module.iam_roles.aws_iam_role.ec2_role",
            "module.iam_roles.aws_iam_role_policy_attachment.eb_enhanced_health",
            "module.iam_roles.aws_iam_role_policy_attachment.eb_managed_updates",
            "module.iam_roles.aws_iam_role_policy_attachment.ec2_multicontainer",
            "module.iam_roles.aws_iam_role_policy_attachment.ec2_s3_read",
            "module.iam_roles.aws_iam_role_policy_attachment.ec2_ssm_core",
            "module.iam_roles.aws_iam_role_policy_attachment.ec2_web_tier",
            "module.iam_roles.aws_iam_role_policy_attachment.ec2_worker_tier",
            "module.iam_roles.data.aws_iam_policy_document.eb_assume",
            "module.iam_roles.data.aws_iam_policy_document.ec2_assume",
            "module.s3.aws_s3_bucket.this",
            "module.s3.aws_s3_bucket_public_access_block.this",
            "module.s3.aws_s3_bucket_versioning.this",
            "module.security_groups.aws_security_group.alb",
            "module.security_groups.aws_security_group.ec2"
          ]
        }
      ]
    },
    {
      "module": "module.elastic_beanstalk",
      "mode": "managed",
      "type": "aws_vpc_endpoint",
      "name": "logs",
      "provider": "provider[\"registry.terraform.io/hashicorp/aws\"]",
      "instances": [
        {
          "schema_version": 0,
          "attributes": {
            "arn": "arn:aws:ec2:us-east-1:911287867452:vpc-endpoint/vpce-0aa7e12b0eccec3dc",
            "auto_accept": null,
            "cidr_blocks": [],
            "dns_entry": [
              {
                "dns_name": "vpce-0aa7e12b0eccec3dc-d8wtx137.logs.us-east-1.vpce.amazonaws.com",
                "hosted_zone_id": "Z7HUB22UULQXV"
              },
              {
                "dns_name": "vpce-0aa7e12b0eccec3dc-d8wtx137-us-east-1c.logs.us-east-1.vpce.amazonaws.com",
                "hosted_zone_id": "Z7HUB22UULQXV"
              },
              {
                "dns_name": "vpce-0aa7e12b0eccec3dc-d8wtx137-us-east-1a.logs.us-east-1.vpce.amazonaws.com",
                "hosted_zone_id": "Z7HUB22UULQXV"
              },
              {
                "dns_name": "vpce-0aa7e12b0eccec3dc-d8wtx137-us-east-1b.logs.us-east-1.vpce.amazonaws.com",
                "hosted_zone_id": "Z7HUB22UULQXV"
              },
              {
                "dns_name": "logs.us-east-1.amazonaws.com",
                "hosted_zone_id": "Z06681731Q4PNYRC9KF5C"
              },
              {
                "dns_name": "streaming-logs.us-east-1.amazonaws.com",
                "hosted_zone_id": "Z01817202A2VKMUY1M0Y6"
              },
              {
                "dns_name": "streaming-logs.us-east-1.api.aws",
                "hosted_zone_id": "Z01817273TV3VRIG4LY89"
              },
              {
                "dns_name": "logs.us-east-1.api.aws",
                "hosted_zone_id": "Z018609734HW5UG9H8ECD"
              }
            ],
            "dns_options": [
              {
                "dns_record_ip_type": "ipv4",
                "private_dns_only_for_inbound_resolver_endpoint": false
              }
            ],
            "id": "vpce-0aa7e12b0eccec3dc",
            "ip_address_type": "ipv4",
            "network_interface_ids": [
              "eni-027adb4f2da5e4df1",
              "eni-08fc5ba7df988f65f",
              "eni-0a96374435b72c242"
            ],
            "owner_id": "911287867452",
            "policy": "{\"Statement\":[{\"Action\":\"*\",\"Effect\":\"Allow\",\"Principal\":\"*\",\"Resource\":\"*\"}]}",
            "prefix_list_id": null,
            "private_dns_enabled": true,
            "requester_managed": false,
            "resource_configuration_arn": "",
            "route_table_ids": [],
            "security_group_ids": [
              "sg-0d86e73e0e23a0004"
            ],
            "service_name": "com.amazonaws.us-east-1.logs",
            "service_network_arn": "",
            "service_region": "us-east-1",
            "state": "available",
            "subnet_configuration": [
              {
                "ipv4": "10.49.1.125",
                "ipv6": "",
                "subnet_id": "subnet-07f28a28b8830044b"
              },
              {
                "ipv4": "10.49.1.19",
                "ipv6": "",
                "subnet_id": "subnet-0db123d54c271e391"
              },
              {
                "ipv4": "10.49.1.229",
                "ipv6": "",
                "subnet_id": "subnet-0b17ab8abf3a8b378"
              }
            ],
            "subnet_ids": [
              "subnet-07f28a28b8830044b",
              "subnet-0b17ab8abf3a8b378",
              "subnet-0db123d54c271e391"
            ],
            "tags": {
              "Name": "tss-ebs-dev-new-logs-vpce"
            },
            "tags_all": {
              "Environment": "dev",
              "ManagedBy": "terraform",
              "Name": "tss-ebs-dev-new-logs-vpce",
              "Project": "tss-app"
            },
            "timeouts": null,
            "vpc_endpoint_type": "Interface",
            "vpc_id": "vpc-0975e41529fdd220e"
          },
          "sensitive_attributes": [],
          "identity_schema_version": 0,
          "private": "eyJlMmJmYjczMC1lY2FhLTExZTYtOGY4OC0zNDM2M2JjN2M0YzAiOnsiY3JlYXRlIjo2MDAwMDAwMDAwMDAsImRlbGV0ZSI6NjAwMDAwMDAwMDAwLCJ1cGRhdGUiOjYwMDAwMDAwMDAwMH19",
          "dependencies": [
            "aws_s3_object.app_artifact",
            "module.alb.aws_lb.this",
            "module.alb.aws_lb_listener.http",
            "module.alb.aws_lb_listener.https",
            "module.elastic_beanstalk.aws_security_group.vpc_endpoints",
            "module.elastic_beanstalk.data.aws_region.current",
            "module.elastic_beanstalk.data.aws_vpc.selected",
            "module.iam_roles.aws_iam_instance_profile.ec2_profile",
            "module.iam_roles.aws_iam_role.eb_service_role",
            "module.iam_roles.aws_iam_role.ec2_role",
            "module.iam_roles.aws_iam_role_policy_attachment.eb_enhanced_health",
            "module.iam_roles.aws_iam_role_policy_attachment.eb_managed_updates",
            "module.iam_roles.aws_iam_role_policy_attachment.ec2_multicontainer",
            "module.iam_roles.aws_iam_role_policy_attachment.ec2_s3_read",
            "module.iam_roles.aws_iam_role_policy_attachment.ec2_ssm_core",
            "module.iam_roles.aws_iam_role_policy_attachment.ec2_web_tier",
            "module.iam_roles.aws_iam_role_policy_attachment.ec2_worker_tier",
            "module.iam_roles.data.aws_iam_policy_document.eb_assume",
            "module.iam_roles.data.aws_iam_policy_document.ec2_assume",
            "module.s3.aws_s3_bucket.this",
            "module.s3.aws_s3_bucket_public_access_block.this",
            "module.s3.aws_s3_bucket_versioning.this",
            "module.security_groups.aws_security_group.alb",
            "module.security_groups.aws_security_group.ec2"
          ]
        }
      ]
    },
    {
      "module": "module.elastic_beanstalk",
      "mode": "managed",
      "type": "aws_vpc_endpoint",
      "name": "monitoring",
      "provider": "provider[\"registry.terraform.io/hashicorp/aws\"]",
      "instances": [
        {
          "schema_version": 0,
          "attributes": {
            "arn": "arn:aws:ec2:us-east-1:911287867452:vpc-endpoint/vpce-08c092c48e3ed4bf4",
            "auto_accept": null,
            "cidr_blocks": [],
            "dns_entry": [
              {
                "dns_name": "vpce-08c092c48e3ed4bf4-dox92l22.monitoring.us-east-1.vpce.amazonaws.com",
                "hosted_zone_id": "Z7HUB22UULQXV"
              },
              {
                "dns_name": "vpce-08c092c48e3ed4bf4-dox92l22-us-east-1a.monitoring.us-east-1.vpce.amazonaws.com",
                "hosted_zone_id": "Z7HUB22UULQXV"
              },
              {
                "dns_name": "vpce-08c092c48e3ed4bf4-dox92l22-us-east-1b.monitoring.us-east-1.vpce.amazonaws.com",
                "hosted_zone_id": "Z7HUB22UULQXV"
              },
              {
                "dns_name": "vpce-08c092c48e3ed4bf4-dox92l22-us-east-1c.monitoring.us-east-1.vpce.amazonaws.com",
                "hosted_zone_id": "Z7HUB22UULQXV"
              },
              {
                "dns_name": "monitoring.us-east-1.amazonaws.com",
                "hosted_zone_id": "Z02087593501IUAO2RV4Y"
              },
              {
                "dns_name": "monitoring.us-east-1.api.aws",
                "hosted_zone_id": "Z0206575BE4X7SSWYNTU"
              },
              {
                "dns_name": "monitoring-fips.us-east-1.amazonaws.com",
                "hosted_zone_id": "Z035497937LDB4H9Z7LFO"
              },
              {
                "dns_name": "monitoring-fips.us-east-1.api.aws",
                "hosted_zone_id": "Z020656936E04UXA1N5RD"
              }
            ],
            "dns_options": [
              {
                "dns_record_ip_type": "ipv4",
                "private_dns_only_for_inbound_resolver_endpoint": false
              }
            ],
            "id": "vpce-08c092c48e3ed4bf4",
            "ip_address_type": "ipv4",
            "network_interface_ids": [
              "eni-009762ac50168c706",
              "eni-073eea6f35f7a4f7a",
              "eni-0f6527ced44ae06f8"
            ],
            "owner_id": "911287867452",
            "policy": "{\"Statement\":[{\"Action\":\"*\",\"Effect\":\"Allow\",\"Principal\":\"*\",\"Resource\":\"*\"}]}",
            "prefix_list_id": null,
            "private_dns_enabled": true,
            "requester_managed": false,
            "resource_configuration_arn": "",
            "route_table_ids": [],
            "security_group_ids": [
              "sg-0d86e73e0e23a0004"
            ],
            "service_name": "com.amazonaws.us-east-1.monitoring",
            "service_network_arn": "",
            "service_region": "us-east-1",
            "state": "available",
            "subnet_configuration": [
              {
                "ipv4": "10.49.1.234",
                "ipv6": "",
                "subnet_id": "subnet-0b17ab8abf3a8b378"
              },
              {
                "ipv4": "10.49.1.40",
                "ipv6": "",
                "subnet_id": "subnet-0db123d54c271e391"
              },
              {
                "ipv4": "10.49.1.99",
                "ipv6": "",
                "subnet_id": "subnet-07f28a28b8830044b"
              }
            ],
            "subnet_ids": [
              "subnet-07f28a28b8830044b",
              "subnet-0b17ab8abf3a8b378",
              "subnet-0db123d54c271e391"
            ],
            "tags": {
              "Name": "tss-ebs-dev-new-monitoring-vpce"
            },
            "tags_all": {
              "Environment": "dev",
              "ManagedBy": "terraform",
              "Name": "tss-ebs-dev-new-monitoring-vpce",
              "Project": "tss-app"
            },
            "timeouts": null,
            "vpc_endpoint_type": "Interface",
            "vpc_id": "vpc-0975e41529fdd220e"
          },
          "sensitive_attributes": [],
          "identity_schema_version": 0,
          "private": "eyJlMmJmYjczMC1lY2FhLTExZTYtOGY4OC0zNDM2M2JjN2M0YzAiOnsiY3JlYXRlIjo2MDAwMDAwMDAwMDAsImRlbGV0ZSI6NjAwMDAwMDAwMDAwLCJ1cGRhdGUiOjYwMDAwMDAwMDAwMH19",
          "dependencies": [
            "aws_s3_object.app_artifact",
            "module.alb.aws_lb.this",
            "module.alb.aws_lb_listener.http",
            "module.alb.aws_lb_listener.https",
            "module.elastic_beanstalk.aws_security_group.vpc_endpoints",
            "module.elastic_beanstalk.data.aws_region.current",
            "module.elastic_beanstalk.data.aws_vpc.selected",
            "module.iam_roles.aws_iam_instance_profile.ec2_profile",
            "module.iam_roles.aws_iam_role.eb_service_role",
            "module.iam_roles.aws_iam_role.ec2_role",
            "module.iam_roles.aws_iam_role_policy_attachment.eb_enhanced_health",
            "module.iam_roles.aws_iam_role_policy_attachment.eb_managed_updates",
            "module.iam_roles.aws_iam_role_policy_attachment.ec2_multicontainer",
            "module.iam_roles.aws_iam_role_policy_attachment.ec2_s3_read",
            "module.iam_roles.aws_iam_role_policy_attachment.ec2_ssm_core",
            "module.iam_roles.aws_iam_role_policy_attachment.ec2_web_tier",
            "module.iam_roles.aws_iam_role_policy_attachment.ec2_worker_tier",
            "module.iam_roles.data.aws_iam_policy_document.eb_assume",
            "module.iam_roles.data.aws_iam_policy_document.ec2_assume",
            "module.s3.aws_s3_bucket.this",
            "module.s3.aws_s3_bucket_public_access_block.this",
            "module.s3.aws_s3_bucket_versioning.this",
            "module.security_groups.aws_security_group.alb",
            "module.security_groups.aws_security_group.ec2"
          ]
        }
      ]
    },
    {
      "module": "module.elastic_beanstalk",
      "mode": "managed",
      "type": "aws_vpc_endpoint",
      "name": "s3",
      "provider": "provider[\"registry.terraform.io/hashicorp/aws\"]",
      "instances": [
        {
          "schema_version": 0,
          "attributes": {
            "arn": "arn:aws:ec2:us-east-1:911287867452:vpc-endpoint/vpce-0b52dab2b3226f5e8",
            "auto_accept": null,
            "cidr_blocks": [
              "16.15.176.0/20",
              "16.182.0.0/16",
              "18.34.0.0/19",
              "52.216.0.0/15",
              "54.231.0.0/16",
              "3.5.0.0/19",
              "18.34.232.0/21",
              "16.15.192.0/18"
            ],
            "dns_entry": [],
            "dns_options": [
              {
                "dns_record_ip_type": "service-defined",
                "private_dns_only_for_inbound_resolver_endpoint": false
              }
            ],
            "id": "vpce-0b52dab2b3226f5e8",
            "ip_address_type": "ipv4",
            "network_interface_ids": [],
            "owner_id": "911287867452",
            "policy": "{\"Statement\":[{\"Action\":\"*\",\"Effect\":\"Allow\",\"Principal\":\"*\",\"Resource\":\"*\"}],\"Version\":\"2008-10-17\"}",
            "prefix_list_id": "pl-63a5400a",
            "private_dns_enabled": false,
            "requester_managed": false,
            "resource_configuration_arn": "",
            "route_table_ids": [
              "rtb-0304d76c6d3a598ae"
            ],
            "security_group_ids": [],
            "service_name": "com.amazonaws.us-east-1.s3",
            "service_network_arn": "",
            "service_region": "us-east-1",
            "state": "available",
            "subnet_configuration": [],
            "subnet_ids": [],
            "tags": {
              "Name": "tss-ebs-dev-new-s3-vpce"
            },
            "tags_all": {
              "Environment": "dev",
              "ManagedBy": "terraform",
              "Name": "tss-ebs-dev-new-s3-vpce",
              "Project": "tss-app"
            },
            "timeouts": null,
            "vpc_endpoint_type": "Gateway",
            "vpc_id": "vpc-0975e41529fdd220e"
          },
          "sensitive_attributes": [],
          "identity_schema_version": 0,
          "private": "eyJlMmJmYjczMC1lY2FhLTExZTYtOGY4OC0zNDM2M2JjN2M0YzAiOnsiY3JlYXRlIjo2MDAwMDAwMDAwMDAsImRlbGV0ZSI6NjAwMDAwMDAwMDAwLCJ1cGRhdGUiOjYwMDAwMDAwMDAwMH19",
          "dependencies": [
            "aws_s3_object.app_artifact",
            "module.alb.aws_lb.this",
            "module.alb.aws_lb_listener.http",
            "module.alb.aws_lb_listener.https",
            "module.elastic_beanstalk.data.aws_region.current",
            "module.elastic_beanstalk.data.aws_route_tables.all",
            "module.iam_roles.aws_iam_instance_profile.ec2_profile",
            "module.iam_roles.aws_iam_role.eb_service_role",
            "module.iam_roles.aws_iam_role.ec2_role",
            "module.iam_roles.aws_iam_role_policy_attachment.eb_enhanced_health",
            "module.iam_roles.aws_iam_role_policy_attachment.eb_managed_updates",
            "module.iam_roles.aws_iam_role_policy_attachment.ec2_multicontainer",
            "module.iam_roles.aws_iam_role_policy_attachment.ec2_s3_read",
            "module.iam_roles.aws_iam_role_policy_attachment.ec2_ssm_core",
            "module.iam_roles.aws_iam_role_policy_attachment.ec2_web_tier",
            "module.iam_roles.aws_iam_role_policy_attachment.ec2_worker_tier",
            "module.iam_roles.data.aws_iam_policy_document.eb_assume",
            "module.iam_roles.data.aws_iam_policy_document.ec2_assume",
            "module.s3.aws_s3_bucket.this",
            "module.s3.aws_s3_bucket_public_access_block.this",
            "module.s3.aws_s3_bucket_versioning.this",
            "module.security_groups.aws_security_group.alb",
            "module.security_groups.aws_security_group.ec2"
          ]
        }
      ]
    },
    {
      "module": "module.elastic_beanstalk",
      "mode": "managed",
      "type": "aws_vpc_endpoint",
      "name": "sqs",
      "provider": "provider[\"registry.terraform.io/hashicorp/aws\"]",
      "instances": [
        {
          "schema_version": 0,
          "attributes": {
            "arn": "arn:aws:ec2:us-east-1:911287867452:vpc-endpoint/vpce-0614b9d1aaaba65bd",
            "auto_accept": null,
            "cidr_blocks": [],
            "dns_entry": [
              {
                "dns_name": "vpce-0614b9d1aaaba65bd-z958es7h.sqs.us-east-1.vpce.amazonaws.com",
                "hosted_zone_id": "Z7HUB22UULQXV"
              },
              {
                "dns_name": "vpce-0614b9d1aaaba65bd-z958es7h-us-east-1c.sqs.us-east-1.vpce.amazonaws.com",
                "hosted_zone_id": "Z7HUB22UULQXV"
              },
              {
                "dns_name": "vpce-0614b9d1aaaba65bd-z958es7h-us-east-1b.sqs.us-east-1.vpce.amazonaws.com",
                "hosted_zone_id": "Z7HUB22UULQXV"
              },
              {
                "dns_name": "vpce-0614b9d1aaaba65bd-z958es7h-us-east-1a.sqs.us-east-1.vpce.amazonaws.com",
                "hosted_zone_id": "Z7HUB22UULQXV"
              },
              {
                "dns_name": "sqs.us-east-1.amazonaws.com",
                "hosted_zone_id": "Z06691531LTBOUISOVPFH"
              },
              {
                "dns_name": "sqs.us-east-1.api.aws",
                "hosted_zone_id": "Z01823932N6HVKLAF75OS"
              }
            ],
            "dns_options": [
              {
                "dns_record_ip_type": "ipv4",
                "private_dns_only_for_inbound_resolver_endpoint": false
              }
            ],
            "id": "vpce-0614b9d1aaaba65bd",
            "ip_address_type": "ipv4",
            "network_interface_ids": [
              "eni-040e53b43eaf1a9cf",
              "eni-0646762ef1c5aa4c7",
              "eni-0b9d31081c2a6b1c3"
            ],
            "owner_id": "911287867452",
            "policy": "{\"Statement\":[{\"Action\":\"*\",\"Effect\":\"Allow\",\"Principal\":\"*\",\"Resource\":\"*\"}]}",
            "prefix_list_id": null,
            "private_dns_enabled": true,
            "requester_managed": false,
            "resource_configuration_arn": "",
            "route_table_ids": [],
            "security_group_ids": [
              "sg-0d86e73e0e23a0004"
            ],
            "service_name": "com.amazonaws.us-east-1.sqs",
            "service_network_arn": "",
            "service_region": "us-east-1",
            "state": "available",
            "subnet_configuration": [
              {
                "ipv4": "10.49.1.122",
                "ipv6": "",
                "subnet_id": "subnet-07f28a28b8830044b"
              },
              {
                "ipv4": "10.49.1.20",
                "ipv6": "",
                "subnet_id": "subnet-0db123d54c271e391"
              },
              {
                "ipv4": "10.49.1.248",
                "ipv6": "",
                "subnet_id": "subnet-0b17ab8abf3a8b378"
              }
            ],
            "subnet_ids": [
              "subnet-07f28a28b8830044b",
              "subnet-0b17ab8abf3a8b378",
              "subnet-0db123d54c271e391"
            ],
            "tags": {
              "Name": "tss-ebs-dev-new-sqs-vpce"
            },
            "tags_all": {
              "Environment": "dev",
              "ManagedBy": "terraform",
              "Name": "tss-ebs-dev-new-sqs-vpce",
              "Project": "tss-app"
            },
            "timeouts": null,
            "vpc_endpoint_type": "Interface",
            "vpc_id": "vpc-0975e41529fdd220e"
          },
          "sensitive_attributes": [],
          "identity_schema_version": 0,
          "private": "eyJlMmJmYjczMC1lY2FhLTExZTYtOGY4OC0zNDM2M2JjN2M0YzAiOnsiY3JlYXRlIjo2MDAwMDAwMDAwMDAsImRlbGV0ZSI6NjAwMDAwMDAwMDAwLCJ1cGRhdGUiOjYwMDAwMDAwMDAwMH19",
          "dependencies": [
            "aws_s3_object.app_artifact",
            "module.alb.aws_lb.this",
            "module.alb.aws_lb_listener.http",
            "module.alb.aws_lb_listener.https",
            "module.elastic_beanstalk.aws_security_group.vpc_endpoints",
            "module.elastic_beanstalk.data.aws_region.current",
            "module.elastic_beanstalk.data.aws_vpc.selected",
            "module.iam_roles.aws_iam_instance_profile.ec2_profile",
            "module.iam_roles.aws_iam_role.eb_service_role",
            "module.iam_roles.aws_iam_role.ec2_role",
            "module.iam_roles.aws_iam_role_policy_attachment.eb_enhanced_health",
            "module.iam_roles.aws_iam_role_policy_attachment.eb_managed_updates",
            "module.iam_roles.aws_iam_role_policy_attachment.ec2_multicontainer",
            "module.iam_roles.aws_iam_role_policy_attachment.ec2_s3_read",
            "module.iam_roles.aws_iam_role_policy_attachment.ec2_ssm_core",
            "module.iam_roles.aws_iam_role_policy_attachment.ec2_web_tier",
            "module.iam_roles.aws_iam_role_policy_attachment.ec2_worker_tier",
            "module.iam_roles.data.aws_iam_policy_document.eb_assume",
            "module.iam_roles.data.aws_iam_policy_document.ec2_assume",
            "module.s3.aws_s3_bucket.this",
            "module.s3.aws_s3_bucket_public_access_block.this",
            "module.s3.aws_s3_bucket_versioning.this",
            "module.security_groups.aws_security_group.alb",
            "module.security_groups.aws_security_group.ec2"
          ]
        }
      ]
    },
    {
      "module": "module.elastic_beanstalk",
      "mode": "managed",
      "type": "aws_vpc_endpoint",
      "name": "ssm",
      "provider": "provider[\"registry.terraform.io/hashicorp/aws\"]",
      "instances": [
        {
          "schema_version": 0,
          "attributes": {
            "arn": "arn:aws:ec2:us-east-1:911287867452:vpc-endpoint/vpce-0a71316c32a8e5977",
            "auto_accept": null,
            "cidr_blocks": [],
            "dns_entry": [
              {
                "dns_name": "vpce-0a71316c32a8e5977-l7e1hrzw.ssm.us-east-1.vpce.amazonaws.com",
                "hosted_zone_id": "Z7HUB22UULQXV"
              },
              {
                "dns_name": "vpce-0a71316c32a8e5977-l7e1hrzw-us-east-1c.ssm.us-east-1.vpce.amazonaws.com",
                "hosted_zone_id": "Z7HUB22UULQXV"
              },
              {
                "dns_name": "vpce-0a71316c32a8e5977-l7e1hrzw-us-east-1b.ssm.us-east-1.vpce.amazonaws.com",
                "hosted_zone_id": "Z7HUB22UULQXV"
              },
              {
                "dns_name": "vpce-0a71316c32a8e5977-l7e1hrzw-us-east-1a.ssm.us-east-1.vpce.amazonaws.com",
                "hosted_zone_id": "Z7HUB22UULQXV"
              },
              {
                "dns_name": "ssm.us-east-1.amazonaws.com",
                "hosted_zone_id": "Z03558981GMEHEW6QWI2G"
              },
              {
                "dns_name": "ssm.us-east-1.api.aws",
                "hosted_zone_id": "Z02066843B51HAV1JYT07"
              }
            ],
            "dns_options": [
              {
                "dns_record_ip_type": "ipv4",
                "private_dns_only_for_inbound_resolver_endpoint": false
              }
            ],
            "id": "vpce-0a71316c32a8e5977",
            "ip_address_type": "ipv4",
            "network_interface_ids": [
              "eni-0089fd55299e2b904",
              "eni-074e57454dda5433d",
              "eni-0c7085c8cdae9ad01"
            ],
            "owner_id": "911287867452",
            "policy": "{\"Statement\":[{\"Action\":\"*\",\"Effect\":\"Allow\",\"Principal\":\"*\",\"Resource\":\"*\"}]}",
            "prefix_list_id": null,
            "private_dns_enabled": true,
            "requester_managed": false,
            "resource_configuration_arn": "",
            "route_table_ids": [],
            "security_group_ids": [
              "sg-0d86e73e0e23a0004"
            ],
            "service_name": "com.amazonaws.us-east-1.ssm",
            "service_network_arn": "",
            "service_region": "us-east-1",
            "state": "available",
            "subnet_configuration": [
              {
                "ipv4": "10.49.1.228",
                "ipv6": "",
                "subnet_id": "subnet-0b17ab8abf3a8b378"
              },
              {
                "ipv4": "10.49.1.34",
                "ipv6": "",
                "subnet_id": "subnet-0db123d54c271e391"
              },
              {
                "ipv4": "10.49.1.77",
                "ipv6": "",
                "subnet_id": "subnet-07f28a28b8830044b"
              }
            ],
            "subnet_ids": [
              "subnet-07f28a28b8830044b",
              "subnet-0b17ab8abf3a8b378",
              "subnet-0db123d54c271e391"
            ],
            "tags": {
              "Name": "tss-ebs-dev-new-ssm-vpce"
            },
            "tags_all": {
              "Environment": "dev",
              "ManagedBy": "terraform",
              "Name": "tss-ebs-dev-new-ssm-vpce",
              "Project": "tss-app"
            },
            "timeouts": null,
            "vpc_endpoint_type": "Interface",
            "vpc_id": "vpc-0975e41529fdd220e"
          },
          "sensitive_attributes": [],
          "identity_schema_version": 0,
          "private": "eyJlMmJmYjczMC1lY2FhLTExZTYtOGY4OC0zNDM2M2JjN2M0YzAiOnsiY3JlYXRlIjo2MDAwMDAwMDAwMDAsImRlbGV0ZSI6NjAwMDAwMDAwMDAwLCJ1cGRhdGUiOjYwMDAwMDAwMDAwMH19",
          "dependencies": [
            "aws_s3_object.app_artifact",
            "module.alb.aws_lb.this",
            "module.alb.aws_lb_listener.http",
            "module.alb.aws_lb_listener.https",
            "module.elastic_beanstalk.aws_security_group.vpc_endpoints",
            "module.elastic_beanstalk.data.aws_region.current",
            "module.elastic_beanstalk.data.aws_vpc.selected",
            "module.iam_roles.aws_iam_instance_profile.ec2_profile",
            "module.iam_roles.aws_iam_role.eb_service_role",
            "module.iam_roles.aws_iam_role.ec2_role",
            "module.iam_roles.aws_iam_role_policy_attachment.eb_enhanced_health",
            "module.iam_roles.aws_iam_role_policy_attachment.eb_managed_updates",
            "module.iam_roles.aws_iam_role_policy_attachment.ec2_multicontainer",
            "module.iam_roles.aws_iam_role_policy_attachment.ec2_s3_read",
            "module.iam_roles.aws_iam_role_policy_attachment.ec2_ssm_core",
            "module.iam_roles.aws_iam_role_policy_attachment.ec2_web_tier",
            "module.iam_roles.aws_iam_role_policy_attachment.ec2_worker_tier",
            "module.iam_roles.data.aws_iam_policy_document.eb_assume",
            "module.iam_roles.data.aws_iam_policy_document.ec2_assume",
            "module.s3.aws_s3_bucket.this",
            "module.s3.aws_s3_bucket_public_access_block.this",
            "module.s3.aws_s3_bucket_versioning.this",
            "module.security_groups.aws_security_group.alb",
            "module.security_groups.aws_security_group.ec2"
          ]
        }
      ]
    },
    {
      "module": "module.elastic_beanstalk",
      "mode": "managed",
      "type": "aws_vpc_endpoint",
      "name": "ssmmessages",
      "provider": "provider[\"registry.terraform.io/hashicorp/aws\"]",
      "instances": [
        {
          "schema_version": 0,
          "attributes": {
            "arn": "arn:aws:ec2:us-east-1:911287867452:vpc-endpoint/vpce-0e3c9bedbae0addc8",
            "auto_accept": null,
            "cidr_blocks": [],
            "dns_entry": [
              {
                "dns_name": "vpce-0e3c9bedbae0addc8-a4qe2lyz.ssmmessages.us-east-1.vpce.amazonaws.com",
                "hosted_zone_id": "Z7HUB22UULQXV"
              },
              {
                "dns_name": "vpce-0e3c9bedbae0addc8-a4qe2lyz-us-east-1a.ssmmessages.us-east-1.vpce.amazonaws.com",
                "hosted_zone_id": "Z7HUB22UULQXV"
              },
              {
                "dns_name": "vpce-0e3c9bedbae0addc8-a4qe2lyz-us-east-1c.ssmmessages.us-east-1.vpce.amazonaws.com",
                "hosted_zone_id": "Z7HUB22UULQXV"
              },
              {
                "dns_name": "vpce-0e3c9bedbae0addc8-a4qe2lyz-us-east-1b.ssmmessages.us-east-1.vpce.amazonaws.com",
                "hosted_zone_id": "Z7HUB22UULQXV"
              },
              {
                "dns_name": "ssmmessages.us-east-1.amazonaws.com",
                "hosted_zone_id": "Z06706821W6S8SG45X3QS"
              },
              {
                "dns_name": "ssmmessages.us-east-1.api.aws",
                "hosted_zone_id": "Z01817232IFMH7I5088IG"
              }
            ],
            "dns_options": [
              {
                "dns_record_ip_type": "ipv4",
                "private_dns_only_for_inbound_resolver_endpoint": false
              }
            ],
            "id": "vpce-0e3c9bedbae0addc8",
            "ip_address_type": "ipv4",
            "network_interface_ids": [
              "eni-014a447a784a445f6",
              "eni-07397bc88a14766c1",
              "eni-08c1d82dff7543ab8"
            ],
            "owner_id": "911287867452",
            "policy": "{\"Statement\":[{\"Action\":\"*\",\"Effect\":\"Allow\",\"Principal\":\"*\",\"Resource\":\"*\"}]}",
            "prefix_list_id": null,
            "private_dns_enabled": true,
            "requester_managed": false,
            "resource_configuration_arn": "",
            "route_table_ids": [],
            "security_group_ids": [
              "sg-0d86e73e0e23a0004"
            ],
            "service_name": "com.amazonaws.us-east-1.ssmmessages",
            "service_network_arn": "",
            "service_region": "us-east-1",
            "state": "available",
            "subnet_configuration": [
              {
                "ipv4": "10.49.1.244",
                "ipv6": "",
                "subnet_id": "subnet-0b17ab8abf3a8b378"
              },
              {
                "ipv4": "10.49.1.5",
                "ipv6": "",
                "subnet_id": "subnet-0db123d54c271e391"
              },
              {
                "ipv4": "10.49.1.92",
                "ipv6": "",
                "subnet_id": "subnet-07f28a28b8830044b"
              }
            ],
            "subnet_ids": [
              "subnet-07f28a28b8830044b",
              "subnet-0b17ab8abf3a8b378",
              "subnet-0db123d54c271e391"
            ],
            "tags": {
              "Name": "tss-ebs-dev-new-ssm-msg-vpce"
            },
            "tags_all": {
              "Environment": "dev",
              "ManagedBy": "terraform",
              "Name": "tss-ebs-dev-new-ssm-msg-vpce",
              "Project": "tss-app"
            },
            "timeouts": null,
            "vpc_endpoint_type": "Interface",
            "vpc_id": "vpc-0975e41529fdd220e"
          },
          "sensitive_attributes": [],
          "identity_schema_version": 0,
          "private": "eyJlMmJmYjczMC1lY2FhLTExZTYtOGY4OC0zNDM2M2JjN2M0YzAiOnsiY3JlYXRlIjo2MDAwMDAwMDAwMDAsImRlbGV0ZSI6NjAwMDAwMDAwMDAwLCJ1cGRhdGUiOjYwMDAwMDAwMDAwMH19",
          "dependencies": [
            "aws_s3_object.app_artifact",
            "module.alb.aws_lb.this",
            "module.alb.aws_lb_listener.http",
            "module.alb.aws_lb_listener.https",
            "module.elastic_beanstalk.aws_security_group.vpc_endpoints",
            "module.elastic_beanstalk.data.aws_region.current",
            "module.elastic_beanstalk.data.aws_vpc.selected",
            "module.iam_roles.aws_iam_instance_profile.ec2_profile",
            "module.iam_roles.aws_iam_role.eb_service_role",
            "module.iam_roles.aws_iam_role.ec2_role",
            "module.iam_roles.aws_iam_role_policy_attachment.eb_enhanced_health",
            "module.iam_roles.aws_iam_role_policy_attachment.eb_managed_updates",
            "module.iam_roles.aws_iam_role_policy_attachment.ec2_multicontainer",
            "module.iam_roles.aws_iam_role_policy_attachment.ec2_s3_read",
            "module.iam_roles.aws_iam_role_policy_attachment.ec2_ssm_core",
            "module.iam_roles.aws_iam_role_policy_attachment.ec2_web_tier",
            "module.iam_roles.aws_iam_role_policy_attachment.ec2_worker_tier",
            "module.iam_roles.data.aws_iam_policy_document.eb_assume",
            "module.iam_roles.data.aws_iam_policy_document.ec2_assume",
            "module.s3.aws_s3_bucket.this",
            "module.s3.aws_s3_bucket_public_access_block.this",
            "module.s3.aws_s3_bucket_versioning.this",
            "module.security_groups.aws_security_group.alb",
            "module.security_groups.aws_security_group.ec2"
          ]
        }
      ]
    },
    {
      "module": "module.elastic_beanstalk",
      "mode": "managed",
      "type": "aws_vpc_endpoint",
      "name": "sts",
      "provider": "provider[\"registry.terraform.io/hashicorp/aws\"]",
      "instances": [
        {
          "schema_version": 0,
          "attributes": {
            "arn": "arn:aws:ec2:us-east-1:911287867452:vpc-endpoint/vpce-02682f1ddd8724746",
            "auto_accept": null,
            "cidr_blocks": [],
            "dns_entry": [
              {
                "dns_name": "vpce-02682f1ddd8724746-87peuief.sts.us-east-1.vpce.amazonaws.com",
                "hosted_zone_id": "Z7HUB22UULQXV"
              },
              {
                "dns_name": "vpce-02682f1ddd8724746-87peuief-us-east-1c.sts.us-east-1.vpce.amazonaws.com",
                "hosted_zone_id": "Z7HUB22UULQXV"
              },
              {
                "dns_name": "vpce-02682f1ddd8724746-87peuief-us-east-1b.sts.us-east-1.vpce.amazonaws.com",
                "hosted_zone_id": "Z7HUB22UULQXV"
              },
              {
                "dns_name": "vpce-02682f1ddd8724746-87peuief-us-east-1a.sts.us-east-1.vpce.amazonaws.com",
                "hosted_zone_id": "Z7HUB22UULQXV"
              },
              {
                "dns_name": "sts.us-east-1.amazonaws.com",
                "hosted_zone_id": "Z0670574FDC5D74M6VND"
              },
              {
                "dns_name": "sts.us-east-1.api.aws",
                "hosted_zone_id": "Z020754718UXKFOBQJY1Z"
              }
            ],
            "dns_options": [
              {
                "dns_record_ip_type": "ipv4",
                "private_dns_only_for_inbound_resolver_endpoint": false
              }
            ],
            "id": "vpce-02682f1ddd8724746",
            "ip_address_type": "ipv4",
            "network_interface_ids": [
              "eni-02965582384cf6000",
              "eni-0556c91424a13e289",
              "eni-0847835e742155792"
            ],
            "owner_id": "911287867452",
            "policy": "{\"Statement\":[{\"Action\":\"*\",\"Effect\":\"Allow\",\"Principal\":\"*\",\"Resource\":\"*\"}]}",
            "prefix_list_id": null,
            "private_dns_enabled": true,
            "requester_managed": false,
            "resource_configuration_arn": "",
            "route_table_ids": [],
            "security_group_ids": [
              "sg-0d86e73e0e23a0004"
            ],
            "service_name": "com.amazonaws.us-east-1.sts",
            "service_network_arn": "",
            "service_region": "us-east-1",
            "state": "available",
            "subnet_configuration": [
              {
                "ipv4": "10.49.1.106",
                "ipv6": "",
                "subnet_id": "subnet-07f28a28b8830044b"
              },
              {
                "ipv4": "10.49.1.235",
                "ipv6": "",
                "subnet_id": "subnet-0b17ab8abf3a8b378"
              },
              {
                "ipv4": "10.49.1.43",
                "ipv6": "",
                "subnet_id": "subnet-0db123d54c271e391"
              }
            ],
            "subnet_ids": [
              "subnet-07f28a28b8830044b",
              "subnet-0b17ab8abf3a8b378",
              "subnet-0db123d54c271e391"
            ],
            "tags": {
              "Name": "tss-ebs-dev-new-sts-vpce"
            },
            "tags_all": {
              "Environment": "dev",
              "ManagedBy": "terraform",
              "Name": "tss-ebs-dev-new-sts-vpce",
              "Project": "tss-app"
            },
            "timeouts": null,
            "vpc_endpoint_type": "Interface",
            "vpc_id": "vpc-0975e41529fdd220e"
          },
          "sensitive_attributes": [],
          "identity_schema_version": 0,
          "private": "eyJlMmJmYjczMC1lY2FhLTExZTYtOGY4OC0zNDM2M2JjN2M0YzAiOnsiY3JlYXRlIjo2MDAwMDAwMDAwMDAsImRlbGV0ZSI6NjAwMDAwMDAwMDAwLCJ1cGRhdGUiOjYwMDAwMDAwMDAwMH19",
          "dependencies": [
            "aws_s3_object.app_artifact",
            "module.alb.aws_lb.this",
            "module.alb.aws_lb_listener.http",
            "module.alb.aws_lb_listener.https",
            "module.elastic_beanstalk.aws_security_group.vpc_endpoints",
            "module.elastic_beanstalk.data.aws_region.current",
            "module.elastic_beanstalk.data.aws_vpc.selected",
            "module.iam_roles.aws_iam_instance_profile.ec2_profile",
            "module.iam_roles.aws_iam_role.eb_service_role",
            "module.iam_roles.aws_iam_role.ec2_role",
            "module.iam_roles.aws_iam_role_policy_attachment.eb_enhanced_health",
            "module.iam_roles.aws_iam_role_policy_attachment.eb_managed_updates",
            "module.iam_roles.aws_iam_role_policy_attachment.ec2_multicontainer",
            "module.iam_roles.aws_iam_role_policy_attachment.ec2_s3_read",
            "module.iam_roles.aws_iam_role_policy_attachment.ec2_ssm_core",
            "module.iam_roles.aws_iam_role_policy_attachment.ec2_web_tier",
            "module.iam_roles.aws_iam_role_policy_attachment.ec2_worker_tier",
            "module.iam_roles.data.aws_iam_policy_document.eb_assume",
            "module.iam_roles.data.aws_iam_policy_document.ec2_assume",
            "module.s3.aws_s3_bucket.this",
            "module.s3.aws_s3_bucket_public_access_block.this",
            "module.s3.aws_s3_bucket_versioning.this",
            "module.security_groups.aws_security_group.alb",
            "module.security_groups.aws_security_group.ec2"
          ]
        }
      ]
    },
    {
      "module": "module.iam_roles",
      "mode": "data",
      "type": "aws_iam_policy_document",
      "name": "eb_assume",
      "provider": "provider[\"registry.terraform.io/hashicorp/aws\"]",
      "instances": [
        {
          "schema_version": 0,
          "attributes": {
            "id": "2970054628",
            "json": "{\n  \"Version\": \"2012-10-17\",\n  \"Statement\": [\n    {\n      \"Effect\": \"Allow\",\n      \"Action\": \"sts:AssumeRole\",\n      \"Principal\": {\n        \"Service\": \"elasticbeanstalk.amazonaws.com\"\n      }\n    }\n  ]\n}",
            "minified_json": "{\"Version\":\"2012-10-17\",\"Statement\":[{\"Effect\":\"Allow\",\"Action\":\"sts:AssumeRole\",\"Principal\":{\"Service\":\"elasticbeanstalk.amazonaws.com\"}}]}",
            "override_json": null,
            "override_policy_documents": null,
            "policy_id": null,
            "source_json": null,
            "source_policy_documents": null,
            "statement": [
              {
                "actions": [
                  "sts:AssumeRole"
                ],
                "condition": [],
                "effect": "Allow",
                "not_actions": [],
                "not_principals": [],
                "not_resources": [],
                "principals": [
                  {
                    "identifiers": [
                      "elasticbeanstalk.amazonaws.com"
                    ],
                    "type": "Service"
                  }
                ],
                "resources": [],
                "sid": ""
              }
            ],
            "version": "2012-10-17"
          },
          "sensitive_attributes": [],
          "identity_schema_version": 0
        }
      ]
    },
    {
      "module": "module.iam_roles",
      "mode": "data",
      "type": "aws_iam_policy_document",
      "name": "ec2_assume",
      "provider": "provider[\"registry.terraform.io/hashicorp/aws\"]",
      "instances": [
        {
          "schema_version": 0,
          "attributes": {
            "id": "2851119427",
            "json": "{\n  \"Version\": \"2012-10-17\",\n  \"Statement\": [\n    {\n      \"Effect\": \"Allow\",\n      \"Action\": \"sts:AssumeRole\",\n      \"Principal\": {\n        \"Service\": \"ec2.amazonaws.com\"\n      }\n    }\n  ]\n}",
            "minified_json": "{\"Version\":\"2012-10-17\",\"Statement\":[{\"Effect\":\"Allow\",\"Action\":\"sts:AssumeRole\",\"Principal\":{\"Service\":\"ec2.amazonaws.com\"}}]}",
            "override_json": null,
            "override_policy_documents": null,
            "policy_id": null,
            "source_json": null,
            "source_policy_documents": null,
            "statement": [
              {
                "actions": [
                  "sts:AssumeRole"
                ],
                "condition": [],
                "effect": "Allow",
                "not_actions": [],
                "not_principals": [],
                "not_resources": [],
                "principals": [
                  {
                    "identifiers": [
                      "ec2.amazonaws.com"
                    ],
                    "type": "Service"
                  }
                ],
                "resources": [],
                "sid": ""
              }
            ],
            "version": "2012-10-17"
          },
          "sensitive_attributes": [],
          "identity_schema_version": 0
        }
      ]
    },
    {
      "module": "module.iam_roles",
      "mode": "managed",
      "type": "aws_iam_instance_profile",
      "name": "ec2_profile",
      "provider": "provider[\"registry.terraform.io/hashicorp/aws\"]",
      "instances": [
        {
          "schema_version": 0,
          "attributes": {
            "arn": "arn:aws:iam::911287867452:instance-profile/tss-ebs-dev-new-ec2-profile",
            "create_date": "2026-03-23T12:17:16Z",
            "id": "tss-ebs-dev-new-ec2-profile",
            "name": "tss-ebs-dev-new-ec2-profile",
            "name_prefix": "",
            "path": "/",
            "role": "tss-ebs-dev-new-ec2-role",
            "tags": {},
            "tags_all": {
              "Environment": "dev",
              "ManagedBy": "terraform",
              "Project": "tss-app"
            },
            "unique_id": "AIPA5ILH5LA6POESY36ZS"
          },
          "sensitive_attributes": [],
          "identity_schema_version": 0,
          "private": "bnVsbA==",
          "dependencies": [
            "module.iam_roles.aws_iam_role.ec2_role",
            "module.iam_roles.data.aws_iam_policy_document.ec2_assume"
          ]
        }
      ]
    },
    {
      "module": "module.iam_roles",
      "mode": "managed",
      "type": "aws_iam_role",
      "name": "eb_service_role",
      "provider": "provider[\"registry.terraform.io/hashicorp/aws\"]",
      "instances": [
        {
          "schema_version": 0,
          "attributes": {
            "arn": "arn:aws:iam::911287867452:role/tss-ebs-dev-new-eb-service-role",
            "assume_role_policy": "{\"Statement\":[{\"Action\":\"sts:AssumeRole\",\"Effect\":\"Allow\",\"Principal\":{\"Service\":\"elasticbeanstalk.amazonaws.com\"}}],\"Version\":\"2012-10-17\"}",
            "create_date": "2026-03-23T12:17:14Z",
            "description": "",
            "force_detach_policies": false,
            "id": "tss-ebs-dev-new-eb-service-role",
            "inline_policy": [],
            "managed_policy_arns": [
              "arn:aws:iam::aws:policy/AWSElasticBeanstalkManagedUpdatesCustomerRolePolicy",
              "arn:aws:iam::aws:policy/service-role/AWSElasticBeanstalkEnhancedHealth"
            ],
            "max_session_duration": 3600,
            "name": "tss-ebs-dev-new-eb-service-role",
            "name_prefix": "",
            "path": "/",
            "permissions_boundary": "",
            "tags": {
              "Environment": "dev",
              "ManagedBy": "terraform",
              "Name": "tss-app-dev-eb-service-role"
            },
            "tags_all": {
              "Environment": "dev",
              "ManagedBy": "terraform",
              "Name": "tss-app-dev-eb-service-role",
              "Project": "tss-app"
            },
            "unique_id": "AROA5ILH5LA6IMWBLBEUD"
          },
          "sensitive_attributes": [],
          "identity_schema_version": 0,
          "private": "bnVsbA==",
          "dependencies": [
            "module.iam_roles.data.aws_iam_policy_document.eb_assume"
          ]
        }
      ]
    },
    {
      "module": "module.iam_roles",
      "mode": "managed",
      "type": "aws_iam_role",
      "name": "ec2_role",
      "provider": "provider[\"registry.terraform.io/hashicorp/aws\"]",
      "instances": [
        {
          "schema_version": 0,
          "attributes": {
            "arn": "arn:aws:iam::911287867452:role/tss-ebs-dev-new-ec2-role",
            "assume_role_policy": "{\"Statement\":[{\"Action\":\"sts:AssumeRole\",\"Effect\":\"Allow\",\"Principal\":{\"Service\":\"ec2.amazonaws.com\"}}],\"Version\":\"2012-10-17\"}",
            "create_date": "2026-03-23T12:17:14Z",
            "description": "",
            "force_detach_policies": false,
            "id": "tss-ebs-dev-new-ec2-role",
            "inline_policy": [],
            "managed_policy_arns": [
              "arn:aws:iam::aws:policy/AWSElasticBeanstalkMulticontainerDocker",
              "arn:aws:iam::aws:policy/AWSElasticBeanstalkWebTier",
              "arn:aws:iam::aws:policy/AWSElasticBeanstalkWorkerTier",
              "arn:aws:iam::aws:policy/AmazonS3ReadOnlyAccess",
              "arn:aws:iam::aws:policy/AmazonSSMManagedInstanceCore"
            ],
            "max_session_duration": 3600,
            "name": "tss-ebs-dev-new-ec2-role",
            "name_prefix": "",
            "path": "/",
            "permissions_boundary": "",
            "tags": {
              "Environment": "dev",
              "ManagedBy": "terraform",
              "Name": "tss-app-dev-ec2-role"
            },
            "tags_all": {
              "Environment": "dev",
              "ManagedBy": "terraform",
              "Name": "tss-app-dev-ec2-role",
              "Project": "tss-app"
            },
            "unique_id": "AROA5ILH5LA6JZXNUHZW3"
          },
          "sensitive_attributes": [],
          "identity_schema_version": 0,
          "private": "bnVsbA==",
          "dependencies": [
            "module.iam_roles.data.aws_iam_policy_document.ec2_assume"
          ]
        }
      ]
    },
    {
      "module": "module.iam_roles",
      "mode": "managed",
      "type": "aws_iam_role_policy_attachment",
      "name": "eb_enhanced_health",
      "provider": "provider[\"registry.terraform.io/hashicorp/aws\"]",
      "instances": [
        {
          "schema_version": 0,
          "attributes": {
            "id": "tss-ebs-dev-new-eb-service-role-20260323121715923200000001",
            "policy_arn": "arn:aws:iam::aws:policy/service-role/AWSElasticBeanstalkEnhancedHealth",
            "role": "tss-ebs-dev-new-eb-service-role"
          },
          "sensitive_attributes": [],
          "identity_schema_version": 0,
          "private": "bnVsbA==",
          "dependencies": [
            "module.iam_roles.aws_iam_role.eb_service_role",
            "module.iam_roles.data.aws_iam_policy_document.eb_assume"
          ]
        }
      ]
    },
    {
      "module": "module.iam_roles",
      "mode": "managed",
      "type": "aws_iam_role_policy_attachment",
      "name": "eb_managed_updates",
      "provider": "provider[\"registry.terraform.io/hashicorp/aws\"]",
      "instances": [
        {
          "schema_version": 0,
          "attributes": {
            "id": "tss-ebs-dev-new-eb-service-role-20260323121716063300000002",
            "policy_arn": "arn:aws:iam::aws:policy/AWSElasticBeanstalkManagedUpdatesCustomerRolePolicy",
            "role": "tss-ebs-dev-new-eb-service-role"
          },
          "sensitive_attributes": [],
          "identity_schema_version": 0,
          "private": "bnVsbA==",
          "dependencies": [
            "module.iam_roles.aws_iam_role.eb_service_role",
            "module.iam_roles.data.aws_iam_policy_document.eb_assume"
          ]
        }
      ]
    },
    {
      "module": "module.iam_roles",
      "mode": "managed",
      "type": "aws_iam_role_policy_attachment",
      "name": "ec2_multicontainer",
      "provider": "provider[\"registry.terraform.io/hashicorp/aws\"]",
      "instances": [
        {
          "schema_version": 0,
          "attributes": {
            "id": "tss-ebs-dev-new-ec2-role-20260323121716516500000005",
            "policy_arn": "arn:aws:iam::aws:policy/AWSElasticBeanstalkMulticontainerDocker",
            "role": "tss-ebs-dev-new-ec2-role"
          },
          "sensitive_attributes": [],
          "identity_schema_version": 0,
          "private": "bnVsbA==",
          "dependencies": [
            "module.iam_roles.aws_iam_role.ec2_role",
            "module.iam_roles.data.aws_iam_policy_document.ec2_assume"
          ]
        }
      ]
    },
    {
      "module": "module.iam_roles",
      "mode": "managed",
      "type": "aws_iam_role_policy_attachment",
      "name": "ec2_s3_read",
      "provider": "provider[\"registry.terraform.io/hashicorp/aws\"]",
      "instances": [
        {
          "schema_version": 0,
          "attributes": {
            "id": "tss-ebs-dev-new-ec2-role-20260323121716699200000006",
            "policy_arn": "arn:aws:iam::aws:policy/AmazonS3ReadOnlyAccess",
            "role": "tss-ebs-dev-new-ec2-role"
          },
          "sensitive_attributes": [],
          "identity_schema_version": 0,
          "private": "bnVsbA==",
          "dependencies": [
            "module.iam_roles.aws_iam_role.ec2_role",
            "module.iam_roles.data.aws_iam_policy_document.ec2_assume"
          ]
        }
      ]
    },
    {
      "module": "module.iam_roles",
      "mode": "managed",
      "type": "aws_iam_role_policy_attachment",
      "name": "ec2_ssm_core",
      "provider": "provider[\"registry.terraform.io/hashicorp/aws\"]",
      "instances": [
        {
          "schema_version": 0,
          "attributes": {
            "id": "tss-ebs-dev-new-ec2-role-20260323121716961300000007",
            "policy_arn": "arn:aws:iam::aws:policy/AmazonSSMManagedInstanceCore",
            "role": "tss-ebs-dev-new-ec2-role"
          },
          "sensitive_attributes": [],
          "identity_schema_version": 0,
          "private": "bnVsbA==",
          "dependencies": [
            "module.iam_roles.aws_iam_role.ec2_role",
            "module.iam_roles.data.aws_iam_policy_document.ec2_assume"
          ]
        }
      ]
    },
    {
      "module": "module.iam_roles",
      "mode": "managed",
      "type": "aws_iam_role_policy_attachment",
      "name": "ec2_web_tier",
      "provider": "provider[\"registry.terraform.io/hashicorp/aws\"]",
      "instances": [
        {
          "schema_version": 0,
          "attributes": {
            "id": "tss-ebs-dev-new-ec2-role-20260323121716227200000003",
            "policy_arn": "arn:aws:iam::aws:policy/AWSElasticBeanstalkWebTier",
            "role": "tss-ebs-dev-new-ec2-role"
          },
          "sensitive_attributes": [],
          "identity_schema_version": 0,
          "private": "bnVsbA==",
          "dependencies": [
            "module.iam_roles.aws_iam_role.ec2_role",
            "module.iam_roles.data.aws_iam_policy_document.ec2_assume"
          ]
        }
      ]
    },
    {
      "module": "module.iam_roles",
      "mode": "managed",
      "type": "aws_iam_role_policy_attachment",
      "name": "ec2_worker_tier",
      "provider": "provider[\"registry.terraform.io/hashicorp/aws\"]",
      "instances": [
        {
          "schema_version": 0,
          "attributes": {
            "id": "tss-ebs-dev-new-ec2-role-20260323121716379900000004",
            "policy_arn": "arn:aws:iam::aws:policy/AWSElasticBeanstalkWorkerTier",
            "role": "tss-ebs-dev-new-ec2-role"
          },
          "sensitive_attributes": [],
          "identity_schema_version": 0,
          "private": "bnVsbA==",
          "dependencies": [
            "module.iam_roles.aws_iam_role.ec2_role",
            "module.iam_roles.data.aws_iam_policy_document.ec2_assume"
          ]
        }
      ]
    },
    {
      "module": "module.s3[0]",
      "mode": "managed",
      "type": "aws_s3_bucket",
      "name": "this",
      "provider": "provider[\"registry.terraform.io/hashicorp/aws\"]",
      "instances": [
        {
          "schema_version": 0,
          "attributes": {
            "acceleration_status": "",
            "acl": null,
            "arn": "arn:aws:s3:::tss-ebs-dev-artifacts-911287867452",
            "bucket": "tss-ebs-dev-artifacts-911287867452",
            "bucket_domain_name": "tss-ebs-dev-artifacts-911287867452.s3.amazonaws.com",
            "bucket_prefix": "",
            "bucket_regional_domain_name": "tss-ebs-dev-artifacts-911287867452.s3.us-east-1.amazonaws.com",
            "cors_rule": [],
            "force_destroy": false,
            "grant": [
              {
                "id": "bd35e08ad602fa06273e7b5184a6567571766db0ec268cdc398e0da5da98d082",
                "permissions": [
                  "FULL_CONTROL"
                ],
                "type": "CanonicalUser",
                "uri": ""
              }
            ],
            "hosted_zone_id": "Z3AQBSTGFYJSTF",
            "id": "tss-ebs-dev-artifacts-911287867452",
            "lifecycle_rule": [],
            "logging": [],
            "object_lock_configuration": [],
            "object_lock_enabled": false,
            "policy": "",
            "region": "us-east-1",
            "replication_configuration": [],
            "request_payer": "BucketOwner",
            "server_side_encryption_configuration": [
              {
                "rule": [
                  {
                    "apply_server_side_encryption_by_default": [
                      {
                        "kms_master_key_id": "",
                        "sse_algorithm": "AES256"
                      }
                    ],
                    "bucket_key_enabled": false
                  }
                ]
              }
            ],
            "tags": {
              "Environment": "dev",
              "ManagedBy": "terraform",
              "Name": "tss-ebs-dev-artifacts-911287867452"
            },
            "tags_all": {
              "Environment": "dev",
              "ManagedBy": "terraform",
              "Name": "tss-ebs-dev-artifacts-911287867452",
              "Project": "tss-app"
            },
            "timeouts": null,
            "versioning": [
              {
                "enabled": true,
                "mfa_delete": false
              }
            ],
            "website": [],
            "website_domain": null,
            "website_endpoint": null
          },
          "sensitive_attributes": [],
          "identity_schema_version": 0,
          "private": "eyJlMmJmYjczMC1lY2FhLTExZTYtOGY4OC0zNDM2M2JjN2M0YzAiOnsiY3JlYXRlIjoxMjAwMDAwMDAwMDAwLCJkZWxldGUiOjM2MDAwMDAwMDAwMDAsInJlYWQiOjEyMDAwMDAwMDAwMDAsInVwZGF0ZSI6MTIwMDAwMDAwMDAwMH19"
        }
      ]
    },
    {
      "module": "module.s3[0]",
      "mode": "managed",
      "type": "aws_s3_bucket_public_access_block",
      "name": "this",
      "provider": "provider[\"registry.terraform.io/hashicorp/aws\"]",
      "instances": [
        {
          "schema_version": 0,
          "attributes": {
            "block_public_acls": true,
            "block_public_policy": true,
            "bucket": "tss-ebs-dev-artifacts-911287867452",
            "id": "tss-ebs-dev-artifacts-911287867452",
            "ignore_public_acls": true,
            "restrict_public_buckets": true
          },
          "sensitive_attributes": [],
          "identity_schema_version": 0,
          "private": "bnVsbA==",
          "dependencies": [
            "module.s3.aws_s3_bucket.this"
          ]
        }
      ]
    },
    {
      "module": "module.s3[0]",
      "mode": "managed",
      "type": "aws_s3_bucket_versioning",
      "name": "this",
      "provider": "provider[\"registry.terraform.io/hashicorp/aws\"]",
      "instances": [
        {
          "schema_version": 0,
          "attributes": {
            "bucket": "tss-ebs-dev-artifacts-911287867452",
            "expected_bucket_owner": "",
            "id": "tss-ebs-dev-artifacts-911287867452",
            "mfa": null,
            "versioning_configuration": [
              {
                "mfa_delete": "",
                "status": "Enabled"
              }
            ]
          },
          "sensitive_attributes": [],
          "identity_schema_version": 0,
          "private": "bnVsbA==",
          "dependencies": [
            "module.s3.aws_s3_bucket.this"
          ]
        }
      ]
    },
    {
      "module": "module.security_groups",
      "mode": "managed",
      "type": "aws_security_group",
      "name": "alb",
      "provider": "provider[\"registry.terraform.io/hashicorp/aws\"]",
      "instances": [
        {
          "schema_version": 1,
          "attributes": {
            "arn": "arn:aws:ec2:us-east-1:911287867452:security-group/sg-0e8276fcd787f14a9",
            "description": "ALB security group for tss-app dev",
            "egress": [
              {
                "cidr_blocks": [
                  "0.0.0.0/0"
                ],
                "description": "",
                "from_port": 0,
                "ipv6_cidr_blocks": [],
                "prefix_list_ids": [],
                "protocol": "-1",
                "security_groups": [],
                "self": false,
                "to_port": 0
              }
            ],
            "id": "sg-0e8276fcd787f14a9",
            "ingress": [
              {
                "cidr_blocks": [
                  "0.0.0.0/0"
                ],
                "description": "",
                "from_port": 80,
                "ipv6_cidr_blocks": [],
                "prefix_list_ids": [],
                "protocol": "tcp",
                "security_groups": [],
                "self": false,
                "to_port": 80
              }
            ],
            "name": "tss-ebs-dev-new-alb-sg",
            "name_prefix": "",
            "owner_id": "911287867452",
            "revoke_rules_on_delete": false,
            "tags": {
              "Environment": "dev",
              "ManagedBy": "terraform",
              "Name": "tss-ebs-dev-new-alb-sg"
            },
            "tags_all": {
              "Environment": "dev",
              "ManagedBy": "terraform",
              "Name": "tss-ebs-dev-new-alb-sg",
              "Project": "tss-app"
            },
            "timeouts": null,
            "vpc_id": "vpc-0975e41529fdd220e"
          },
          "sensitive_attributes": [],
          "identity_schema_version": 0,
          "private": "eyJlMmJmYjczMC1lY2FhLTExZTYtOGY4OC0zNDM2M2JjN2M0YzAiOnsiY3JlYXRlIjo2MDAwMDAwMDAwMDAsImRlbGV0ZSI6OTAwMDAwMDAwMDAwfSwic2NoZW1hX3ZlcnNpb24iOiIxIn0="
        }
      ]
    },
    {
      "module": "module.security_groups",
      "mode": "managed",
      "type": "aws_security_group",
      "name": "ec2",
      "provider": "provider[\"registry.terraform.io/hashicorp/aws\"]",
      "instances": [
        {
          "schema_version": 1,
          "attributes": {
            "arn": "arn:aws:ec2:us-east-1:911287867452:security-group/sg-08a69b240ad120ce5",
            "description": "EB EC2 security group for tss-app dev",
            "egress": [
              {
                "cidr_blocks": [
                  "0.0.0.0/0"
                ],
                "description": "",
                "from_port": 0,
                "ipv6_cidr_blocks": [],
                "prefix_list_ids": [],
                "protocol": "-1",
                "security_groups": [],
                "self": false,
                "to_port": 0
              }
            ],
            "id": "sg-08a69b240ad120ce5",
            "ingress": [
              {
                "cidr_blocks": [],
                "description": "",
                "from_port": 80,
                "ipv6_cidr_blocks": [],
                "prefix_list_ids": [],
                "protocol": "tcp",
                "security_groups": [
                  "sg-0e8276fcd787f14a9"
                ],
                "self": false,
                "to_port": 80
              }
            ],
            "name": "tss-ebs-dev-new-ec2-sg",
            "name_prefix": "",
            "owner_id": "911287867452",
            "revoke_rules_on_delete": false,
            "tags": {
              "Environment": "dev",
              "ManagedBy": "terraform",
              "Name": "tss-ebs-dev-new-ec2-sg"
            },
            "tags_all": {
              "Environment": "dev",
              "ManagedBy": "terraform",
              "Name": "tss-ebs-dev-new-ec2-sg",
              "Project": "tss-app"
            },
            "timeouts": null,
            "vpc_id": "vpc-0975e41529fdd220e"
          },
          "sensitive_attributes": [],
          "identity_schema_version": 0,
          "private": "eyJlMmJmYjczMC1lY2FhLTExZTYtOGY4OC0zNDM2M2JjN2M0YzAiOnsiY3JlYXRlIjo2MDAwMDAwMDAwMDAsImRlbGV0ZSI6OTAwMDAwMDAwMDAwfSwic2NoZW1hX3ZlcnNpb24iOiIxIn0=",
          "dependencies": [
            "module.security_groups.aws_security_group.alb"
          ]
        }
      ]
    }
  ],
  "check_results": [
    {
      "object_kind": "var",
      "config_addr": "module.elastic_beanstalk.var.alb_scheme",
      "status": "pass",
      "objects": [
        {
          "object_addr": "module.elastic_beanstalk.var.alb_scheme",
          "status": "pass"
        }
      ]
    },
    {
      "object_kind": "var",
      "config_addr": "var.environment",
      "status": "pass",
      "objects": [
        {
          "object_addr": "var.environment",
          "status": "pass"
        }
      ]
    },
    {
      "object_kind": "var",
      "config_addr": "var.alb_scheme",
      "status": "pass",
      "objects": [
        {
          "object_addr": "var.alb_scheme",
          "status": "pass"
        }
      ]
    }
  ]
}
